{
  "version": 4,
  "terraform_version": "1.13.4",
  "serial": 212,
  "lineage": "b2ad0a8e-da18-1020-bd63-6c99cae71be9",
  "outputs": {
    "db_address": {
      "value": "bazaar-db.cqxaegma0dsh.us-east-1.rds.amazonaws.com",
      "type": "string"
    },
    "db_password": {
      "value": ";{][CADI+*H-QW2+",
      "type": "string",
      "sensitive": true
    },
    "db_port": {
      "value": 5432,
      "type": "number"
    },
    "db_username": {
      "value": "bazaaradmin",
      "type": "string"
    },
    "eks_cluster_endpoint": {
      "value": "https://FAA2E4719474713E69FC9F1F67D866C2.gr7.us-east-1.eks.amazonaws.com",
      "type": "string"
    },
    "eks_cluster_name": {
      "value": "bazaar-cluster",
      "type": "string"
    },
    "msk_bootstrap_brokers_iam": {
      "value": "b-1.bazaarkafkacluster.jemjck.c6.kafka.us-east-1.amazonaws.com:9098,b-2.bazaarkafkacluster.jemjck.c6.kafka.us-east-1.amazonaws.com:9098",
      "type": "string",
      "sensitive": true
    },
    "msk_bootstrap_brokers_tls": {
      "value": "",
      "type": "string",
      "sensitive": true
    },
    "msk_cluster_arn": {
      "value": "arn:aws:kafka:us-east-1:026272668614:cluster/bazaar-kafka-cluster/85a66a18-41c6-466b-af39-a863fd9e29b5-6",
      "type": "string"
    },
    "redis_address": {
      "value": "bazaar-redis.4bf3nd.0001.use1.cache.amazonaws.com",
      "type": "string"
    },
    "redis_port": {
      "value": 6379,
      "type": "number"
    },
    "vpn_client_config": {
      "value": "client\r\ndev tun\r\nproto udp\r\nremote *.cvpn-endpoint-0d5381ab0fb91ece9.prod.clientvpn.us-east-1.amazonaws.com 443\r\nresolv-retry infinite\r\nnobind\r\npersist-key\r\npersist-tun\r\nremote-cert-tls server\r\ncipher AES-256-GCM\r\nverb 3\r\n\r\n\u003cca\u003e\r\n-----BEGIN CERTIFICATE-----\nMIIDKDCCAhCgAwIBAgIQT1drwhwZZoieOF/c8/HD1DANBgkqhkiG9w0BAQsFADAu\nMRQwEgYDVQQKEwtiYXphYXIgSW5jLjEWMBQGA1UEAxMNYmF6YWFyLnZwbi5jYTAe\nFw0yNTExMDEwMDE5MDRaFw0yNjExMDEwMDE5MDRaMC4xFDASBgNVBAoTC2JhemFh\nciBJbmMuMRYwFAYDVQQDEw1iYXphYXIudnBuLmNhMIIBIjANBgkqhkiG9w0BAQEF\nAAOCAQ8AMIIBCgKCAQEA9387GB6TG+tX+hrklwtFYqm7q+BEPu1/KZnMe9xa+UQa\nv+O7040dnNp3Bqhz69IU5hm8IUDqjRnSNTrRK1tSIqpdUL/Uu9vv+z0+UtBTsw7X\nqZF8yARskA76GH2znTh3F7+8am9v0+C4KcTXVQ2I+VS392IsB7p4LCyfk+zST1Vq\nb8wwsuk/89kDRU3FhzDBa0ILMm7xRqLP0hoEmq/C85HvpZyX6f5ixYLwqCHFfSrq\n+8T6uyuGsCd0+/+EeVWCGHhDl6ygEhbC39gNjcyCjmsOGHuCvW0zKqf0eBK38pVW\njhuOWIMy/CQKkaiwM2lyqwLBiOYqBnDxWIXwv7TtKQIDAQABo0IwQDAOBgNVHQ8B\nAf8EBAMCAqQwDwYDVR0TAQH/BAUwAwEB/zAdBgNVHQ4EFgQUO1dE2MrSqWUVVdMh\nBE9bXFuPhq0wDQYJKoZIhvcNAQELBQADggEBACyL+I2JHiWFaxtG322KBGUgXQ6h\nSAYBTfJV/FHLfdVVyXhhkOxehruUD/0QO+jXkJ/KeCNhTh0NLlqFrBCksDzPVtJo\nIvb7vJgKpv62dXQRH/Xf6OZFkrBvozVvuEQYZiZWYv21URnnzzoQd5ssnz848Vja\nKARXJaKJcO066/kX2oZr0+fAs4iwo27ENmV73Eouwk7j7mj9/fINl17N85/D57co\n1mOkpH/AUSbYAuvkeLWR7H+p6inUdiLB7lmQs14Q3FWb/LZE8nXs/8XZkJ78JeJi\n7FI1QQE1ky/aLAcxj2WiVLRcUL/czI0v4pxOBS6fcVpWjgmfVPmfPmazALc=\n-----END CERTIFICATE-----\n\r\n\u003c/ca\u003e\r\n\r\n\u003ccert\u003e\r\n-----BEGIN CERTIFICATE-----\nMIIDSjCCAjKgAwIBAgIRAJQVtc2Hk5UB/QJSHBwZkCowDQYJKoZIhvcNAQELBQAw\nLjEUMBIGA1UEChMLYmF6YWFyIEluYy4xFjAUBgNVBAMTDWJhemFhci52cG4uY2Ew\nHhcNMjUxMTAxMDAxOTA0WhcNMjYxMTAxMDAxOTA0WjA7MRQwEgYDVQQKEwtiYXph\nYXIgSW5jLjEjMCEGA1UEAxMaY2xpZW50LnZwbi5iYXphYXIuaW50ZXJuYWwwggEi\nMA0GCSqGSIb3DQEBAQUAA4IBDwAwggEKAoIBAQD39VbU0bQGVEmB89ImdOn9soae\nPg+ohapH25V44GWKQVsIxDpdjFWkhmdCmgMhlfg/DyXxTcvOICYkXVt2opwBu+4j\nJFZ2HZcdYimLnYaUj7QOKQBkr2OnPC/8FnlgoJSFDquZvb9/5GrxswUtbc78c4pD\nKYOYz4T1nF4XFJe2QU7xdp1BP977bNESF1QiNZWjMrGU6x3cnVf24AIwOSbopsCR\nSlVZBONPYWV+eZShoSKSotb4C+ALmt3pb/BAwL/S/CmrRGaO3wInw6Rjwf1fiwRq\ntBCXDzNRaSBr2ZzPaKWCi4DJxQQNv5UwJ5hkmyy9jpm5IKSvd9kjXOyPBObFAgMB\nAAGjVjBUMA4GA1UdDwEB/wQEAwIFoDATBgNVHSUEDDAKBggrBgEFBQcDAjAMBgNV\nHRMBAf8EAjAAMB8GA1UdIwQYMBaAFDtXRNjK0qllFVXTIQRPW1xbj4atMA0GCSqG\nSIb3DQEBCwUAA4IBAQDXXDPlOh/FmIPsdZ+JhmoNujag3UReGyqLmTwmdKZuYV59\nvix/tsIc1oAJFZmrmo9xJbtbfKuiTXfG7XfH4eKZ3gSpp1paP1Fd7KCoDQUp0YFe\nt51z+DFU7OMZXVRtMhbywlhTG57HCaa1GJvDxA0oEqyDt++zpVoQFKCKuDDSsybC\n5lFfNxJXViBz9lmgdW29SMJU+lfJuLdTftDQkdAhQidIdj3rmwkdTrOiIpLqSi1s\nQzYOclex8Iar0I5prTo/Zxjp+mCU58y/v90ff1Qfnq4FRLM4qqJiTkiRj3D39O7m\nflGhQ6wxU0rFA7HPFLfBcG5WfN45O5n0O/jWjZlm\n-----END CERTIFICATE-----\n\r\n\u003c/cert\u003e\r\n\r\n\u003ckey\u003e\r\n-----BEGIN RSA PRIVATE KEY-----\nMIIEowIBAAKCAQEA9/VW1NG0BlRJgfPSJnTp/bKGnj4PqIWqR9uVeOBlikFbCMQ6\nXYxVpIZnQpoDIZX4Pw8l8U3LziAmJF1bdqKcAbvuIyRWdh2XHWIpi52GlI+0DikA\nZK9jpzwv/BZ5YKCUhQ6rmb2/f+Rq8bMFLW3O/HOKQymDmM+E9ZxeFxSXtkFO8Xad\nQT/e+2zREhdUIjWVozKxlOsd3J1X9uACMDkm6KbAkUpVWQTjT2FlfnmUoaEikqLW\n+AvgC5rd6W/wQMC/0vwpq0Rmjt8CJ8OkY8H9X4sEarQQlw8zUWkga9mcz2ilgouA\nycUEDb+VMCeYZJssvY6ZuSCkr3fZI1zsjwTmxQIDAQABAoIBAALSgk3K31ogO8MZ\n/5m7+zl1ZjhKNluzH3+T4uG0btNxOS+0sQfaszTBxVqj58BcisZLETpNYNCIVW5t\nMo6yUkUeyHAGP1XhgWOiRzVZ8l+VqKxJKM6CrCvY/QHhf2pfJPe4FAdHJRnEFdze\ntHCGRKJvdCORkDUt9+MgLF3+aQK1CTDwsK77HfN/3ecBZwYJZN5tAiiS92TmMGvJ\nDT/CKmVm3KvaxqTj12H69+SjVg0c0QfO3IUvge6xOg/lsGn231wQUs+pybMpZP1O\nt1rZo4kHTPzUL7tfzceSBkACMnBYqP2hPJCG7CCWi/wgU+rD42hF2nqfpWQfpvSt\n2aMZ1p0CgYEA+ybZQC6rydMborHF2mPU+RgWSL5XRUWgC+4Rt+2iFqBN04IA4Fnn\nCq9Kr1hqqY51PflcZ7Pb3emr/7L+i+rVE6YV5FQJBnOKHHa2HbBwJA5Nct7xlnib\nVtq1pZQUAeQi82fTtC73V8nUqCD+TOvfS4GA/vrVucUhBsk6F/Z2pHsCgYEA/L61\nlL+xr22rnIzHW6NE/jNc7Ikv7LRBEo0phD3rxwF26+YMm3+56xZ7Srxown2J+Yf5\nI07mANJsP2fuQPFqgd79olDdh0vV4hFgYeZPN13EDxt6ccWUbWeWJFUcJZNZocLA\ndZDUvKk8jfpyUCVwd4b1NYUJKwXkvhJ6Fk7m3b8CgYEAtE1CgDJBP+Yfm+A2Iz+y\nYJVrQhPrwR5n9MiXzcx6pfW1iZd2G5pPJLuNSW6XPFy6TKCdNxHHUXv079/HoBkZ\nmT6NztqJlCkUSLTsr0nAaBIghcwJ8jVph6QB7fntlyH5+XZbZKqnBU4vLfhpuD1J\nlAJH4kWfc/tSZ3XFD/jvWcsCgYB4xVhXH9J0FV+visWoUDgjj7+Td2pjHS8LAlEY\nU85aZaTBzEex9jKM101KxQT6CqrnhcXSzVyyf9oh4jPC7JkMPdXMvf9dKyukvtDj\ndv3bYv7QiTzVKKhoLttbuR+eBO8LkNgOVYqSK/w3i7kb+wfm1aJOVKew2zwWZxXX\nmxROWQKBgCa9A6dSRMZWs5BrCUPdUOZppYWwbuhuE/oSTvhzOzSbWjr+Vr5ixz/h\n/BnRfIwEtEeklZArMfKQvsaj0EIfvx1IEbHP9t0YcfRmKIv3riVx99fgkDE9NJ9e\no+NP2gY9KnKgOuSsoJDSFPR+eXNOwrbvEQzHQByRZL/DUwuxTqfq\n-----END RSA PRIVATE KEY-----\n\r\n\u003c/key\u003e",
      "type": "string",
      "sensitive": true
    }
  },
  "resources": [
    {
      "mode": "data",
      "type": "aws_eks_cluster",
      "name": "bazaar_cluster",
      "provider": "provider[\"registry.terraform.io/hashicorp/aws\"]",
      "instances": [
        {
          "schema_version": 0,
          "attributes": {
            "access_config": [
              {
                "authentication_mode": "CONFIG_MAP",
                "bootstrap_cluster_creator_admin_permissions": true
              }
            ],
            "arn": "arn:aws:eks:us-east-1:026272668614:cluster/bazaar-cluster",
            "certificate_authority": [
              {
                "data": "LS0tLS1CRUdJTiBDRVJUSUZJQ0FURS0tLS0tCk1JSURCVENDQWUyZ0F3SUJBZ0lJUkI5VGdneGxaYkF3RFFZSktvWklodmNOQVFFTEJRQXdGVEVUTUJFR0ExVUUKQXhNS2EzVmlaWEp1WlhSbGN6QWVGdzB5TlRFeE1ERXdNRE00TVRCYUZ3MHpOVEV3TXpBd01EUXpNVEJhTUJVeApFekFSQmdOVkJBTVRDbXQxWW1WeWJtVjBaWE13Z2dFaU1BMEdDU3FHU0liM0RRRUJBUVVBQTRJQkR3QXdnZ0VLCkFvSUJBUUNkRFlFb1I3V2E2cXdYV1lFYTQxMFhiRW5zWFU5NXBwWmpLRjB5LzBpWjlIU052YWhhc3NmdWR1enMKNm5TbHFrTmpxMzNKWWhEcm5oanJ2Sk5WWEx3Q2xQSXhtNEF6VVNQNWszck8xRUllZnk4Z0RET1k1WnRrZWRKKwpTMFVWSmlzK3M0UVZvaDcrdXNqcWtpdG9QcXp0MlhBYlErbkpQVjcvd2RJSmFpNTlISnA2QnY0WThud2d2T2VFClRKNnBXeWhiUjkzN1BiYy9MejBBQ3AzakQvVGhGeU9VanEzRTBxOHgxdmVhbk9TQzJMVUFSdW82YkRzYllldlEKUTJXUGJzWHRHRDlqVDdGbmRWN20xU3ZqUU81dlFkOW8vTG5NaEN1V1FVSlhWQUkzckdNZjNOTmdtRlhzSHJTWgpCNy9idVhERU5uNFVYVmU2Q1lGMU9xWnp6ckFOQWdNQkFBR2pXVEJYTUE0R0ExVWREd0VCL3dRRUF3SUNwREFQCkJnTlZIUk1CQWY4RUJUQURBUUgvTUIwR0ExVWREZ1FXQkJTNFQ1dzIvaEk5OU1WcmMyZlY2MFR0UGpRZUpEQVYKQmdOVkhSRUVEakFNZ2dwcmRXSmxjbTVsZEdWek1BMEdDU3FHU0liM0RRRUJDd1VBQTRJQkFRQk84elh1WlZxWQpIYlp2SmtDRWh4bDl3UXRzTEJOVjVVSUJGa2xxa0dvU2JDVUNBaVJHclhRZ3JHM1JOcEpFczVWbjh5dzlaMGRtCmFhcVp4QU4xMmRkL2doT0pGZElkZUpyOGVxN2s5cGpDQW1aeE1qT0N6eFQySjYxbGdsVGFhdmdqODVqQmJPOVEKeThYTW84NnYxd1Ftak5kSnpqZG1mcWczb280a2tNczB5ZDlCWFo5NW1hZ0FIZU90UTIrRUlseVZYOGF2OXJERQordHJUazZEcG45dGtPall5MFdlNEtDUEFTRC9yMzR0dVFSK25oMlZxbUJkUGJIaHNpTVJUcE5aYjkwcWE3S3lVCnJtUStub1RmYW9kYWxRZ3VEd1FxTkhOYTVuMlR3SXROVUdoSDVHTXFyVXFxVlBSdXg5MXhPS0sxSjE2dHlPMk8KSlQ4aGI3dm9vMEZHCi0tLS0tRU5EIENFUlRJRklDQVRFLS0tLS0K"
              }
            ],
            "cluster_id": null,
            "compute_config": [
              {
                "enabled": false,
                "node_pools": [],
                "node_role_arn": ""
              }
            ],
            "created_at": "2025-11-01T00:37:06Z",
            "deletion_protection": false,
            "enabled_cluster_log_types": [],
            "endpoint": "https://FAA2E4719474713E69FC9F1F67D866C2.gr7.us-east-1.eks.amazonaws.com",
            "id": "bazaar-cluster",
            "identity": [
              {
                "oidc": [
                  {
                    "issuer": "https://oidc.eks.us-east-1.amazonaws.com/id/FAA2E4719474713E69FC9F1F67D866C2"
                  }
                ]
              }
            ],
            "kubernetes_network_config": [
              {
                "elastic_load_balancing": [
                  {
                    "enabled": false
                  }
                ],
                "ip_family": "ipv4",
                "service_ipv4_cidr": "172.20.0.0/16",
                "service_ipv6_cidr": ""
              }
            ],
            "name": "bazaar-cluster",
            "outpost_config": [],
            "platform_version": "eks.51",
            "region": "us-east-1",
            "remote_network_config": [],
            "role_arn": "arn:aws:iam::026272668614:role/bazaar-eks-cluster-role",
            "status": "ACTIVE",
            "storage_config": [
              {
                "block_storage": [
                  {
                    "enabled": false
                  }
                ]
              }
            ],
            "tags": {},
            "upgrade_policy": [
              {
                "support_type": "EXTENDED"
              }
            ],
            "version": "1.30",
            "vpc_config": [
              {
                "cluster_security_group_id": "sg-0aef0ac6964d86b5d",
                "endpoint_private_access": true,
                "endpoint_public_access": false,
                "public_access_cidrs": [],
                "security_group_ids": [
                  "sg-01e515dadb43fd412",
                  "sg-053b6c9af78e7de9d"
                ],
                "subnet_ids": [
                  "subnet-01aaa7b73ff1e2fef",
                  "subnet-039be02b8287d8fba",
                  "subnet-0648c8b59119e14f3",
                  "subnet-0654761ff48304173"
                ],
                "vpc_id": "vpc-0764eccdd9f2c2f9d"
              }
            ],
            "zonal_shift_config": []
          },
          "sensitive_attributes": [],
          "identity_schema_version": 0
        }
      ]
    },
    {
      "mode": "data",
      "type": "aws_eks_cluster_auth",
      "name": "bazaar_cluster",
      "provider": "provider[\"registry.terraform.io/hashicorp/aws\"]",
      "instances": [
        {
          "schema_version": 0,
          "attributes": {
            "id": "bazaar-cluster",
            "name": "bazaar-cluster",
            "region": "us-east-1",
            "token": "k8s-aws-v1.aHR0cHM6Ly9zdHMudXMtZWFzdC0xLmFtYXpvbmF3cy5jb20vP0FjdGlvbj1HZXRDYWxsZXJJZGVudGl0eSZWZXJzaW9uPTIwMTEtMDYtMTUmWC1BbXotQWxnb3JpdGhtPUFXUzQtSE1BQy1TSEEyNTYmWC1BbXotQ3JlZGVudGlhbD1BS0lBUU1IUFpEUEREUzI2MkFNViUyRjIwMjUxMTAxJTJGdXMtZWFzdC0xJTJGc3RzJTJGYXdzNF9yZXF1ZXN0JlgtQW16LURhdGU9MjAyNTExMDFUMDMyODMxWiZYLUFtei1FeHBpcmVzPTAmWC1BbXotU2lnbmVkSGVhZGVycz1ob3N0JTNCeC1rOHMtYXdzLWlkJlgtQW16LVNpZ25hdHVyZT04ODU1NTMzNzBjZjAyMzE2MDRmYzA5NjM4OTg0YTUxMWY3NDNlY2M1NDljNTdjOTU0YzBlZjRkOGIwZGQ4ZDA1"
          },
          "sensitive_attributes": [
            [
              {
                "type": "get_attr",
                "value": "token"
              }
            ]
          ],
          "identity_schema_version": 0
        }
      ]
    },
    {
      "module": "module.data_stores",
      "mode": "managed",
      "type": "aws_db_instance",
      "name": "db",
      "provider": "provider[\"registry.terraform.io/hashicorp/aws\"]",
      "instances": [
        {
          "schema_version": 2,
          "attributes": {
            "address": "bazaar-db.cqxaegma0dsh.us-east-1.rds.amazonaws.com",
            "allocated_storage": 20,
            "allow_major_version_upgrade": null,
            "apply_immediately": false,
            "arn": "arn:aws:rds:us-east-1:026272668614:db:bazaar-db",
            "auto_minor_version_upgrade": true,
            "availability_zone": "us-east-1a",
            "backup_retention_period": 0,
            "backup_target": "region",
            "backup_window": "08:45-09:15",
            "blue_green_update": [],
            "ca_cert_identifier": "rds-ca-rsa2048-g1",
            "character_set_name": "",
            "copy_tags_to_snapshot": false,
            "custom_iam_instance_profile": "",
            "customer_owned_ip_enabled": false,
            "database_insights_mode": "standard",
            "db_name": "",
            "db_subnet_group_name": "bazaar-rds-subnet-group",
            "dedicated_log_volume": false,
            "delete_automated_backups": true,
            "deletion_protection": false,
            "domain": "",
            "domain_auth_secret_arn": "",
            "domain_dns_ips": [],
            "domain_fqdn": "",
            "domain_iam_role_name": "",
            "domain_ou": "",
            "enabled_cloudwatch_logs_exports": [],
            "endpoint": "bazaar-db.cqxaegma0dsh.us-east-1.rds.amazonaws.com:5432",
            "engine": "postgres",
            "engine_lifecycle_support": "open-source-rds-extended-support",
            "engine_version": "15",
            "engine_version_actual": "15.14",
            "final_snapshot_identifier": null,
            "hosted_zone_id": "Z2R2ITUGPM61AM",
            "iam_database_authentication_enabled": false,
            "id": "db-HRN6LERXWM25CS7XZJKBSNV4OQ",
            "identifier": "bazaar-db",
            "identifier_prefix": "",
            "instance_class": "db.t3.micro",
            "iops": 0,
            "kms_key_id": "arn:aws:kms:us-east-1:026272668614:key/aeae877b-3a0c-44d7-90a8-816d991fba85",
            "latest_restorable_time": "",
            "license_model": "postgresql-license",
            "listener_endpoint": [],
            "maintenance_window": "sun:07:16-sun:07:46",
            "manage_master_user_password": null,
            "master_user_secret": [],
            "master_user_secret_kms_key_id": null,
            "max_allocated_storage": 0,
            "monitoring_interval": 0,
            "monitoring_role_arn": "",
            "multi_az": true,
            "nchar_character_set_name": "",
            "network_type": "IPV4",
            "option_group_name": "default:postgres-15",
            "parameter_group_name": "default.postgres15",
            "password": ";{][CADI+*H-QW2+",
            "password_wo": null,
            "password_wo_version": null,
            "performance_insights_enabled": false,
            "performance_insights_kms_key_id": "",
            "performance_insights_retention_period": 0,
            "port": 5432,
            "publicly_accessible": false,
            "region": "us-east-1",
            "replica_mode": "",
            "replicas": [],
            "replicate_source_db": "",
            "resource_id": "db-HRN6LERXWM25CS7XZJKBSNV4OQ",
            "restore_to_point_in_time": [],
            "s3_import": [],
            "skip_final_snapshot": true,
            "snapshot_identifier": null,
            "status": "available",
            "storage_encrypted": true,
            "storage_throughput": 0,
            "storage_type": "gp2",
            "tags": {},
            "tags_all": {},
            "timeouts": null,
            "timezone": "",
            "upgrade_storage_config": null,
            "username": "bazaaradmin",
            "vpc_security_group_ids": [
              "sg-0c4eac6ae606172dd"
            ]
          },
          "sensitive_attributes": [
            [
              {
                "type": "get_attr",
                "value": "password"
              }
            ],
            [
              {
                "type": "get_attr",
                "value": "password_wo"
              }
            ]
          ],
          "identity_schema_version": 0,
          "private": "eyJlMmJmYjczMC1lY2FhLTExZTYtOGY4OC0zNDM2M2JjN2M0YzAiOnsiY3JlYXRlIjozMDAwMDAwMDAwMDAwLCJkZWxldGUiOjM2MDAwMDAwMDAwMDAsInVwZGF0ZSI6NDgwMDAwMDAwMDAwMH0sInNjaGVtYV92ZXJzaW9uIjoiMiJ9",
          "dependencies": [
            "module.data_stores.aws_db_subnet_group.rds_subnet_group",
            "module.data_stores.aws_security_group.rds_sg",
            "module.data_stores.random_password.db_password",
            "module.eks.aws_eks_cluster.this",
            "module.eks.aws_eks_node_group.cde_nodes",
            "module.eks.aws_eks_node_group.general_nodes",
            "module.eks.aws_iam_role.cluster_role",
            "module.eks.aws_iam_role.node_role",
            "module.eks.aws_iam_role_policy_attachment.cluster_policy",
            "module.eks.aws_iam_role_policy_attachment.node_policy_1",
            "module.eks.aws_iam_role_policy_attachment.node_policy_2",
            "module.eks.aws_iam_role_policy_attachment.node_policy_3",
            "module.eks.aws_kms_key.secrets_key",
            "module.eks.aws_security_group.cluster_sg",
            "module.eks.aws_security_group.node_sg",
            "module.vpc.aws_eip.nat_eip_a",
            "module.vpc.aws_eip.nat_eip_b",
            "module.vpc.aws_internet_gateway.igw",
            "module.vpc.aws_nat_gateway.nat_gw_a",
            "module.vpc.aws_nat_gateway.nat_gw_b",
            "module.vpc.aws_route_table.private_rt_a",
            "module.vpc.aws_route_table.private_rt_b",
            "module.vpc.aws_route_table.public_rt",
            "module.vpc.aws_route_table_association.cde_private_a",
            "module.vpc.aws_route_table_association.cde_private_b",
            "module.vpc.aws_route_table_association.private_a",
            "module.vpc.aws_route_table_association.private_b",
            "module.vpc.aws_route_table_association.public_a",
            "module.vpc.aws_route_table_association.public_b",
            "module.vpc.aws_subnet.cde_private_a",
            "module.vpc.aws_subnet.cde_private_b",
            "module.vpc.aws_subnet.private_a",
            "module.vpc.aws_subnet.private_b",
            "module.vpc.aws_subnet.public_a",
            "module.vpc.aws_subnet.public_b",
            "module.vpc.aws_vpc.this"
          ]
        }
      ]
    },
    {
      "module": "module.data_stores",
      "mode": "managed",
      "type": "aws_db_subnet_group",
      "name": "rds_subnet_group",
      "provider": "provider[\"registry.terraform.io/hashicorp/aws\"]",
      "instances": [
        {
          "schema_version": 0,
          "attributes": {
            "arn": "arn:aws:rds:us-east-1:026272668614:subgrp:bazaar-rds-subnet-group",
            "description": "Managed by Terraform",
            "id": "bazaar-rds-subnet-group",
            "name": "bazaar-rds-subnet-group",
            "name_prefix": "",
            "region": "us-east-1",
            "subnet_ids": [
              "subnet-01aaa7b73ff1e2fef",
              "subnet-0654761ff48304173"
            ],
            "supported_network_types": [
              "IPV4"
            ],
            "tags": {
              "Name": "bazaar RDS Subnet Group"
            },
            "tags_all": {
              "Name": "bazaar RDS Subnet Group"
            },
            "vpc_id": "vpc-0764eccdd9f2c2f9d"
          },
          "sensitive_attributes": [],
          "identity_schema_version": 0,
          "private": "bnVsbA==",
          "dependencies": [
            "module.eks.aws_eks_cluster.this",
            "module.eks.aws_eks_node_group.cde_nodes",
            "module.eks.aws_eks_node_group.general_nodes",
            "module.eks.aws_iam_role.cluster_role",
            "module.eks.aws_iam_role.node_role",
            "module.eks.aws_iam_role_policy_attachment.cluster_policy",
            "module.eks.aws_iam_role_policy_attachment.node_policy_1",
            "module.eks.aws_iam_role_policy_attachment.node_policy_2",
            "module.eks.aws_iam_role_policy_attachment.node_policy_3",
            "module.eks.aws_kms_key.secrets_key",
            "module.eks.aws_security_group.cluster_sg",
            "module.eks.aws_security_group.node_sg",
            "module.vpc.aws_eip.nat_eip_a",
            "module.vpc.aws_eip.nat_eip_b",
            "module.vpc.aws_internet_gateway.igw",
            "module.vpc.aws_nat_gateway.nat_gw_a",
            "module.vpc.aws_nat_gateway.nat_gw_b",
            "module.vpc.aws_route_table.private_rt_a",
            "module.vpc.aws_route_table.private_rt_b",
            "module.vpc.aws_route_table.public_rt",
            "module.vpc.aws_route_table_association.cde_private_a",
            "module.vpc.aws_route_table_association.cde_private_b",
            "module.vpc.aws_route_table_association.private_a",
            "module.vpc.aws_route_table_association.private_b",
            "module.vpc.aws_route_table_association.public_a",
            "module.vpc.aws_route_table_association.public_b",
            "module.vpc.aws_subnet.cde_private_a",
            "module.vpc.aws_subnet.cde_private_b",
            "module.vpc.aws_subnet.private_a",
            "module.vpc.aws_subnet.private_b",
            "module.vpc.aws_subnet.public_a",
            "module.vpc.aws_subnet.public_b",
            "module.vpc.aws_vpc.this"
          ]
        }
      ]
    },
    {
      "module": "module.data_stores",
      "mode": "managed",
      "type": "aws_elasticache_cluster",
      "name": "redis",
      "provider": "provider[\"registry.terraform.io/hashicorp/aws\"]",
      "instances": [
        {
          "schema_version": 0,
          "attributes": {
            "apply_immediately": null,
            "arn": "arn:aws:elasticache:us-east-1:026272668614:cluster:bazaar-redis",
            "auto_minor_version_upgrade": "true",
            "availability_zone": "us-east-1b",
            "az_mode": "single-az",
            "cache_nodes": [
              {
                "address": "bazaar-redis.4bf3nd.0001.use1.cache.amazonaws.com",
                "availability_zone": "us-east-1b",
                "id": "0001",
                "outpost_arn": "",
                "port": 6379
              }
            ],
            "cluster_address": null,
            "cluster_id": "bazaar-redis",
            "configuration_endpoint": null,
            "engine": "redis",
            "engine_version": "7.1",
            "engine_version_actual": "7.1.0",
            "final_snapshot_identifier": null,
            "id": "bazaar-redis",
            "ip_discovery": "ipv4",
            "log_delivery_configuration": [],
            "maintenance_window": "thu:05:30-thu:06:30",
            "network_type": "ipv4",
            "node_type": "cache.t3.micro",
            "notification_topic_arn": null,
            "num_cache_nodes": 1,
            "outpost_mode": null,
            "parameter_group_name": "default.redis7",
            "port": 6379,
            "preferred_availability_zones": null,
            "preferred_outpost_arn": "",
            "region": "us-east-1",
            "replication_group_id": "",
            "security_group_ids": [
              "sg-05bc54f76bacfceaa"
            ],
            "snapshot_arns": null,
            "snapshot_name": null,
            "snapshot_retention_limit": 0,
            "snapshot_window": "09:30-10:30",
            "subnet_group_name": "bazaar-redis-subnet-group",
            "tags": {},
            "tags_all": {},
            "timeouts": null,
            "transit_encryption_enabled": false
          },
          "sensitive_attributes": [],
          "identity_schema_version": 0,
          "private": "eyJlMmJmYjczMC1lY2FhLTExZTYtOGY4OC0zNDM2M2JjN2M0YzAiOnsiY3JlYXRlIjoyNDAwMDAwMDAwMDAwLCJkZWxldGUiOjI0MDAwMDAwMDAwMDAsInVwZGF0ZSI6NDgwMDAwMDAwMDAwMH19",
          "dependencies": [
            "module.data_stores.aws_elasticache_subnet_group.redis_subnet_group",
            "module.data_stores.aws_security_group.redis_sg",
            "module.eks.aws_eks_cluster.this",
            "module.eks.aws_eks_node_group.cde_nodes",
            "module.eks.aws_eks_node_group.general_nodes",
            "module.eks.aws_iam_role.cluster_role",
            "module.eks.aws_iam_role.node_role",
            "module.eks.aws_iam_role_policy_attachment.cluster_policy",
            "module.eks.aws_iam_role_policy_attachment.node_policy_1",
            "module.eks.aws_iam_role_policy_attachment.node_policy_2",
            "module.eks.aws_iam_role_policy_attachment.node_policy_3",
            "module.eks.aws_kms_key.secrets_key",
            "module.eks.aws_security_group.cluster_sg",
            "module.eks.aws_security_group.node_sg",
            "module.vpc.aws_eip.nat_eip_a",
            "module.vpc.aws_eip.nat_eip_b",
            "module.vpc.aws_internet_gateway.igw",
            "module.vpc.aws_nat_gateway.nat_gw_a",
            "module.vpc.aws_nat_gateway.nat_gw_b",
            "module.vpc.aws_route_table.private_rt_a",
            "module.vpc.aws_route_table.private_rt_b",
            "module.vpc.aws_route_table.public_rt",
            "module.vpc.aws_route_table_association.cde_private_a",
            "module.vpc.aws_route_table_association.cde_private_b",
            "module.vpc.aws_route_table_association.private_a",
            "module.vpc.aws_route_table_association.private_b",
            "module.vpc.aws_route_table_association.public_a",
            "module.vpc.aws_route_table_association.public_b",
            "module.vpc.aws_subnet.cde_private_a",
            "module.vpc.aws_subnet.cde_private_b",
            "module.vpc.aws_subnet.private_a",
            "module.vpc.aws_subnet.private_b",
            "module.vpc.aws_subnet.public_a",
            "module.vpc.aws_subnet.public_b",
            "module.vpc.aws_vpc.this"
          ]
        }
      ]
    },
    {
      "module": "module.data_stores",
      "mode": "managed",
      "type": "aws_elasticache_subnet_group",
      "name": "redis_subnet_group",
      "provider": "provider[\"registry.terraform.io/hashicorp/aws\"]",
      "instances": [
        {
          "schema_version": 0,
          "attributes": {
            "arn": "arn:aws:elasticache:us-east-1:026272668614:subnetgroup:bazaar-redis-subnet-group",
            "description": "Managed by Terraform",
            "id": "bazaar-redis-subnet-group",
            "name": "bazaar-redis-subnet-group",
            "region": "us-east-1",
            "subnet_ids": [
              "subnet-01aaa7b73ff1e2fef",
              "subnet-0654761ff48304173"
            ],
            "tags": {},
            "tags_all": {},
            "vpc_id": "vpc-0764eccdd9f2c2f9d"
          },
          "sensitive_attributes": [],
          "identity_schema_version": 0,
          "private": "bnVsbA==",
          "dependencies": [
            "module.eks.aws_eks_cluster.this",
            "module.eks.aws_eks_node_group.cde_nodes",
            "module.eks.aws_eks_node_group.general_nodes",
            "module.eks.aws_iam_role.cluster_role",
            "module.eks.aws_iam_role.node_role",
            "module.eks.aws_iam_role_policy_attachment.cluster_policy",
            "module.eks.aws_iam_role_policy_attachment.node_policy_1",
            "module.eks.aws_iam_role_policy_attachment.node_policy_2",
            "module.eks.aws_iam_role_policy_attachment.node_policy_3",
            "module.eks.aws_kms_key.secrets_key",
            "module.eks.aws_security_group.cluster_sg",
            "module.eks.aws_security_group.node_sg",
            "module.vpc.aws_eip.nat_eip_a",
            "module.vpc.aws_eip.nat_eip_b",
            "module.vpc.aws_internet_gateway.igw",
            "module.vpc.aws_nat_gateway.nat_gw_a",
            "module.vpc.aws_nat_gateway.nat_gw_b",
            "module.vpc.aws_route_table.private_rt_a",
            "module.vpc.aws_route_table.private_rt_b",
            "module.vpc.aws_route_table.public_rt",
            "module.vpc.aws_route_table_association.cde_private_a",
            "module.vpc.aws_route_table_association.cde_private_b",
            "module.vpc.aws_route_table_association.private_a",
            "module.vpc.aws_route_table_association.private_b",
            "module.vpc.aws_route_table_association.public_a",
            "module.vpc.aws_route_table_association.public_b",
            "module.vpc.aws_subnet.cde_private_a",
            "module.vpc.aws_subnet.cde_private_b",
            "module.vpc.aws_subnet.private_a",
            "module.vpc.aws_subnet.private_b",
            "module.vpc.aws_subnet.public_a",
            "module.vpc.aws_subnet.public_b",
            "module.vpc.aws_vpc.this"
          ]
        }
      ]
    },
    {
      "module": "module.data_stores",
      "mode": "managed",
      "type": "aws_kms_key",
      "name": "msk_key",
      "provider": "provider[\"registry.terraform.io/hashicorp/aws\"]",
      "instances": [
        {
          "schema_version": 0,
          "attributes": {
            "arn": "arn:aws:kms:us-east-1:026272668614:key/2dfdfafe-c9a4-4170-a62f-05048ccb0982",
            "bypass_policy_lockout_safety_check": false,
            "custom_key_store_id": "",
            "customer_master_key_spec": "SYMMETRIC_DEFAULT",
            "deletion_window_in_days": 7,
            "description": "KMS key for encrypting bazaar MSK",
            "enable_key_rotation": true,
            "id": "2dfdfafe-c9a4-4170-a62f-05048ccb0982",
            "is_enabled": true,
            "key_id": "2dfdfafe-c9a4-4170-a62f-05048ccb0982",
            "key_usage": "ENCRYPT_DECRYPT",
            "multi_region": false,
            "policy": "{\"Id\":\"key-default-1\",\"Statement\":[{\"Action\":\"kms:*\",\"Effect\":\"Allow\",\"Principal\":{\"AWS\":\"arn:aws:iam::026272668614:root\"},\"Resource\":\"*\",\"Sid\":\"Enable IAM User Permissions\"}],\"Version\":\"2012-10-17\"}",
            "region": "us-east-1",
            "rotation_period_in_days": 365,
            "tags": {},
            "tags_all": {},
            "timeouts": null,
            "xks_key_id": ""
          },
          "sensitive_attributes": [],
          "identity_schema_version": 0,
          "identity": {
            "account_id": "026272668614",
            "id": "2dfdfafe-c9a4-4170-a62f-05048ccb0982",
            "region": "us-east-1"
          },
          "private": "eyJlMmJmYjczMC1lY2FhLTExZTYtOGY4OC0zNDM2M2JjN2M0YzAiOnsiY3JlYXRlIjoxMjAwMDAwMDAwMDB9fQ==",
          "dependencies": [
            "module.eks.aws_eks_cluster.this",
            "module.eks.aws_eks_node_group.cde_nodes",
            "module.eks.aws_eks_node_group.general_nodes",
            "module.eks.aws_iam_role.cluster_role",
            "module.eks.aws_iam_role.node_role",
            "module.eks.aws_iam_role_policy_attachment.cluster_policy",
            "module.eks.aws_iam_role_policy_attachment.node_policy_1",
            "module.eks.aws_iam_role_policy_attachment.node_policy_2",
            "module.eks.aws_iam_role_policy_attachment.node_policy_3",
            "module.eks.aws_kms_key.secrets_key",
            "module.eks.aws_security_group.cluster_sg",
            "module.eks.aws_security_group.node_sg",
            "module.vpc.aws_eip.nat_eip_a",
            "module.vpc.aws_eip.nat_eip_b",
            "module.vpc.aws_internet_gateway.igw",
            "module.vpc.aws_nat_gateway.nat_gw_a",
            "module.vpc.aws_nat_gateway.nat_gw_b",
            "module.vpc.aws_route_table.private_rt_a",
            "module.vpc.aws_route_table.private_rt_b",
            "module.vpc.aws_route_table.public_rt",
            "module.vpc.aws_route_table_association.cde_private_a",
            "module.vpc.aws_route_table_association.cde_private_b",
            "module.vpc.aws_route_table_association.private_a",
            "module.vpc.aws_route_table_association.private_b",
            "module.vpc.aws_route_table_association.public_a",
            "module.vpc.aws_route_table_association.public_b",
            "module.vpc.aws_subnet.cde_private_a",
            "module.vpc.aws_subnet.cde_private_b",
            "module.vpc.aws_subnet.private_a",
            "module.vpc.aws_subnet.private_b",
            "module.vpc.aws_subnet.public_a",
            "module.vpc.aws_subnet.public_b",
            "module.vpc.aws_vpc.this"
          ]
        }
      ]
    },
    {
      "module": "module.data_stores",
      "mode": "managed",
      "type": "aws_msk_cluster",
      "name": "kafka",
      "provider": "provider[\"registry.terraform.io/hashicorp/aws\"]",
      "instances": [
        {
          "schema_version": 0,
          "attributes": {
            "arn": "arn:aws:kafka:us-east-1:026272668614:cluster/bazaar-kafka-cluster/85a66a18-41c6-466b-af39-a863fd9e29b5-6",
            "bootstrap_brokers": "",
            "bootstrap_brokers_public_sasl_iam": "",
            "bootstrap_brokers_public_sasl_scram": "",
            "bootstrap_brokers_public_tls": "",
            "bootstrap_brokers_sasl_iam": "b-1.bazaarkafkacluster.jemjck.c6.kafka.us-east-1.amazonaws.com:9098,b-2.bazaarkafkacluster.jemjck.c6.kafka.us-east-1.amazonaws.com:9098",
            "bootstrap_brokers_sasl_scram": "",
            "bootstrap_brokers_tls": "",
            "bootstrap_brokers_vpc_connectivity_sasl_iam": "",
            "bootstrap_brokers_vpc_connectivity_sasl_scram": "",
            "bootstrap_brokers_vpc_connectivity_tls": "",
            "broker_node_group_info": [
              {
                "az_distribution": "DEFAULT",
                "client_subnets": [
                  "subnet-01aaa7b73ff1e2fef",
                  "subnet-0654761ff48304173"
                ],
                "connectivity_info": [
                  {
                    "public_access": [
                      {
                        "type": "DISABLED"
                      }
                    ],
                    "vpc_connectivity": [
                      {
                        "client_authentication": [
                          {
                            "sasl": [
                              {
                                "iam": false,
                                "scram": false
                              }
                            ],
                            "tls": false
                          }
                        ]
                      }
                    ]
                  }
                ],
                "instance_type": "kafka.t3.small",
                "security_groups": [
                  "sg-0b7d19e17292feb56"
                ],
                "storage_info": [
                  {
                    "ebs_storage_info": [
                      {
                        "provisioned_throughput": [],
                        "volume_size": 10
                      }
                    ]
                  }
                ]
              }
            ],
            "client_authentication": [
              {
                "sasl": [
                  {
                    "iam": true,
                    "scram": false
                  }
                ],
                "tls": [],
                "unauthenticated": false
              }
            ],
            "cluster_name": "bazaar-kafka-cluster",
            "cluster_uuid": "85a66a18-41c6-466b-af39-a863fd9e29b5-6",
            "configuration_info": [],
            "current_version": "KN1VRQENFRJN5",
            "encryption_info": [
              {
                "encryption_at_rest_kms_key_arn": "arn:aws:kms:us-east-1:026272668614:key/2dfdfafe-c9a4-4170-a62f-05048ccb0982",
                "encryption_in_transit": [
                  {
                    "client_broker": "TLS",
                    "in_cluster": true
                  }
                ]
              }
            ],
            "enhanced_monitoring": "DEFAULT",
            "id": "arn:aws:kafka:us-east-1:026272668614:cluster/bazaar-kafka-cluster/85a66a18-41c6-466b-af39-a863fd9e29b5-6",
            "kafka_version": "3.7.x",
            "logging_info": [],
            "number_of_broker_nodes": 2,
            "open_monitoring": [
              {
                "prometheus": [
                  {
                    "jmx_exporter": [
                      {
                        "enabled_in_broker": false
                      }
                    ],
                    "node_exporter": [
                      {
                        "enabled_in_broker": false
                      }
                    ]
                  }
                ]
              }
            ],
            "region": "us-east-1",
            "storage_mode": "LOCAL",
            "tags": {
              "Name": "bazaar-kafka-cluster"
            },
            "tags_all": {
              "Name": "bazaar-kafka-cluster"
            },
            "timeouts": null,
            "zookeeper_connect_string": "z-1.bazaarkafkacluster.jemjck.c6.kafka.us-east-1.amazonaws.com:2181,z-2.bazaarkafkacluster.jemjck.c6.kafka.us-east-1.amazonaws.com:2181,z-3.bazaarkafkacluster.jemjck.c6.kafka.us-east-1.amazonaws.com:2181",
            "zookeeper_connect_string_tls": "z-1.bazaarkafkacluster.jemjck.c6.kafka.us-east-1.amazonaws.com:2182,z-2.bazaarkafkacluster.jemjck.c6.kafka.us-east-1.amazonaws.com:2182,z-3.bazaarkafkacluster.jemjck.c6.kafka.us-east-1.amazonaws.com:2182"
          },
          "sensitive_attributes": [],
          "identity_schema_version": 0,
          "private": "eyJlMmJmYjczMC1lY2FhLTExZTYtOGY4OC0zNDM2M2JjN2M0YzAiOnsiY3JlYXRlIjo3MjAwMDAwMDAwMDAwLCJkZWxldGUiOjcyMDAwMDAwMDAwMDAsInVwZGF0ZSI6NzIwMDAwMDAwMDAwMH19",
          "dependencies": [
            "module.data_stores.aws_kms_key.msk_key",
            "module.data_stores.aws_security_group.msk_sg",
            "module.eks.aws_eks_cluster.this",
            "module.eks.aws_eks_node_group.cde_nodes",
            "module.eks.aws_eks_node_group.general_nodes",
            "module.eks.aws_iam_role.cluster_role",
            "module.eks.aws_iam_role.node_role",
            "module.eks.aws_iam_role_policy_attachment.cluster_policy",
            "module.eks.aws_iam_role_policy_attachment.node_policy_1",
            "module.eks.aws_iam_role_policy_attachment.node_policy_2",
            "module.eks.aws_iam_role_policy_attachment.node_policy_3",
            "module.eks.aws_kms_key.secrets_key",
            "module.eks.aws_security_group.cluster_sg",
            "module.eks.aws_security_group.node_sg",
            "module.vpc.aws_eip.nat_eip_a",
            "module.vpc.aws_eip.nat_eip_b",
            "module.vpc.aws_internet_gateway.igw",
            "module.vpc.aws_nat_gateway.nat_gw_a",
            "module.vpc.aws_nat_gateway.nat_gw_b",
            "module.vpc.aws_route_table.private_rt_a",
            "module.vpc.aws_route_table.private_rt_b",
            "module.vpc.aws_route_table.public_rt",
            "module.vpc.aws_route_table_association.cde_private_a",
            "module.vpc.aws_route_table_association.cde_private_b",
            "module.vpc.aws_route_table_association.private_a",
            "module.vpc.aws_route_table_association.private_b",
            "module.vpc.aws_route_table_association.public_a",
            "module.vpc.aws_route_table_association.public_b",
            "module.vpc.aws_subnet.cde_private_a",
            "module.vpc.aws_subnet.cde_private_b",
            "module.vpc.aws_subnet.private_a",
            "module.vpc.aws_subnet.private_b",
            "module.vpc.aws_subnet.public_a",
            "module.vpc.aws_subnet.public_b",
            "module.vpc.aws_vpc.this"
          ]
        }
      ]
    },
    {
      "module": "module.data_stores",
      "mode": "managed",
      "type": "aws_security_group",
      "name": "msk_sg",
      "provider": "provider[\"registry.terraform.io/hashicorp/aws\"]",
      "instances": [
        {
          "schema_version": 1,
          "attributes": {
            "arn": "arn:aws:ec2:us-east-1:026272668614:security-group/sg-0b7d19e17292feb56",
            "description": "Allow internal traffic to MSK/Kafka",
            "egress": [
              {
                "cidr_blocks": [
                  "0.0.0.0/0"
                ],
                "description": "",
                "from_port": 0,
                "ipv6_cidr_blocks": [],
                "prefix_list_ids": [],
                "protocol": "-1",
                "security_groups": [],
                "self": false,
                "to_port": 0
              }
            ],
            "id": "sg-0b7d19e17292feb56",
            "ingress": [
              {
                "cidr_blocks": [],
                "description": "",
                "from_port": 2181,
                "ipv6_cidr_blocks": [],
                "prefix_list_ids": [],
                "protocol": "tcp",
                "security_groups": [
                  "sg-053b6c9af78e7de9d"
                ],
                "self": false,
                "to_port": 2181
              },
              {
                "cidr_blocks": [],
                "description": "",
                "from_port": 9092,
                "ipv6_cidr_blocks": [],
                "prefix_list_ids": [],
                "protocol": "tcp",
                "security_groups": [
                  "sg-053b6c9af78e7de9d"
                ],
                "self": false,
                "to_port": 9092
              },
              {
                "cidr_blocks": [],
                "description": "",
                "from_port": 9094,
                "ipv6_cidr_blocks": [],
                "prefix_list_ids": [],
                "protocol": "tcp",
                "security_groups": [
                  "sg-053b6c9af78e7de9d"
                ],
                "self": false,
                "to_port": 9094
              },
              {
                "cidr_blocks": [],
                "description": "",
                "from_port": 9098,
                "ipv6_cidr_blocks": [],
                "prefix_list_ids": [],
                "protocol": "tcp",
                "security_groups": [
                  "sg-053b6c9af78e7de9d"
                ],
                "self": false,
                "to_port": 9098
              }
            ],
            "name": "bazaar-msk-sg",
            "name_prefix": "",
            "owner_id": "026272668614",
            "region": "us-east-1",
            "revoke_rules_on_delete": false,
            "tags": {},
            "tags_all": {},
            "timeouts": null,
            "vpc_id": "vpc-0764eccdd9f2c2f9d"
          },
          "sensitive_attributes": [],
          "identity_schema_version": 0,
          "identity": {
            "account_id": "026272668614",
            "id": "sg-0b7d19e17292feb56",
            "region": "us-east-1"
          },
          "private": "eyJlMmJmYjczMC1lY2FhLTExZTYtOGY4OC0zNDM2M2JjN2M0YzAiOnsiY3JlYXRlIjo2MDAwMDAwMDAwMDAsImRlbGV0ZSI6OTAwMDAwMDAwMDAwfSwic2NoZW1hX3ZlcnNpb24iOiIxIn0=",
          "dependencies": [
            "module.eks.aws_eks_cluster.this",
            "module.eks.aws_eks_node_group.cde_nodes",
            "module.eks.aws_eks_node_group.general_nodes",
            "module.eks.aws_iam_role.cluster_role",
            "module.eks.aws_iam_role.node_role",
            "module.eks.aws_iam_role_policy_attachment.cluster_policy",
            "module.eks.aws_iam_role_policy_attachment.node_policy_1",
            "module.eks.aws_iam_role_policy_attachment.node_policy_2",
            "module.eks.aws_iam_role_policy_attachment.node_policy_3",
            "module.eks.aws_kms_key.secrets_key",
            "module.eks.aws_security_group.cluster_sg",
            "module.eks.aws_security_group.node_sg",
            "module.vpc.aws_eip.nat_eip_a",
            "module.vpc.aws_eip.nat_eip_b",
            "module.vpc.aws_internet_gateway.igw",
            "module.vpc.aws_nat_gateway.nat_gw_a",
            "module.vpc.aws_nat_gateway.nat_gw_b",
            "module.vpc.aws_route_table.private_rt_a",
            "module.vpc.aws_route_table.private_rt_b",
            "module.vpc.aws_route_table.public_rt",
            "module.vpc.aws_route_table_association.cde_private_a",
            "module.vpc.aws_route_table_association.cde_private_b",
            "module.vpc.aws_route_table_association.private_a",
            "module.vpc.aws_route_table_association.private_b",
            "module.vpc.aws_route_table_association.public_a",
            "module.vpc.aws_route_table_association.public_b",
            "module.vpc.aws_subnet.cde_private_a",
            "module.vpc.aws_subnet.cde_private_b",
            "module.vpc.aws_subnet.private_a",
            "module.vpc.aws_subnet.private_b",
            "module.vpc.aws_subnet.public_a",
            "module.vpc.aws_subnet.public_b",
            "module.vpc.aws_vpc.this"
          ]
        }
      ]
    },
    {
      "module": "module.data_stores",
      "mode": "managed",
      "type": "aws_security_group",
      "name": "rds_sg",
      "provider": "provider[\"registry.terraform.io/hashicorp/aws\"]",
      "instances": [
        {
          "schema_version": 1,
          "attributes": {
            "arn": "arn:aws:ec2:us-east-1:026272668614:security-group/sg-0c4eac6ae606172dd",
            "description": "Allow internal traffic to RDS",
            "egress": [
              {
                "cidr_blocks": [
                  "0.0.0.0/0"
                ],
                "description": "",
                "from_port": 0,
                "ipv6_cidr_blocks": [],
                "prefix_list_ids": [],
                "protocol": "-1",
                "security_groups": [],
                "self": false,
                "to_port": 0
              }
            ],
            "id": "sg-0c4eac6ae606172dd",
            "ingress": [
              {
                "cidr_blocks": [],
                "description": "",
                "from_port": 5432,
                "ipv6_cidr_blocks": [],
                "prefix_list_ids": [],
                "protocol": "tcp",
                "security_groups": [
                  "sg-053b6c9af78e7de9d"
                ],
                "self": false,
                "to_port": 5432
              }
            ],
            "name": "bazaar-rds-sg",
            "name_prefix": "",
            "owner_id": "026272668614",
            "region": "us-east-1",
            "revoke_rules_on_delete": false,
            "tags": {},
            "tags_all": {},
            "timeouts": null,
            "vpc_id": "vpc-0764eccdd9f2c2f9d"
          },
          "sensitive_attributes": [],
          "identity_schema_version": 0,
          "identity": {
            "account_id": "026272668614",
            "id": "sg-0c4eac6ae606172dd",
            "region": "us-east-1"
          },
          "private": "eyJlMmJmYjczMC1lY2FhLTExZTYtOGY4OC0zNDM2M2JjN2M0YzAiOnsiY3JlYXRlIjo2MDAwMDAwMDAwMDAsImRlbGV0ZSI6OTAwMDAwMDAwMDAwfSwic2NoZW1hX3ZlcnNpb24iOiIxIn0=",
          "dependencies": [
            "module.eks.aws_eks_cluster.this",
            "module.eks.aws_eks_node_group.cde_nodes",
            "module.eks.aws_eks_node_group.general_nodes",
            "module.eks.aws_iam_role.cluster_role",
            "module.eks.aws_iam_role.node_role",
            "module.eks.aws_iam_role_policy_attachment.cluster_policy",
            "module.eks.aws_iam_role_policy_attachment.node_policy_1",
            "module.eks.aws_iam_role_policy_attachment.node_policy_2",
            "module.eks.aws_iam_role_policy_attachment.node_policy_3",
            "module.eks.aws_kms_key.secrets_key",
            "module.eks.aws_security_group.cluster_sg",
            "module.eks.aws_security_group.node_sg",
            "module.vpc.aws_eip.nat_eip_a",
            "module.vpc.aws_eip.nat_eip_b",
            "module.vpc.aws_internet_gateway.igw",
            "module.vpc.aws_nat_gateway.nat_gw_a",
            "module.vpc.aws_nat_gateway.nat_gw_b",
            "module.vpc.aws_route_table.private_rt_a",
            "module.vpc.aws_route_table.private_rt_b",
            "module.vpc.aws_route_table.public_rt",
            "module.vpc.aws_route_table_association.cde_private_a",
            "module.vpc.aws_route_table_association.cde_private_b",
            "module.vpc.aws_route_table_association.private_a",
            "module.vpc.aws_route_table_association.private_b",
            "module.vpc.aws_route_table_association.public_a",
            "module.vpc.aws_route_table_association.public_b",
            "module.vpc.aws_subnet.cde_private_a",
            "module.vpc.aws_subnet.cde_private_b",
            "module.vpc.aws_subnet.private_a",
            "module.vpc.aws_subnet.private_b",
            "module.vpc.aws_subnet.public_a",
            "module.vpc.aws_subnet.public_b",
            "module.vpc.aws_vpc.this"
          ]
        }
      ]
    },
    {
      "module": "module.data_stores",
      "mode": "managed",
      "type": "aws_security_group",
      "name": "redis_sg",
      "provider": "provider[\"registry.terraform.io/hashicorp/aws\"]",
      "instances": [
        {
          "schema_version": 1,
          "attributes": {
            "arn": "arn:aws:ec2:us-east-1:026272668614:security-group/sg-05bc54f76bacfceaa",
            "description": "Allow internal traffic to Redis",
            "egress": [
              {
                "cidr_blocks": [
                  "0.0.0.0/0"
                ],
                "description": "",
                "from_port": 0,
                "ipv6_cidr_blocks": [],
                "prefix_list_ids": [],
                "protocol": "-1",
                "security_groups": [],
                "self": false,
                "to_port": 0
              }
            ],
            "id": "sg-05bc54f76bacfceaa",
            "ingress": [
              {
                "cidr_blocks": [],
                "description": "",
                "from_port": 6379,
                "ipv6_cidr_blocks": [],
                "prefix_list_ids": [],
                "protocol": "tcp",
                "security_groups": [
                  "sg-053b6c9af78e7de9d"
                ],
                "self": false,
                "to_port": 6379
              }
            ],
            "name": "bazaar-redis-sg",
            "name_prefix": "",
            "owner_id": "026272668614",
            "region": "us-east-1",
            "revoke_rules_on_delete": false,
            "tags": {},
            "tags_all": {},
            "timeouts": null,
            "vpc_id": "vpc-0764eccdd9f2c2f9d"
          },
          "sensitive_attributes": [],
          "identity_schema_version": 0,
          "identity": {
            "account_id": "026272668614",
            "id": "sg-05bc54f76bacfceaa",
            "region": "us-east-1"
          },
          "private": "eyJlMmJmYjczMC1lY2FhLTExZTYtOGY4OC0zNDM2M2JjN2M0YzAiOnsiY3JlYXRlIjo2MDAwMDAwMDAwMDAsImRlbGV0ZSI6OTAwMDAwMDAwMDAwfSwic2NoZW1hX3ZlcnNpb24iOiIxIn0=",
          "dependencies": [
            "module.eks.aws_eks_cluster.this",
            "module.eks.aws_eks_node_group.cde_nodes",
            "module.eks.aws_eks_node_group.general_nodes",
            "module.eks.aws_iam_role.cluster_role",
            "module.eks.aws_iam_role.node_role",
            "module.eks.aws_iam_role_policy_attachment.cluster_policy",
            "module.eks.aws_iam_role_policy_attachment.node_policy_1",
            "module.eks.aws_iam_role_policy_attachment.node_policy_2",
            "module.eks.aws_iam_role_policy_attachment.node_policy_3",
            "module.eks.aws_kms_key.secrets_key",
            "module.eks.aws_security_group.cluster_sg",
            "module.eks.aws_security_group.node_sg",
            "module.vpc.aws_eip.nat_eip_a",
            "module.vpc.aws_eip.nat_eip_b",
            "module.vpc.aws_internet_gateway.igw",
            "module.vpc.aws_nat_gateway.nat_gw_a",
            "module.vpc.aws_nat_gateway.nat_gw_b",
            "module.vpc.aws_route_table.private_rt_a",
            "module.vpc.aws_route_table.private_rt_b",
            "module.vpc.aws_route_table.public_rt",
            "module.vpc.aws_route_table_association.cde_private_a",
            "module.vpc.aws_route_table_association.cde_private_b",
            "module.vpc.aws_route_table_association.private_a",
            "module.vpc.aws_route_table_association.private_b",
            "module.vpc.aws_route_table_association.public_a",
            "module.vpc.aws_route_table_association.public_b",
            "module.vpc.aws_subnet.cde_private_a",
            "module.vpc.aws_subnet.cde_private_b",
            "module.vpc.aws_subnet.private_a",
            "module.vpc.aws_subnet.private_b",
            "module.vpc.aws_subnet.public_a",
            "module.vpc.aws_subnet.public_b",
            "module.vpc.aws_vpc.this"
          ]
        }
      ]
    },
    {
      "module": "module.data_stores",
      "mode": "managed",
      "type": "random_password",
      "name": "db_password",
      "provider": "provider[\"registry.terraform.io/hashicorp/random\"]",
      "instances": [
        {
          "schema_version": 3,
          "attributes": {
            "bcrypt_hash": "$2a$10$upryWIvVsmzaj7hqUvKVXej56dq7jt.BaDxUm1JIdJgSfZ3bvt/u2",
            "id": "none",
            "keepers": null,
            "length": 16,
            "lower": true,
            "min_lower": 0,
            "min_numeric": 0,
            "min_special": 0,
            "min_upper": 0,
            "number": true,
            "numeric": true,
            "override_special": "!#$%\u0026()*+,-.:;\u003c=\u003e?_[]^`{|}~",
            "result": ";{][CADI+*H-QW2+",
            "special": true,
            "upper": true
          },
          "sensitive_attributes": [
            [
              {
                "type": "get_attr",
                "value": "bcrypt_hash"
              }
            ],
            [
              {
                "type": "get_attr",
                "value": "result"
              }
            ]
          ],
          "identity_schema_version": 0,
          "dependencies": [
            "module.eks.aws_eks_cluster.this",
            "module.eks.aws_eks_node_group.cde_nodes",
            "module.eks.aws_eks_node_group.general_nodes",
            "module.eks.aws_iam_role.cluster_role",
            "module.eks.aws_iam_role.node_role",
            "module.eks.aws_iam_role_policy_attachment.cluster_policy",
            "module.eks.aws_iam_role_policy_attachment.node_policy_1",
            "module.eks.aws_iam_role_policy_attachment.node_policy_2",
            "module.eks.aws_iam_role_policy_attachment.node_policy_3",
            "module.eks.aws_kms_key.secrets_key",
            "module.eks.aws_security_group.cluster_sg",
            "module.eks.aws_security_group.node_sg",
            "module.vpc.aws_eip.nat_eip_a",
            "module.vpc.aws_eip.nat_eip_b",
            "module.vpc.aws_internet_gateway.igw",
            "module.vpc.aws_nat_gateway.nat_gw_a",
            "module.vpc.aws_nat_gateway.nat_gw_b",
            "module.vpc.aws_route_table.private_rt_a",
            "module.vpc.aws_route_table.private_rt_b",
            "module.vpc.aws_route_table.public_rt",
            "module.vpc.aws_route_table_association.cde_private_a",
            "module.vpc.aws_route_table_association.cde_private_b",
            "module.vpc.aws_route_table_association.private_a",
            "module.vpc.aws_route_table_association.private_b",
            "module.vpc.aws_route_table_association.public_a",
            "module.vpc.aws_route_table_association.public_b",
            "module.vpc.aws_subnet.cde_private_a",
            "module.vpc.aws_subnet.cde_private_b",
            "module.vpc.aws_subnet.private_a",
            "module.vpc.aws_subnet.private_b",
            "module.vpc.aws_subnet.public_a",
            "module.vpc.aws_subnet.public_b",
            "module.vpc.aws_vpc.this"
          ]
        }
      ]
    },
    {
      "module": "module.eks",
      "mode": "managed",
      "type": "aws_eks_cluster",
      "name": "this",
      "provider": "provider[\"registry.terraform.io/hashicorp/aws\"]",
      "instances": [
        {
          "schema_version": 1,
          "attributes": {
            "access_config": [
              {
                "authentication_mode": "CONFIG_MAP",
                "bootstrap_cluster_creator_admin_permissions": true
              }
            ],
            "arn": "arn:aws:eks:us-east-1:026272668614:cluster/bazaar-cluster",
            "bootstrap_self_managed_addons": true,
            "certificate_authority": [
              {
                "data": "LS0tLS1CRUdJTiBDRVJUSUZJQ0FURS0tLS0tCk1JSURCVENDQWUyZ0F3SUJBZ0lJUkI5VGdneGxaYkF3RFFZSktvWklodmNOQVFFTEJRQXdGVEVUTUJFR0ExVUUKQXhNS2EzVmlaWEp1WlhSbGN6QWVGdzB5TlRFeE1ERXdNRE00TVRCYUZ3MHpOVEV3TXpBd01EUXpNVEJhTUJVeApFekFSQmdOVkJBTVRDbXQxWW1WeWJtVjBaWE13Z2dFaU1BMEdDU3FHU0liM0RRRUJBUVVBQTRJQkR3QXdnZ0VLCkFvSUJBUUNkRFlFb1I3V2E2cXdYV1lFYTQxMFhiRW5zWFU5NXBwWmpLRjB5LzBpWjlIU052YWhhc3NmdWR1enMKNm5TbHFrTmpxMzNKWWhEcm5oanJ2Sk5WWEx3Q2xQSXhtNEF6VVNQNWszck8xRUllZnk4Z0RET1k1WnRrZWRKKwpTMFVWSmlzK3M0UVZvaDcrdXNqcWtpdG9QcXp0MlhBYlErbkpQVjcvd2RJSmFpNTlISnA2QnY0WThud2d2T2VFClRKNnBXeWhiUjkzN1BiYy9MejBBQ3AzakQvVGhGeU9VanEzRTBxOHgxdmVhbk9TQzJMVUFSdW82YkRzYllldlEKUTJXUGJzWHRHRDlqVDdGbmRWN20xU3ZqUU81dlFkOW8vTG5NaEN1V1FVSlhWQUkzckdNZjNOTmdtRlhzSHJTWgpCNy9idVhERU5uNFVYVmU2Q1lGMU9xWnp6ckFOQWdNQkFBR2pXVEJYTUE0R0ExVWREd0VCL3dRRUF3SUNwREFQCkJnTlZIUk1CQWY4RUJUQURBUUgvTUIwR0ExVWREZ1FXQkJTNFQ1dzIvaEk5OU1WcmMyZlY2MFR0UGpRZUpEQVYKQmdOVkhSRUVEakFNZ2dwcmRXSmxjbTVsZEdWek1BMEdDU3FHU0liM0RRRUJDd1VBQTRJQkFRQk84elh1WlZxWQpIYlp2SmtDRWh4bDl3UXRzTEJOVjVVSUJGa2xxa0dvU2JDVUNBaVJHclhRZ3JHM1JOcEpFczVWbjh5dzlaMGRtCmFhcVp4QU4xMmRkL2doT0pGZElkZUpyOGVxN2s5cGpDQW1aeE1qT0N6eFQySjYxbGdsVGFhdmdqODVqQmJPOVEKeThYTW84NnYxd1Ftak5kSnpqZG1mcWczb280a2tNczB5ZDlCWFo5NW1hZ0FIZU90UTIrRUlseVZYOGF2OXJERQordHJUazZEcG45dGtPall5MFdlNEtDUEFTRC9yMzR0dVFSK25oMlZxbUJkUGJIaHNpTVJUcE5aYjkwcWE3S3lVCnJtUStub1RmYW9kYWxRZ3VEd1FxTkhOYTVuMlR3SXROVUdoSDVHTXFyVXFxVlBSdXg5MXhPS0sxSjE2dHlPMk8KSlQ4aGI3dm9vMEZHCi0tLS0tRU5EIENFUlRJRklDQVRFLS0tLS0K"
              }
            ],
            "cluster_id": null,
            "compute_config": [
              {
                "enabled": false,
                "node_pools": [],
                "node_role_arn": ""
              }
            ],
            "created_at": "2025-11-01T00:37:06Z",
            "deletion_protection": false,
            "enabled_cluster_log_types": [],
            "encryption_config": [
              {
                "provider": [
                  {
                    "key_arn": "arn:aws:kms:us-east-1:026272668614:key/5eef84da-3db9-4b13-96ca-4e463f7bcefc"
                  }
                ],
                "resources": [
                  "secrets"
                ]
              }
            ],
            "endpoint": "https://FAA2E4719474713E69FC9F1F67D866C2.gr7.us-east-1.eks.amazonaws.com",
            "force_update_version": null,
            "id": "bazaar-cluster",
            "identity": [
              {
                "oidc": [
                  {
                    "issuer": "https://oidc.eks.us-east-1.amazonaws.com/id/FAA2E4719474713E69FC9F1F67D866C2"
                  }
                ]
              }
            ],
            "kubernetes_network_config": [
              {
                "elastic_load_balancing": [
                  {
                    "enabled": false
                  }
                ],
                "ip_family": "ipv4",
                "service_ipv4_cidr": "172.20.0.0/16",
                "service_ipv6_cidr": ""
              }
            ],
            "name": "bazaar-cluster",
            "outpost_config": [],
            "platform_version": "eks.51",
            "region": "us-east-1",
            "remote_network_config": [],
            "role_arn": "arn:aws:iam::026272668614:role/bazaar-eks-cluster-role",
            "status": "ACTIVE",
            "storage_config": [
              {
                "block_storage": [
                  {
                    "enabled": false
                  }
                ]
              }
            ],
            "tags": {},
            "tags_all": {},
            "timeouts": null,
            "upgrade_policy": [
              {
                "support_type": "EXTENDED"
              }
            ],
            "version": "1.30",
            "vpc_config": [
              {
                "cluster_security_group_id": "sg-0aef0ac6964d86b5d",
                "endpoint_private_access": true,
                "endpoint_public_access": false,
                "public_access_cidrs": [],
                "security_group_ids": [
                  "sg-01e515dadb43fd412",
                  "sg-053b6c9af78e7de9d"
                ],
                "subnet_ids": [
                  "subnet-01aaa7b73ff1e2fef",
                  "subnet-039be02b8287d8fba",
                  "subnet-0648c8b59119e14f3",
                  "subnet-0654761ff48304173"
                ],
                "vpc_id": "vpc-0764eccdd9f2c2f9d"
              }
            ],
            "zonal_shift_config": []
          },
          "sensitive_attributes": [],
          "identity_schema_version": 0,
          "private": "eyJlMmJmYjczMC1lY2FhLTExZTYtOGY4OC0zNDM2M2JjN2M0YzAiOnsiY3JlYXRlIjoxODAwMDAwMDAwMDAwLCJkZWxldGUiOjkwMDAwMDAwMDAwMCwidXBkYXRlIjozNjAwMDAwMDAwMDAwfSwic2NoZW1hX3ZlcnNpb24iOiIxIn0=",
          "dependencies": [
            "module.eks.aws_iam_role.cluster_role",
            "module.eks.aws_iam_role_policy_attachment.cluster_policy",
            "module.eks.aws_kms_key.secrets_key",
            "module.eks.aws_security_group.cluster_sg",
            "module.eks.aws_security_group.node_sg",
            "module.vpc.aws_eip.nat_eip_a",
            "module.vpc.aws_eip.nat_eip_b",
            "module.vpc.aws_internet_gateway.igw",
            "module.vpc.aws_nat_gateway.nat_gw_a",
            "module.vpc.aws_nat_gateway.nat_gw_b",
            "module.vpc.aws_route_table.private_rt_a",
            "module.vpc.aws_route_table.private_rt_b",
            "module.vpc.aws_route_table.public_rt",
            "module.vpc.aws_route_table_association.cde_private_a",
            "module.vpc.aws_route_table_association.cde_private_b",
            "module.vpc.aws_route_table_association.private_a",
            "module.vpc.aws_route_table_association.private_b",
            "module.vpc.aws_route_table_association.public_a",
            "module.vpc.aws_route_table_association.public_b",
            "module.vpc.aws_subnet.cde_private_a",
            "module.vpc.aws_subnet.cde_private_b",
            "module.vpc.aws_subnet.private_a",
            "module.vpc.aws_subnet.private_b",
            "module.vpc.aws_subnet.public_a",
            "module.vpc.aws_subnet.public_b",
            "module.vpc.aws_vpc.this"
          ]
        }
      ]
    },
    {
      "module": "module.eks",
      "mode": "managed",
      "type": "aws_eks_node_group",
      "name": "cde_nodes",
      "provider": "provider[\"registry.terraform.io/hashicorp/aws\"]",
      "instances": [
        {
          "schema_version": 0,
          "attributes": {
            "ami_type": "AL2023_x86_64_STANDARD",
            "arn": "arn:aws:eks:us-east-1:026272668614:nodegroup/bazaar-cluster/cde-nodes/6ccd1e71-321a-e3fe-043d-f6e521cfac98",
            "capacity_type": "ON_DEMAND",
            "cluster_name": "bazaar-cluster",
            "disk_size": 20,
            "force_update_version": null,
            "id": "bazaar-cluster:cde-nodes",
            "instance_types": [
              "t3.medium"
            ],
            "labels": {
              "node-type": "cde-secure-nodes"
            },
            "launch_template": [],
            "node_group_name": "cde-nodes",
            "node_group_name_prefix": "",
            "node_repair_config": [],
            "node_role_arn": "arn:aws:iam::026272668614:role/bazaar-eks-node-role",
            "region": "us-east-1",
            "release_version": "1.30.14-20251023",
            "remote_access": [],
            "resources": [
              {
                "autoscaling_groups": [
                  {
                    "name": "eks-cde-nodes-6ccd1e71-321a-e3fe-043d-f6e521cfac98"
                  }
                ],
                "remote_access_security_group_id": ""
              }
            ],
            "scaling_config": [
              {
                "desired_size": 1,
                "max_size": 2,
                "min_size": 1
              }
            ],
            "status": "ACTIVE",
            "subnet_ids": [
              "subnet-039be02b8287d8fba",
              "subnet-0648c8b59119e14f3"
            ],
            "tags": {},
            "tags_all": {},
            "taint": [
              {
                "effect": "NO_SCHEDULE",
                "key": "cde",
                "value": "true"
              }
            ],
            "timeouts": null,
            "update_config": [
              {
                "max_unavailable": 1,
                "max_unavailable_percentage": 0
              }
            ],
            "version": "1.30"
          },
          "sensitive_attributes": [],
          "identity_schema_version": 0,
          "private": "eyJlMmJmYjczMC1lY2FhLTExZTYtOGY4OC0zNDM2M2JjN2M0YzAiOnsiY3JlYXRlIjozNjAwMDAwMDAwMDAwLCJkZWxldGUiOjM2MDAwMDAwMDAwMDAsInVwZGF0ZSI6MzYwMDAwMDAwMDAwMH19",
          "dependencies": [
            "module.eks.aws_eks_cluster.this",
            "module.eks.aws_iam_role.cluster_role",
            "module.eks.aws_iam_role.node_role",
            "module.eks.aws_iam_role_policy_attachment.cluster_policy",
            "module.eks.aws_iam_role_policy_attachment.node_policy_1",
            "module.eks.aws_iam_role_policy_attachment.node_policy_2",
            "module.eks.aws_iam_role_policy_attachment.node_policy_3",
            "module.eks.aws_kms_key.secrets_key",
            "module.eks.aws_security_group.cluster_sg",
            "module.eks.aws_security_group.node_sg",
            "module.vpc.aws_eip.nat_eip_a",
            "module.vpc.aws_eip.nat_eip_b",
            "module.vpc.aws_internet_gateway.igw",
            "module.vpc.aws_nat_gateway.nat_gw_a",
            "module.vpc.aws_nat_gateway.nat_gw_b",
            "module.vpc.aws_route_table.private_rt_a",
            "module.vpc.aws_route_table.private_rt_b",
            "module.vpc.aws_route_table.public_rt",
            "module.vpc.aws_route_table_association.cde_private_a",
            "module.vpc.aws_route_table_association.cde_private_b",
            "module.vpc.aws_route_table_association.private_a",
            "module.vpc.aws_route_table_association.private_b",
            "module.vpc.aws_route_table_association.public_a",
            "module.vpc.aws_route_table_association.public_b",
            "module.vpc.aws_subnet.cde_private_a",
            "module.vpc.aws_subnet.cde_private_b",
            "module.vpc.aws_subnet.private_a",
            "module.vpc.aws_subnet.private_b",
            "module.vpc.aws_subnet.public_a",
            "module.vpc.aws_subnet.public_b",
            "module.vpc.aws_vpc.this"
          ]
        }
      ]
    },
    {
      "module": "module.eks",
      "mode": "managed",
      "type": "aws_eks_node_group",
      "name": "general_nodes",
      "provider": "provider[\"registry.terraform.io/hashicorp/aws\"]",
      "instances": [
        {
          "schema_version": 0,
          "attributes": {
            "ami_type": "AL2023_x86_64_STANDARD",
            "arn": "arn:aws:eks:us-east-1:026272668614:nodegroup/bazaar-cluster/general-nodes/3ecd1e71-3219-c816-7697-e4b4a784a748",
            "capacity_type": "ON_DEMAND",
            "cluster_name": "bazaar-cluster",
            "disk_size": 20,
            "force_update_version": null,
            "id": "bazaar-cluster:general-nodes",
            "instance_types": [
              "t3.medium"
            ],
            "labels": {
              "node-type": "general-workloads"
            },
            "launch_template": [],
            "node_group_name": "general-nodes",
            "node_group_name_prefix": "",
            "node_repair_config": [],
            "node_role_arn": "arn:aws:iam::026272668614:role/bazaar-eks-node-role",
            "region": "us-east-1",
            "release_version": "1.30.14-20251023",
            "remote_access": [],
            "resources": [
              {
                "autoscaling_groups": [
                  {
                    "name": "eks-general-nodes-3ecd1e71-3219-c816-7697-e4b4a784a748"
                  }
                ],
                "remote_access_security_group_id": ""
              }
            ],
            "scaling_config": [
              {
                "desired_size": 2,
                "max_size": 4,
                "min_size": 1
              }
            ],
            "status": "ACTIVE",
            "subnet_ids": [
              "subnet-01aaa7b73ff1e2fef",
              "subnet-0654761ff48304173"
            ],
            "tags": {},
            "tags_all": {},
            "taint": [],
            "timeouts": null,
            "update_config": [
              {
                "max_unavailable": 1,
                "max_unavailable_percentage": 0
              }
            ],
            "version": "1.30"
          },
          "sensitive_attributes": [],
          "identity_schema_version": 0,
          "private": "eyJlMmJmYjczMC1lY2FhLTExZTYtOGY4OC0zNDM2M2JjN2M0YzAiOnsiY3JlYXRlIjozNjAwMDAwMDAwMDAwLCJkZWxldGUiOjM2MDAwMDAwMDAwMDAsInVwZGF0ZSI6MzYwMDAwMDAwMDAwMH19",
          "dependencies": [
            "module.eks.aws_eks_cluster.this",
            "module.eks.aws_iam_role.cluster_role",
            "module.eks.aws_iam_role.node_role",
            "module.eks.aws_iam_role_policy_attachment.cluster_policy",
            "module.eks.aws_iam_role_policy_attachment.node_policy_1",
            "module.eks.aws_iam_role_policy_attachment.node_policy_2",
            "module.eks.aws_iam_role_policy_attachment.node_policy_3",
            "module.eks.aws_kms_key.secrets_key",
            "module.eks.aws_security_group.cluster_sg",
            "module.eks.aws_security_group.node_sg",
            "module.vpc.aws_eip.nat_eip_a",
            "module.vpc.aws_eip.nat_eip_b",
            "module.vpc.aws_internet_gateway.igw",
            "module.vpc.aws_nat_gateway.nat_gw_a",
            "module.vpc.aws_nat_gateway.nat_gw_b",
            "module.vpc.aws_route_table.private_rt_a",
            "module.vpc.aws_route_table.private_rt_b",
            "module.vpc.aws_route_table.public_rt",
            "module.vpc.aws_route_table_association.cde_private_a",
            "module.vpc.aws_route_table_association.cde_private_b",
            "module.vpc.aws_route_table_association.private_a",
            "module.vpc.aws_route_table_association.private_b",
            "module.vpc.aws_route_table_association.public_a",
            "module.vpc.aws_route_table_association.public_b",
            "module.vpc.aws_subnet.cde_private_a",
            "module.vpc.aws_subnet.cde_private_b",
            "module.vpc.aws_subnet.private_a",
            "module.vpc.aws_subnet.private_b",
            "module.vpc.aws_subnet.public_a",
            "module.vpc.aws_subnet.public_b",
            "module.vpc.aws_vpc.this"
          ]
        }
      ]
    },
    {
      "module": "module.eks",
      "mode": "managed",
      "type": "aws_iam_role",
      "name": "cluster_role",
      "provider": "provider[\"registry.terraform.io/hashicorp/aws\"]",
      "instances": [
        {
          "schema_version": 0,
          "attributes": {
            "arn": "arn:aws:iam::026272668614:role/bazaar-eks-cluster-role",
            "assume_role_policy": "{\"Statement\":[{\"Action\":\"sts:AssumeRole\",\"Effect\":\"Allow\",\"Principal\":{\"Service\":\"eks.amazonaws.com\"}}],\"Version\":\"2012-10-17\"}",
            "create_date": "2025-11-01T00:37:02Z",
            "description": "",
            "force_detach_policies": false,
            "id": "bazaar-eks-cluster-role",
            "inline_policy": [],
            "managed_policy_arns": [
              "arn:aws:iam::aws:policy/AmazonEKSClusterPolicy"
            ],
            "max_session_duration": 3600,
            "name": "bazaar-eks-cluster-role",
            "name_prefix": "",
            "path": "/",
            "permissions_boundary": "",
            "tags": {},
            "tags_all": {},
            "unique_id": "AROAQMHPZDPDNYQDE4PCI"
          },
          "sensitive_attributes": [],
          "identity_schema_version": 0,
          "identity": {
            "account_id": "026272668614",
            "name": "bazaar-eks-cluster-role"
          },
          "private": "bnVsbA==",
          "dependencies": [
            "module.vpc.aws_eip.nat_eip_a",
            "module.vpc.aws_eip.nat_eip_b",
            "module.vpc.aws_internet_gateway.igw",
            "module.vpc.aws_nat_gateway.nat_gw_a",
            "module.vpc.aws_nat_gateway.nat_gw_b",
            "module.vpc.aws_route_table.private_rt_a",
            "module.vpc.aws_route_table.private_rt_b",
            "module.vpc.aws_route_table.public_rt",
            "module.vpc.aws_route_table_association.cde_private_a",
            "module.vpc.aws_route_table_association.cde_private_b",
            "module.vpc.aws_route_table_association.private_a",
            "module.vpc.aws_route_table_association.private_b",
            "module.vpc.aws_route_table_association.public_a",
            "module.vpc.aws_route_table_association.public_b",
            "module.vpc.aws_subnet.cde_private_a",
            "module.vpc.aws_subnet.cde_private_b",
            "module.vpc.aws_subnet.private_a",
            "module.vpc.aws_subnet.private_b",
            "module.vpc.aws_subnet.public_a",
            "module.vpc.aws_subnet.public_b",
            "module.vpc.aws_vpc.this"
          ]
        }
      ]
    },
    {
      "module": "module.eks",
      "mode": "managed",
      "type": "aws_iam_role",
      "name": "node_role",
      "provider": "provider[\"registry.terraform.io/hashicorp/aws\"]",
      "instances": [
        {
          "schema_version": 0,
          "attributes": {
            "arn": "arn:aws:iam::026272668614:role/bazaar-eks-node-role",
            "assume_role_policy": "{\"Statement\":[{\"Action\":\"sts:AssumeRole\",\"Effect\":\"Allow\",\"Principal\":{\"Service\":\"ec2.amazonaws.com\"}}],\"Version\":\"2012-10-17\"}",
            "create_date": "2025-11-01T00:37:02Z",
            "description": "",
            "force_detach_policies": false,
            "id": "bazaar-eks-node-role",
            "inline_policy": [],
            "managed_policy_arns": [
              "arn:aws:iam::aws:policy/AmazonEC2ContainerRegistryReadOnly",
              "arn:aws:iam::aws:policy/AmazonEKSWorkerNodePolicy",
              "arn:aws:iam::aws:policy/AmazonEKS_CNI_Policy"
            ],
            "max_session_duration": 3600,
            "name": "bazaar-eks-node-role",
            "name_prefix": "",
            "path": "/",
            "permissions_boundary": "",
            "tags": {},
            "tags_all": {},
            "unique_id": "AROAQMHPZDPDMDZTPN6US"
          },
          "sensitive_attributes": [],
          "identity_schema_version": 0,
          "identity": {
            "account_id": "026272668614",
            "name": "bazaar-eks-node-role"
          },
          "private": "bnVsbA==",
          "dependencies": [
            "module.vpc.aws_eip.nat_eip_a",
            "module.vpc.aws_eip.nat_eip_b",
            "module.vpc.aws_internet_gateway.igw",
            "module.vpc.aws_nat_gateway.nat_gw_a",
            "module.vpc.aws_nat_gateway.nat_gw_b",
            "module.vpc.aws_route_table.private_rt_a",
            "module.vpc.aws_route_table.private_rt_b",
            "module.vpc.aws_route_table.public_rt",
            "module.vpc.aws_route_table_association.cde_private_a",
            "module.vpc.aws_route_table_association.cde_private_b",
            "module.vpc.aws_route_table_association.private_a",
            "module.vpc.aws_route_table_association.private_b",
            "module.vpc.aws_route_table_association.public_a",
            "module.vpc.aws_route_table_association.public_b",
            "module.vpc.aws_subnet.cde_private_a",
            "module.vpc.aws_subnet.cde_private_b",
            "module.vpc.aws_subnet.private_a",
            "module.vpc.aws_subnet.private_b",
            "module.vpc.aws_subnet.public_a",
            "module.vpc.aws_subnet.public_b",
            "module.vpc.aws_vpc.this"
          ]
        }
      ]
    },
    {
      "module": "module.eks",
      "mode": "managed",
      "type": "aws_iam_role_policy_attachment",
      "name": "cluster_policy",
      "provider": "provider[\"registry.terraform.io/hashicorp/aws\"]",
      "instances": [
        {
          "schema_version": 0,
          "attributes": {
            "id": "bazaar-eks-cluster-role/arn:aws:iam::aws:policy/AmazonEKSClusterPolicy",
            "policy_arn": "arn:aws:iam::aws:policy/AmazonEKSClusterPolicy",
            "role": "bazaar-eks-cluster-role"
          },
          "sensitive_attributes": [],
          "identity_schema_version": 0,
          "identity": {
            "account_id": "026272668614",
            "policy_arn": "arn:aws:iam::aws:policy/AmazonEKSClusterPolicy",
            "role": "bazaar-eks-cluster-role"
          },
          "private": "bnVsbA==",
          "dependencies": [
            "module.eks.aws_iam_role.cluster_role",
            "module.vpc.aws_eip.nat_eip_a",
            "module.vpc.aws_eip.nat_eip_b",
            "module.vpc.aws_internet_gateway.igw",
            "module.vpc.aws_nat_gateway.nat_gw_a",
            "module.vpc.aws_nat_gateway.nat_gw_b",
            "module.vpc.aws_route_table.private_rt_a",
            "module.vpc.aws_route_table.private_rt_b",
            "module.vpc.aws_route_table.public_rt",
            "module.vpc.aws_route_table_association.cde_private_a",
            "module.vpc.aws_route_table_association.cde_private_b",
            "module.vpc.aws_route_table_association.private_a",
            "module.vpc.aws_route_table_association.private_b",
            "module.vpc.aws_route_table_association.public_a",
            "module.vpc.aws_route_table_association.public_b",
            "module.vpc.aws_subnet.cde_private_a",
            "module.vpc.aws_subnet.cde_private_b",
            "module.vpc.aws_subnet.private_a",
            "module.vpc.aws_subnet.private_b",
            "module.vpc.aws_subnet.public_a",
            "module.vpc.aws_subnet.public_b",
            "module.vpc.aws_vpc.this"
          ]
        }
      ]
    },
    {
      "module": "module.eks",
      "mode": "managed",
      "type": "aws_iam_role_policy_attachment",
      "name": "node_policy_1",
      "provider": "provider[\"registry.terraform.io/hashicorp/aws\"]",
      "instances": [
        {
          "schema_version": 0,
          "attributes": {
            "id": "bazaar-eks-node-role/arn:aws:iam::aws:policy/AmazonEKSWorkerNodePolicy",
            "policy_arn": "arn:aws:iam::aws:policy/AmazonEKSWorkerNodePolicy",
            "role": "bazaar-eks-node-role"
          },
          "sensitive_attributes": [],
          "identity_schema_version": 0,
          "identity": {
            "account_id": "026272668614",
            "policy_arn": "arn:aws:iam::aws:policy/AmazonEKSWorkerNodePolicy",
            "role": "bazaar-eks-node-role"
          },
          "private": "bnVsbA==",
          "dependencies": [
            "module.eks.aws_iam_role.node_role",
            "module.vpc.aws_eip.nat_eip_a",
            "module.vpc.aws_eip.nat_eip_b",
            "module.vpc.aws_internet_gateway.igw",
            "module.vpc.aws_nat_gateway.nat_gw_a",
            "module.vpc.aws_nat_gateway.nat_gw_b",
            "module.vpc.aws_route_table.private_rt_a",
            "module.vpc.aws_route_table.private_rt_b",
            "module.vpc.aws_route_table.public_rt",
            "module.vpc.aws_route_table_association.cde_private_a",
            "module.vpc.aws_route_table_association.cde_private_b",
            "module.vpc.aws_route_table_association.private_a",
            "module.vpc.aws_route_table_association.private_b",
            "module.vpc.aws_route_table_association.public_a",
            "module.vpc.aws_route_table_association.public_b",
            "module.vpc.aws_subnet.cde_private_a",
            "module.vpc.aws_subnet.cde_private_b",
            "module.vpc.aws_subnet.private_a",
            "module.vpc.aws_subnet.private_b",
            "module.vpc.aws_subnet.public_a",
            "module.vpc.aws_subnet.public_b",
            "module.vpc.aws_vpc.this"
          ]
        }
      ]
    },
    {
      "module": "module.eks",
      "mode": "managed",
      "type": "aws_iam_role_policy_attachment",
      "name": "node_policy_2",
      "provider": "provider[\"registry.terraform.io/hashicorp/aws\"]",
      "instances": [
        {
          "schema_version": 0,
          "attributes": {
            "id": "bazaar-eks-node-role/arn:aws:iam::aws:policy/AmazonEC2ContainerRegistryReadOnly",
            "policy_arn": "arn:aws:iam::aws:policy/AmazonEC2ContainerRegistryReadOnly",
            "role": "bazaar-eks-node-role"
          },
          "sensitive_attributes": [],
          "identity_schema_version": 0,
          "identity": {
            "account_id": "026272668614",
            "policy_arn": "arn:aws:iam::aws:policy/AmazonEC2ContainerRegistryReadOnly",
            "role": "bazaar-eks-node-role"
          },
          "private": "bnVsbA==",
          "dependencies": [
            "module.eks.aws_iam_role.node_role",
            "module.vpc.aws_eip.nat_eip_a",
            "module.vpc.aws_eip.nat_eip_b",
            "module.vpc.aws_internet_gateway.igw",
            "module.vpc.aws_nat_gateway.nat_gw_a",
            "module.vpc.aws_nat_gateway.nat_gw_b",
            "module.vpc.aws_route_table.private_rt_a",
            "module.vpc.aws_route_table.private_rt_b",
            "module.vpc.aws_route_table.public_rt",
            "module.vpc.aws_route_table_association.cde_private_a",
            "module.vpc.aws_route_table_association.cde_private_b",
            "module.vpc.aws_route_table_association.private_a",
            "module.vpc.aws_route_table_association.private_b",
            "module.vpc.aws_route_table_association.public_a",
            "module.vpc.aws_route_table_association.public_b",
            "module.vpc.aws_subnet.cde_private_a",
            "module.vpc.aws_subnet.cde_private_b",
            "module.vpc.aws_subnet.private_a",
            "module.vpc.aws_subnet.private_b",
            "module.vpc.aws_subnet.public_a",
            "module.vpc.aws_subnet.public_b",
            "module.vpc.aws_vpc.this"
          ]
        }
      ]
    },
    {
      "module": "module.eks",
      "mode": "managed",
      "type": "aws_iam_role_policy_attachment",
      "name": "node_policy_3",
      "provider": "provider[\"registry.terraform.io/hashicorp/aws\"]",
      "instances": [
        {
          "schema_version": 0,
          "attributes": {
            "id": "bazaar-eks-node-role/arn:aws:iam::aws:policy/AmazonEKS_CNI_Policy",
            "policy_arn": "arn:aws:iam::aws:policy/AmazonEKS_CNI_Policy",
            "role": "bazaar-eks-node-role"
          },
          "sensitive_attributes": [],
          "identity_schema_version": 0,
          "identity": {
            "account_id": "026272668614",
            "policy_arn": "arn:aws:iam::aws:policy/AmazonEKS_CNI_Policy",
            "role": "bazaar-eks-node-role"
          },
          "private": "bnVsbA==",
          "dependencies": [
            "module.eks.aws_iam_role.node_role",
            "module.vpc.aws_eip.nat_eip_a",
            "module.vpc.aws_eip.nat_eip_b",
            "module.vpc.aws_internet_gateway.igw",
            "module.vpc.aws_nat_gateway.nat_gw_a",
            "module.vpc.aws_nat_gateway.nat_gw_b",
            "module.vpc.aws_route_table.private_rt_a",
            "module.vpc.aws_route_table.private_rt_b",
            "module.vpc.aws_route_table.public_rt",
            "module.vpc.aws_route_table_association.cde_private_a",
            "module.vpc.aws_route_table_association.cde_private_b",
            "module.vpc.aws_route_table_association.private_a",
            "module.vpc.aws_route_table_association.private_b",
            "module.vpc.aws_route_table_association.public_a",
            "module.vpc.aws_route_table_association.public_b",
            "module.vpc.aws_subnet.cde_private_a",
            "module.vpc.aws_subnet.cde_private_b",
            "module.vpc.aws_subnet.private_a",
            "module.vpc.aws_subnet.private_b",
            "module.vpc.aws_subnet.public_a",
            "module.vpc.aws_subnet.public_b",
            "module.vpc.aws_vpc.this"
          ]
        }
      ]
    },
    {
      "module": "module.eks",
      "mode": "managed",
      "type": "aws_kms_key",
      "name": "secrets_key",
      "provider": "provider[\"registry.terraform.io/hashicorp/aws\"]",
      "instances": [
        {
          "schema_version": 0,
          "attributes": {
            "arn": "arn:aws:kms:us-east-1:026272668614:key/5eef84da-3db9-4b13-96ca-4e463f7bcefc",
            "bypass_policy_lockout_safety_check": false,
            "custom_key_store_id": "",
            "customer_master_key_spec": "SYMMETRIC_DEFAULT",
            "deletion_window_in_days": 7,
            "description": "KMS key for encrypting bazaar EKS secrets",
            "enable_key_rotation": true,
            "id": "5eef84da-3db9-4b13-96ca-4e463f7bcefc",
            "is_enabled": true,
            "key_id": "5eef84da-3db9-4b13-96ca-4e463f7bcefc",
            "key_usage": "ENCRYPT_DECRYPT",
            "multi_region": false,
            "policy": "{\"Id\":\"key-default-1\",\"Statement\":[{\"Action\":\"kms:*\",\"Effect\":\"Allow\",\"Principal\":{\"AWS\":\"arn:aws:iam::026272668614:root\"},\"Resource\":\"*\",\"Sid\":\"Enable IAM User Permissions\"}],\"Version\":\"2012-10-17\"}",
            "region": "us-east-1",
            "rotation_period_in_days": 365,
            "tags": {},
            "tags_all": {},
            "timeouts": null,
            "xks_key_id": ""
          },
          "sensitive_attributes": [],
          "identity_schema_version": 0,
          "identity": {
            "account_id": "026272668614",
            "id": "5eef84da-3db9-4b13-96ca-4e463f7bcefc",
            "region": "us-east-1"
          },
          "private": "eyJlMmJmYjczMC1lY2FhLTExZTYtOGY4OC0zNDM2M2JjN2M0YzAiOnsiY3JlYXRlIjoxMjAwMDAwMDAwMDB9fQ==",
          "dependencies": [
            "module.vpc.aws_eip.nat_eip_a",
            "module.vpc.aws_eip.nat_eip_b",
            "module.vpc.aws_internet_gateway.igw",
            "module.vpc.aws_nat_gateway.nat_gw_a",
            "module.vpc.aws_nat_gateway.nat_gw_b",
            "module.vpc.aws_route_table.private_rt_a",
            "module.vpc.aws_route_table.private_rt_b",
            "module.vpc.aws_route_table.public_rt",
            "module.vpc.aws_route_table_association.cde_private_a",
            "module.vpc.aws_route_table_association.cde_private_b",
            "module.vpc.aws_route_table_association.private_a",
            "module.vpc.aws_route_table_association.private_b",
            "module.vpc.aws_route_table_association.public_a",
            "module.vpc.aws_route_table_association.public_b",
            "module.vpc.aws_subnet.cde_private_a",
            "module.vpc.aws_subnet.cde_private_b",
            "module.vpc.aws_subnet.private_a",
            "module.vpc.aws_subnet.private_b",
            "module.vpc.aws_subnet.public_a",
            "module.vpc.aws_subnet.public_b",
            "module.vpc.aws_vpc.this"
          ]
        }
      ]
    },
    {
      "module": "module.eks",
      "mode": "managed",
      "type": "aws_security_group",
      "name": "cluster_sg",
      "provider": "provider[\"registry.terraform.io/hashicorp/aws\"]",
      "instances": [
        {
          "schema_version": 1,
          "attributes": {
            "arn": "arn:aws:ec2:us-east-1:026272668614:security-group/sg-01e515dadb43fd412",
            "description": "Managed by Terraform",
            "egress": [
              {
                "cidr_blocks": [
                  "0.0.0.0/0"
                ],
                "description": "",
                "from_port": 0,
                "ipv6_cidr_blocks": [],
                "prefix_list_ids": [],
                "protocol": "-1",
                "security_groups": [],
                "self": false,
                "to_port": 0
              }
            ],
            "id": "sg-01e515dadb43fd412",
            "ingress": [
              {
                "cidr_blocks": [],
                "description": "Allow cluster to cluster",
                "from_port": 0,
                "ipv6_cidr_blocks": [],
                "prefix_list_ids": [],
                "protocol": "-1",
                "security_groups": [],
                "self": true,
                "to_port": 0
              }
            ],
            "name": "bazaar-eks-cluster-sg",
            "name_prefix": "",
            "owner_id": "026272668614",
            "region": "us-east-1",
            "revoke_rules_on_delete": false,
            "tags": {
              "Name": "bazaar-eks-cluster-sg"
            },
            "tags_all": {
              "Name": "bazaar-eks-cluster-sg"
            },
            "timeouts": null,
            "vpc_id": "vpc-0764eccdd9f2c2f9d"
          },
          "sensitive_attributes": [],
          "identity_schema_version": 0,
          "identity": {
            "account_id": "026272668614",
            "id": "sg-01e515dadb43fd412",
            "region": "us-east-1"
          },
          "private": "eyJlMmJmYjczMC1lY2FhLTExZTYtOGY4OC0zNDM2M2JjN2M0YzAiOnsiY3JlYXRlIjo2MDAwMDAwMDAwMDAsImRlbGV0ZSI6OTAwMDAwMDAwMDAwfSwic2NoZW1hX3ZlcnNpb24iOiIxIn0=",
          "dependencies": [
            "module.vpc.aws_eip.nat_eip_a",
            "module.vpc.aws_eip.nat_eip_b",
            "module.vpc.aws_internet_gateway.igw",
            "module.vpc.aws_nat_gateway.nat_gw_a",
            "module.vpc.aws_nat_gateway.nat_gw_b",
            "module.vpc.aws_route_table.private_rt_a",
            "module.vpc.aws_route_table.private_rt_b",
            "module.vpc.aws_route_table.public_rt",
            "module.vpc.aws_route_table_association.cde_private_a",
            "module.vpc.aws_route_table_association.cde_private_b",
            "module.vpc.aws_route_table_association.private_a",
            "module.vpc.aws_route_table_association.private_b",
            "module.vpc.aws_route_table_association.public_a",
            "module.vpc.aws_route_table_association.public_b",
            "module.vpc.aws_subnet.cde_private_a",
            "module.vpc.aws_subnet.cde_private_b",
            "module.vpc.aws_subnet.private_a",
            "module.vpc.aws_subnet.private_b",
            "module.vpc.aws_subnet.public_a",
            "module.vpc.aws_subnet.public_b",
            "module.vpc.aws_vpc.this"
          ]
        }
      ]
    },
    {
      "module": "module.eks",
      "mode": "managed",
      "type": "aws_security_group",
      "name": "node_sg",
      "provider": "provider[\"registry.terraform.io/hashicorp/aws\"]",
      "instances": [
        {
          "schema_version": 1,
          "attributes": {
            "arn": "arn:aws:ec2:us-east-1:026272668614:security-group/sg-053b6c9af78e7de9d",
            "description": "Managed by Terraform",
            "egress": [
              {
                "cidr_blocks": [
                  "0.0.0.0/0"
                ],
                "description": "",
                "from_port": 0,
                "ipv6_cidr_blocks": [],
                "prefix_list_ids": [],
                "protocol": "-1",
                "security_groups": [],
                "self": false,
                "to_port": 0
              }
            ],
            "id": "sg-053b6c9af78e7de9d",
            "ingress": [
              {
                "cidr_blocks": [
                  "192.168.0.0/22"
                ],
                "description": "Allow all traffic from Client VPN",
                "from_port": 0,
                "ipv6_cidr_blocks": [],
                "prefix_list_ids": [],
                "protocol": "-1",
                "security_groups": [],
                "self": false,
                "to_port": 0
              },
              {
                "cidr_blocks": [],
                "description": "Allow cluster control plane to nodes",
                "from_port": 0,
                "ipv6_cidr_blocks": [],
                "prefix_list_ids": [],
                "protocol": "-1",
                "security_groups": [
                  "sg-01e515dadb43fd412"
                ],
                "self": false,
                "to_port": 0
              },
              {
                "cidr_blocks": [],
                "description": "Allow node to node",
                "from_port": 0,
                "ipv6_cidr_blocks": [],
                "prefix_list_ids": [],
                "protocol": "-1",
                "security_groups": [],
                "self": true,
                "to_port": 0
              }
            ],
            "name": "bazaar-eks-node-sg",
            "name_prefix": "",
            "owner_id": "026272668614",
            "region": "us-east-1",
            "revoke_rules_on_delete": false,
            "tags": {
              "Name": "bazaar-eks-node-sg"
            },
            "tags_all": {
              "Name": "bazaar-eks-node-sg"
            },
            "timeouts": null,
            "vpc_id": "vpc-0764eccdd9f2c2f9d"
          },
          "sensitive_attributes": [],
          "identity_schema_version": 0,
          "identity": {
            "account_id": "026272668614",
            "id": "sg-053b6c9af78e7de9d",
            "region": "us-east-1"
          },
          "private": "eyJlMmJmYjczMC1lY2FhLTExZTYtOGY4OC0zNDM2M2JjN2M0YzAiOnsiY3JlYXRlIjo2MDAwMDAwMDAwMDAsImRlbGV0ZSI6OTAwMDAwMDAwMDAwfSwic2NoZW1hX3ZlcnNpb24iOiIxIn0=",
          "dependencies": [
            "module.eks.aws_security_group.cluster_sg",
            "module.vpc.aws_eip.nat_eip_a",
            "module.vpc.aws_eip.nat_eip_b",
            "module.vpc.aws_internet_gateway.igw",
            "module.vpc.aws_nat_gateway.nat_gw_a",
            "module.vpc.aws_nat_gateway.nat_gw_b",
            "module.vpc.aws_route_table.private_rt_a",
            "module.vpc.aws_route_table.private_rt_b",
            "module.vpc.aws_route_table.public_rt",
            "module.vpc.aws_route_table_association.cde_private_a",
            "module.vpc.aws_route_table_association.cde_private_b",
            "module.vpc.aws_route_table_association.private_a",
            "module.vpc.aws_route_table_association.private_b",
            "module.vpc.aws_route_table_association.public_a",
            "module.vpc.aws_route_table_association.public_b",
            "module.vpc.aws_subnet.cde_private_a",
            "module.vpc.aws_subnet.cde_private_b",
            "module.vpc.aws_subnet.private_a",
            "module.vpc.aws_subnet.private_b",
            "module.vpc.aws_subnet.public_a",
            "module.vpc.aws_subnet.public_b",
            "module.vpc.aws_vpc.this"
          ]
        }
      ]
    },
    {
      "module": "module.vpc",
      "mode": "managed",
      "type": "aws_eip",
      "name": "nat_eip_a",
      "provider": "provider[\"registry.terraform.io/hashicorp/aws\"]",
      "instances": [
        {
          "schema_version": 0,
          "attributes": {
            "address": null,
            "allocation_id": "eipalloc-0a30c5ecabc9f16f6",
            "arn": "arn:aws:ec2:us-east-1:026272668614:elastic-ip/eipalloc-0a30c5ecabc9f16f6",
            "associate_with_private_ip": null,
            "association_id": "eipassoc-06bb9420583f016c5",
            "carrier_ip": "",
            "customer_owned_ip": "",
            "customer_owned_ipv4_pool": "",
            "domain": "vpc",
            "id": "eipalloc-0a30c5ecabc9f16f6",
            "instance": "",
            "ipam_pool_id": null,
            "network_border_group": "us-east-1",
            "network_interface": "eni-06da8d9875a00f447",
            "private_dns": "ip-10-0-1-154.ec2.internal",
            "private_ip": "10.0.1.154",
            "ptr_record": "",
            "public_dns": "ec2-13-223-182-240.compute-1.amazonaws.com",
            "public_ip": "13.223.182.240",
            "public_ipv4_pool": "amazon",
            "region": "us-east-1",
            "tags": {},
            "tags_all": {},
            "timeouts": null
          },
          "sensitive_attributes": [],
          "identity_schema_version": 0,
          "private": "eyJlMmJmYjczMC1lY2FhLTExZTYtOGY4OC0zNDM2M2JjN2M0YzAiOnsiZGVsZXRlIjoxODAwMDAwMDAwMDAsInJlYWQiOjkwMDAwMDAwMDAwMCwidXBkYXRlIjozMDAwMDAwMDAwMDB9fQ=="
        }
      ]
    },
    {
      "module": "module.vpc",
      "mode": "managed",
      "type": "aws_eip",
      "name": "nat_eip_b",
      "provider": "provider[\"registry.terraform.io/hashicorp/aws\"]",
      "instances": [
        {
          "schema_version": 0,
          "attributes": {
            "address": null,
            "allocation_id": "eipalloc-02e96c6e3daf310b0",
            "arn": "arn:aws:ec2:us-east-1:026272668614:elastic-ip/eipalloc-02e96c6e3daf310b0",
            "associate_with_private_ip": null,
            "association_id": "eipassoc-025cbd210408576d1",
            "carrier_ip": "",
            "customer_owned_ip": "",
            "customer_owned_ipv4_pool": "",
            "domain": "vpc",
            "id": "eipalloc-02e96c6e3daf310b0",
            "instance": "",
            "ipam_pool_id": null,
            "network_border_group": "us-east-1",
            "network_interface": "eni-03fea3360d4ddc7da",
            "private_dns": "ip-10-0-2-182.ec2.internal",
            "private_ip": "10.0.2.182",
            "ptr_record": "",
            "public_dns": "ec2-52-71-199-16.compute-1.amazonaws.com",
            "public_ip": "52.71.199.16",
            "public_ipv4_pool": "amazon",
            "region": "us-east-1",
            "tags": {},
            "tags_all": {},
            "timeouts": null
          },
          "sensitive_attributes": [],
          "identity_schema_version": 0,
          "private": "eyJlMmJmYjczMC1lY2FhLTExZTYtOGY4OC0zNDM2M2JjN2M0YzAiOnsiZGVsZXRlIjoxODAwMDAwMDAwMDAsInJlYWQiOjkwMDAwMDAwMDAwMCwidXBkYXRlIjozMDAwMDAwMDAwMDB9fQ=="
        }
      ]
    },
    {
      "module": "module.vpc",
      "mode": "managed",
      "type": "aws_internet_gateway",
      "name": "igw",
      "provider": "provider[\"registry.terraform.io/hashicorp/aws\"]",
      "instances": [
        {
          "schema_version": 0,
          "attributes": {
            "arn": "arn:aws:ec2:us-east-1:026272668614:internet-gateway/igw-0ff9bff0732b1933a",
            "id": "igw-0ff9bff0732b1933a",
            "owner_id": "026272668614",
            "region": "us-east-1",
            "tags": {
              "Name": "bazaar-igw"
            },
            "tags_all": {
              "Name": "bazaar-igw"
            },
            "timeouts": null,
            "vpc_id": "vpc-0764eccdd9f2c2f9d"
          },
          "sensitive_attributes": [],
          "identity_schema_version": 0,
          "private": "eyJlMmJmYjczMC1lY2FhLTExZTYtOGY4OC0zNDM2M2JjN2M0YzAiOnsiY3JlYXRlIjoxMjAwMDAwMDAwMDAwLCJkZWxldGUiOjEyMDAwMDAwMDAwMDAsInVwZGF0ZSI6MTIwMDAwMDAwMDAwMH19",
          "dependencies": [
            "module.vpc.aws_vpc.this"
          ]
        }
      ]
    },
    {
      "module": "module.vpc",
      "mode": "managed",
      "type": "aws_nat_gateway",
      "name": "nat_gw_a",
      "provider": "provider[\"registry.terraform.io/hashicorp/aws\"]",
      "instances": [
        {
          "schema_version": 0,
          "attributes": {
            "allocation_id": "eipalloc-0a30c5ecabc9f16f6",
            "association_id": "eipassoc-06bb9420583f016c5",
            "connectivity_type": "public",
            "id": "nat-05c3d9164e63af1e3",
            "network_interface_id": "eni-06da8d9875a00f447",
            "private_ip": "10.0.1.154",
            "public_ip": "13.223.182.240",
            "region": "us-east-1",
            "secondary_allocation_ids": [],
            "secondary_private_ip_address_count": 0,
            "secondary_private_ip_addresses": [],
            "subnet_id": "subnet-033e2b00303889209",
            "tags": {
              "Name": "bazaar-nat-gw-a"
            },
            "tags_all": {
              "Name": "bazaar-nat-gw-a"
            },
            "timeouts": null
          },
          "sensitive_attributes": [],
          "identity_schema_version": 0,
          "private": "eyJlMmJmYjczMC1lY2FhLTExZTYtOGY4OC0zNDM2M2JjN2M0YzAiOnsiY3JlYXRlIjo2MDAwMDAwMDAwMDAsImRlbGV0ZSI6MTgwMDAwMDAwMDAwMCwidXBkYXRlIjo2MDAwMDAwMDAwMDB9fQ==",
          "dependencies": [
            "module.vpc.aws_eip.nat_eip_a",
            "module.vpc.aws_internet_gateway.igw",
            "module.vpc.aws_subnet.public_a",
            "module.vpc.aws_vpc.this"
          ]
        }
      ]
    },
    {
      "module": "module.vpc",
      "mode": "managed",
      "type": "aws_nat_gateway",
      "name": "nat_gw_b",
      "provider": "provider[\"registry.terraform.io/hashicorp/aws\"]",
      "instances": [
        {
          "schema_version": 0,
          "attributes": {
            "allocation_id": "eipalloc-02e96c6e3daf310b0",
            "association_id": "eipassoc-025cbd210408576d1",
            "connectivity_type": "public",
            "id": "nat-0a67e5be45ac498c2",
            "network_interface_id": "eni-03fea3360d4ddc7da",
            "private_ip": "10.0.2.182",
            "public_ip": "52.71.199.16",
            "region": "us-east-1",
            "secondary_allocation_ids": [],
            "secondary_private_ip_address_count": 0,
            "secondary_private_ip_addresses": [],
            "subnet_id": "subnet-0ca37f2ca4469b85e",
            "tags": {
              "Name": "bazaar-nat-gw-b"
            },
            "tags_all": {
              "Name": "bazaar-nat-gw-b"
            },
            "timeouts": null
          },
          "sensitive_attributes": [],
          "identity_schema_version": 0,
          "private": "eyJlMmJmYjczMC1lY2FhLTExZTYtOGY4OC0zNDM2M2JjN2M0YzAiOnsiY3JlYXRlIjo2MDAwMDAwMDAwMDAsImRlbGV0ZSI6MTgwMDAwMDAwMDAwMCwidXBkYXRlIjo2MDAwMDAwMDAwMDB9fQ==",
          "dependencies": [
            "module.vpc.aws_eip.nat_eip_b",
            "module.vpc.aws_internet_gateway.igw",
            "module.vpc.aws_subnet.public_b",
            "module.vpc.aws_vpc.this"
          ]
        }
      ]
    },
    {
      "module": "module.vpc",
      "mode": "managed",
      "type": "aws_route_table",
      "name": "private_rt_a",
      "provider": "provider[\"registry.terraform.io/hashicorp/aws\"]",
      "instances": [
        {
          "schema_version": 0,
          "attributes": {
            "arn": "arn:aws:ec2:us-east-1:026272668614:route-table/rtb-052b846f3a654cc1f",
            "id": "rtb-052b846f3a654cc1f",
            "owner_id": "026272668614",
            "propagating_vgws": [],
            "region": "us-east-1",
            "route": [
              {
                "carrier_gateway_id": "",
                "cidr_block": "0.0.0.0/0",
                "core_network_arn": "",
                "destination_prefix_list_id": "",
                "egress_only_gateway_id": "",
                "gateway_id": "",
                "ipv6_cidr_block": "",
                "local_gateway_id": "",
                "nat_gateway_id": "nat-05c3d9164e63af1e3",
                "network_interface_id": "",
                "transit_gateway_id": "",
                "vpc_endpoint_id": "",
                "vpc_peering_connection_id": ""
              }
            ],
            "tags": {
              "Name": "bazaar-private-rt-a"
            },
            "tags_all": {
              "Name": "bazaar-private-rt-a"
            },
            "timeouts": null,
            "vpc_id": "vpc-0764eccdd9f2c2f9d"
          },
          "sensitive_attributes": [],
          "identity_schema_version": 0,
          "identity": {
            "account_id": "026272668614",
            "id": "rtb-052b846f3a654cc1f",
            "region": "us-east-1"
          },
          "private": "eyJlMmJmYjczMC1lY2FhLTExZTYtOGY4OC0zNDM2M2JjN2M0YzAiOnsiY3JlYXRlIjozMDAwMDAwMDAwMDAsImRlbGV0ZSI6MzAwMDAwMDAwMDAwLCJ1cGRhdGUiOjEyMDAwMDAwMDAwMH19",
          "dependencies": [
            "module.vpc.aws_eip.nat_eip_a",
            "module.vpc.aws_internet_gateway.igw",
            "module.vpc.aws_nat_gateway.nat_gw_a",
            "module.vpc.aws_subnet.public_a",
            "module.vpc.aws_vpc.this"
          ]
        }
      ]
    },
    {
      "module": "module.vpc",
      "mode": "managed",
      "type": "aws_route_table",
      "name": "private_rt_b",
      "provider": "provider[\"registry.terraform.io/hashicorp/aws\"]",
      "instances": [
        {
          "schema_version": 0,
          "attributes": {
            "arn": "arn:aws:ec2:us-east-1:026272668614:route-table/rtb-0992aebcd360d578d",
            "id": "rtb-0992aebcd360d578d",
            "owner_id": "026272668614",
            "propagating_vgws": [],
            "region": "us-east-1",
            "route": [
              {
                "carrier_gateway_id": "",
                "cidr_block": "0.0.0.0/0",
                "core_network_arn": "",
                "destination_prefix_list_id": "",
                "egress_only_gateway_id": "",
                "gateway_id": "",
                "ipv6_cidr_block": "",
                "local_gateway_id": "",
                "nat_gateway_id": "nat-0a67e5be45ac498c2",
                "network_interface_id": "",
                "transit_gateway_id": "",
                "vpc_endpoint_id": "",
                "vpc_peering_connection_id": ""
              }
            ],
            "tags": {
              "Name": "bazaar-private-rt-b"
            },
            "tags_all": {
              "Name": "bazaar-private-rt-b"
            },
            "timeouts": null,
            "vpc_id": "vpc-0764eccdd9f2c2f9d"
          },
          "sensitive_attributes": [],
          "identity_schema_version": 0,
          "identity": {
            "account_id": "026272668614",
            "id": "rtb-0992aebcd360d578d",
            "region": "us-east-1"
          },
          "private": "eyJlMmJmYjczMC1lY2FhLTExZTYtOGY4OC0zNDM2M2JjN2M0YzAiOnsiY3JlYXRlIjozMDAwMDAwMDAwMDAsImRlbGV0ZSI6MzAwMDAwMDAwMDAwLCJ1cGRhdGUiOjEyMDAwMDAwMDAwMH19",
          "dependencies": [
            "module.vpc.aws_eip.nat_eip_b",
            "module.vpc.aws_internet_gateway.igw",
            "module.vpc.aws_nat_gateway.nat_gw_b",
            "module.vpc.aws_subnet.public_b",
            "module.vpc.aws_vpc.this"
          ]
        }
      ]
    },
    {
      "module": "module.vpc",
      "mode": "managed",
      "type": "aws_route_table",
      "name": "public_rt",
      "provider": "provider[\"registry.terraform.io/hashicorp/aws\"]",
      "instances": [
        {
          "schema_version": 0,
          "attributes": {
            "arn": "arn:aws:ec2:us-east-1:026272668614:route-table/rtb-01aeded746ae33a91",
            "id": "rtb-01aeded746ae33a91",
            "owner_id": "026272668614",
            "propagating_vgws": [],
            "region": "us-east-1",
            "route": [
              {
                "carrier_gateway_id": "",
                "cidr_block": "0.0.0.0/0",
                "core_network_arn": "",
                "destination_prefix_list_id": "",
                "egress_only_gateway_id": "",
                "gateway_id": "igw-0ff9bff0732b1933a",
                "ipv6_cidr_block": "",
                "local_gateway_id": "",
                "nat_gateway_id": "",
                "network_interface_id": "",
                "transit_gateway_id": "",
                "vpc_endpoint_id": "",
                "vpc_peering_connection_id": ""
              }
            ],
            "tags": {
              "Name": "bazaar-public-rt"
            },
            "tags_all": {
              "Name": "bazaar-public-rt"
            },
            "timeouts": null,
            "vpc_id": "vpc-0764eccdd9f2c2f9d"
          },
          "sensitive_attributes": [],
          "identity_schema_version": 0,
          "identity": {
            "account_id": "026272668614",
            "id": "rtb-01aeded746ae33a91",
            "region": "us-east-1"
          },
          "private": "eyJlMmJmYjczMC1lY2FhLTExZTYtOGY4OC0zNDM2M2JjN2M0YzAiOnsiY3JlYXRlIjozMDAwMDAwMDAwMDAsImRlbGV0ZSI6MzAwMDAwMDAwMDAwLCJ1cGRhdGUiOjEyMDAwMDAwMDAwMH19",
          "dependencies": [
            "module.vpc.aws_internet_gateway.igw",
            "module.vpc.aws_vpc.this"
          ]
        }
      ]
    },
    {
      "module": "module.vpc",
      "mode": "managed",
      "type": "aws_route_table_association",
      "name": "cde_private_a",
      "provider": "provider[\"registry.terraform.io/hashicorp/aws\"]",
      "instances": [
        {
          "schema_version": 0,
          "attributes": {
            "gateway_id": "",
            "id": "rtbassoc-0b3183f2717c34331",
            "region": "us-east-1",
            "route_table_id": "rtb-052b846f3a654cc1f",
            "subnet_id": "subnet-039be02b8287d8fba",
            "timeouts": null
          },
          "sensitive_attributes": [],
          "identity_schema_version": 0,
          "private": "eyJlMmJmYjczMC1lY2FhLTExZTYtOGY4OC0zNDM2M2JjN2M0YzAiOnsiY3JlYXRlIjozMDAwMDAwMDAwMDAsImRlbGV0ZSI6MzAwMDAwMDAwMDAwLCJ1cGRhdGUiOjEyMDAwMDAwMDAwMH19",
          "dependencies": [
            "module.vpc.aws_eip.nat_eip_a",
            "module.vpc.aws_internet_gateway.igw",
            "module.vpc.aws_nat_gateway.nat_gw_a",
            "module.vpc.aws_route_table.private_rt_a",
            "module.vpc.aws_subnet.cde_private_a",
            "module.vpc.aws_subnet.public_a",
            "module.vpc.aws_vpc.this"
          ]
        }
      ]
    },
    {
      "module": "module.vpc",
      "mode": "managed",
      "type": "aws_route_table_association",
      "name": "cde_private_b",
      "provider": "provider[\"registry.terraform.io/hashicorp/aws\"]",
      "instances": [
        {
          "schema_version": 0,
          "attributes": {
            "gateway_id": "",
            "id": "rtbassoc-0d52c3f713a5233a3",
            "region": "us-east-1",
            "route_table_id": "rtb-0992aebcd360d578d",
            "subnet_id": "subnet-0648c8b59119e14f3",
            "timeouts": null
          },
          "sensitive_attributes": [],
          "identity_schema_version": 0,
          "private": "eyJlMmJmYjczMC1lY2FhLTExZTYtOGY4OC0zNDM2M2JjN2M0YzAiOnsiY3JlYXRlIjozMDAwMDAwMDAwMDAsImRlbGV0ZSI6MzAwMDAwMDAwMDAwLCJ1cGRhdGUiOjEyMDAwMDAwMDAwMH19",
          "dependencies": [
            "module.vpc.aws_eip.nat_eip_b",
            "module.vpc.aws_internet_gateway.igw",
            "module.vpc.aws_nat_gateway.nat_gw_b",
            "module.vpc.aws_route_table.private_rt_b",
            "module.vpc.aws_subnet.cde_private_b",
            "module.vpc.aws_subnet.public_b",
            "module.vpc.aws_vpc.this"
          ]
        }
      ]
    },
    {
      "module": "module.vpc",
      "mode": "managed",
      "type": "aws_route_table_association",
      "name": "private_a",
      "provider": "provider[\"registry.terraform.io/hashicorp/aws\"]",
      "instances": [
        {
          "schema_version": 0,
          "attributes": {
            "gateway_id": "",
            "id": "rtbassoc-05b62ca20ff3af6d2",
            "region": "us-east-1",
            "route_table_id": "rtb-052b846f3a654cc1f",
            "subnet_id": "subnet-0654761ff48304173",
            "timeouts": null
          },
          "sensitive_attributes": [],
          "identity_schema_version": 0,
          "private": "eyJlMmJmYjczMC1lY2FhLTExZTYtOGY4OC0zNDM2M2JjN2M0YzAiOnsiY3JlYXRlIjozMDAwMDAwMDAwMDAsImRlbGV0ZSI6MzAwMDAwMDAwMDAwLCJ1cGRhdGUiOjEyMDAwMDAwMDAwMH19",
          "dependencies": [
            "module.vpc.aws_eip.nat_eip_a",
            "module.vpc.aws_internet_gateway.igw",
            "module.vpc.aws_nat_gateway.nat_gw_a",
            "module.vpc.aws_route_table.private_rt_a",
            "module.vpc.aws_subnet.private_a",
            "module.vpc.aws_subnet.public_a",
            "module.vpc.aws_vpc.this"
          ]
        }
      ]
    },
    {
      "module": "module.vpc",
      "mode": "managed",
      "type": "aws_route_table_association",
      "name": "private_b",
      "provider": "provider[\"registry.terraform.io/hashicorp/aws\"]",
      "instances": [
        {
          "schema_version": 0,
          "attributes": {
            "gateway_id": "",
            "id": "rtbassoc-0198714625cb67e77",
            "region": "us-east-1",
            "route_table_id": "rtb-0992aebcd360d578d",
            "subnet_id": "subnet-01aaa7b73ff1e2fef",
            "timeouts": null
          },
          "sensitive_attributes": [],
          "identity_schema_version": 0,
          "private": "eyJlMmJmYjczMC1lY2FhLTExZTYtOGY4OC0zNDM2M2JjN2M0YzAiOnsiY3JlYXRlIjozMDAwMDAwMDAwMDAsImRlbGV0ZSI6MzAwMDAwMDAwMDAwLCJ1cGRhdGUiOjEyMDAwMDAwMDAwMH19",
          "dependencies": [
            "module.vpc.aws_eip.nat_eip_b",
            "module.vpc.aws_internet_gateway.igw",
            "module.vpc.aws_nat_gateway.nat_gw_b",
            "module.vpc.aws_route_table.private_rt_b",
            "module.vpc.aws_subnet.private_b",
            "module.vpc.aws_subnet.public_b",
            "module.vpc.aws_vpc.this"
          ]
        }
      ]
    },
    {
      "module": "module.vpc",
      "mode": "managed",
      "type": "aws_route_table_association",
      "name": "public_a",
      "provider": "provider[\"registry.terraform.io/hashicorp/aws\"]",
      "instances": [
        {
          "schema_version": 0,
          "attributes": {
            "gateway_id": "",
            "id": "rtbassoc-0923c3bc12c83f680",
            "region": "us-east-1",
            "route_table_id": "rtb-01aeded746ae33a91",
            "subnet_id": "subnet-033e2b00303889209",
            "timeouts": null
          },
          "sensitive_attributes": [],
          "identity_schema_version": 0,
          "private": "eyJlMmJmYjczMC1lY2FhLTExZTYtOGY4OC0zNDM2M2JjN2M0YzAiOnsiY3JlYXRlIjozMDAwMDAwMDAwMDAsImRlbGV0ZSI6MzAwMDAwMDAwMDAwLCJ1cGRhdGUiOjEyMDAwMDAwMDAwMH19",
          "dependencies": [
            "module.vpc.aws_internet_gateway.igw",
            "module.vpc.aws_route_table.public_rt",
            "module.vpc.aws_subnet.public_a",
            "module.vpc.aws_vpc.this"
          ]
        }
      ]
    },
    {
      "module": "module.vpc",
      "mode": "managed",
      "type": "aws_route_table_association",
      "name": "public_b",
      "provider": "provider[\"registry.terraform.io/hashicorp/aws\"]",
      "instances": [
        {
          "schema_version": 0,
          "attributes": {
            "gateway_id": "",
            "id": "rtbassoc-08cdd1fe2dc97e800",
            "region": "us-east-1",
            "route_table_id": "rtb-01aeded746ae33a91",
            "subnet_id": "subnet-0ca37f2ca4469b85e",
            "timeouts": null
          },
          "sensitive_attributes": [],
          "identity_schema_version": 0,
          "private": "eyJlMmJmYjczMC1lY2FhLTExZTYtOGY4OC0zNDM2M2JjN2M0YzAiOnsiY3JlYXRlIjozMDAwMDAwMDAwMDAsImRlbGV0ZSI6MzAwMDAwMDAwMDAwLCJ1cGRhdGUiOjEyMDAwMDAwMDAwMH19",
          "dependencies": [
            "module.vpc.aws_internet_gateway.igw",
            "module.vpc.aws_route_table.public_rt",
            "module.vpc.aws_subnet.public_b",
            "module.vpc.aws_vpc.this"
          ]
        }
      ]
    },
    {
      "module": "module.vpc",
      "mode": "managed",
      "type": "aws_subnet",
      "name": "cde_private_a",
      "provider": "provider[\"registry.terraform.io/hashicorp/aws\"]",
      "instances": [
        {
          "schema_version": 1,
          "attributes": {
            "arn": "arn:aws:ec2:us-east-1:026272668614:subnet/subnet-039be02b8287d8fba",
            "assign_ipv6_address_on_creation": false,
            "availability_zone": "us-east-1a",
            "availability_zone_id": "use1-az1",
            "cidr_block": "10.0.20.0/24",
            "customer_owned_ipv4_pool": "",
            "enable_dns64": false,
            "enable_lni_at_device_index": 0,
            "enable_resource_name_dns_a_record_on_launch": false,
            "enable_resource_name_dns_aaaa_record_on_launch": false,
            "id": "subnet-039be02b8287d8fba",
            "ipv6_cidr_block": "",
            "ipv6_cidr_block_association_id": "",
            "ipv6_native": false,
            "map_customer_owned_ip_on_launch": false,
            "map_public_ip_on_launch": false,
            "outpost_arn": "",
            "owner_id": "026272668614",
            "private_dns_hostname_type_on_launch": "ip-name",
            "region": "us-east-1",
            "tags": {
              "Name": "bazaar-cde-private-a"
            },
            "tags_all": {
              "Name": "bazaar-cde-private-a"
            },
            "timeouts": null,
            "vpc_id": "vpc-0764eccdd9f2c2f9d"
          },
          "sensitive_attributes": [],
          "identity_schema_version": 0,
          "identity": {
            "account_id": "026272668614",
            "id": "subnet-039be02b8287d8fba",
            "region": "us-east-1"
          },
          "private": "eyJlMmJmYjczMC1lY2FhLTExZTYtOGY4OC0zNDM2M2JjN2M0YzAiOnsiY3JlYXRlIjo2MDAwMDAwMDAwMDAsImRlbGV0ZSI6MTIwMDAwMDAwMDAwMH0sInNjaGVtYV92ZXJzaW9uIjoiMSJ9",
          "dependencies": [
            "module.vpc.aws_vpc.this"
          ]
        }
      ]
    },
    {
      "module": "module.vpc",
      "mode": "managed",
      "type": "aws_subnet",
      "name": "cde_private_b",
      "provider": "provider[\"registry.terraform.io/hashicorp/aws\"]",
      "instances": [
        {
          "schema_version": 1,
          "attributes": {
            "arn": "arn:aws:ec2:us-east-1:026272668614:subnet/subnet-0648c8b59119e14f3",
            "assign_ipv6_address_on_creation": false,
            "availability_zone": "us-east-1b",
            "availability_zone_id": "use1-az2",
            "cidr_block": "10.0.21.0/24",
            "customer_owned_ipv4_pool": "",
            "enable_dns64": false,
            "enable_lni_at_device_index": 0,
            "enable_resource_name_dns_a_record_on_launch": false,
            "enable_resource_name_dns_aaaa_record_on_launch": false,
            "id": "subnet-0648c8b59119e14f3",
            "ipv6_cidr_block": "",
            "ipv6_cidr_block_association_id": "",
            "ipv6_native": false,
            "map_customer_owned_ip_on_launch": false,
            "map_public_ip_on_launch": false,
            "outpost_arn": "",
            "owner_id": "026272668614",
            "private_dns_hostname_type_on_launch": "ip-name",
            "region": "us-east-1",
            "tags": {
              "Name": "bazaar-cde-private-b"
            },
            "tags_all": {
              "Name": "bazaar-cde-private-b"
            },
            "timeouts": null,
            "vpc_id": "vpc-0764eccdd9f2c2f9d"
          },
          "sensitive_attributes": [],
          "identity_schema_version": 0,
          "identity": {
            "account_id": "026272668614",
            "id": "subnet-0648c8b59119e14f3",
            "region": "us-east-1"
          },
          "private": "eyJlMmJmYjczMC1lY2FhLTExZTYtOGY4OC0zNDM2M2JjN2M0YzAiOnsiY3JlYXRlIjo2MDAwMDAwMDAwMDAsImRlbGV0ZSI6MTIwMDAwMDAwMDAwMH0sInNjaGVtYV92ZXJzaW9uIjoiMSJ9",
          "dependencies": [
            "module.vpc.aws_vpc.this"
          ]
        }
      ]
    },
    {
      "module": "module.vpc",
      "mode": "managed",
      "type": "aws_subnet",
      "name": "private_a",
      "provider": "provider[\"registry.terraform.io/hashicorp/aws\"]",
      "instances": [
        {
          "schema_version": 1,
          "attributes": {
            "arn": "arn:aws:ec2:us-east-1:026272668614:subnet/subnet-0654761ff48304173",
            "assign_ipv6_address_on_creation": false,
            "availability_zone": "us-east-1a",
            "availability_zone_id": "use1-az1",
            "cidr_block": "10.0.10.0/24",
            "customer_owned_ipv4_pool": "",
            "enable_dns64": false,
            "enable_lni_at_device_index": 0,
            "enable_resource_name_dns_a_record_on_launch": false,
            "enable_resource_name_dns_aaaa_record_on_launch": false,
            "id": "subnet-0654761ff48304173",
            "ipv6_cidr_block": "",
            "ipv6_cidr_block_association_id": "",
            "ipv6_native": false,
            "map_customer_owned_ip_on_launch": false,
            "map_public_ip_on_launch": false,
            "outpost_arn": "",
            "owner_id": "026272668614",
            "private_dns_hostname_type_on_launch": "ip-name",
            "region": "us-east-1",
            "tags": {
              "Name": "bazaar-private-a"
            },
            "tags_all": {
              "Name": "bazaar-private-a"
            },
            "timeouts": null,
            "vpc_id": "vpc-0764eccdd9f2c2f9d"
          },
          "sensitive_attributes": [],
          "identity_schema_version": 0,
          "identity": {
            "account_id": "026272668614",
            "id": "subnet-0654761ff48304173",
            "region": "us-east-1"
          },
          "private": "eyJlMmJmYjczMC1lY2FhLTExZTYtOGY4OC0zNDM2M2JjN2M0YzAiOnsiY3JlYXRlIjo2MDAwMDAwMDAwMDAsImRlbGV0ZSI6MTIwMDAwMDAwMDAwMH0sInNjaGVtYV92ZXJzaW9uIjoiMSJ9",
          "dependencies": [
            "module.vpc.aws_vpc.this"
          ]
        }
      ]
    },
    {
      "module": "module.vpc",
      "mode": "managed",
      "type": "aws_subnet",
      "name": "private_b",
      "provider": "provider[\"registry.terraform.io/hashicorp/aws\"]",
      "instances": [
        {
          "schema_version": 1,
          "attributes": {
            "arn": "arn:aws:ec2:us-east-1:026272668614:subnet/subnet-01aaa7b73ff1e2fef",
            "assign_ipv6_address_on_creation": false,
            "availability_zone": "us-east-1b",
            "availability_zone_id": "use1-az2",
            "cidr_block": "10.0.11.0/24",
            "customer_owned_ipv4_pool": "",
            "enable_dns64": false,
            "enable_lni_at_device_index": 0,
            "enable_resource_name_dns_a_record_on_launch": false,
            "enable_resource_name_dns_aaaa_record_on_launch": false,
            "id": "subnet-01aaa7b73ff1e2fef",
            "ipv6_cidr_block": "",
            "ipv6_cidr_block_association_id": "",
            "ipv6_native": false,
            "map_customer_owned_ip_on_launch": false,
            "map_public_ip_on_launch": false,
            "outpost_arn": "",
            "owner_id": "026272668614",
            "private_dns_hostname_type_on_launch": "ip-name",
            "region": "us-east-1",
            "tags": {
              "Name": "bazaar-private-b"
            },
            "tags_all": {
              "Name": "bazaar-private-b"
            },
            "timeouts": null,
            "vpc_id": "vpc-0764eccdd9f2c2f9d"
          },
          "sensitive_attributes": [],
          "identity_schema_version": 0,
          "identity": {
            "account_id": "026272668614",
            "id": "subnet-01aaa7b73ff1e2fef",
            "region": "us-east-1"
          },
          "private": "eyJlMmJmYjczMC1lY2FhLTExZTYtOGY4OC0zNDM2M2JjN2M0YzAiOnsiY3JlYXRlIjo2MDAwMDAwMDAwMDAsImRlbGV0ZSI6MTIwMDAwMDAwMDAwMH0sInNjaGVtYV92ZXJzaW9uIjoiMSJ9",
          "dependencies": [
            "module.vpc.aws_vpc.this"
          ]
        }
      ]
    },
    {
      "module": "module.vpc",
      "mode": "managed",
      "type": "aws_subnet",
      "name": "public_a",
      "provider": "provider[\"registry.terraform.io/hashicorp/aws\"]",
      "instances": [
        {
          "schema_version": 1,
          "attributes": {
            "arn": "arn:aws:ec2:us-east-1:026272668614:subnet/subnet-033e2b00303889209",
            "assign_ipv6_address_on_creation": false,
            "availability_zone": "us-east-1a",
            "availability_zone_id": "use1-az1",
            "cidr_block": "10.0.1.0/24",
            "customer_owned_ipv4_pool": "",
            "enable_dns64": false,
            "enable_lni_at_device_index": 0,
            "enable_resource_name_dns_a_record_on_launch": false,
            "enable_resource_name_dns_aaaa_record_on_launch": false,
            "id": "subnet-033e2b00303889209",
            "ipv6_cidr_block": "",
            "ipv6_cidr_block_association_id": "",
            "ipv6_native": false,
            "map_customer_owned_ip_on_launch": false,
            "map_public_ip_on_launch": true,
            "outpost_arn": "",
            "owner_id": "026272668614",
            "private_dns_hostname_type_on_launch": "ip-name",
            "region": "us-east-1",
            "tags": {
              "Name": "bazaar-public-a"
            },
            "tags_all": {
              "Name": "bazaar-public-a"
            },
            "timeouts": null,
            "vpc_id": "vpc-0764eccdd9f2c2f9d"
          },
          "sensitive_attributes": [],
          "identity_schema_version": 0,
          "identity": {
            "account_id": "026272668614",
            "id": "subnet-033e2b00303889209",
            "region": "us-east-1"
          },
          "private": "eyJlMmJmYjczMC1lY2FhLTExZTYtOGY4OC0zNDM2M2JjN2M0YzAiOnsiY3JlYXRlIjo2MDAwMDAwMDAwMDAsImRlbGV0ZSI6MTIwMDAwMDAwMDAwMH0sInNjaGVtYV92ZXJzaW9uIjoiMSJ9",
          "dependencies": [
            "module.vpc.aws_vpc.this"
          ]
        }
      ]
    },
    {
      "module": "module.vpc",
      "mode": "managed",
      "type": "aws_subnet",
      "name": "public_b",
      "provider": "provider[\"registry.terraform.io/hashicorp/aws\"]",
      "instances": [
        {
          "schema_version": 1,
          "attributes": {
            "arn": "arn:aws:ec2:us-east-1:026272668614:subnet/subnet-0ca37f2ca4469b85e",
            "assign_ipv6_address_on_creation": false,
            "availability_zone": "us-east-1b",
            "availability_zone_id": "use1-az2",
            "cidr_block": "10.0.2.0/24",
            "customer_owned_ipv4_pool": "",
            "enable_dns64": false,
            "enable_lni_at_device_index": 0,
            "enable_resource_name_dns_a_record_on_launch": false,
            "enable_resource_name_dns_aaaa_record_on_launch": false,
            "id": "subnet-0ca37f2ca4469b85e",
            "ipv6_cidr_block": "",
            "ipv6_cidr_block_association_id": "",
            "ipv6_native": false,
            "map_customer_owned_ip_on_launch": false,
            "map_public_ip_on_launch": true,
            "outpost_arn": "",
            "owner_id": "026272668614",
            "private_dns_hostname_type_on_launch": "ip-name",
            "region": "us-east-1",
            "tags": {
              "Name": "bazaar-public-b"
            },
            "tags_all": {
              "Name": "bazaar-public-b"
            },
            "timeouts": null,
            "vpc_id": "vpc-0764eccdd9f2c2f9d"
          },
          "sensitive_attributes": [],
          "identity_schema_version": 0,
          "identity": {
            "account_id": "026272668614",
            "id": "subnet-0ca37f2ca4469b85e",
            "region": "us-east-1"
          },
          "private": "eyJlMmJmYjczMC1lY2FhLTExZTYtOGY4OC0zNDM2M2JjN2M0YzAiOnsiY3JlYXRlIjo2MDAwMDAwMDAwMDAsImRlbGV0ZSI6MTIwMDAwMDAwMDAwMH0sInNjaGVtYV92ZXJzaW9uIjoiMSJ9",
          "dependencies": [
            "module.vpc.aws_vpc.this"
          ]
        }
      ]
    },
    {
      "module": "module.vpc",
      "mode": "managed",
      "type": "aws_vpc",
      "name": "this",
      "provider": "provider[\"registry.terraform.io/hashicorp/aws\"]",
      "instances": [
        {
          "schema_version": 1,
          "attributes": {
            "arn": "arn:aws:ec2:us-east-1:026272668614:vpc/vpc-0764eccdd9f2c2f9d",
            "assign_generated_ipv6_cidr_block": false,
            "cidr_block": "10.0.0.0/16",
            "default_network_acl_id": "acl-0c62e878749af185b",
            "default_route_table_id": "rtb-07394cb77de0a399b",
            "default_security_group_id": "sg-0cf634dcdc78084c3",
            "dhcp_options_id": "dopt-08309c03f5d9a9a30",
            "enable_dns_hostnames": true,
            "enable_dns_support": true,
            "enable_network_address_usage_metrics": false,
            "id": "vpc-0764eccdd9f2c2f9d",
            "instance_tenancy": "default",
            "ipv4_ipam_pool_id": null,
            "ipv4_netmask_length": null,
            "ipv6_association_id": "",
            "ipv6_cidr_block": "",
            "ipv6_cidr_block_network_border_group": "",
            "ipv6_ipam_pool_id": "",
            "ipv6_netmask_length": 0,
            "main_route_table_id": "rtb-07394cb77de0a399b",
            "owner_id": "026272668614",
            "region": "us-east-1",
            "tags": {
              "Name": "bazaar-vpc"
            },
            "tags_all": {
              "Name": "bazaar-vpc"
            }
          },
          "sensitive_attributes": [],
          "identity_schema_version": 0,
          "identity": {
            "account_id": "026272668614",
            "id": "vpc-0764eccdd9f2c2f9d",
            "region": "us-east-1"
          },
          "private": "eyJzY2hlbWFfdmVyc2lvbiI6IjEifQ=="
        }
      ]
    },
    {
      "module": "module.vpn",
      "mode": "managed",
      "type": "aws_acm_certificate",
      "name": "vpn_client_cert_import",
      "provider": "provider[\"registry.terraform.io/hashicorp/aws\"]",
      "instances": [
        {
          "schema_version": 0,
          "attributes": {
            "arn": "arn:aws:acm:us-east-1:026272668614:certificate/c95dd17d-4415-44f3-8174-0d56663a9432",
            "certificate_authority_arn": "",
            "certificate_body": "-----BEGIN CERTIFICATE-----\nMIIDSjCCAjKgAwIBAgIRAJQVtc2Hk5UB/QJSHBwZkCowDQYJKoZIhvcNAQELBQAw\nLjEUMBIGA1UEChMLYmF6YWFyIEluYy4xFjAUBgNVBAMTDWJhemFhci52cG4uY2Ew\nHhcNMjUxMTAxMDAxOTA0WhcNMjYxMTAxMDAxOTA0WjA7MRQwEgYDVQQKEwtiYXph\nYXIgSW5jLjEjMCEGA1UEAxMaY2xpZW50LnZwbi5iYXphYXIuaW50ZXJuYWwwggEi\nMA0GCSqGSIb3DQEBAQUAA4IBDwAwggEKAoIBAQD39VbU0bQGVEmB89ImdOn9soae\nPg+ohapH25V44GWKQVsIxDpdjFWkhmdCmgMhlfg/DyXxTcvOICYkXVt2opwBu+4j\nJFZ2HZcdYimLnYaUj7QOKQBkr2OnPC/8FnlgoJSFDquZvb9/5GrxswUtbc78c4pD\nKYOYz4T1nF4XFJe2QU7xdp1BP977bNESF1QiNZWjMrGU6x3cnVf24AIwOSbopsCR\nSlVZBONPYWV+eZShoSKSotb4C+ALmt3pb/BAwL/S/CmrRGaO3wInw6Rjwf1fiwRq\ntBCXDzNRaSBr2ZzPaKWCi4DJxQQNv5UwJ5hkmyy9jpm5IKSvd9kjXOyPBObFAgMB\nAAGjVjBUMA4GA1UdDwEB/wQEAwIFoDATBgNVHSUEDDAKBggrBgEFBQcDAjAMBgNV\nHRMBAf8EAjAAMB8GA1UdIwQYMBaAFDtXRNjK0qllFVXTIQRPW1xbj4atMA0GCSqG\nSIb3DQEBCwUAA4IBAQDXXDPlOh/FmIPsdZ+JhmoNujag3UReGyqLmTwmdKZuYV59\nvix/tsIc1oAJFZmrmo9xJbtbfKuiTXfG7XfH4eKZ3gSpp1paP1Fd7KCoDQUp0YFe\nt51z+DFU7OMZXVRtMhbywlhTG57HCaa1GJvDxA0oEqyDt++zpVoQFKCKuDDSsybC\n5lFfNxJXViBz9lmgdW29SMJU+lfJuLdTftDQkdAhQidIdj3rmwkdTrOiIpLqSi1s\nQzYOclex8Iar0I5prTo/Zxjp+mCU58y/v90ff1Qfnq4FRLM4qqJiTkiRj3D39O7m\nflGhQ6wxU0rFA7HPFLfBcG5WfN45O5n0O/jWjZlm\n-----END CERTIFICATE-----\n",
            "certificate_chain": "-----BEGIN CERTIFICATE-----\nMIIDKDCCAhCgAwIBAgIQT1drwhwZZoieOF/c8/HD1DANBgkqhkiG9w0BAQsFADAu\nMRQwEgYDVQQKEwtiYXphYXIgSW5jLjEWMBQGA1UEAxMNYmF6YWFyLnZwbi5jYTAe\nFw0yNTExMDEwMDE5MDRaFw0yNjExMDEwMDE5MDRaMC4xFDASBgNVBAoTC2JhemFh\nciBJbmMuMRYwFAYDVQQDEw1iYXphYXIudnBuLmNhMIIBIjANBgkqhkiG9w0BAQEF\nAAOCAQ8AMIIBCgKCAQEA9387GB6TG+tX+hrklwtFYqm7q+BEPu1/KZnMe9xa+UQa\nv+O7040dnNp3Bqhz69IU5hm8IUDqjRnSNTrRK1tSIqpdUL/Uu9vv+z0+UtBTsw7X\nqZF8yARskA76GH2znTh3F7+8am9v0+C4KcTXVQ2I+VS392IsB7p4LCyfk+zST1Vq\nb8wwsuk/89kDRU3FhzDBa0ILMm7xRqLP0hoEmq/C85HvpZyX6f5ixYLwqCHFfSrq\n+8T6uyuGsCd0+/+EeVWCGHhDl6ygEhbC39gNjcyCjmsOGHuCvW0zKqf0eBK38pVW\njhuOWIMy/CQKkaiwM2lyqwLBiOYqBnDxWIXwv7TtKQIDAQABo0IwQDAOBgNVHQ8B\nAf8EBAMCAqQwDwYDVR0TAQH/BAUwAwEB/zAdBgNVHQ4EFgQUO1dE2MrSqWUVVdMh\nBE9bXFuPhq0wDQYJKoZIhvcNAQELBQADggEBACyL+I2JHiWFaxtG322KBGUgXQ6h\nSAYBTfJV/FHLfdVVyXhhkOxehruUD/0QO+jXkJ/KeCNhTh0NLlqFrBCksDzPVtJo\nIvb7vJgKpv62dXQRH/Xf6OZFkrBvozVvuEQYZiZWYv21URnnzzoQd5ssnz848Vja\nKARXJaKJcO066/kX2oZr0+fAs4iwo27ENmV73Eouwk7j7mj9/fINl17N85/D57co\n1mOkpH/AUSbYAuvkeLWR7H+p6inUdiLB7lmQs14Q3FWb/LZE8nXs/8XZkJ78JeJi\n7FI1QQE1ky/aLAcxj2WiVLRcUL/czI0v4pxOBS6fcVpWjgmfVPmfPmazALc=\n-----END CERTIFICATE-----\n",
            "domain_name": "client.vpn.bazaar.internal",
            "domain_validation_options": [],
            "early_renewal_duration": "",
            "id": "arn:aws:acm:us-east-1:026272668614:certificate/c95dd17d-4415-44f3-8174-0d56663a9432",
            "key_algorithm": "RSA_2048",
            "not_after": "2026-11-01T00:19:04Z",
            "not_before": "2025-11-01T00:19:04Z",
            "options": [
              {
                "certificate_transparency_logging_preference": "DISABLED",
                "export": "DISABLED"
              }
            ],
            "pending_renewal": false,
            "private_key": "-----BEGIN RSA PRIVATE KEY-----\nMIIEowIBAAKCAQEA9/VW1NG0BlRJgfPSJnTp/bKGnj4PqIWqR9uVeOBlikFbCMQ6\nXYxVpIZnQpoDIZX4Pw8l8U3LziAmJF1bdqKcAbvuIyRWdh2XHWIpi52GlI+0DikA\nZK9jpzwv/BZ5YKCUhQ6rmb2/f+Rq8bMFLW3O/HOKQymDmM+E9ZxeFxSXtkFO8Xad\nQT/e+2zREhdUIjWVozKxlOsd3J1X9uACMDkm6KbAkUpVWQTjT2FlfnmUoaEikqLW\n+AvgC5rd6W/wQMC/0vwpq0Rmjt8CJ8OkY8H9X4sEarQQlw8zUWkga9mcz2ilgouA\nycUEDb+VMCeYZJssvY6ZuSCkr3fZI1zsjwTmxQIDAQABAoIBAALSgk3K31ogO8MZ\n/5m7+zl1ZjhKNluzH3+T4uG0btNxOS+0sQfaszTBxVqj58BcisZLETpNYNCIVW5t\nMo6yUkUeyHAGP1XhgWOiRzVZ8l+VqKxJKM6CrCvY/QHhf2pfJPe4FAdHJRnEFdze\ntHCGRKJvdCORkDUt9+MgLF3+aQK1CTDwsK77HfN/3ecBZwYJZN5tAiiS92TmMGvJ\nDT/CKmVm3KvaxqTj12H69+SjVg0c0QfO3IUvge6xOg/lsGn231wQUs+pybMpZP1O\nt1rZo4kHTPzUL7tfzceSBkACMnBYqP2hPJCG7CCWi/wgU+rD42hF2nqfpWQfpvSt\n2aMZ1p0CgYEA+ybZQC6rydMborHF2mPU+RgWSL5XRUWgC+4Rt+2iFqBN04IA4Fnn\nCq9Kr1hqqY51PflcZ7Pb3emr/7L+i+rVE6YV5FQJBnOKHHa2HbBwJA5Nct7xlnib\nVtq1pZQUAeQi82fTtC73V8nUqCD+TOvfS4GA/vrVucUhBsk6F/Z2pHsCgYEA/L61\nlL+xr22rnIzHW6NE/jNc7Ikv7LRBEo0phD3rxwF26+YMm3+56xZ7Srxown2J+Yf5\nI07mANJsP2fuQPFqgd79olDdh0vV4hFgYeZPN13EDxt6ccWUbWeWJFUcJZNZocLA\ndZDUvKk8jfpyUCVwd4b1NYUJKwXkvhJ6Fk7m3b8CgYEAtE1CgDJBP+Yfm+A2Iz+y\nYJVrQhPrwR5n9MiXzcx6pfW1iZd2G5pPJLuNSW6XPFy6TKCdNxHHUXv079/HoBkZ\nmT6NztqJlCkUSLTsr0nAaBIghcwJ8jVph6QB7fntlyH5+XZbZKqnBU4vLfhpuD1J\nlAJH4kWfc/tSZ3XFD/jvWcsCgYB4xVhXH9J0FV+visWoUDgjj7+Td2pjHS8LAlEY\nU85aZaTBzEex9jKM101KxQT6CqrnhcXSzVyyf9oh4jPC7JkMPdXMvf9dKyukvtDj\ndv3bYv7QiTzVKKhoLttbuR+eBO8LkNgOVYqSK/w3i7kb+wfm1aJOVKew2zwWZxXX\nmxROWQKBgCa9A6dSRMZWs5BrCUPdUOZppYWwbuhuE/oSTvhzOzSbWjr+Vr5ixz/h\n/BnRfIwEtEeklZArMfKQvsaj0EIfvx1IEbHP9t0YcfRmKIv3riVx99fgkDE9NJ9e\no+NP2gY9KnKgOuSsoJDSFPR+eXNOwrbvEQzHQByRZL/DUwuxTqfq\n-----END RSA PRIVATE KEY-----\n",
            "region": "us-east-1",
            "renewal_eligibility": "INELIGIBLE",
            "renewal_summary": [],
            "status": "ISSUED",
            "subject_alternative_names": [
              "client.vpn.bazaar.internal"
            ],
            "tags": {
              "Name": "bazaar-vpn-client-cert"
            },
            "tags_all": {
              "Name": "bazaar-vpn-client-cert"
            },
            "type": "IMPORTED",
            "validation_emails": [],
            "validation_method": "NONE",
            "validation_option": []
          },
          "sensitive_attributes": [
            [
              {
                "type": "get_attr",
                "value": "private_key"
              }
            ]
          ],
          "identity_schema_version": 0,
          "identity": {
            "arn": "arn:aws:acm:us-east-1:026272668614:certificate/c95dd17d-4415-44f3-8174-0d56663a9432"
          },
          "private": "bnVsbA==",
          "dependencies": [
            "module.vpc.aws_eip.nat_eip_a",
            "module.vpc.aws_eip.nat_eip_b",
            "module.vpc.aws_internet_gateway.igw",
            "module.vpc.aws_nat_gateway.nat_gw_a",
            "module.vpc.aws_nat_gateway.nat_gw_b",
            "module.vpc.aws_route_table.private_rt_a",
            "module.vpc.aws_route_table.private_rt_b",
            "module.vpc.aws_route_table.public_rt",
            "module.vpc.aws_route_table_association.cde_private_a",
            "module.vpc.aws_route_table_association.cde_private_b",
            "module.vpc.aws_route_table_association.private_a",
            "module.vpc.aws_route_table_association.private_b",
            "module.vpc.aws_route_table_association.public_a",
            "module.vpc.aws_route_table_association.public_b",
            "module.vpc.aws_subnet.cde_private_a",
            "module.vpc.aws_subnet.cde_private_b",
            "module.vpc.aws_subnet.private_a",
            "module.vpc.aws_subnet.private_b",
            "module.vpc.aws_subnet.public_a",
            "module.vpc.aws_subnet.public_b",
            "module.vpc.aws_vpc.this",
            "module.vpn.tls_cert_request.vpn_client_csr",
            "module.vpn.tls_locally_signed_cert.vpn_client_cert",
            "module.vpn.tls_private_key.vpn_ca_key",
            "module.vpn.tls_private_key.vpn_client_key",
            "module.vpn.tls_self_signed_cert.vpn_ca_cert"
          ]
        }
      ]
    },
    {
      "module": "module.vpn",
      "mode": "managed",
      "type": "aws_acm_certificate",
      "name": "vpn_server_cert_import",
      "provider": "provider[\"registry.terraform.io/hashicorp/aws\"]",
      "instances": [
        {
          "schema_version": 0,
          "attributes": {
            "arn": "arn:aws:acm:us-east-1:026272668614:certificate/a4b7ba35-e2c6-4113-9314-cd7c90889ed7",
            "certificate_authority_arn": "",
            "certificate_body": "-----BEGIN CERTIFICATE-----\nMIIDSTCCAjGgAwIBAgIQe1T8K7i62EnQ9RQh7/3T8DANBgkqhkiG9w0BAQsFADAu\nMRQwEgYDVQQKEwtiYXphYXIgSW5jLjEWMBQGA1UEAxMNYmF6YWFyLnZwbi5jYTAe\nFw0yNTExMDEwMDE5MDRaFw0yNjExMDEwMDE5MDRaMDsxFDASBgNVBAoTC2JhemFh\nciBJbmMuMSMwIQYDVQQDExpzZXJ2ZXIudnBuLmJhemFhci5pbnRlcm5hbDCCASIw\nDQYJKoZIhvcNAQEBBQADggEPADCCAQoCggEBAKUNZLj8582fy9PZQl29whoDHGru\njSDqNz0nQJ+GXHMTgu6IUUHMSu7S23P+S6Rd4k8+MnEWBti1x0+3ZsuAM0CCnVYU\nEzXI0RWogWwC8yzYz/+w0PsYvFWiB095FlwUuH+9jvPMAoBvONPG49wKnYIyfNQl\nh/5oDETJ+KEcIXmo05czFICyoHfsQe8bcyGzS1/Nuj+hNYVFk2rJqGTjT/9MDbOm\ntmBZIcZv+eqOKDtbExyp8eYf1CJB5C1To8lYKcSD4GGp3+NVhtz4bGNz/aD8Gkg+\nkp/oSpWwzdjqlSiJGnpr9T9buEsxFiCkAXU2/FM3I4XtikqQglCMb6jrExECAwEA\nAaNWMFQwDgYDVR0PAQH/BAQDAgWgMBMGA1UdJQQMMAoGCCsGAQUFBwMBMAwGA1Ud\nEwEB/wQCMAAwHwYDVR0jBBgwFoAUO1dE2MrSqWUVVdMhBE9bXFuPhq0wDQYJKoZI\nhvcNAQELBQADggEBAI1pD3K0Y0qb4PDnk+lbLHwgEhTMP/LmB16cnh5a0bAKgOQ1\nmbibDOil/0Kz3lkpDndmRG+UJhhe/qFnGl0bl5czBYxidVWZGVX2uHMd0OZX17Qa\nFy1JqSQRGTnBpE6dEOJxOAolQVOQJmd/VAhmFl1nkHB/+hiopM+26+thx/sd/R33\n24NO9dns82CKQtGGYZue9Y/2D55+g1Ftum3PH3VtOgXbEMKWdsyVstFHF1JgyL5l\nNKtgYKDdPc6qhlzN+LFbaZhhxExFrA7qhXr/xqds1puqcXWV+Vxv+L+FpgqB200h\nNObJvnuHWpWuIByrkpeXPzquiriEGtG+58IboFM=\n-----END CERTIFICATE-----\n",
            "certificate_chain": "-----BEGIN CERTIFICATE-----\nMIIDKDCCAhCgAwIBAgIQT1drwhwZZoieOF/c8/HD1DANBgkqhkiG9w0BAQsFADAu\nMRQwEgYDVQQKEwtiYXphYXIgSW5jLjEWMBQGA1UEAxMNYmF6YWFyLnZwbi5jYTAe\nFw0yNTExMDEwMDE5MDRaFw0yNjExMDEwMDE5MDRaMC4xFDASBgNVBAoTC2JhemFh\nciBJbmMuMRYwFAYDVQQDEw1iYXphYXIudnBuLmNhMIIBIjANBgkqhkiG9w0BAQEF\nAAOCAQ8AMIIBCgKCAQEA9387GB6TG+tX+hrklwtFYqm7q+BEPu1/KZnMe9xa+UQa\nv+O7040dnNp3Bqhz69IU5hm8IUDqjRnSNTrRK1tSIqpdUL/Uu9vv+z0+UtBTsw7X\nqZF8yARskA76GH2znTh3F7+8am9v0+C4KcTXVQ2I+VS392IsB7p4LCyfk+zST1Vq\nb8wwsuk/89kDRU3FhzDBa0ILMm7xRqLP0hoEmq/C85HvpZyX6f5ixYLwqCHFfSrq\n+8T6uyuGsCd0+/+EeVWCGHhDl6ygEhbC39gNjcyCjmsOGHuCvW0zKqf0eBK38pVW\njhuOWIMy/CQKkaiwM2lyqwLBiOYqBnDxWIXwv7TtKQIDAQABo0IwQDAOBgNVHQ8B\nAf8EBAMCAqQwDwYDVR0TAQH/BAUwAwEB/zAdBgNVHQ4EFgQUO1dE2MrSqWUVVdMh\nBE9bXFuPhq0wDQYJKoZIhvcNAQELBQADggEBACyL+I2JHiWFaxtG322KBGUgXQ6h\nSAYBTfJV/FHLfdVVyXhhkOxehruUD/0QO+jXkJ/KeCNhTh0NLlqFrBCksDzPVtJo\nIvb7vJgKpv62dXQRH/Xf6OZFkrBvozVvuEQYZiZWYv21URnnzzoQd5ssnz848Vja\nKARXJaKJcO066/kX2oZr0+fAs4iwo27ENmV73Eouwk7j7mj9/fINl17N85/D57co\n1mOkpH/AUSbYAuvkeLWR7H+p6inUdiLB7lmQs14Q3FWb/LZE8nXs/8XZkJ78JeJi\n7FI1QQE1ky/aLAcxj2WiVLRcUL/czI0v4pxOBS6fcVpWjgmfVPmfPmazALc=\n-----END CERTIFICATE-----\n",
            "domain_name": "server.vpn.bazaar.internal",
            "domain_validation_options": [],
            "early_renewal_duration": "",
            "id": "arn:aws:acm:us-east-1:026272668614:certificate/a4b7ba35-e2c6-4113-9314-cd7c90889ed7",
            "key_algorithm": "RSA_2048",
            "not_after": "2026-11-01T00:19:04Z",
            "not_before": "2025-11-01T00:19:04Z",
            "options": [
              {
                "certificate_transparency_logging_preference": "DISABLED",
                "export": "DISABLED"
              }
            ],
            "pending_renewal": false,
            "private_key": "-----BEGIN RSA PRIVATE KEY-----\nMIIEowIBAAKCAQEApQ1kuPznzZ/L09lCXb3CGgMcau6NIOo3PSdAn4ZccxOC7ohR\nQcxK7tLbc/5LpF3iTz4ycRYG2LXHT7dmy4AzQIKdVhQTNcjRFaiBbALzLNjP/7DQ\n+xi8VaIHT3kWXBS4f72O88wCgG8408bj3AqdgjJ81CWH/mgMRMn4oRwheajTlzMU\ngLKgd+xB7xtzIbNLX826P6E1hUWTasmoZONP/0wNs6a2YFkhxm/56o4oO1sTHKnx\n5h/UIkHkLVOjyVgpxIPgYanf41WG3PhsY3P9oPwaSD6Sn+hKlbDN2OqVKIkaemv1\nP1u4SzEWIKQBdTb8Uzcjhe2KSpCCUIxvqOsTEQIDAQABAoIBAA3AauxFbg7MyeUR\nt0eA1Zjoj3KSrkGCzNgUhXwvwVN5Lwcuu7kZYK47SpDZ1srlY5ip8aFIbjOaGaFu\nV2s3IuNfaTp7G7VMe6yBSJ82M7VAhJFPgGnwqqhmgpNq3vkMZOmHt/m0vV9JZQOy\nu4NhgwljqXuHe6gvr8NUzJlScwY5b3pk9EHU1nLF1KU3XfI1DxnXQIvzdAJcuC/f\n9B3pShyrBZ4oD4sEJLp570O/VXjWo/8qjWOlqQdzOs6mycCP6VIBiBbajF3zHO7g\ngl3g3by0SKDH0ajENiwaeb7OK+YkTtvjpIgI4uZWDS1AynHKO0YJ+iBpzKzujc6L\nF2dgo80CgYEAxxbbkhp1f2nPh2F/RC3Z5b6LcLXp+h62YKa2RZw/B8zNw+3xv58B\noPPWdzeWMKKgMa55heqXWfvgoGEonLQAcIsQ1ZNX5CcRCci34z7UvcF0dRwoGr9F\nc9HDBV1bilGqiEi+1O7Gaf0wG4NWSiBVVivX3NDe5mu5jArN7p2ut9MCgYEA1Du/\nG2/8cqqct4jn0IyIfiOcKRnB/GHSO1FYUh17YgA2Uvf/LdcAR8x9RHveM8F7cG81\n4ZKm93bt702h89A8hVwCcGJ1Rr3OzPgd6Jhx4lxNPnKAZ5DYpgXdGYP8b4PUMbLJ\nKJTXfjGUO1yvE4Y72Z6J2rdPodn3+vTL7k66/wsCgYEAk5eddaXJ34hIwpuD5r57\nIDfvVcJ2z+c+204cKGTZ0WWCUbMvmhg9891w6/a4kBuv2MT48E9mnt38u8jre6hx\n/v0JoNvXt5tCpVc5A+3Ld1VYiY0zKgkMav1hr7NzLoq2esw7NM5DJ8X8iRkHunJX\n8UcVg20RIg9QgcJswm4BXeMCgYA2Q/SQWmjtFMyvbPUA8P3xar+CDtD37Dcp7Zms\nnVcv7qf1PO3lVaT/tryM5zMgfqdGT1kyjSHeAm3CE1KGmcbvvl/tRm+AIAYhiIt1\nLo1n+HvTrMlCMdoDUVqALKw+AzIdZv5iPvR+ksS5DPDDCD6DXTMYVmipFKeAZllC\nXKUZkwKBgF0uGwTv8AFULaLSUAoFgRaS6bIrLFHELEfsaYj7ONXKdOQC2GNLFkJG\nmx8+U2qjHWoTezqdcs1zXsJZ9BR6qq3JxFSWE/SElOskcmuAUwmOSyFtcAP6gVwr\ncloOXRqReLI6N+Vw6QinuS2vJQ6TpNxTisHcNqgoU7knH9XGe4PE\n-----END RSA PRIVATE KEY-----\n",
            "region": "us-east-1",
            "renewal_eligibility": "INELIGIBLE",
            "renewal_summary": [],
            "status": "ISSUED",
            "subject_alternative_names": [
              "server.vpn.bazaar.internal"
            ],
            "tags": {
              "Name": "bazaar-vpn-server-cert"
            },
            "tags_all": {
              "Name": "bazaar-vpn-server-cert"
            },
            "type": "IMPORTED",
            "validation_emails": [],
            "validation_method": "NONE",
            "validation_option": []
          },
          "sensitive_attributes": [
            [
              {
                "type": "get_attr",
                "value": "private_key"
              }
            ]
          ],
          "identity_schema_version": 0,
          "identity": {
            "arn": "arn:aws:acm:us-east-1:026272668614:certificate/a4b7ba35-e2c6-4113-9314-cd7c90889ed7"
          },
          "private": "bnVsbA==",
          "dependencies": [
            "module.vpc.aws_eip.nat_eip_a",
            "module.vpc.aws_eip.nat_eip_b",
            "module.vpc.aws_internet_gateway.igw",
            "module.vpc.aws_nat_gateway.nat_gw_a",
            "module.vpc.aws_nat_gateway.nat_gw_b",
            "module.vpc.aws_route_table.private_rt_a",
            "module.vpc.aws_route_table.private_rt_b",
            "module.vpc.aws_route_table.public_rt",
            "module.vpc.aws_route_table_association.cde_private_a",
            "module.vpc.aws_route_table_association.cde_private_b",
            "module.vpc.aws_route_table_association.private_a",
            "module.vpc.aws_route_table_association.private_b",
            "module.vpc.aws_route_table_association.public_a",
            "module.vpc.aws_route_table_association.public_b",
            "module.vpc.aws_subnet.cde_private_a",
            "module.vpc.aws_subnet.cde_private_b",
            "module.vpc.aws_subnet.private_a",
            "module.vpc.aws_subnet.private_b",
            "module.vpc.aws_subnet.public_a",
            "module.vpc.aws_subnet.public_b",
            "module.vpc.aws_vpc.this",
            "module.vpn.tls_cert_request.vpn_server_csr",
            "module.vpn.tls_locally_signed_cert.vpn_server_cert",
            "module.vpn.tls_private_key.vpn_ca_key",
            "module.vpn.tls_private_key.vpn_server_key",
            "module.vpn.tls_self_signed_cert.vpn_ca_cert"
          ]
        }
      ]
    },
    {
      "module": "module.vpn",
      "mode": "managed",
      "type": "aws_ec2_client_vpn_authorization_rule",
      "name": "vpn_auth_all",
      "provider": "provider[\"registry.terraform.io/hashicorp/aws\"]",
      "instances": [
        {
          "schema_version": 0,
          "attributes": {
            "access_group_id": "",
            "authorize_all_groups": true,
            "client_vpn_endpoint_id": "cvpn-endpoint-0d5381ab0fb91ece9",
            "description": "",
            "id": "cvpn-endpoint-0d5381ab0fb91ece9,10.0.0.0/16",
            "region": "us-east-1",
            "target_network_cidr": "10.0.0.0/16",
            "timeouts": null
          },
          "sensitive_attributes": [],
          "identity_schema_version": 0,
          "private": "eyJlMmJmYjczMC1lY2FhLTExZTYtOGY4OC0zNDM2M2JjN2M0YzAiOnsiY3JlYXRlIjo2MDAwMDAwMDAwMDAsImRlbGV0ZSI6NjAwMDAwMDAwMDAwfX0=",
          "dependencies": [
            "module.vpc.aws_eip.nat_eip_a",
            "module.vpc.aws_eip.nat_eip_b",
            "module.vpc.aws_internet_gateway.igw",
            "module.vpc.aws_nat_gateway.nat_gw_a",
            "module.vpc.aws_nat_gateway.nat_gw_b",
            "module.vpc.aws_route_table.private_rt_a",
            "module.vpc.aws_route_table.private_rt_b",
            "module.vpc.aws_route_table.public_rt",
            "module.vpc.aws_route_table_association.cde_private_a",
            "module.vpc.aws_route_table_association.cde_private_b",
            "module.vpc.aws_route_table_association.private_a",
            "module.vpc.aws_route_table_association.private_b",
            "module.vpc.aws_route_table_association.public_a",
            "module.vpc.aws_route_table_association.public_b",
            "module.vpc.aws_subnet.cde_private_a",
            "module.vpc.aws_subnet.cde_private_b",
            "module.vpc.aws_subnet.private_a",
            "module.vpc.aws_subnet.private_b",
            "module.vpc.aws_subnet.public_a",
            "module.vpc.aws_subnet.public_b",
            "module.vpc.aws_vpc.this",
            "module.vpn.aws_acm_certificate.vpn_client_cert_import",
            "module.vpn.aws_acm_certificate.vpn_server_cert_import",
            "module.vpn.aws_ec2_client_vpn_endpoint.vpn",
            "module.vpn.tls_cert_request.vpn_client_csr",
            "module.vpn.tls_cert_request.vpn_server_csr",
            "module.vpn.tls_locally_signed_cert.vpn_client_cert",
            "module.vpn.tls_locally_signed_cert.vpn_server_cert",
            "module.vpn.tls_private_key.vpn_ca_key",
            "module.vpn.tls_private_key.vpn_client_key",
            "module.vpn.tls_private_key.vpn_server_key",
            "module.vpn.tls_self_signed_cert.vpn_ca_cert"
          ]
        }
      ]
    },
    {
      "module": "module.vpn",
      "mode": "managed",
      "type": "aws_ec2_client_vpn_endpoint",
      "name": "vpn",
      "provider": "provider[\"registry.terraform.io/hashicorp/aws\"]",
      "instances": [
        {
          "schema_version": 0,
          "attributes": {
            "arn": "arn:aws:ec2:us-east-1:026272668614:client-vpn-endpoint/cvpn-endpoint-0d5381ab0fb91ece9",
            "authentication_options": [
              {
                "active_directory_id": "",
                "root_certificate_chain_arn": "arn:aws:acm:us-east-1:026272668614:certificate/c95dd17d-4415-44f3-8174-0d56663a9432",
                "saml_provider_arn": "",
                "self_service_saml_provider_arn": "",
                "type": "certificate-authentication"
              }
            ],
            "client_cidr_block": "192.168.0.0/22",
            "client_connect_options": [
              {
                "enabled": false,
                "lambda_function_arn": ""
              }
            ],
            "client_login_banner_options": [
              {
                "banner_text": "",
                "enabled": false
              }
            ],
            "client_route_enforcement_options": [
              {
                "enforced": false
              }
            ],
            "connection_log_options": [
              {
                "cloudwatch_log_group": "",
                "cloudwatch_log_stream": "",
                "enabled": false
              }
            ],
            "description": "bazaar Client VPN",
            "disconnect_on_session_timeout": true,
            "dns_name": "*.cvpn-endpoint-0d5381ab0fb91ece9.prod.clientvpn.us-east-1.amazonaws.com",
            "dns_servers": [
              "10.0.0.2"
            ],
            "endpoint_ip_address_type": "ipv4",
            "id": "cvpn-endpoint-0d5381ab0fb91ece9",
            "region": "us-east-1",
            "security_group_ids": [
              "sg-0cf634dcdc78084c3"
            ],
            "self_service_portal": "disabled",
            "self_service_portal_url": "",
            "server_certificate_arn": "arn:aws:acm:us-east-1:026272668614:certificate/a4b7ba35-e2c6-4113-9314-cd7c90889ed7",
            "session_timeout_hours": 24,
            "split_tunnel": false,
            "tags": {},
            "tags_all": {},
            "traffic_ip_address_type": "ipv4",
            "transport_protocol": "udp",
            "vpc_id": "vpc-0764eccdd9f2c2f9d",
            "vpn_port": 443
          },
          "sensitive_attributes": [],
          "identity_schema_version": 0,
          "private": "bnVsbA==",
          "dependencies": [
            "module.vpc.aws_eip.nat_eip_a",
            "module.vpc.aws_eip.nat_eip_b",
            "module.vpc.aws_internet_gateway.igw",
            "module.vpc.aws_nat_gateway.nat_gw_a",
            "module.vpc.aws_nat_gateway.nat_gw_b",
            "module.vpc.aws_route_table.private_rt_a",
            "module.vpc.aws_route_table.private_rt_b",
            "module.vpc.aws_route_table.public_rt",
            "module.vpc.aws_route_table_association.cde_private_a",
            "module.vpc.aws_route_table_association.cde_private_b",
            "module.vpc.aws_route_table_association.private_a",
            "module.vpc.aws_route_table_association.private_b",
            "module.vpc.aws_route_table_association.public_a",
            "module.vpc.aws_route_table_association.public_b",
            "module.vpc.aws_subnet.cde_private_a",
            "module.vpc.aws_subnet.cde_private_b",
            "module.vpc.aws_subnet.private_a",
            "module.vpc.aws_subnet.private_b",
            "module.vpc.aws_subnet.public_a",
            "module.vpc.aws_subnet.public_b",
            "module.vpc.aws_vpc.this",
            "module.vpn.aws_acm_certificate.vpn_client_cert_import",
            "module.vpn.aws_acm_certificate.vpn_server_cert_import",
            "module.vpn.tls_cert_request.vpn_client_csr",
            "module.vpn.tls_cert_request.vpn_server_csr",
            "module.vpn.tls_locally_signed_cert.vpn_client_cert",
            "module.vpn.tls_locally_signed_cert.vpn_server_cert",
            "module.vpn.tls_private_key.vpn_ca_key",
            "module.vpn.tls_private_key.vpn_client_key",
            "module.vpn.tls_private_key.vpn_server_key",
            "module.vpn.tls_self_signed_cert.vpn_ca_cert"
          ]
        }
      ]
    },
    {
      "module": "module.vpn",
      "mode": "managed",
      "type": "aws_ec2_client_vpn_network_association",
      "name": "vpn_assoc_a",
      "provider": "provider[\"registry.terraform.io/hashicorp/aws\"]",
      "instances": [
        {
          "schema_version": 0,
          "attributes": {
            "association_id": "cvpn-assoc-0381a87d8a29c5971",
            "client_vpn_endpoint_id": "cvpn-endpoint-0d5381ab0fb91ece9",
            "id": "cvpn-assoc-0381a87d8a29c5971",
            "region": "us-east-1",
            "subnet_id": "subnet-0654761ff48304173",
            "timeouts": null,
            "vpc_id": "vpc-0764eccdd9f2c2f9d"
          },
          "sensitive_attributes": [],
          "identity_schema_version": 0,
          "private": "eyJlMmJmYjczMC1lY2FhLTExZTYtOGY4OC0zNDM2M2JjN2M0YzAiOnsiY3JlYXRlIjoxODAwMDAwMDAwMDAwLCJkZWxldGUiOjE4MDAwMDAwMDAwMDB9fQ==",
          "dependencies": [
            "module.vpc.aws_eip.nat_eip_a",
            "module.vpc.aws_eip.nat_eip_b",
            "module.vpc.aws_internet_gateway.igw",
            "module.vpc.aws_nat_gateway.nat_gw_a",
            "module.vpc.aws_nat_gateway.nat_gw_b",
            "module.vpc.aws_route_table.private_rt_a",
            "module.vpc.aws_route_table.private_rt_b",
            "module.vpc.aws_route_table.public_rt",
            "module.vpc.aws_route_table_association.cde_private_a",
            "module.vpc.aws_route_table_association.cde_private_b",
            "module.vpc.aws_route_table_association.private_a",
            "module.vpc.aws_route_table_association.private_b",
            "module.vpc.aws_route_table_association.public_a",
            "module.vpc.aws_route_table_association.public_b",
            "module.vpc.aws_subnet.cde_private_a",
            "module.vpc.aws_subnet.cde_private_b",
            "module.vpc.aws_subnet.private_a",
            "module.vpc.aws_subnet.private_b",
            "module.vpc.aws_subnet.public_a",
            "module.vpc.aws_subnet.public_b",
            "module.vpc.aws_vpc.this",
            "module.vpn.aws_acm_certificate.vpn_client_cert_import",
            "module.vpn.aws_acm_certificate.vpn_server_cert_import",
            "module.vpn.aws_ec2_client_vpn_endpoint.vpn",
            "module.vpn.tls_cert_request.vpn_client_csr",
            "module.vpn.tls_cert_request.vpn_server_csr",
            "module.vpn.tls_locally_signed_cert.vpn_client_cert",
            "module.vpn.tls_locally_signed_cert.vpn_server_cert",
            "module.vpn.tls_private_key.vpn_ca_key",
            "module.vpn.tls_private_key.vpn_client_key",
            "module.vpn.tls_private_key.vpn_server_key",
            "module.vpn.tls_self_signed_cert.vpn_ca_cert"
          ]
        }
      ]
    },
    {
      "module": "module.vpn",
      "mode": "managed",
      "type": "aws_ec2_client_vpn_network_association",
      "name": "vpn_assoc_b",
      "provider": "provider[\"registry.terraform.io/hashicorp/aws\"]",
      "instances": [
        {
          "schema_version": 0,
          "attributes": {
            "association_id": "cvpn-assoc-06d2891a0fc62d8b0",
            "client_vpn_endpoint_id": "cvpn-endpoint-0d5381ab0fb91ece9",
            "id": "cvpn-assoc-06d2891a0fc62d8b0",
            "region": "us-east-1",
            "subnet_id": "subnet-01aaa7b73ff1e2fef",
            "timeouts": null,
            "vpc_id": "vpc-0764eccdd9f2c2f9d"
          },
          "sensitive_attributes": [],
          "identity_schema_version": 0,
          "private": "eyJlMmJmYjczMC1lY2FhLTExZTYtOGY4OC0zNDM2M2JjN2M0YzAiOnsiY3JlYXRlIjoxODAwMDAwMDAwMDAwLCJkZWxldGUiOjE4MDAwMDAwMDAwMDB9fQ==",
          "dependencies": [
            "module.vpc.aws_eip.nat_eip_a",
            "module.vpc.aws_eip.nat_eip_b",
            "module.vpc.aws_internet_gateway.igw",
            "module.vpc.aws_nat_gateway.nat_gw_a",
            "module.vpc.aws_nat_gateway.nat_gw_b",
            "module.vpc.aws_route_table.private_rt_a",
            "module.vpc.aws_route_table.private_rt_b",
            "module.vpc.aws_route_table.public_rt",
            "module.vpc.aws_route_table_association.cde_private_a",
            "module.vpc.aws_route_table_association.cde_private_b",
            "module.vpc.aws_route_table_association.private_a",
            "module.vpc.aws_route_table_association.private_b",
            "module.vpc.aws_route_table_association.public_a",
            "module.vpc.aws_route_table_association.public_b",
            "module.vpc.aws_subnet.cde_private_a",
            "module.vpc.aws_subnet.cde_private_b",
            "module.vpc.aws_subnet.private_a",
            "module.vpc.aws_subnet.private_b",
            "module.vpc.aws_subnet.public_a",
            "module.vpc.aws_subnet.public_b",
            "module.vpc.aws_vpc.this",
            "module.vpn.aws_acm_certificate.vpn_client_cert_import",
            "module.vpn.aws_acm_certificate.vpn_server_cert_import",
            "module.vpn.aws_ec2_client_vpn_endpoint.vpn",
            "module.vpn.tls_cert_request.vpn_client_csr",
            "module.vpn.tls_cert_request.vpn_server_csr",
            "module.vpn.tls_locally_signed_cert.vpn_client_cert",
            "module.vpn.tls_locally_signed_cert.vpn_server_cert",
            "module.vpn.tls_private_key.vpn_ca_key",
            "module.vpn.tls_private_key.vpn_client_key",
            "module.vpn.tls_private_key.vpn_server_key",
            "module.vpn.tls_self_signed_cert.vpn_ca_cert"
          ]
        }
      ]
    },
    {
      "module": "module.vpn",
      "mode": "managed",
      "type": "aws_ec2_client_vpn_route",
      "name": "vpn_internet_route",
      "provider": "provider[\"registry.terraform.io/hashicorp/aws\"]",
      "instances": [
        {
          "schema_version": 0,
          "attributes": {
            "client_vpn_endpoint_id": "cvpn-endpoint-0d5381ab0fb91ece9",
            "description": "",
            "destination_cidr_block": "0.0.0.0/0",
            "id": "cvpn-endpoint-0d5381ab0fb91ece9,subnet-0654761ff48304173,0.0.0.0/0",
            "origin": "add-route",
            "region": "us-east-1",
            "target_vpc_subnet_id": "subnet-0654761ff48304173",
            "timeouts": null,
            "type": "Nat"
          },
          "sensitive_attributes": [],
          "identity_schema_version": 0,
          "private": "eyJlMmJmYjczMC1lY2FhLTExZTYtOGY4OC0zNDM2M2JjN2M0YzAiOnsiY3JlYXRlIjoyNDAwMDAwMDAwMDAsImRlbGV0ZSI6MjQwMDAwMDAwMDAwfX0=",
          "dependencies": [
            "module.vpc.aws_eip.nat_eip_a",
            "module.vpc.aws_eip.nat_eip_b",
            "module.vpc.aws_internet_gateway.igw",
            "module.vpc.aws_nat_gateway.nat_gw_a",
            "module.vpc.aws_nat_gateway.nat_gw_b",
            "module.vpc.aws_route_table.private_rt_a",
            "module.vpc.aws_route_table.private_rt_b",
            "module.vpc.aws_route_table.public_rt",
            "module.vpc.aws_route_table_association.cde_private_a",
            "module.vpc.aws_route_table_association.cde_private_b",
            "module.vpc.aws_route_table_association.private_a",
            "module.vpc.aws_route_table_association.private_b",
            "module.vpc.aws_route_table_association.public_a",
            "module.vpc.aws_route_table_association.public_b",
            "module.vpc.aws_subnet.cde_private_a",
            "module.vpc.aws_subnet.cde_private_b",
            "module.vpc.aws_subnet.private_a",
            "module.vpc.aws_subnet.private_b",
            "module.vpc.aws_subnet.public_a",
            "module.vpc.aws_subnet.public_b",
            "module.vpc.aws_vpc.this",
            "module.vpn.aws_acm_certificate.vpn_client_cert_import",
            "module.vpn.aws_acm_certificate.vpn_server_cert_import",
            "module.vpn.aws_ec2_client_vpn_endpoint.vpn",
            "module.vpn.aws_ec2_client_vpn_network_association.vpn_assoc_a",
            "module.vpn.aws_ec2_client_vpn_network_association.vpn_assoc_b",
            "module.vpn.tls_cert_request.vpn_client_csr",
            "module.vpn.tls_cert_request.vpn_server_csr",
            "module.vpn.tls_locally_signed_cert.vpn_client_cert",
            "module.vpn.tls_locally_signed_cert.vpn_server_cert",
            "module.vpn.tls_private_key.vpn_ca_key",
            "module.vpn.tls_private_key.vpn_client_key",
            "module.vpn.tls_private_key.vpn_server_key",
            "module.vpn.tls_self_signed_cert.vpn_ca_cert"
          ]
        }
      ]
    },
    {
      "module": "module.vpn",
      "mode": "managed",
      "type": "tls_cert_request",
      "name": "vpn_client_csr",
      "provider": "provider[\"registry.terraform.io/hashicorp/tls\"]",
      "instances": [
        {
          "schema_version": 0,
          "attributes": {
            "cert_request_pem": "-----BEGIN CERTIFICATE REQUEST-----\nMIICgDCCAWgCAQAwOzEUMBIGA1UEChMLYmF6YWFyIEluYy4xIzAhBgNVBAMTGmNs\naWVudC52cG4uYmF6YWFyLmludGVybmFsMIIBIjANBgkqhkiG9w0BAQEFAAOCAQ8A\nMIIBCgKCAQEA9/VW1NG0BlRJgfPSJnTp/bKGnj4PqIWqR9uVeOBlikFbCMQ6XYxV\npIZnQpoDIZX4Pw8l8U3LziAmJF1bdqKcAbvuIyRWdh2XHWIpi52GlI+0DikAZK9j\npzwv/BZ5YKCUhQ6rmb2/f+Rq8bMFLW3O/HOKQymDmM+E9ZxeFxSXtkFO8XadQT/e\n+2zREhdUIjWVozKxlOsd3J1X9uACMDkm6KbAkUpVWQTjT2FlfnmUoaEikqLW+Avg\nC5rd6W/wQMC/0vwpq0Rmjt8CJ8OkY8H9X4sEarQQlw8zUWkga9mcz2ilgouAycUE\nDb+VMCeYZJssvY6ZuSCkr3fZI1zsjwTmxQIDAQABoAAwDQYJKoZIhvcNAQELBQAD\nggEBADjIHfZSzA5EzHO9nPoSM9gCyj6mtfPsn/rdCm958/HyvTWGlc8cgYIicd2n\nLvB1DoVahK7UGfwgB4fuBun+FH6l9e9Uy1a2JJH0OcehlJN81WmRuNmqVedJs0Fd\n60ohjafVVuLcFEW8bVYVmxXxHQs4FsrTWf8/tzxi8ZQ0VlinKvW9SsYFyunb9m9i\n6MdgYMuU3vM8CBdESq+FJ0vUExT7k7HjD7pkKuFUr8ziIVBCsK8AGZc9kyYK9W1T\nAHhRih/3vgeFrDq02eTIkegJAU/pxSKyjh0tHRGb8viqQV3LRCn35Vr/xvP7XuuO\nk+6WXgmZkKpUXBUd5XEEtw/NT08=\n-----END CERTIFICATE REQUEST-----\n",
            "dns_names": null,
            "id": "ca521f7a1194141e52cb7991316bd9b6adac60de",
            "ip_addresses": null,
            "key_algorithm": "RSA",
            "private_key_pem": "-----BEGIN RSA PRIVATE KEY-----\nMIIEowIBAAKCAQEA9/VW1NG0BlRJgfPSJnTp/bKGnj4PqIWqR9uVeOBlikFbCMQ6\nXYxVpIZnQpoDIZX4Pw8l8U3LziAmJF1bdqKcAbvuIyRWdh2XHWIpi52GlI+0DikA\nZK9jpzwv/BZ5YKCUhQ6rmb2/f+Rq8bMFLW3O/HOKQymDmM+E9ZxeFxSXtkFO8Xad\nQT/e+2zREhdUIjWVozKxlOsd3J1X9uACMDkm6KbAkUpVWQTjT2FlfnmUoaEikqLW\n+AvgC5rd6W/wQMC/0vwpq0Rmjt8CJ8OkY8H9X4sEarQQlw8zUWkga9mcz2ilgouA\nycUEDb+VMCeYZJssvY6ZuSCkr3fZI1zsjwTmxQIDAQABAoIBAALSgk3K31ogO8MZ\n/5m7+zl1ZjhKNluzH3+T4uG0btNxOS+0sQfaszTBxVqj58BcisZLETpNYNCIVW5t\nMo6yUkUeyHAGP1XhgWOiRzVZ8l+VqKxJKM6CrCvY/QHhf2pfJPe4FAdHJRnEFdze\ntHCGRKJvdCORkDUt9+MgLF3+aQK1CTDwsK77HfN/3ecBZwYJZN5tAiiS92TmMGvJ\nDT/CKmVm3KvaxqTj12H69+SjVg0c0QfO3IUvge6xOg/lsGn231wQUs+pybMpZP1O\nt1rZo4kHTPzUL7tfzceSBkACMnBYqP2hPJCG7CCWi/wgU+rD42hF2nqfpWQfpvSt\n2aMZ1p0CgYEA+ybZQC6rydMborHF2mPU+RgWSL5XRUWgC+4Rt+2iFqBN04IA4Fnn\nCq9Kr1hqqY51PflcZ7Pb3emr/7L+i+rVE6YV5FQJBnOKHHa2HbBwJA5Nct7xlnib\nVtq1pZQUAeQi82fTtC73V8nUqCD+TOvfS4GA/vrVucUhBsk6F/Z2pHsCgYEA/L61\nlL+xr22rnIzHW6NE/jNc7Ikv7LRBEo0phD3rxwF26+YMm3+56xZ7Srxown2J+Yf5\nI07mANJsP2fuQPFqgd79olDdh0vV4hFgYeZPN13EDxt6ccWUbWeWJFUcJZNZocLA\ndZDUvKk8jfpyUCVwd4b1NYUJKwXkvhJ6Fk7m3b8CgYEAtE1CgDJBP+Yfm+A2Iz+y\nYJVrQhPrwR5n9MiXzcx6pfW1iZd2G5pPJLuNSW6XPFy6TKCdNxHHUXv079/HoBkZ\nmT6NztqJlCkUSLTsr0nAaBIghcwJ8jVph6QB7fntlyH5+XZbZKqnBU4vLfhpuD1J\nlAJH4kWfc/tSZ3XFD/jvWcsCgYB4xVhXH9J0FV+visWoUDgjj7+Td2pjHS8LAlEY\nU85aZaTBzEex9jKM101KxQT6CqrnhcXSzVyyf9oh4jPC7JkMPdXMvf9dKyukvtDj\ndv3bYv7QiTzVKKhoLttbuR+eBO8LkNgOVYqSK/w3i7kb+wfm1aJOVKew2zwWZxXX\nmxROWQKBgCa9A6dSRMZWs5BrCUPdUOZppYWwbuhuE/oSTvhzOzSbWjr+Vr5ixz/h\n/BnRfIwEtEeklZArMfKQvsaj0EIfvx1IEbHP9t0YcfRmKIv3riVx99fgkDE9NJ9e\no+NP2gY9KnKgOuSsoJDSFPR+eXNOwrbvEQzHQByRZL/DUwuxTqfq\n-----END RSA PRIVATE KEY-----\n",
            "subject": [
              {
                "common_name": "client.vpn.bazaar.internal",
                "country": null,
                "email_address": null,
                "locality": null,
                "organization": "bazaar Inc.",
                "organizational_unit": null,
                "postal_code": null,
                "province": null,
                "serial_number": null,
                "street_address": null
              }
            ],
            "uris": null
          },
          "sensitive_attributes": [
            [
              {
                "type": "get_attr",
                "value": "private_key_pem"
              }
            ]
          ],
          "identity_schema_version": 0,
          "dependencies": [
            "module.vpc.aws_eip.nat_eip_a",
            "module.vpc.aws_eip.nat_eip_b",
            "module.vpc.aws_internet_gateway.igw",
            "module.vpc.aws_nat_gateway.nat_gw_a",
            "module.vpc.aws_nat_gateway.nat_gw_b",
            "module.vpc.aws_route_table.private_rt_a",
            "module.vpc.aws_route_table.private_rt_b",
            "module.vpc.aws_route_table.public_rt",
            "module.vpc.aws_route_table_association.cde_private_a",
            "module.vpc.aws_route_table_association.cde_private_b",
            "module.vpc.aws_route_table_association.private_a",
            "module.vpc.aws_route_table_association.private_b",
            "module.vpc.aws_route_table_association.public_a",
            "module.vpc.aws_route_table_association.public_b",
            "module.vpc.aws_subnet.cde_private_a",
            "module.vpc.aws_subnet.cde_private_b",
            "module.vpc.aws_subnet.private_a",
            "module.vpc.aws_subnet.private_b",
            "module.vpc.aws_subnet.public_a",
            "module.vpc.aws_subnet.public_b",
            "module.vpc.aws_vpc.this",
            "module.vpn.tls_private_key.vpn_client_key"
          ]
        }
      ]
    },
    {
      "module": "module.vpn",
      "mode": "managed",
      "type": "tls_cert_request",
      "name": "vpn_server_csr",
      "provider": "provider[\"registry.terraform.io/hashicorp/tls\"]",
      "instances": [
        {
          "schema_version": 0,
          "attributes": {
            "cert_request_pem": "-----BEGIN CERTIFICATE REQUEST-----\nMIICgDCCAWgCAQAwOzEUMBIGA1UEChMLYmF6YWFyIEluYy4xIzAhBgNVBAMTGnNl\ncnZlci52cG4uYmF6YWFyLmludGVybmFsMIIBIjANBgkqhkiG9w0BAQEFAAOCAQ8A\nMIIBCgKCAQEApQ1kuPznzZ/L09lCXb3CGgMcau6NIOo3PSdAn4ZccxOC7ohRQcxK\n7tLbc/5LpF3iTz4ycRYG2LXHT7dmy4AzQIKdVhQTNcjRFaiBbALzLNjP/7DQ+xi8\nVaIHT3kWXBS4f72O88wCgG8408bj3AqdgjJ81CWH/mgMRMn4oRwheajTlzMUgLKg\nd+xB7xtzIbNLX826P6E1hUWTasmoZONP/0wNs6a2YFkhxm/56o4oO1sTHKnx5h/U\nIkHkLVOjyVgpxIPgYanf41WG3PhsY3P9oPwaSD6Sn+hKlbDN2OqVKIkaemv1P1u4\nSzEWIKQBdTb8Uzcjhe2KSpCCUIxvqOsTEQIDAQABoAAwDQYJKoZIhvcNAQELBQAD\nggEBAKBE7P20Ojcgnhe9z2U9aPBEPaPOfcai26Wf0unui9QCmvSxTp8XE36NGGiC\n8cAAl1wjIReF8s7oGDXtN+x9ICQWvyVld/M0rIHv1uhpBw6LLQiQcW9MsG97TCPk\nQjD3amzTtYErEUW192GG1Jm/Vau1pssDtB1XhBimDfJ+cCj/Fi8uRkURmORXUS+s\nsdBjIlJG9BFQPr1/X8RcRk7uKmkDyAfCXSPyuHFW/5zOIbvjjFz7L/fzWrTWycaN\n8QkN4ELW1bkT9JOS0BmgRNWY/aOZ6ndAkNGQwKh8HJlvRhkSJoEeU0sq4v//2plQ\nWFrc6kJPmagSi/kI4pW+ioGOoOI=\n-----END CERTIFICATE REQUEST-----\n",
            "dns_names": null,
            "id": "3dfbd2fc984436f085fba209371560dcadd8dae6",
            "ip_addresses": null,
            "key_algorithm": "RSA",
            "private_key_pem": "-----BEGIN RSA PRIVATE KEY-----\nMIIEowIBAAKCAQEApQ1kuPznzZ/L09lCXb3CGgMcau6NIOo3PSdAn4ZccxOC7ohR\nQcxK7tLbc/5LpF3iTz4ycRYG2LXHT7dmy4AzQIKdVhQTNcjRFaiBbALzLNjP/7DQ\n+xi8VaIHT3kWXBS4f72O88wCgG8408bj3AqdgjJ81CWH/mgMRMn4oRwheajTlzMU\ngLKgd+xB7xtzIbNLX826P6E1hUWTasmoZONP/0wNs6a2YFkhxm/56o4oO1sTHKnx\n5h/UIkHkLVOjyVgpxIPgYanf41WG3PhsY3P9oPwaSD6Sn+hKlbDN2OqVKIkaemv1\nP1u4SzEWIKQBdTb8Uzcjhe2KSpCCUIxvqOsTEQIDAQABAoIBAA3AauxFbg7MyeUR\nt0eA1Zjoj3KSrkGCzNgUhXwvwVN5Lwcuu7kZYK47SpDZ1srlY5ip8aFIbjOaGaFu\nV2s3IuNfaTp7G7VMe6yBSJ82M7VAhJFPgGnwqqhmgpNq3vkMZOmHt/m0vV9JZQOy\nu4NhgwljqXuHe6gvr8NUzJlScwY5b3pk9EHU1nLF1KU3XfI1DxnXQIvzdAJcuC/f\n9B3pShyrBZ4oD4sEJLp570O/VXjWo/8qjWOlqQdzOs6mycCP6VIBiBbajF3zHO7g\ngl3g3by0SKDH0ajENiwaeb7OK+YkTtvjpIgI4uZWDS1AynHKO0YJ+iBpzKzujc6L\nF2dgo80CgYEAxxbbkhp1f2nPh2F/RC3Z5b6LcLXp+h62YKa2RZw/B8zNw+3xv58B\noPPWdzeWMKKgMa55heqXWfvgoGEonLQAcIsQ1ZNX5CcRCci34z7UvcF0dRwoGr9F\nc9HDBV1bilGqiEi+1O7Gaf0wG4NWSiBVVivX3NDe5mu5jArN7p2ut9MCgYEA1Du/\nG2/8cqqct4jn0IyIfiOcKRnB/GHSO1FYUh17YgA2Uvf/LdcAR8x9RHveM8F7cG81\n4ZKm93bt702h89A8hVwCcGJ1Rr3OzPgd6Jhx4lxNPnKAZ5DYpgXdGYP8b4PUMbLJ\nKJTXfjGUO1yvE4Y72Z6J2rdPodn3+vTL7k66/wsCgYEAk5eddaXJ34hIwpuD5r57\nIDfvVcJ2z+c+204cKGTZ0WWCUbMvmhg9891w6/a4kBuv2MT48E9mnt38u8jre6hx\n/v0JoNvXt5tCpVc5A+3Ld1VYiY0zKgkMav1hr7NzLoq2esw7NM5DJ8X8iRkHunJX\n8UcVg20RIg9QgcJswm4BXeMCgYA2Q/SQWmjtFMyvbPUA8P3xar+CDtD37Dcp7Zms\nnVcv7qf1PO3lVaT/tryM5zMgfqdGT1kyjSHeAm3CE1KGmcbvvl/tRm+AIAYhiIt1\nLo1n+HvTrMlCMdoDUVqALKw+AzIdZv5iPvR+ksS5DPDDCD6DXTMYVmipFKeAZllC\nXKUZkwKBgF0uGwTv8AFULaLSUAoFgRaS6bIrLFHELEfsaYj7ONXKdOQC2GNLFkJG\nmx8+U2qjHWoTezqdcs1zXsJZ9BR6qq3JxFSWE/SElOskcmuAUwmOSyFtcAP6gVwr\ncloOXRqReLI6N+Vw6QinuS2vJQ6TpNxTisHcNqgoU7knH9XGe4PE\n-----END RSA PRIVATE KEY-----\n",
            "subject": [
              {
                "common_name": "server.vpn.bazaar.internal",
                "country": null,
                "email_address": null,
                "locality": null,
                "organization": "bazaar Inc.",
                "organizational_unit": null,
                "postal_code": null,
                "province": null,
                "serial_number": null,
                "street_address": null
              }
            ],
            "uris": null
          },
          "sensitive_attributes": [
            [
              {
                "type": "get_attr",
                "value": "private_key_pem"
              }
            ]
          ],
          "identity_schema_version": 0,
          "dependencies": [
            "module.vpc.aws_eip.nat_eip_a",
            "module.vpc.aws_eip.nat_eip_b",
            "module.vpc.aws_internet_gateway.igw",
            "module.vpc.aws_nat_gateway.nat_gw_a",
            "module.vpc.aws_nat_gateway.nat_gw_b",
            "module.vpc.aws_route_table.private_rt_a",
            "module.vpc.aws_route_table.private_rt_b",
            "module.vpc.aws_route_table.public_rt",
            "module.vpc.aws_route_table_association.cde_private_a",
            "module.vpc.aws_route_table_association.cde_private_b",
            "module.vpc.aws_route_table_association.private_a",
            "module.vpc.aws_route_table_association.private_b",
            "module.vpc.aws_route_table_association.public_a",
            "module.vpc.aws_route_table_association.public_b",
            "module.vpc.aws_subnet.cde_private_a",
            "module.vpc.aws_subnet.cde_private_b",
            "module.vpc.aws_subnet.private_a",
            "module.vpc.aws_subnet.private_b",
            "module.vpc.aws_subnet.public_a",
            "module.vpc.aws_subnet.public_b",
            "module.vpc.aws_vpc.this",
            "module.vpn.tls_private_key.vpn_server_key"
          ]
        }
      ]
    },
    {
      "module": "module.vpn",
      "mode": "managed",
      "type": "tls_locally_signed_cert",
      "name": "vpn_client_cert",
      "provider": "provider[\"registry.terraform.io/hashicorp/tls\"]",
      "instances": [
        {
          "schema_version": 0,
          "attributes": {
            "allowed_uses": [
              "key_encipherment",
              "digital_signature",
              "client_auth"
            ],
            "ca_cert_pem": "-----BEGIN CERTIFICATE-----\nMIIDKDCCAhCgAwIBAgIQT1drwhwZZoieOF/c8/HD1DANBgkqhkiG9w0BAQsFADAu\nMRQwEgYDVQQKEwtiYXphYXIgSW5jLjEWMBQGA1UEAxMNYmF6YWFyLnZwbi5jYTAe\nFw0yNTExMDEwMDE5MDRaFw0yNjExMDEwMDE5MDRaMC4xFDASBgNVBAoTC2JhemFh\nciBJbmMuMRYwFAYDVQQDEw1iYXphYXIudnBuLmNhMIIBIjANBgkqhkiG9w0BAQEF\nAAOCAQ8AMIIBCgKCAQEA9387GB6TG+tX+hrklwtFYqm7q+BEPu1/KZnMe9xa+UQa\nv+O7040dnNp3Bqhz69IU5hm8IUDqjRnSNTrRK1tSIqpdUL/Uu9vv+z0+UtBTsw7X\nqZF8yARskA76GH2znTh3F7+8am9v0+C4KcTXVQ2I+VS392IsB7p4LCyfk+zST1Vq\nb8wwsuk/89kDRU3FhzDBa0ILMm7xRqLP0hoEmq/C85HvpZyX6f5ixYLwqCHFfSrq\n+8T6uyuGsCd0+/+EeVWCGHhDl6ygEhbC39gNjcyCjmsOGHuCvW0zKqf0eBK38pVW\njhuOWIMy/CQKkaiwM2lyqwLBiOYqBnDxWIXwv7TtKQIDAQABo0IwQDAOBgNVHQ8B\nAf8EBAMCAqQwDwYDVR0TAQH/BAUwAwEB/zAdBgNVHQ4EFgQUO1dE2MrSqWUVVdMh\nBE9bXFuPhq0wDQYJKoZIhvcNAQELBQADggEBACyL+I2JHiWFaxtG322KBGUgXQ6h\nSAYBTfJV/FHLfdVVyXhhkOxehruUD/0QO+jXkJ/KeCNhTh0NLlqFrBCksDzPVtJo\nIvb7vJgKpv62dXQRH/Xf6OZFkrBvozVvuEQYZiZWYv21URnnzzoQd5ssnz848Vja\nKARXJaKJcO066/kX2oZr0+fAs4iwo27ENmV73Eouwk7j7mj9/fINl17N85/D57co\n1mOkpH/AUSbYAuvkeLWR7H+p6inUdiLB7lmQs14Q3FWb/LZE8nXs/8XZkJ78JeJi\n7FI1QQE1ky/aLAcxj2WiVLRcUL/czI0v4pxOBS6fcVpWjgmfVPmfPmazALc=\n-----END CERTIFICATE-----\n",
            "ca_key_algorithm": "RSA",
            "ca_private_key_pem": "-----BEGIN RSA PRIVATE KEY-----\nMIIEowIBAAKCAQEA9387GB6TG+tX+hrklwtFYqm7q+BEPu1/KZnMe9xa+UQav+O7\n040dnNp3Bqhz69IU5hm8IUDqjRnSNTrRK1tSIqpdUL/Uu9vv+z0+UtBTsw7XqZF8\nyARskA76GH2znTh3F7+8am9v0+C4KcTXVQ2I+VS392IsB7p4LCyfk+zST1Vqb8ww\nsuk/89kDRU3FhzDBa0ILMm7xRqLP0hoEmq/C85HvpZyX6f5ixYLwqCHFfSrq+8T6\nuyuGsCd0+/+EeVWCGHhDl6ygEhbC39gNjcyCjmsOGHuCvW0zKqf0eBK38pVWjhuO\nWIMy/CQKkaiwM2lyqwLBiOYqBnDxWIXwv7TtKQIDAQABAoIBAAiHDFAeBOdo8g37\n8rqHPiOyjEpABCyfOMAuxyumXEZrPmO0XaKh9wOnna3E90IzFHAYMhH66gn6D4gw\n0l0E0hKVMvlnCVX+s5Orw3O4L1tuTGfQi4+FuCrfhTumSx5vQAqOsJfXO++9i1g5\nwB9IroVEEhb2kuSiRrqOQAz+qNa9s0BXP1/krk2UMvLyaC3cYQOlc5/CpWl/waSy\nvyI4OxnFzBIEy40lzKkIXBedhhyOH/vAgJBOBSSBLKEPZzOcyXn3FORnWJHBGS+5\nhWAMNK71BUSW3kJptkCqPePg844cfx+AzbO+46OfmuD21MHb3WNXesJlHE3CF7P8\nd+WH9AECgYEA/GqAOXUMw66tsw/s7uMgiRcptpsNYWiTNG81K9KL/DZjbXwhFiaG\nTFX7Z6MyeSAHcAUJK0OLZcPD9BTtkO89iOZTheaIP9Njtoc49/vnmJQYRbtaGfKq\nd64MmleLTBRnJK7/hqb+tGewDxzYj5PXX2XuT719RvHk2V3A2E6WNykCgYEA+wLZ\nlp15OejY+/oB4sT9q3Z6f11aHd3L1URfOJCVrWZ5armEGKDcW3WjxOtk833FnVkQ\ntUDbqdzZbnQNVu9reFwJan04QbL4XLLcFcxdg5OMfbc8M2jvRKj7imjDkmggqIOG\nHx4k+8IkW65czfbS3epBu+fmO73NXwG2m1ZtxgECgYEAqWuCbQ5XZvBTviAuU5k3\nOUzGvr4LmRnr1AHgmm1TcBHBYrcyLf/lnE8J02ICerI4y8NViChp5AAmAioZ2nH5\nx21xGirFwLFN+DGC10/I/uxH7mX17/yk1neIFgA0ivgW0tRyxhpIUyZVUY92+8er\ng2iTMAprj7bEd/EpgwYcZSECgYBzrPqNWIDXWSE17h8UXGfyrqUBMQoonWAkJmAj\ndy4jPQhTUK85klg6pdoVE83wEFQTkUoL3Zndi/N/3WeQWsGSNAf61T4puMqQHbUj\nLo0h58tk3B6YKpGpeJ6DSIhoXig+wG38xS2SAAQ1ZANMv6SptB0a9WG6wlt0nxuC\nNrBcAQKBgCzHaZcuT7zxx6NFaO09/q/fgm8bJxWVAYSICMiLvTYdT3Uq4sHcqmpL\nZ6JZZ89XZbEvLOGpD4NTmRu2DxRoTu0fl7btotHk8fMVMiP2U446LTRkZEHtFQdc\n87/J33WPhsUYpc3X2Jb4viYgNXlEHvJP+O4bZEB1mVx3SOJzNdrQ\n-----END RSA PRIVATE KEY-----\n",
            "cert_pem": "-----BEGIN CERTIFICATE-----\nMIIDSjCCAjKgAwIBAgIRAJQVtc2Hk5UB/QJSHBwZkCowDQYJKoZIhvcNAQELBQAw\nLjEUMBIGA1UEChMLYmF6YWFyIEluYy4xFjAUBgNVBAMTDWJhemFhci52cG4uY2Ew\nHhcNMjUxMTAxMDAxOTA0WhcNMjYxMTAxMDAxOTA0WjA7MRQwEgYDVQQKEwtiYXph\nYXIgSW5jLjEjMCEGA1UEAxMaY2xpZW50LnZwbi5iYXphYXIuaW50ZXJuYWwwggEi\nMA0GCSqGSIb3DQEBAQUAA4IBDwAwggEKAoIBAQD39VbU0bQGVEmB89ImdOn9soae\nPg+ohapH25V44GWKQVsIxDpdjFWkhmdCmgMhlfg/DyXxTcvOICYkXVt2opwBu+4j\nJFZ2HZcdYimLnYaUj7QOKQBkr2OnPC/8FnlgoJSFDquZvb9/5GrxswUtbc78c4pD\nKYOYz4T1nF4XFJe2QU7xdp1BP977bNESF1QiNZWjMrGU6x3cnVf24AIwOSbopsCR\nSlVZBONPYWV+eZShoSKSotb4C+ALmt3pb/BAwL/S/CmrRGaO3wInw6Rjwf1fiwRq\ntBCXDzNRaSBr2ZzPaKWCi4DJxQQNv5UwJ5hkmyy9jpm5IKSvd9kjXOyPBObFAgMB\nAAGjVjBUMA4GA1UdDwEB/wQEAwIFoDATBgNVHSUEDDAKBggrBgEFBQcDAjAMBgNV\nHRMBAf8EAjAAMB8GA1UdIwQYMBaAFDtXRNjK0qllFVXTIQRPW1xbj4atMA0GCSqG\nSIb3DQEBCwUAA4IBAQDXXDPlOh/FmIPsdZ+JhmoNujag3UReGyqLmTwmdKZuYV59\nvix/tsIc1oAJFZmrmo9xJbtbfKuiTXfG7XfH4eKZ3gSpp1paP1Fd7KCoDQUp0YFe\nt51z+DFU7OMZXVRtMhbywlhTG57HCaa1GJvDxA0oEqyDt++zpVoQFKCKuDDSsybC\n5lFfNxJXViBz9lmgdW29SMJU+lfJuLdTftDQkdAhQidIdj3rmwkdTrOiIpLqSi1s\nQzYOclex8Iar0I5prTo/Zxjp+mCU58y/v90ff1Qfnq4FRLM4qqJiTkiRj3D39O7m\nflGhQ6wxU0rFA7HPFLfBcG5WfN45O5n0O/jWjZlm\n-----END CERTIFICATE-----\n",
            "cert_request_pem": "-----BEGIN CERTIFICATE REQUEST-----\nMIICgDCCAWgCAQAwOzEUMBIGA1UEChMLYmF6YWFyIEluYy4xIzAhBgNVBAMTGmNs\naWVudC52cG4uYmF6YWFyLmludGVybmFsMIIBIjANBgkqhkiG9w0BAQEFAAOCAQ8A\nMIIBCgKCAQEA9/VW1NG0BlRJgfPSJnTp/bKGnj4PqIWqR9uVeOBlikFbCMQ6XYxV\npIZnQpoDIZX4Pw8l8U3LziAmJF1bdqKcAbvuIyRWdh2XHWIpi52GlI+0DikAZK9j\npzwv/BZ5YKCUhQ6rmb2/f+Rq8bMFLW3O/HOKQymDmM+E9ZxeFxSXtkFO8XadQT/e\n+2zREhdUIjWVozKxlOsd3J1X9uACMDkm6KbAkUpVWQTjT2FlfnmUoaEikqLW+Avg\nC5rd6W/wQMC/0vwpq0Rmjt8CJ8OkY8H9X4sEarQQlw8zUWkga9mcz2ilgouAycUE\nDb+VMCeYZJssvY6ZuSCkr3fZI1zsjwTmxQIDAQABoAAwDQYJKoZIhvcNAQELBQAD\nggEBADjIHfZSzA5EzHO9nPoSM9gCyj6mtfPsn/rdCm958/HyvTWGlc8cgYIicd2n\nLvB1DoVahK7UGfwgB4fuBun+FH6l9e9Uy1a2JJH0OcehlJN81WmRuNmqVedJs0Fd\n60ohjafVVuLcFEW8bVYVmxXxHQs4FsrTWf8/tzxi8ZQ0VlinKvW9SsYFyunb9m9i\n6MdgYMuU3vM8CBdESq+FJ0vUExT7k7HjD7pkKuFUr8ziIVBCsK8AGZc9kyYK9W1T\nAHhRih/3vgeFrDq02eTIkegJAU/pxSKyjh0tHRGb8viqQV3LRCn35Vr/xvP7XuuO\nk+6WXgmZkKpUXBUd5XEEtw/NT08=\n-----END CERTIFICATE REQUEST-----\n",
            "early_renewal_hours": 0,
            "id": "196838469010067249037147377413004038186",
            "is_ca_certificate": false,
            "ready_for_renewal": false,
            "set_subject_key_id": false,
            "validity_end_time": "2026-10-31T19:19:04.2600687-05:00",
            "validity_period_hours": 8760,
            "validity_start_time": "2025-10-31T19:19:04.2600687-05:00"
          },
          "sensitive_attributes": [
            [
              {
                "type": "get_attr",
                "value": "ca_private_key_pem"
              }
            ]
          ],
          "identity_schema_version": 0,
          "dependencies": [
            "module.vpc.aws_eip.nat_eip_a",
            "module.vpc.aws_eip.nat_eip_b",
            "module.vpc.aws_internet_gateway.igw",
            "module.vpc.aws_nat_gateway.nat_gw_a",
            "module.vpc.aws_nat_gateway.nat_gw_b",
            "module.vpc.aws_route_table.private_rt_a",
            "module.vpc.aws_route_table.private_rt_b",
            "module.vpc.aws_route_table.public_rt",
            "module.vpc.aws_route_table_association.cde_private_a",
            "module.vpc.aws_route_table_association.cde_private_b",
            "module.vpc.aws_route_table_association.private_a",
            "module.vpc.aws_route_table_association.private_b",
            "module.vpc.aws_route_table_association.public_a",
            "module.vpc.aws_route_table_association.public_b",
            "module.vpc.aws_subnet.cde_private_a",
            "module.vpc.aws_subnet.cde_private_b",
            "module.vpc.aws_subnet.private_a",
            "module.vpc.aws_subnet.private_b",
            "module.vpc.aws_subnet.public_a",
            "module.vpc.aws_subnet.public_b",
            "module.vpc.aws_vpc.this",
            "module.vpn.tls_cert_request.vpn_client_csr",
            "module.vpn.tls_private_key.vpn_ca_key",
            "module.vpn.tls_private_key.vpn_client_key",
            "module.vpn.tls_self_signed_cert.vpn_ca_cert"
          ]
        }
      ]
    },
    {
      "module": "module.vpn",
      "mode": "managed",
      "type": "tls_locally_signed_cert",
      "name": "vpn_server_cert",
      "provider": "provider[\"registry.terraform.io/hashicorp/tls\"]",
      "instances": [
        {
          "schema_version": 0,
          "attributes": {
            "allowed_uses": [
              "key_encipherment",
              "digital_signature",
              "server_auth"
            ],
            "ca_cert_pem": "-----BEGIN CERTIFICATE-----\nMIIDKDCCAhCgAwIBAgIQT1drwhwZZoieOF/c8/HD1DANBgkqhkiG9w0BAQsFADAu\nMRQwEgYDVQQKEwtiYXphYXIgSW5jLjEWMBQGA1UEAxMNYmF6YWFyLnZwbi5jYTAe\nFw0yNTExMDEwMDE5MDRaFw0yNjExMDEwMDE5MDRaMC4xFDASBgNVBAoTC2JhemFh\nciBJbmMuMRYwFAYDVQQDEw1iYXphYXIudnBuLmNhMIIBIjANBgkqhkiG9w0BAQEF\nAAOCAQ8AMIIBCgKCAQEA9387GB6TG+tX+hrklwtFYqm7q+BEPu1/KZnMe9xa+UQa\nv+O7040dnNp3Bqhz69IU5hm8IUDqjRnSNTrRK1tSIqpdUL/Uu9vv+z0+UtBTsw7X\nqZF8yARskA76GH2znTh3F7+8am9v0+C4KcTXVQ2I+VS392IsB7p4LCyfk+zST1Vq\nb8wwsuk/89kDRU3FhzDBa0ILMm7xRqLP0hoEmq/C85HvpZyX6f5ixYLwqCHFfSrq\n+8T6uyuGsCd0+/+EeVWCGHhDl6ygEhbC39gNjcyCjmsOGHuCvW0zKqf0eBK38pVW\njhuOWIMy/CQKkaiwM2lyqwLBiOYqBnDxWIXwv7TtKQIDAQABo0IwQDAOBgNVHQ8B\nAf8EBAMCAqQwDwYDVR0TAQH/BAUwAwEB/zAdBgNVHQ4EFgQUO1dE2MrSqWUVVdMh\nBE9bXFuPhq0wDQYJKoZIhvcNAQELBQADggEBACyL+I2JHiWFaxtG322KBGUgXQ6h\nSAYBTfJV/FHLfdVVyXhhkOxehruUD/0QO+jXkJ/KeCNhTh0NLlqFrBCksDzPVtJo\nIvb7vJgKpv62dXQRH/Xf6OZFkrBvozVvuEQYZiZWYv21URnnzzoQd5ssnz848Vja\nKARXJaKJcO066/kX2oZr0+fAs4iwo27ENmV73Eouwk7j7mj9/fINl17N85/D57co\n1mOkpH/AUSbYAuvkeLWR7H+p6inUdiLB7lmQs14Q3FWb/LZE8nXs/8XZkJ78JeJi\n7FI1QQE1ky/aLAcxj2WiVLRcUL/czI0v4pxOBS6fcVpWjgmfVPmfPmazALc=\n-----END CERTIFICATE-----\n",
            "ca_key_algorithm": "RSA",
            "ca_private_key_pem": "-----BEGIN RSA PRIVATE KEY-----\nMIIEowIBAAKCAQEA9387GB6TG+tX+hrklwtFYqm7q+BEPu1/KZnMe9xa+UQav+O7\n040dnNp3Bqhz69IU5hm8IUDqjRnSNTrRK1tSIqpdUL/Uu9vv+z0+UtBTsw7XqZF8\nyARskA76GH2znTh3F7+8am9v0+C4KcTXVQ2I+VS392IsB7p4LCyfk+zST1Vqb8ww\nsuk/89kDRU3FhzDBa0ILMm7xRqLP0hoEmq/C85HvpZyX6f5ixYLwqCHFfSrq+8T6\nuyuGsCd0+/+EeVWCGHhDl6ygEhbC39gNjcyCjmsOGHuCvW0zKqf0eBK38pVWjhuO\nWIMy/CQKkaiwM2lyqwLBiOYqBnDxWIXwv7TtKQIDAQABAoIBAAiHDFAeBOdo8g37\n8rqHPiOyjEpABCyfOMAuxyumXEZrPmO0XaKh9wOnna3E90IzFHAYMhH66gn6D4gw\n0l0E0hKVMvlnCVX+s5Orw3O4L1tuTGfQi4+FuCrfhTumSx5vQAqOsJfXO++9i1g5\nwB9IroVEEhb2kuSiRrqOQAz+qNa9s0BXP1/krk2UMvLyaC3cYQOlc5/CpWl/waSy\nvyI4OxnFzBIEy40lzKkIXBedhhyOH/vAgJBOBSSBLKEPZzOcyXn3FORnWJHBGS+5\nhWAMNK71BUSW3kJptkCqPePg844cfx+AzbO+46OfmuD21MHb3WNXesJlHE3CF7P8\nd+WH9AECgYEA/GqAOXUMw66tsw/s7uMgiRcptpsNYWiTNG81K9KL/DZjbXwhFiaG\nTFX7Z6MyeSAHcAUJK0OLZcPD9BTtkO89iOZTheaIP9Njtoc49/vnmJQYRbtaGfKq\nd64MmleLTBRnJK7/hqb+tGewDxzYj5PXX2XuT719RvHk2V3A2E6WNykCgYEA+wLZ\nlp15OejY+/oB4sT9q3Z6f11aHd3L1URfOJCVrWZ5armEGKDcW3WjxOtk833FnVkQ\ntUDbqdzZbnQNVu9reFwJan04QbL4XLLcFcxdg5OMfbc8M2jvRKj7imjDkmggqIOG\nHx4k+8IkW65czfbS3epBu+fmO73NXwG2m1ZtxgECgYEAqWuCbQ5XZvBTviAuU5k3\nOUzGvr4LmRnr1AHgmm1TcBHBYrcyLf/lnE8J02ICerI4y8NViChp5AAmAioZ2nH5\nx21xGirFwLFN+DGC10/I/uxH7mX17/yk1neIFgA0ivgW0tRyxhpIUyZVUY92+8er\ng2iTMAprj7bEd/EpgwYcZSECgYBzrPqNWIDXWSE17h8UXGfyrqUBMQoonWAkJmAj\ndy4jPQhTUK85klg6pdoVE83wEFQTkUoL3Zndi/N/3WeQWsGSNAf61T4puMqQHbUj\nLo0h58tk3B6YKpGpeJ6DSIhoXig+wG38xS2SAAQ1ZANMv6SptB0a9WG6wlt0nxuC\nNrBcAQKBgCzHaZcuT7zxx6NFaO09/q/fgm8bJxWVAYSICMiLvTYdT3Uq4sHcqmpL\nZ6JZZ89XZbEvLOGpD4NTmRu2DxRoTu0fl7btotHk8fMVMiP2U446LTRkZEHtFQdc\n87/J33WPhsUYpc3X2Jb4viYgNXlEHvJP+O4bZEB1mVx3SOJzNdrQ\n-----END RSA PRIVATE KEY-----\n",
            "cert_pem": "-----BEGIN CERTIFICATE-----\nMIIDSTCCAjGgAwIBAgIQe1T8K7i62EnQ9RQh7/3T8DANBgkqhkiG9w0BAQsFADAu\nMRQwEgYDVQQKEwtiYXphYXIgSW5jLjEWMBQGA1UEAxMNYmF6YWFyLnZwbi5jYTAe\nFw0yNTExMDEwMDE5MDRaFw0yNjExMDEwMDE5MDRaMDsxFDASBgNVBAoTC2JhemFh\nciBJbmMuMSMwIQYDVQQDExpzZXJ2ZXIudnBuLmJhemFhci5pbnRlcm5hbDCCASIw\nDQYJKoZIhvcNAQEBBQADggEPADCCAQoCggEBAKUNZLj8582fy9PZQl29whoDHGru\njSDqNz0nQJ+GXHMTgu6IUUHMSu7S23P+S6Rd4k8+MnEWBti1x0+3ZsuAM0CCnVYU\nEzXI0RWogWwC8yzYz/+w0PsYvFWiB095FlwUuH+9jvPMAoBvONPG49wKnYIyfNQl\nh/5oDETJ+KEcIXmo05czFICyoHfsQe8bcyGzS1/Nuj+hNYVFk2rJqGTjT/9MDbOm\ntmBZIcZv+eqOKDtbExyp8eYf1CJB5C1To8lYKcSD4GGp3+NVhtz4bGNz/aD8Gkg+\nkp/oSpWwzdjqlSiJGnpr9T9buEsxFiCkAXU2/FM3I4XtikqQglCMb6jrExECAwEA\nAaNWMFQwDgYDVR0PAQH/BAQDAgWgMBMGA1UdJQQMMAoGCCsGAQUFBwMBMAwGA1Ud\nEwEB/wQCMAAwHwYDVR0jBBgwFoAUO1dE2MrSqWUVVdMhBE9bXFuPhq0wDQYJKoZI\nhvcNAQELBQADggEBAI1pD3K0Y0qb4PDnk+lbLHwgEhTMP/LmB16cnh5a0bAKgOQ1\nmbibDOil/0Kz3lkpDndmRG+UJhhe/qFnGl0bl5czBYxidVWZGVX2uHMd0OZX17Qa\nFy1JqSQRGTnBpE6dEOJxOAolQVOQJmd/VAhmFl1nkHB/+hiopM+26+thx/sd/R33\n24NO9dns82CKQtGGYZue9Y/2D55+g1Ftum3PH3VtOgXbEMKWdsyVstFHF1JgyL5l\nNKtgYKDdPc6qhlzN+LFbaZhhxExFrA7qhXr/xqds1puqcXWV+Vxv+L+FpgqB200h\nNObJvnuHWpWuIByrkpeXPzquiriEGtG+58IboFM=\n-----END CERTIFICATE-----\n",
            "cert_request_pem": "-----BEGIN CERTIFICATE REQUEST-----\nMIICgDCCAWgCAQAwOzEUMBIGA1UEChMLYmF6YWFyIEluYy4xIzAhBgNVBAMTGnNl\ncnZlci52cG4uYmF6YWFyLmludGVybmFsMIIBIjANBgkqhkiG9w0BAQEFAAOCAQ8A\nMIIBCgKCAQEApQ1kuPznzZ/L09lCXb3CGgMcau6NIOo3PSdAn4ZccxOC7ohRQcxK\n7tLbc/5LpF3iTz4ycRYG2LXHT7dmy4AzQIKdVhQTNcjRFaiBbALzLNjP/7DQ+xi8\nVaIHT3kWXBS4f72O88wCgG8408bj3AqdgjJ81CWH/mgMRMn4oRwheajTlzMUgLKg\nd+xB7xtzIbNLX826P6E1hUWTasmoZONP/0wNs6a2YFkhxm/56o4oO1sTHKnx5h/U\nIkHkLVOjyVgpxIPgYanf41WG3PhsY3P9oPwaSD6Sn+hKlbDN2OqVKIkaemv1P1u4\nSzEWIKQBdTb8Uzcjhe2KSpCCUIxvqOsTEQIDAQABoAAwDQYJKoZIhvcNAQELBQAD\nggEBAKBE7P20Ojcgnhe9z2U9aPBEPaPOfcai26Wf0unui9QCmvSxTp8XE36NGGiC\n8cAAl1wjIReF8s7oGDXtN+x9ICQWvyVld/M0rIHv1uhpBw6LLQiQcW9MsG97TCPk\nQjD3amzTtYErEUW192GG1Jm/Vau1pssDtB1XhBimDfJ+cCj/Fi8uRkURmORXUS+s\nsdBjIlJG9BFQPr1/X8RcRk7uKmkDyAfCXSPyuHFW/5zOIbvjjFz7L/fzWrTWycaN\n8QkN4ELW1bkT9JOS0BmgRNWY/aOZ6ndAkNGQwKh8HJlvRhkSJoEeU0sq4v//2plQ\nWFrc6kJPmagSi/kI4pW+ioGOoOI=\n-----END CERTIFICATE REQUEST-----\n",
            "early_renewal_hours": 0,
            "id": "163936311048863809624683575297045287920",
            "is_ca_certificate": false,
            "ready_for_renewal": false,
            "set_subject_key_id": false,
            "validity_end_time": "2026-10-31T19:19:04.2436662-05:00",
            "validity_period_hours": 8760,
            "validity_start_time": "2025-10-31T19:19:04.2436662-05:00"
          },
          "sensitive_attributes": [
            [
              {
                "type": "get_attr",
                "value": "ca_private_key_pem"
              }
            ]
          ],
          "identity_schema_version": 0,
          "dependencies": [
            "module.vpc.aws_eip.nat_eip_a",
            "module.vpc.aws_eip.nat_eip_b",
            "module.vpc.aws_internet_gateway.igw",
            "module.vpc.aws_nat_gateway.nat_gw_a",
            "module.vpc.aws_nat_gateway.nat_gw_b",
            "module.vpc.aws_route_table.private_rt_a",
            "module.vpc.aws_route_table.private_rt_b",
            "module.vpc.aws_route_table.public_rt",
            "module.vpc.aws_route_table_association.cde_private_a",
            "module.vpc.aws_route_table_association.cde_private_b",
            "module.vpc.aws_route_table_association.private_a",
            "module.vpc.aws_route_table_association.private_b",
            "module.vpc.aws_route_table_association.public_a",
            "module.vpc.aws_route_table_association.public_b",
            "module.vpc.aws_subnet.cde_private_a",
            "module.vpc.aws_subnet.cde_private_b",
            "module.vpc.aws_subnet.private_a",
            "module.vpc.aws_subnet.private_b",
            "module.vpc.aws_subnet.public_a",
            "module.vpc.aws_subnet.public_b",
            "module.vpc.aws_vpc.this",
            "module.vpn.tls_cert_request.vpn_server_csr",
            "module.vpn.tls_private_key.vpn_ca_key",
            "module.vpn.tls_private_key.vpn_server_key",
            "module.vpn.tls_self_signed_cert.vpn_ca_cert"
          ]
        }
      ]
    },
    {
      "module": "module.vpn",
      "mode": "managed",
      "type": "tls_private_key",
      "name": "vpn_ca_key",
      "provider": "provider[\"registry.terraform.io/hashicorp/tls\"]",
      "instances": [
        {
          "schema_version": 1,
          "attributes": {
            "algorithm": "RSA",
            "ecdsa_curve": "P224",
            "id": "10ee51aa9e8b3b66e34c8db07790c0bb5800c00d",
            "private_key_openssh": "-----BEGIN OPENSSH PRIVATE KEY-----\nb3BlbnNzaC1rZXktdjEAAAAABG5vbmUAAAAEbm9uZQAAAAAAAAABAAABFwAAAAdz\nc2gtcnNhAAAAAwEAAQAAAQEA9387GB6TG+tX+hrklwtFYqm7q+BEPu1/KZnMe9xa\n+UQav+O7040dnNp3Bqhz69IU5hm8IUDqjRnSNTrRK1tSIqpdUL/Uu9vv+z0+UtBT\nsw7XqZF8yARskA76GH2znTh3F7+8am9v0+C4KcTXVQ2I+VS392IsB7p4LCyfk+zS\nT1Vqb8wwsuk/89kDRU3FhzDBa0ILMm7xRqLP0hoEmq/C85HvpZyX6f5ixYLwqCHF\nfSrq+8T6uyuGsCd0+/+EeVWCGHhDl6ygEhbC39gNjcyCjmsOGHuCvW0zKqf0eBK3\n8pVWjhuOWIMy/CQKkaiwM2lyqwLBiOYqBnDxWIXwv7TtKQAAA7jVcTKf1XEynwAA\nAAdzc2gtcnNhAAABAQD3fzsYHpMb61f6GuSXC0Viqbur4EQ+7X8pmcx73Fr5RBq/\n47vTjR2c2ncGqHPr0hTmGbwhQOqNGdI1OtErW1Iiql1Qv9S72+/7PT5S0FOzDtep\nkXzIBGyQDvoYfbOdOHcXv7xqb2/T4LgpxNdVDYj5VLf3YiwHungsLJ+T7NJPVWpv\nzDCy6T/z2QNFTcWHMMFrQgsybvFGos/SGgSar8Lzke+lnJfp/mLFgvCoIcV9Kur7\nxPq7K4awJ3T7/4R5VYIYeEOXrKASFsLf2A2NzIKOaw4Ye4K9bTMqp/R4ErfylVaO\nG45YgzL8JAqRqLAzaXKrAsGI5ioGcPFYhfC/tO0pAAAAAwEAAQAAAQAIhwxQHgTn\naPIN+/K6hz4jsoxKQAQsnzjALscrplxGaz5jtF2iofcDp52txPdCMxRwGDIR+uoJ\n+g+IMNJdBNISlTL5ZwlV/rOTq8NzuC9bbkxn0IuPhbgq34U7pkseb0AKjrCX1zvv\nvYtYOcAfSK6FRBIW9pLkoka6jkAM/qjWvbNAVz9f5K5NlDLy8mgt3GEDpXOfwqVp\nf8Gksr8iODsZxcwSBMuNJcypCFwXnYYcjh/7wICQTgUkgSyhD2cznMl59xTkZ1iR\nwRkvuYVgDDSu9QVElt5CabZAqj3j4POOHH8fgM2zvuOjn5rg9tTB291jV3rCZRxN\nwhez/Hflh/QBAAAAgCzHaZcuT7zxx6NFaO09/q/fgm8bJxWVAYSICMiLvTYdT3Uq\n4sHcqmpLZ6JZZ89XZbEvLOGpD4NTmRu2DxRoTu0fl7btotHk8fMVMiP2U446LTRk\nZEHtFQdc87/J33WPhsUYpc3X2Jb4viYgNXlEHvJP+O4bZEB1mVx3SOJzNdrQAAAA\ngQD8aoA5dQzDrq2zD+zu4yCJFym2mw1haJM0bzUr0ov8NmNtfCEWJoZMVftnozJ5\nIAdwBQkrQ4tlw8P0FO2Q7z2I5lOF5og/02O2hzj3++eYlBhFu1oZ8qp3rgyaV4tM\nFGckrv+Gpv60Z7APHNiPk9dfZe5PvX1G8eTZXcDYTpY3KQAAAIEA+wLZlp15OejY\n+/oB4sT9q3Z6f11aHd3L1URfOJCVrWZ5armEGKDcW3WjxOtk833FnVkQtUDbqdzZ\nbnQNVu9reFwJan04QbL4XLLcFcxdg5OMfbc8M2jvRKj7imjDkmggqIOGHx4k+8Ik\nW65czfbS3epBu+fmO73NXwG2m1ZtxgEAAAAAAQID\n-----END OPENSSH PRIVATE KEY-----\n",
            "private_key_pem": "-----BEGIN RSA PRIVATE KEY-----\nMIIEowIBAAKCAQEA9387GB6TG+tX+hrklwtFYqm7q+BEPu1/KZnMe9xa+UQav+O7\n040dnNp3Bqhz69IU5hm8IUDqjRnSNTrRK1tSIqpdUL/Uu9vv+z0+UtBTsw7XqZF8\nyARskA76GH2znTh3F7+8am9v0+C4KcTXVQ2I+VS392IsB7p4LCyfk+zST1Vqb8ww\nsuk/89kDRU3FhzDBa0ILMm7xRqLP0hoEmq/C85HvpZyX6f5ixYLwqCHFfSrq+8T6\nuyuGsCd0+/+EeVWCGHhDl6ygEhbC39gNjcyCjmsOGHuCvW0zKqf0eBK38pVWjhuO\nWIMy/CQKkaiwM2lyqwLBiOYqBnDxWIXwv7TtKQIDAQABAoIBAAiHDFAeBOdo8g37\n8rqHPiOyjEpABCyfOMAuxyumXEZrPmO0XaKh9wOnna3E90IzFHAYMhH66gn6D4gw\n0l0E0hKVMvlnCVX+s5Orw3O4L1tuTGfQi4+FuCrfhTumSx5vQAqOsJfXO++9i1g5\nwB9IroVEEhb2kuSiRrqOQAz+qNa9s0BXP1/krk2UMvLyaC3cYQOlc5/CpWl/waSy\nvyI4OxnFzBIEy40lzKkIXBedhhyOH/vAgJBOBSSBLKEPZzOcyXn3FORnWJHBGS+5\nhWAMNK71BUSW3kJptkCqPePg844cfx+AzbO+46OfmuD21MHb3WNXesJlHE3CF7P8\nd+WH9AECgYEA/GqAOXUMw66tsw/s7uMgiRcptpsNYWiTNG81K9KL/DZjbXwhFiaG\nTFX7Z6MyeSAHcAUJK0OLZcPD9BTtkO89iOZTheaIP9Njtoc49/vnmJQYRbtaGfKq\nd64MmleLTBRnJK7/hqb+tGewDxzYj5PXX2XuT719RvHk2V3A2E6WNykCgYEA+wLZ\nlp15OejY+/oB4sT9q3Z6f11aHd3L1URfOJCVrWZ5armEGKDcW3WjxOtk833FnVkQ\ntUDbqdzZbnQNVu9reFwJan04QbL4XLLcFcxdg5OMfbc8M2jvRKj7imjDkmggqIOG\nHx4k+8IkW65czfbS3epBu+fmO73NXwG2m1ZtxgECgYEAqWuCbQ5XZvBTviAuU5k3\nOUzGvr4LmRnr1AHgmm1TcBHBYrcyLf/lnE8J02ICerI4y8NViChp5AAmAioZ2nH5\nx21xGirFwLFN+DGC10/I/uxH7mX17/yk1neIFgA0ivgW0tRyxhpIUyZVUY92+8er\ng2iTMAprj7bEd/EpgwYcZSECgYBzrPqNWIDXWSE17h8UXGfyrqUBMQoonWAkJmAj\ndy4jPQhTUK85klg6pdoVE83wEFQTkUoL3Zndi/N/3WeQWsGSNAf61T4puMqQHbUj\nLo0h58tk3B6YKpGpeJ6DSIhoXig+wG38xS2SAAQ1ZANMv6SptB0a9WG6wlt0nxuC\nNrBcAQKBgCzHaZcuT7zxx6NFaO09/q/fgm8bJxWVAYSICMiLvTYdT3Uq4sHcqmpL\nZ6JZZ89XZbEvLOGpD4NTmRu2DxRoTu0fl7btotHk8fMVMiP2U446LTRkZEHtFQdc\n87/J33WPhsUYpc3X2Jb4viYgNXlEHvJP+O4bZEB1mVx3SOJzNdrQ\n-----END RSA PRIVATE KEY-----\n",
            "private_key_pem_pkcs8": "-----BEGIN PRIVATE KEY-----\nMIIEvQIBADANBgkqhkiG9w0BAQEFAASCBKcwggSjAgEAAoIBAQD3fzsYHpMb61f6\nGuSXC0Viqbur4EQ+7X8pmcx73Fr5RBq/47vTjR2c2ncGqHPr0hTmGbwhQOqNGdI1\nOtErW1Iiql1Qv9S72+/7PT5S0FOzDtepkXzIBGyQDvoYfbOdOHcXv7xqb2/T4Lgp\nxNdVDYj5VLf3YiwHungsLJ+T7NJPVWpvzDCy6T/z2QNFTcWHMMFrQgsybvFGos/S\nGgSar8Lzke+lnJfp/mLFgvCoIcV9Kur7xPq7K4awJ3T7/4R5VYIYeEOXrKASFsLf\n2A2NzIKOaw4Ye4K9bTMqp/R4ErfylVaOG45YgzL8JAqRqLAzaXKrAsGI5ioGcPFY\nhfC/tO0pAgMBAAECggEACIcMUB4E52jyDfvyuoc+I7KMSkAELJ84wC7HK6ZcRms+\nY7RdoqH3A6edrcT3QjMUcBgyEfrqCfoPiDDSXQTSEpUy+WcJVf6zk6vDc7gvW25M\nZ9CLj4W4Kt+FO6ZLHm9ACo6wl9c7772LWDnAH0iuhUQSFvaS5KJGuo5ADP6o1r2z\nQFc/X+SuTZQy8vJoLdxhA6Vzn8KlaX/BpLK/Ijg7GcXMEgTLjSXMqQhcF52GHI4f\n+8CAkE4FJIEsoQ9nM5zJefcU5GdYkcEZL7mFYAw0rvUFRJbeQmm2QKo94+Dzjhx/\nH4DNs77jo5+a4PbUwdvdY1d6wmUcTcIXs/x35Yf0AQKBgQD8aoA5dQzDrq2zD+zu\n4yCJFym2mw1haJM0bzUr0ov8NmNtfCEWJoZMVftnozJ5IAdwBQkrQ4tlw8P0FO2Q\n7z2I5lOF5og/02O2hzj3++eYlBhFu1oZ8qp3rgyaV4tMFGckrv+Gpv60Z7APHNiP\nk9dfZe5PvX1G8eTZXcDYTpY3KQKBgQD7AtmWnXk56Nj7+gHixP2rdnp/XVod3cvV\nRF84kJWtZnlquYQYoNxbdaPE62TzfcWdWRC1QNup3NludA1W72t4XAlqfThBsvhc\nstwVzF2Dk4x9tzwzaO9EqPuKaMOSaCCog4YfHiT7wiRbrlzN9tLd6kG75+Y7vc1f\nAbabVm3GAQKBgQCpa4JtDldm8FO+IC5TmTc5TMa+vguZGevUAeCabVNwEcFitzIt\n/+WcTwnTYgJ6sjjLw1WIKGnkACYCKhnacfnHbXEaKsXAsU34MYLXT8j+7EfuZfXv\n/KTWd4gWADSK+BbS1HLGGkhTJlVRj3b7x6uDaJMwCmuPtsR38SmDBhxlIQKBgHOs\n+o1YgNdZITXuHxRcZ/KupQExCiidYCQmYCN3LiM9CFNQrzmSWDql2hUTzfAQVBOR\nSgvdmd2L83/dZ5BawZI0B/rVPim4ypAdtSMujSHny2TcHpgqkal4noNIiGheKD7A\nbfzFLZIABDVkA0y/pKm0HRr1YbrCW3SfG4I2sFwBAoGALMdply5PvPHHo0Vo7T3+\nr9+CbxsnFZUBhIgIyIu9Nh1PdSriwdyqaktnollnz1dlsS8s4akPg1OZG7YPFGhO\n7R+Xtu2i0eTx8xUyI/ZTjjotNGRkQe0VB1zzv8nfdY+GxRilzdfYlvi+JiA1eUQe\n8k/47htkQHWZXHdI4nM12tA=\n-----END PRIVATE KEY-----\n",
            "public_key_fingerprint_md5": "25:87:ef:cb:e0:98:aa:e3:b7:c9:b9:42:1b:ad:b1:f8",
            "public_key_fingerprint_sha256": "SHA256:psn0q6BHnQUiea5K1w6rPA3RYpqRBo8699ZVMMpIrBw",
            "public_key_openssh": "ssh-rsa AAAAB3NzaC1yc2EAAAADAQABAAABAQD3fzsYHpMb61f6GuSXC0Viqbur4EQ+7X8pmcx73Fr5RBq/47vTjR2c2ncGqHPr0hTmGbwhQOqNGdI1OtErW1Iiql1Qv9S72+/7PT5S0FOzDtepkXzIBGyQDvoYfbOdOHcXv7xqb2/T4LgpxNdVDYj5VLf3YiwHungsLJ+T7NJPVWpvzDCy6T/z2QNFTcWHMMFrQgsybvFGos/SGgSar8Lzke+lnJfp/mLFgvCoIcV9Kur7xPq7K4awJ3T7/4R5VYIYeEOXrKASFsLf2A2NzIKOaw4Ye4K9bTMqp/R4ErfylVaOG45YgzL8JAqRqLAzaXKrAsGI5ioGcPFYhfC/tO0p\n",
            "public_key_pem": "-----BEGIN PUBLIC KEY-----\nMIIBIjANBgkqhkiG9w0BAQEFAAOCAQ8AMIIBCgKCAQEA9387GB6TG+tX+hrklwtF\nYqm7q+BEPu1/KZnMe9xa+UQav+O7040dnNp3Bqhz69IU5hm8IUDqjRnSNTrRK1tS\nIqpdUL/Uu9vv+z0+UtBTsw7XqZF8yARskA76GH2znTh3F7+8am9v0+C4KcTXVQ2I\n+VS392IsB7p4LCyfk+zST1Vqb8wwsuk/89kDRU3FhzDBa0ILMm7xRqLP0hoEmq/C\n85HvpZyX6f5ixYLwqCHFfSrq+8T6uyuGsCd0+/+EeVWCGHhDl6ygEhbC39gNjcyC\njmsOGHuCvW0zKqf0eBK38pVWjhuOWIMy/CQKkaiwM2lyqwLBiOYqBnDxWIXwv7Tt\nKQIDAQAB\n-----END PUBLIC KEY-----\n",
            "rsa_bits": 2048
          },
          "sensitive_attributes": [
            [
              {
                "type": "get_attr",
                "value": "private_key_openssh"
              }
            ],
            [
              {
                "type": "get_attr",
                "value": "private_key_pem"
              }
            ],
            [
              {
                "type": "get_attr",
                "value": "private_key_pem_pkcs8"
              }
            ]
          ],
          "identity_schema_version": 0,
          "dependencies": [
            "module.vpc.aws_eip.nat_eip_a",
            "module.vpc.aws_eip.nat_eip_b",
            "module.vpc.aws_internet_gateway.igw",
            "module.vpc.aws_nat_gateway.nat_gw_a",
            "module.vpc.aws_nat_gateway.nat_gw_b",
            "module.vpc.aws_route_table.private_rt_a",
            "module.vpc.aws_route_table.private_rt_b",
            "module.vpc.aws_route_table.public_rt",
            "module.vpc.aws_route_table_association.cde_private_a",
            "module.vpc.aws_route_table_association.cde_private_b",
            "module.vpc.aws_route_table_association.private_a",
            "module.vpc.aws_route_table_association.private_b",
            "module.vpc.aws_route_table_association.public_a",
            "module.vpc.aws_route_table_association.public_b",
            "module.vpc.aws_subnet.cde_private_a",
            "module.vpc.aws_subnet.cde_private_b",
            "module.vpc.aws_subnet.private_a",
            "module.vpc.aws_subnet.private_b",
            "module.vpc.aws_subnet.public_a",
            "module.vpc.aws_subnet.public_b",
            "module.vpc.aws_vpc.this"
          ]
        }
      ]
    },
    {
      "module": "module.vpn",
      "mode": "managed",
      "type": "tls_private_key",
      "name": "vpn_client_key",
      "provider": "provider[\"registry.terraform.io/hashicorp/tls\"]",
      "instances": [
        {
          "schema_version": 1,
          "attributes": {
            "algorithm": "RSA",
            "ecdsa_curve": "P224",
            "id": "beb5ff479acce9077029c4c6226376469d964832",
            "private_key_openssh": "-----BEGIN OPENSSH PRIVATE KEY-----\nb3BlbnNzaC1rZXktdjEAAAAABG5vbmUAAAAEbm9uZQAAAAAAAAABAAABFwAAAAdz\nc2gtcnNhAAAAAwEAAQAAAQEA9/VW1NG0BlRJgfPSJnTp/bKGnj4PqIWqR9uVeOBl\nikFbCMQ6XYxVpIZnQpoDIZX4Pw8l8U3LziAmJF1bdqKcAbvuIyRWdh2XHWIpi52G\nlI+0DikAZK9jpzwv/BZ5YKCUhQ6rmb2/f+Rq8bMFLW3O/HOKQymDmM+E9ZxeFxSX\ntkFO8XadQT/e+2zREhdUIjWVozKxlOsd3J1X9uACMDkm6KbAkUpVWQTjT2FlfnmU\noaEikqLW+AvgC5rd6W/wQMC/0vwpq0Rmjt8CJ8OkY8H9X4sEarQQlw8zUWkga9mc\nz2ilgouAycUEDb+VMCeYZJssvY6ZuSCkr3fZI1zsjwTmxQAAA7i6jzANuo8wDQAA\nAAdzc2gtcnNhAAABAQD39VbU0bQGVEmB89ImdOn9soaePg+ohapH25V44GWKQVsI\nxDpdjFWkhmdCmgMhlfg/DyXxTcvOICYkXVt2opwBu+4jJFZ2HZcdYimLnYaUj7QO\nKQBkr2OnPC/8FnlgoJSFDquZvb9/5GrxswUtbc78c4pDKYOYz4T1nF4XFJe2QU7x\ndp1BP977bNESF1QiNZWjMrGU6x3cnVf24AIwOSbopsCRSlVZBONPYWV+eZShoSKS\notb4C+ALmt3pb/BAwL/S/CmrRGaO3wInw6Rjwf1fiwRqtBCXDzNRaSBr2ZzPaKWC\ni4DJxQQNv5UwJ5hkmyy9jpm5IKSvd9kjXOyPBObFAAAAAwEAAQAAAQAC0oJNyt9a\nIDvDGf+Zu/s5dWY4SjZbsx9/k+LhtG7TcTkvtLEH2rM0wcVao+fAXIrGSxE6TWDQ\niFVubTKOslJFHshwBj9V4YFjokc1WfJflaisSSjOgqwr2P0B4X9qXyT3uBQHRyUZ\nxBXc3rRwhkSib3QjkZA1LffjICxd/mkCtQkw8LCu+x3zf93nAWcGCWTebQIokvdk\n5jBryQ0/wiplZtyr2sak49dh+vfko1YNHNEHztyFL4HusToP5bBp9t9cEFLPqcmz\nKWT9Trda2aOJB0z81C+7X83HkgZAAjJwWKj9oTyQhuwglov8IFPqw+NoRdp6n6Vk\nH6b0rdmjGdadAAAAgCa9A6dSRMZWs5BrCUPdUOZppYWwbuhuE/oSTvhzOzSbWjr+\nVr5ixz/h/BnRfIwEtEeklZArMfKQvsaj0EIfvx1IEbHP9t0YcfRmKIv3riVx99fg\nkDE9NJ9eo+NP2gY9KnKgOuSsoJDSFPR+eXNOwrbvEQzHQByRZL/DUwuxTqfqAAAA\ngQD7JtlALqvJ0xuiscXaY9T5GBZIvldFRaAL7hG37aIWoE3TggDgWecKr0qvWGqp\njnU9+Vxns9vd6av/sv6L6tUTphXkVAkGc4ocdrYdsHAkDk1y3vGWeJtW2rWllBQB\n5CLzZ9O0LvdXydSoIP5M699LgYD++tW5xSEGyToX9nakewAAAIEA/L61lL+xr22r\nnIzHW6NE/jNc7Ikv7LRBEo0phD3rxwF26+YMm3+56xZ7Srxown2J+Yf5I07mANJs\nP2fuQPFqgd79olDdh0vV4hFgYeZPN13EDxt6ccWUbWeWJFUcJZNZocLAdZDUvKk8\njfpyUCVwd4b1NYUJKwXkvhJ6Fk7m3b8AAAAAAQID\n-----END OPENSSH PRIVATE KEY-----\n",
            "private_key_pem": "-----BEGIN RSA PRIVATE KEY-----\nMIIEowIBAAKCAQEA9/VW1NG0BlRJgfPSJnTp/bKGnj4PqIWqR9uVeOBlikFbCMQ6\nXYxVpIZnQpoDIZX4Pw8l8U3LziAmJF1bdqKcAbvuIyRWdh2XHWIpi52GlI+0DikA\nZK9jpzwv/BZ5YKCUhQ6rmb2/f+Rq8bMFLW3O/HOKQymDmM+E9ZxeFxSXtkFO8Xad\nQT/e+2zREhdUIjWVozKxlOsd3J1X9uACMDkm6KbAkUpVWQTjT2FlfnmUoaEikqLW\n+AvgC5rd6W/wQMC/0vwpq0Rmjt8CJ8OkY8H9X4sEarQQlw8zUWkga9mcz2ilgouA\nycUEDb+VMCeYZJssvY6ZuSCkr3fZI1zsjwTmxQIDAQABAoIBAALSgk3K31ogO8MZ\n/5m7+zl1ZjhKNluzH3+T4uG0btNxOS+0sQfaszTBxVqj58BcisZLETpNYNCIVW5t\nMo6yUkUeyHAGP1XhgWOiRzVZ8l+VqKxJKM6CrCvY/QHhf2pfJPe4FAdHJRnEFdze\ntHCGRKJvdCORkDUt9+MgLF3+aQK1CTDwsK77HfN/3ecBZwYJZN5tAiiS92TmMGvJ\nDT/CKmVm3KvaxqTj12H69+SjVg0c0QfO3IUvge6xOg/lsGn231wQUs+pybMpZP1O\nt1rZo4kHTPzUL7tfzceSBkACMnBYqP2hPJCG7CCWi/wgU+rD42hF2nqfpWQfpvSt\n2aMZ1p0CgYEA+ybZQC6rydMborHF2mPU+RgWSL5XRUWgC+4Rt+2iFqBN04IA4Fnn\nCq9Kr1hqqY51PflcZ7Pb3emr/7L+i+rVE6YV5FQJBnOKHHa2HbBwJA5Nct7xlnib\nVtq1pZQUAeQi82fTtC73V8nUqCD+TOvfS4GA/vrVucUhBsk6F/Z2pHsCgYEA/L61\nlL+xr22rnIzHW6NE/jNc7Ikv7LRBEo0phD3rxwF26+YMm3+56xZ7Srxown2J+Yf5\nI07mANJsP2fuQPFqgd79olDdh0vV4hFgYeZPN13EDxt6ccWUbWeWJFUcJZNZocLA\ndZDUvKk8jfpyUCVwd4b1NYUJKwXkvhJ6Fk7m3b8CgYEAtE1CgDJBP+Yfm+A2Iz+y\nYJVrQhPrwR5n9MiXzcx6pfW1iZd2G5pPJLuNSW6XPFy6TKCdNxHHUXv079/HoBkZ\nmT6NztqJlCkUSLTsr0nAaBIghcwJ8jVph6QB7fntlyH5+XZbZKqnBU4vLfhpuD1J\nlAJH4kWfc/tSZ3XFD/jvWcsCgYB4xVhXH9J0FV+visWoUDgjj7+Td2pjHS8LAlEY\nU85aZaTBzEex9jKM101KxQT6CqrnhcXSzVyyf9oh4jPC7JkMPdXMvf9dKyukvtDj\ndv3bYv7QiTzVKKhoLttbuR+eBO8LkNgOVYqSK/w3i7kb+wfm1aJOVKew2zwWZxXX\nmxROWQKBgCa9A6dSRMZWs5BrCUPdUOZppYWwbuhuE/oSTvhzOzSbWjr+Vr5ixz/h\n/BnRfIwEtEeklZArMfKQvsaj0EIfvx1IEbHP9t0YcfRmKIv3riVx99fgkDE9NJ9e\no+NP2gY9KnKgOuSsoJDSFPR+eXNOwrbvEQzHQByRZL/DUwuxTqfq\n-----END RSA PRIVATE KEY-----\n",
            "private_key_pem_pkcs8": "-----BEGIN PRIVATE KEY-----\nMIIEvQIBADANBgkqhkiG9w0BAQEFAASCBKcwggSjAgEAAoIBAQD39VbU0bQGVEmB\n89ImdOn9soaePg+ohapH25V44GWKQVsIxDpdjFWkhmdCmgMhlfg/DyXxTcvOICYk\nXVt2opwBu+4jJFZ2HZcdYimLnYaUj7QOKQBkr2OnPC/8FnlgoJSFDquZvb9/5Grx\nswUtbc78c4pDKYOYz4T1nF4XFJe2QU7xdp1BP977bNESF1QiNZWjMrGU6x3cnVf2\n4AIwOSbopsCRSlVZBONPYWV+eZShoSKSotb4C+ALmt3pb/BAwL/S/CmrRGaO3wIn\nw6Rjwf1fiwRqtBCXDzNRaSBr2ZzPaKWCi4DJxQQNv5UwJ5hkmyy9jpm5IKSvd9kj\nXOyPBObFAgMBAAECggEAAtKCTcrfWiA7wxn/mbv7OXVmOEo2W7Mff5Pi4bRu03E5\nL7SxB9qzNMHFWqPnwFyKxksROk1g0IhVbm0yjrJSRR7IcAY/VeGBY6JHNVnyX5Wo\nrEkozoKsK9j9AeF/al8k97gUB0clGcQV3N60cIZEom90I5GQNS334yAsXf5pArUJ\nMPCwrvsd83/d5wFnBglk3m0CKJL3ZOYwa8kNP8IqZWbcq9rGpOPXYfr35KNWDRzR\nB87chS+B7rE6D+WwafbfXBBSz6nJsylk/U63WtmjiQdM/NQvu1/Nx5IGQAIycFio\n/aE8kIbsIJaL/CBT6sPjaEXaep+lZB+m9K3ZoxnWnQKBgQD7JtlALqvJ0xuiscXa\nY9T5GBZIvldFRaAL7hG37aIWoE3TggDgWecKr0qvWGqpjnU9+Vxns9vd6av/sv6L\n6tUTphXkVAkGc4ocdrYdsHAkDk1y3vGWeJtW2rWllBQB5CLzZ9O0LvdXydSoIP5M\n699LgYD++tW5xSEGyToX9nakewKBgQD8vrWUv7GvbaucjMdbo0T+M1zsiS/stEES\njSmEPevHAXbr5gybf7nrFntKvGjCfYn5h/kjTuYA0mw/Z+5A8WqB3v2iUN2HS9Xi\nEWBh5k83XcQPG3pxxZRtZ5YkVRwlk1mhwsB1kNS8qTyN+nJQJXB3hvU1hQkrBeS+\nEnoWTubdvwKBgQC0TUKAMkE/5h+b4DYjP7JglWtCE+vBHmf0yJfNzHql9bWJl3Yb\nmk8ku41Jbpc8XLpMoJ03EcdRe/Tv38egGRmZPo3O2omUKRRItOyvScBoEiCFzAny\nNWmHpAHt+e2XIfn5dltkqqcFTi8t+Gm4PUmUAkfiRZ9z+1JndcUP+O9ZywKBgHjF\nWFcf0nQVX6+KxahQOCOPv5N3amMdLwsCURhTzlplpMHMR7H2MozXTUrFBPoKqueF\nxdLNXLJ/2iHiM8LsmQw91cy9/10rK6S+0ON2/dti/tCJPNUoqGgu21u5H54E7wuQ\n2A5VipIr/DeLuRv7B+bVok5Up7DbPBZnFdebFE5ZAoGAJr0Dp1JExlazkGsJQ91Q\n5mmlhbBu6G4T+hJO+HM7NJtaOv5WvmLHP+H8GdF8jAS0R6SVkCsx8pC+xqPQQh+/\nHUgRsc/23Rhx9GYoi/euJXH31+CQMT00n16j40/aBj0qcqA65KygkNIU9H55c07C\ntu8RDMdAHJFkv8NTC7FOp+o=\n-----END PRIVATE KEY-----\n",
            "public_key_fingerprint_md5": "b5:3e:42:e1:17:e8:e2:f0:f5:1d:51:fb:f3:a2:80:8a",
            "public_key_fingerprint_sha256": "SHA256:njCiAkS1cuislOBx2odGWhahPuA5IpQxWtVR9ZPaw3M",
            "public_key_openssh": "ssh-rsa AAAAB3NzaC1yc2EAAAADAQABAAABAQD39VbU0bQGVEmB89ImdOn9soaePg+ohapH25V44GWKQVsIxDpdjFWkhmdCmgMhlfg/DyXxTcvOICYkXVt2opwBu+4jJFZ2HZcdYimLnYaUj7QOKQBkr2OnPC/8FnlgoJSFDquZvb9/5GrxswUtbc78c4pDKYOYz4T1nF4XFJe2QU7xdp1BP977bNESF1QiNZWjMrGU6x3cnVf24AIwOSbopsCRSlVZBONPYWV+eZShoSKSotb4C+ALmt3pb/BAwL/S/CmrRGaO3wInw6Rjwf1fiwRqtBCXDzNRaSBr2ZzPaKWCi4DJxQQNv5UwJ5hkmyy9jpm5IKSvd9kjXOyPBObF\n",
            "public_key_pem": "-----BEGIN PUBLIC KEY-----\nMIIBIjANBgkqhkiG9w0BAQEFAAOCAQ8AMIIBCgKCAQEA9/VW1NG0BlRJgfPSJnTp\n/bKGnj4PqIWqR9uVeOBlikFbCMQ6XYxVpIZnQpoDIZX4Pw8l8U3LziAmJF1bdqKc\nAbvuIyRWdh2XHWIpi52GlI+0DikAZK9jpzwv/BZ5YKCUhQ6rmb2/f+Rq8bMFLW3O\n/HOKQymDmM+E9ZxeFxSXtkFO8XadQT/e+2zREhdUIjWVozKxlOsd3J1X9uACMDkm\n6KbAkUpVWQTjT2FlfnmUoaEikqLW+AvgC5rd6W/wQMC/0vwpq0Rmjt8CJ8OkY8H9\nX4sEarQQlw8zUWkga9mcz2ilgouAycUEDb+VMCeYZJssvY6ZuSCkr3fZI1zsjwTm\nxQIDAQAB\n-----END PUBLIC KEY-----\n",
            "rsa_bits": 2048
          },
          "sensitive_attributes": [
            [
              {
                "type": "get_attr",
                "value": "private_key_openssh"
              }
            ],
            [
              {
                "type": "get_attr",
                "value": "private_key_pem"
              }
            ],
            [
              {
                "type": "get_attr",
                "value": "private_key_pem_pkcs8"
              }
            ]
          ],
          "identity_schema_version": 0,
          "dependencies": [
            "module.vpc.aws_eip.nat_eip_a",
            "module.vpc.aws_eip.nat_eip_b",
            "module.vpc.aws_internet_gateway.igw",
            "module.vpc.aws_nat_gateway.nat_gw_a",
            "module.vpc.aws_nat_gateway.nat_gw_b",
            "module.vpc.aws_route_table.private_rt_a",
            "module.vpc.aws_route_table.private_rt_b",
            "module.vpc.aws_route_table.public_rt",
            "module.vpc.aws_route_table_association.cde_private_a",
            "module.vpc.aws_route_table_association.cde_private_b",
            "module.vpc.aws_route_table_association.private_a",
            "module.vpc.aws_route_table_association.private_b",
            "module.vpc.aws_route_table_association.public_a",
            "module.vpc.aws_route_table_association.public_b",
            "module.vpc.aws_subnet.cde_private_a",
            "module.vpc.aws_subnet.cde_private_b",
            "module.vpc.aws_subnet.private_a",
            "module.vpc.aws_subnet.private_b",
            "module.vpc.aws_subnet.public_a",
            "module.vpc.aws_subnet.public_b",
            "module.vpc.aws_vpc.this"
          ]
        }
      ]
    },
    {
      "module": "module.vpn",
      "mode": "managed",
      "type": "tls_private_key",
      "name": "vpn_server_key",
      "provider": "provider[\"registry.terraform.io/hashicorp/tls\"]",
      "instances": [
        {
          "schema_version": 1,
          "attributes": {
            "algorithm": "RSA",
            "ecdsa_curve": "P224",
            "id": "17bc1559cf99dace2e1815182d344235541aea46",
            "private_key_openssh": "-----BEGIN OPENSSH PRIVATE KEY-----\nb3BlbnNzaC1rZXktdjEAAAAABG5vbmUAAAAEbm9uZQAAAAAAAAABAAABFwAAAAdz\nc2gtcnNhAAAAAwEAAQAAAQEApQ1kuPznzZ/L09lCXb3CGgMcau6NIOo3PSdAn4Zc\ncxOC7ohRQcxK7tLbc/5LpF3iTz4ycRYG2LXHT7dmy4AzQIKdVhQTNcjRFaiBbALz\nLNjP/7DQ+xi8VaIHT3kWXBS4f72O88wCgG8408bj3AqdgjJ81CWH/mgMRMn4oRwh\neajTlzMUgLKgd+xB7xtzIbNLX826P6E1hUWTasmoZONP/0wNs6a2YFkhxm/56o4o\nO1sTHKnx5h/UIkHkLVOjyVgpxIPgYanf41WG3PhsY3P9oPwaSD6Sn+hKlbDN2OqV\nKIkaemv1P1u4SzEWIKQBdTb8Uzcjhe2KSpCCUIxvqOsTEQAAA7hIPWl2SD1pdgAA\nAAdzc2gtcnNhAAABAQClDWS4/OfNn8vT2UJdvcIaAxxq7o0g6jc9J0CfhlxzE4Lu\niFFBzEru0ttz/kukXeJPPjJxFgbYtcdPt2bLgDNAgp1WFBM1yNEVqIFsAvMs2M//\nsND7GLxVogdPeRZcFLh/vY7zzAKAbzjTxuPcCp2CMnzUJYf+aAxEyfihHCF5qNOX\nMxSAsqB37EHvG3Mhs0tfzbo/oTWFRZNqyahk40//TA2zprZgWSHGb/nqjig7WxMc\nqfHmH9QiQeQtU6PJWCnEg+Bhqd/jVYbc+Gxjc/2g/BpIPpKf6EqVsM3Y6pUoiRp6\na/U/W7hLMRYgpAF1NvxTNyOF7YpKkIJQjG+o6xMRAAAAAwEAAQAAAQANwGrsRW4O\nzMnlEbdHgNWY6I9ykq5BgszYFIV8L8FTeS8HLru5GWCuO0qQ2dbK5WOYqfGhSG4z\nmhmhbldrNyLjX2k6exu1THusgUifNjO1QISRT4Bp8KqoZoKTat75DGTph7f5tL1f\nSWUDsruDYYMJY6l7h3uoL6/DVMyZUnMGOW96ZPRB1NZyxdSlN13yNQ8Z10CL83QC\nXLgv3/Qd6UocqwWeKA+LBCS6ee9Dv1V41qP/Ko1jpakHczrOpsnAj+lSAYgW2oxd\n8xzu4IJd4N28tEigx9GoxDYsGnm+zivmJE7b46SICOLmVg0tQMpxyjtGCfogacys\n7o3OixdnYKPNAAAAgF0uGwTv8AFULaLSUAoFgRaS6bIrLFHELEfsaYj7ONXKdOQC\n2GNLFkJGmx8+U2qjHWoTezqdcs1zXsJZ9BR6qq3JxFSWE/SElOskcmuAUwmOSyFt\ncAP6gVwrcloOXRqReLI6N+Vw6QinuS2vJQ6TpNxTisHcNqgoU7knH9XGe4PEAAAA\ngQDHFtuSGnV/ac+HYX9ELdnlvotwten6HrZgprZFnD8HzM3D7fG/nwGg89Z3N5Yw\noqAxrnmF6pdZ++CgYSictABwixDVk1fkJxEJyLfjPtS9wXR1HCgav0Vz0cMFXVuK\nUaqISL7U7sZp/TAbg1ZKIFVWK9fc0N7ma7mMCs3una630wAAAIEA1Du/G2/8cqqc\nt4jn0IyIfiOcKRnB/GHSO1FYUh17YgA2Uvf/LdcAR8x9RHveM8F7cG814ZKm93bt\n702h89A8hVwCcGJ1Rr3OzPgd6Jhx4lxNPnKAZ5DYpgXdGYP8b4PUMbLJKJTXfjGU\nO1yvE4Y72Z6J2rdPodn3+vTL7k66/wsAAAAAAQID\n-----END OPENSSH PRIVATE KEY-----\n",
            "private_key_pem": "-----BEGIN RSA PRIVATE KEY-----\nMIIEowIBAAKCAQEApQ1kuPznzZ/L09lCXb3CGgMcau6NIOo3PSdAn4ZccxOC7ohR\nQcxK7tLbc/5LpF3iTz4ycRYG2LXHT7dmy4AzQIKdVhQTNcjRFaiBbALzLNjP/7DQ\n+xi8VaIHT3kWXBS4f72O88wCgG8408bj3AqdgjJ81CWH/mgMRMn4oRwheajTlzMU\ngLKgd+xB7xtzIbNLX826P6E1hUWTasmoZONP/0wNs6a2YFkhxm/56o4oO1sTHKnx\n5h/UIkHkLVOjyVgpxIPgYanf41WG3PhsY3P9oPwaSD6Sn+hKlbDN2OqVKIkaemv1\nP1u4SzEWIKQBdTb8Uzcjhe2KSpCCUIxvqOsTEQIDAQABAoIBAA3AauxFbg7MyeUR\nt0eA1Zjoj3KSrkGCzNgUhXwvwVN5Lwcuu7kZYK47SpDZ1srlY5ip8aFIbjOaGaFu\nV2s3IuNfaTp7G7VMe6yBSJ82M7VAhJFPgGnwqqhmgpNq3vkMZOmHt/m0vV9JZQOy\nu4NhgwljqXuHe6gvr8NUzJlScwY5b3pk9EHU1nLF1KU3XfI1DxnXQIvzdAJcuC/f\n9B3pShyrBZ4oD4sEJLp570O/VXjWo/8qjWOlqQdzOs6mycCP6VIBiBbajF3zHO7g\ngl3g3by0SKDH0ajENiwaeb7OK+YkTtvjpIgI4uZWDS1AynHKO0YJ+iBpzKzujc6L\nF2dgo80CgYEAxxbbkhp1f2nPh2F/RC3Z5b6LcLXp+h62YKa2RZw/B8zNw+3xv58B\noPPWdzeWMKKgMa55heqXWfvgoGEonLQAcIsQ1ZNX5CcRCci34z7UvcF0dRwoGr9F\nc9HDBV1bilGqiEi+1O7Gaf0wG4NWSiBVVivX3NDe5mu5jArN7p2ut9MCgYEA1Du/\nG2/8cqqct4jn0IyIfiOcKRnB/GHSO1FYUh17YgA2Uvf/LdcAR8x9RHveM8F7cG81\n4ZKm93bt702h89A8hVwCcGJ1Rr3OzPgd6Jhx4lxNPnKAZ5DYpgXdGYP8b4PUMbLJ\nKJTXfjGUO1yvE4Y72Z6J2rdPodn3+vTL7k66/wsCgYEAk5eddaXJ34hIwpuD5r57\nIDfvVcJ2z+c+204cKGTZ0WWCUbMvmhg9891w6/a4kBuv2MT48E9mnt38u8jre6hx\n/v0JoNvXt5tCpVc5A+3Ld1VYiY0zKgkMav1hr7NzLoq2esw7NM5DJ8X8iRkHunJX\n8UcVg20RIg9QgcJswm4BXeMCgYA2Q/SQWmjtFMyvbPUA8P3xar+CDtD37Dcp7Zms\nnVcv7qf1PO3lVaT/tryM5zMgfqdGT1kyjSHeAm3CE1KGmcbvvl/tRm+AIAYhiIt1\nLo1n+HvTrMlCMdoDUVqALKw+AzIdZv5iPvR+ksS5DPDDCD6DXTMYVmipFKeAZllC\nXKUZkwKBgF0uGwTv8AFULaLSUAoFgRaS6bIrLFHELEfsaYj7ONXKdOQC2GNLFkJG\nmx8+U2qjHWoTezqdcs1zXsJZ9BR6qq3JxFSWE/SElOskcmuAUwmOSyFtcAP6gVwr\ncloOXRqReLI6N+Vw6QinuS2vJQ6TpNxTisHcNqgoU7knH9XGe4PE\n-----END RSA PRIVATE KEY-----\n",
            "private_key_pem_pkcs8": "-----BEGIN PRIVATE KEY-----\nMIIEvQIBADANBgkqhkiG9w0BAQEFAASCBKcwggSjAgEAAoIBAQClDWS4/OfNn8vT\n2UJdvcIaAxxq7o0g6jc9J0CfhlxzE4LuiFFBzEru0ttz/kukXeJPPjJxFgbYtcdP\nt2bLgDNAgp1WFBM1yNEVqIFsAvMs2M//sND7GLxVogdPeRZcFLh/vY7zzAKAbzjT\nxuPcCp2CMnzUJYf+aAxEyfihHCF5qNOXMxSAsqB37EHvG3Mhs0tfzbo/oTWFRZNq\nyahk40//TA2zprZgWSHGb/nqjig7WxMcqfHmH9QiQeQtU6PJWCnEg+Bhqd/jVYbc\n+Gxjc/2g/BpIPpKf6EqVsM3Y6pUoiRp6a/U/W7hLMRYgpAF1NvxTNyOF7YpKkIJQ\njG+o6xMRAgMBAAECggEADcBq7EVuDszJ5RG3R4DVmOiPcpKuQYLM2BSFfC/BU3kv\nBy67uRlgrjtKkNnWyuVjmKnxoUhuM5oZoW5Xazci419pOnsbtUx7rIFInzYztUCE\nkU+AafCqqGaCk2re+Qxk6Ye3+bS9X0llA7K7g2GDCWOpe4d7qC+vw1TMmVJzBjlv\nemT0QdTWcsXUpTdd8jUPGddAi/N0Aly4L9/0HelKHKsFnigPiwQkunnvQ79VeNaj\n/yqNY6WpB3M6zqbJwI/pUgGIFtqMXfMc7uCCXeDdvLRIoMfRqMQ2LBp5vs4r5iRO\n2+OkiAji5lYNLUDKcco7Rgn6IGnMrO6NzosXZ2CjzQKBgQDHFtuSGnV/ac+HYX9E\nLdnlvotwten6HrZgprZFnD8HzM3D7fG/nwGg89Z3N5YwoqAxrnmF6pdZ++CgYSic\ntABwixDVk1fkJxEJyLfjPtS9wXR1HCgav0Vz0cMFXVuKUaqISL7U7sZp/TAbg1ZK\nIFVWK9fc0N7ma7mMCs3una630wKBgQDUO78bb/xyqpy3iOfQjIh+I5wpGcH8YdI7\nUVhSHXtiADZS9/8t1wBHzH1Ee94zwXtwbzXhkqb3du3vTaHz0DyFXAJwYnVGvc7M\n+B3omHHiXE0+coBnkNimBd0Zg/xvg9QxsskolNd+MZQ7XK8ThjvZnonat0+h2ff6\n9MvuTrr/CwKBgQCTl511pcnfiEjCm4PmvnsgN+9VwnbP5z7bThwoZNnRZYJRsy+a\nGD3z3XDr9riQG6/YxPjwT2ae3fy7yOt7qHH+/Qmg29e3m0KlVzkD7ct3VViJjTMq\nCQxq/WGvs3MuirZ6zDs0zkMnxfyJGQe6clfxRxWDbREiD1CBwmzCbgFd4wKBgDZD\n9JBaaO0UzK9s9QDw/fFqv4IO0PfsNyntmaydVy/up/U87eVVpP+2vIznMyB+p0ZP\nWTKNId4CbcITUoaZxu++X+1Gb4AgBiGIi3UujWf4e9OsyUIx2gNRWoAsrD4DMh1m\n/mI+9H6SxLkM8MMIPoNdMxhWaKkUp4BmWUJcpRmTAoGAXS4bBO/wAVQtotJQCgWB\nFpLpsissUcQsR+xpiPs41cp05ALYY0sWQkabHz5TaqMdahN7Op1yzXNewln0FHqq\nrcnEVJYT9ISU6yRya4BTCY5LIW1wA/qBXCtyWg5dGpF4sjo35XDpCKe5La8lDpOk\n3FOKwdw2qChTuScf1cZ7g8Q=\n-----END PRIVATE KEY-----\n",
            "public_key_fingerprint_md5": "b6:8c:61:b1:8f:35:f0:cb:fb:51:23:e9:68:82:99:b5",
            "public_key_fingerprint_sha256": "SHA256:BjCfcxC0aBXfZ9rqGpKt7F2cXwqQ2jE8jod/oJhqv2M",
            "public_key_openssh": "ssh-rsa AAAAB3NzaC1yc2EAAAADAQABAAABAQClDWS4/OfNn8vT2UJdvcIaAxxq7o0g6jc9J0CfhlxzE4LuiFFBzEru0ttz/kukXeJPPjJxFgbYtcdPt2bLgDNAgp1WFBM1yNEVqIFsAvMs2M//sND7GLxVogdPeRZcFLh/vY7zzAKAbzjTxuPcCp2CMnzUJYf+aAxEyfihHCF5qNOXMxSAsqB37EHvG3Mhs0tfzbo/oTWFRZNqyahk40//TA2zprZgWSHGb/nqjig7WxMcqfHmH9QiQeQtU6PJWCnEg+Bhqd/jVYbc+Gxjc/2g/BpIPpKf6EqVsM3Y6pUoiRp6a/U/W7hLMRYgpAF1NvxTNyOF7YpKkIJQjG+o6xMR\n",
            "public_key_pem": "-----BEGIN PUBLIC KEY-----\nMIIBIjANBgkqhkiG9w0BAQEFAAOCAQ8AMIIBCgKCAQEApQ1kuPznzZ/L09lCXb3C\nGgMcau6NIOo3PSdAn4ZccxOC7ohRQcxK7tLbc/5LpF3iTz4ycRYG2LXHT7dmy4Az\nQIKdVhQTNcjRFaiBbALzLNjP/7DQ+xi8VaIHT3kWXBS4f72O88wCgG8408bj3Aqd\ngjJ81CWH/mgMRMn4oRwheajTlzMUgLKgd+xB7xtzIbNLX826P6E1hUWTasmoZONP\n/0wNs6a2YFkhxm/56o4oO1sTHKnx5h/UIkHkLVOjyVgpxIPgYanf41WG3PhsY3P9\noPwaSD6Sn+hKlbDN2OqVKIkaemv1P1u4SzEWIKQBdTb8Uzcjhe2KSpCCUIxvqOsT\nEQIDAQAB\n-----END PUBLIC KEY-----\n",
            "rsa_bits": 2048
          },
          "sensitive_attributes": [
            [
              {
                "type": "get_attr",
                "value": "private_key_openssh"
              }
            ],
            [
              {
                "type": "get_attr",
                "value": "private_key_pem"
              }
            ],
            [
              {
                "type": "get_attr",
                "value": "private_key_pem_pkcs8"
              }
            ]
          ],
          "identity_schema_version": 0,
          "dependencies": [
            "module.vpc.aws_eip.nat_eip_a",
            "module.vpc.aws_eip.nat_eip_b",
            "module.vpc.aws_internet_gateway.igw",
            "module.vpc.aws_nat_gateway.nat_gw_a",
            "module.vpc.aws_nat_gateway.nat_gw_b",
            "module.vpc.aws_route_table.private_rt_a",
            "module.vpc.aws_route_table.private_rt_b",
            "module.vpc.aws_route_table.public_rt",
            "module.vpc.aws_route_table_association.cde_private_a",
            "module.vpc.aws_route_table_association.cde_private_b",
            "module.vpc.aws_route_table_association.private_a",
            "module.vpc.aws_route_table_association.private_b",
            "module.vpc.aws_route_table_association.public_a",
            "module.vpc.aws_route_table_association.public_b",
            "module.vpc.aws_subnet.cde_private_a",
            "module.vpc.aws_subnet.cde_private_b",
            "module.vpc.aws_subnet.private_a",
            "module.vpc.aws_subnet.private_b",
            "module.vpc.aws_subnet.public_a",
            "module.vpc.aws_subnet.public_b",
            "module.vpc.aws_vpc.this"
          ]
        }
      ]
    },
    {
      "module": "module.vpn",
      "mode": "managed",
      "type": "tls_self_signed_cert",
      "name": "vpn_ca_cert",
      "provider": "provider[\"registry.terraform.io/hashicorp/tls\"]",
      "instances": [
        {
          "schema_version": 0,
          "attributes": {
            "allowed_uses": [
              "key_encipherment",
              "digital_signature",
              "cert_signing"
            ],
            "cert_pem": "-----BEGIN CERTIFICATE-----\nMIIDKDCCAhCgAwIBAgIQT1drwhwZZoieOF/c8/HD1DANBgkqhkiG9w0BAQsFADAu\nMRQwEgYDVQQKEwtiYXphYXIgSW5jLjEWMBQGA1UEAxMNYmF6YWFyLnZwbi5jYTAe\nFw0yNTExMDEwMDE5MDRaFw0yNjExMDEwMDE5MDRaMC4xFDASBgNVBAoTC2JhemFh\nciBJbmMuMRYwFAYDVQQDEw1iYXphYXIudnBuLmNhMIIBIjANBgkqhkiG9w0BAQEF\nAAOCAQ8AMIIBCgKCAQEA9387GB6TG+tX+hrklwtFYqm7q+BEPu1/KZnMe9xa+UQa\nv+O7040dnNp3Bqhz69IU5hm8IUDqjRnSNTrRK1tSIqpdUL/Uu9vv+z0+UtBTsw7X\nqZF8yARskA76GH2znTh3F7+8am9v0+C4KcTXVQ2I+VS392IsB7p4LCyfk+zST1Vq\nb8wwsuk/89kDRU3FhzDBa0ILMm7xRqLP0hoEmq/C85HvpZyX6f5ixYLwqCHFfSrq\n+8T6uyuGsCd0+/+EeVWCGHhDl6ygEhbC39gNjcyCjmsOGHuCvW0zKqf0eBK38pVW\njhuOWIMy/CQKkaiwM2lyqwLBiOYqBnDxWIXwv7TtKQIDAQABo0IwQDAOBgNVHQ8B\nAf8EBAMCAqQwDwYDVR0TAQH/BAUwAwEB/zAdBgNVHQ4EFgQUO1dE2MrSqWUVVdMh\nBE9bXFuPhq0wDQYJKoZIhvcNAQELBQADggEBACyL+I2JHiWFaxtG322KBGUgXQ6h\nSAYBTfJV/FHLfdVVyXhhkOxehruUD/0QO+jXkJ/KeCNhTh0NLlqFrBCksDzPVtJo\nIvb7vJgKpv62dXQRH/Xf6OZFkrBvozVvuEQYZiZWYv21URnnzzoQd5ssnz848Vja\nKARXJaKJcO066/kX2oZr0+fAs4iwo27ENmV73Eouwk7j7mj9/fINl17N85/D57co\n1mOkpH/AUSbYAuvkeLWR7H+p6inUdiLB7lmQs14Q3FWb/LZE8nXs/8XZkJ78JeJi\n7FI1QQE1ky/aLAcxj2WiVLRcUL/czI0v4pxOBS6fcVpWjgmfVPmfPmazALc=\n-----END CERTIFICATE-----\n",
            "dns_names": null,
            "early_renewal_hours": 0,
            "id": "105462927090488290081127208687454241748",
            "ip_addresses": null,
            "is_ca_certificate": true,
            "key_algorithm": "RSA",
            "private_key_pem": "-----BEGIN RSA PRIVATE KEY-----\nMIIEowIBAAKCAQEA9387GB6TG+tX+hrklwtFYqm7q+BEPu1/KZnMe9xa+UQav+O7\n040dnNp3Bqhz69IU5hm8IUDqjRnSNTrRK1tSIqpdUL/Uu9vv+z0+UtBTsw7XqZF8\nyARskA76GH2znTh3F7+8am9v0+C4KcTXVQ2I+VS392IsB7p4LCyfk+zST1Vqb8ww\nsuk/89kDRU3FhzDBa0ILMm7xRqLP0hoEmq/C85HvpZyX6f5ixYLwqCHFfSrq+8T6\nuyuGsCd0+/+EeVWCGHhDl6ygEhbC39gNjcyCjmsOGHuCvW0zKqf0eBK38pVWjhuO\nWIMy/CQKkaiwM2lyqwLBiOYqBnDxWIXwv7TtKQIDAQABAoIBAAiHDFAeBOdo8g37\n8rqHPiOyjEpABCyfOMAuxyumXEZrPmO0XaKh9wOnna3E90IzFHAYMhH66gn6D4gw\n0l0E0hKVMvlnCVX+s5Orw3O4L1tuTGfQi4+FuCrfhTumSx5vQAqOsJfXO++9i1g5\nwB9IroVEEhb2kuSiRrqOQAz+qNa9s0BXP1/krk2UMvLyaC3cYQOlc5/CpWl/waSy\nvyI4OxnFzBIEy40lzKkIXBedhhyOH/vAgJBOBSSBLKEPZzOcyXn3FORnWJHBGS+5\nhWAMNK71BUSW3kJptkCqPePg844cfx+AzbO+46OfmuD21MHb3WNXesJlHE3CF7P8\nd+WH9AECgYEA/GqAOXUMw66tsw/s7uMgiRcptpsNYWiTNG81K9KL/DZjbXwhFiaG\nTFX7Z6MyeSAHcAUJK0OLZcPD9BTtkO89iOZTheaIP9Njtoc49/vnmJQYRbtaGfKq\nd64MmleLTBRnJK7/hqb+tGewDxzYj5PXX2XuT719RvHk2V3A2E6WNykCgYEA+wLZ\nlp15OejY+/oB4sT9q3Z6f11aHd3L1URfOJCVrWZ5armEGKDcW3WjxOtk833FnVkQ\ntUDbqdzZbnQNVu9reFwJan04QbL4XLLcFcxdg5OMfbc8M2jvRKj7imjDkmggqIOG\nHx4k+8IkW65czfbS3epBu+fmO73NXwG2m1ZtxgECgYEAqWuCbQ5XZvBTviAuU5k3\nOUzGvr4LmRnr1AHgmm1TcBHBYrcyLf/lnE8J02ICerI4y8NViChp5AAmAioZ2nH5\nx21xGirFwLFN+DGC10/I/uxH7mX17/yk1neIFgA0ivgW0tRyxhpIUyZVUY92+8er\ng2iTMAprj7bEd/EpgwYcZSECgYBzrPqNWIDXWSE17h8UXGfyrqUBMQoonWAkJmAj\ndy4jPQhTUK85klg6pdoVE83wEFQTkUoL3Zndi/N/3WeQWsGSNAf61T4puMqQHbUj\nLo0h58tk3B6YKpGpeJ6DSIhoXig+wG38xS2SAAQ1ZANMv6SptB0a9WG6wlt0nxuC\nNrBcAQKBgCzHaZcuT7zxx6NFaO09/q/fgm8bJxWVAYSICMiLvTYdT3Uq4sHcqmpL\nZ6JZZ89XZbEvLOGpD4NTmRu2DxRoTu0fl7btotHk8fMVMiP2U446LTRkZEHtFQdc\n87/J33WPhsUYpc3X2Jb4viYgNXlEHvJP+O4bZEB1mVx3SOJzNdrQ\n-----END RSA PRIVATE KEY-----\n",
            "ready_for_renewal": false,
            "set_authority_key_id": false,
            "set_subject_key_id": false,
            "subject": [
              {
                "common_name": "bazaar.vpn.ca",
                "country": null,
                "email_address": null,
                "locality": null,
                "organization": "bazaar Inc.",
                "organizational_unit": null,
                "postal_code": null,
                "province": null,
                "serial_number": null,
                "street_address": null
              }
            ],
            "uris": null,
            "validity_end_time": "2026-10-31T19:19:04.2089746-05:00",
            "validity_period_hours": 8760,
            "validity_start_time": "2025-10-31T19:19:04.2089746-05:00"
          },
          "sensitive_attributes": [
            [
              {
                "type": "get_attr",
                "value": "private_key_pem"
              }
            ]
          ],
          "identity_schema_version": 0,
          "dependencies": [
            "module.vpc.aws_eip.nat_eip_a",
            "module.vpc.aws_eip.nat_eip_b",
            "module.vpc.aws_internet_gateway.igw",
            "module.vpc.aws_nat_gateway.nat_gw_a",
            "module.vpc.aws_nat_gateway.nat_gw_b",
            "module.vpc.aws_route_table.private_rt_a",
            "module.vpc.aws_route_table.private_rt_b",
            "module.vpc.aws_route_table.public_rt",
            "module.vpc.aws_route_table_association.cde_private_a",
            "module.vpc.aws_route_table_association.cde_private_b",
            "module.vpc.aws_route_table_association.private_a",
            "module.vpc.aws_route_table_association.private_b",
            "module.vpc.aws_route_table_association.public_a",
            "module.vpc.aws_route_table_association.public_b",
            "module.vpc.aws_subnet.cde_private_a",
            "module.vpc.aws_subnet.cde_private_b",
            "module.vpc.aws_subnet.private_a",
            "module.vpc.aws_subnet.private_b",
            "module.vpc.aws_subnet.public_a",
            "module.vpc.aws_subnet.public_b",
            "module.vpc.aws_vpc.this",
            "module.vpn.tls_private_key.vpn_ca_key"
          ]
        }
      ]
    }
  ],
  "check_results": null
}
