{
  "version": 4,
  "terraform_version": "1.13.4",
  "serial": 64,
  "lineage": "b2ad0a8e-da18-1020-bd63-6c99cae71be9",
  "outputs": {
    "db_password": {
      "value": "HlpsGjvnUh$@\u003eHXd",
      "type": "string",
      "sensitive": true
    },
    "db_username": {
      "value": "bazaaradmin",
      "type": "string"
    },
    "eks_cluster_endpoint": {
      "value": "https://D650E768A94C0A6AE3C5DA7C3CDA356C.gr7.us-east-1.eks.amazonaws.com",
      "type": "string"
    },
    "eks_cluster_name": {
      "value": "bazaar-cluster",
      "type": "string"
    },
    "vpn_client_config": {
      "value": "client\r\ndev tun\r\nproto udp\r\nremote *.cvpn-endpoint-09cba26520bbbc401.prod.clientvpn.us-east-1.amazonaws.com 443\r\nresolv-retry infinite\r\nnobind\r\npersist-key\r\npersist-tun\r\nremote-cert-tls server\r\ncipher AES-256-GCM\r\nverb 3\r\n\r\n\u003cca\u003e\r\n-----BEGIN CERTIFICATE-----\nMIIDKDCCAhCgAwIBAgIQPbqklwq3KbRbsr4yOo1m4TANBgkqhkiG9w0BAQsFADAu\nMRQwEgYDVQQKEwtCYXphYXIgSW5jLjEWMBQGA1UEAxMNYmF6YWFyLnZwbi5jYTAe\nFw0yNTEwMzEwMTU2MDZaFw0yNjEwMzEwMTU2MDZaMC4xFDASBgNVBAoTC0JhemFh\nciBJbmMuMRYwFAYDVQQDEw1iYXphYXIudnBuLmNhMIIBIjANBgkqhkiG9w0BAQEF\nAAOCAQ8AMIIBCgKCAQEAwOCdTGqGLjJhhwfgc/pZlvuEakrWf2OVmoSW1IfUe8+d\nb4FT/AM9KHXEcAhhx3iUOMnSiCNlsb50fqkaa5xG+YvqdEDxBi/YRMXsigOAKjHn\nZ2ReMo7yT2r7HLmpl9AHKjrFGCeSBcieBmHoVV3MqEhGeC/Cdg5ETGwChqxt1md7\nrqL4FYAGJWH0vwyoaQcIFOGMEOGY3vcFPGF1huHOUeqxrg7/Lu366jio2ylzBLt/\n2/qRcyuRDPvhAkN6k4CoC52dHMMh+jfbHif1tz1FftE3YayyTwS/lK5iPLlxSKU7\npnpRo7DzH2zBkCk/bV06PBgt/4w+9zrX6T6a9zwgwQIDAQABo0IwQDAOBgNVHQ8B\nAf8EBAMCAqQwDwYDVR0TAQH/BAUwAwEB/zAdBgNVHQ4EFgQUmuH3HHywd2zQzw80\njwbn4MScl3swDQYJKoZIhvcNAQELBQADggEBAG2dFIklv1fEQWIgQ4PUdKnjKcdK\nJSes0BeUBG0YCjZQs5ajbSPC2hc/qy48pMsylFWj9dcgDiKoLoDJ2OKJz4WDAEc4\nOSbyFeoWMKLLwf/+P/f3qfJSoe9S1NKOUxKgrlt/2OKd3m2TeqLyLb2f8lPiEL7m\nOUmNP0eYqjXsQzMiFajvUDQu86YjJb4ZJUa0G2z4B8d1CGtnzxY2iiWDrzC4jGMp\nm9aLxm14bEiulho9uBQyL8WV/9wIVifBMJ3nmaSeEIFqW5zTI31FZ9V/I+ZOUM9G\niMD9E62EK6t0A90efktdPbXD4kpXYK/p4JWUdIQ3IrvGb+jQVMRQw3yzPVg=\n-----END CERTIFICATE-----\n\r\n\u003c/ca\u003e\r\n\r\n\u003ccert\u003e\r\n-----BEGIN CERTIFICATE-----\nMIIDSTCCAjGgAwIBAgIQV8RUFE/rns+C9SYvbSieITANBgkqhkiG9w0BAQsFADAu\nMRQwEgYDVQQKEwtCYXphYXIgSW5jLjEWMBQGA1UEAxMNYmF6YWFyLnZwbi5jYTAe\nFw0yNTEwMzEwMTU2MDZaFw0yNjEwMzEwMTU2MDZaMDsxFDASBgNVBAoTC0JhemFh\nciBJbmMuMSMwIQYDVQQDExpjbGllbnQudnBuLmJhemFhci5pbnRlcm5hbDCCASIw\nDQYJKoZIhvcNAQEBBQADggEPADCCAQoCggEBAL1uF+v04epx7AbgZGNgU+TM66uk\nkhZZFtd9zeTRD7SdebEtX2ouoAAci794Aa1r48uabMj+MmStUfOYHxz+kntSSvBG\n155zavlIHANYIPR8qYS778XGUiaXhKgJNStROxi6QuUe/zXgEFt/dpKq0ZO9ME9t\nUfgrpJyU+WI5pf1Tt1tcPBvvz8sEjcqSvInoDmHuBwUHWhfXRg70sySugsx/rsih\nNm72uamZ6dA91qzvp7esww/FtKM+LzJrdMnmO3Awdlm6rNY1JCoPs8MfUSpxPxDQ\nHTmKIEOnP6kowDuCGZIUuHBNBtdNS+uoeA7Do0tiXrv4S5fQHc4Fxrri6aUCAwEA\nAaNWMFQwDgYDVR0PAQH/BAQDAgWgMBMGA1UdJQQMMAoGCCsGAQUFBwMCMAwGA1Ud\nEwEB/wQCMAAwHwYDVR0jBBgwFoAUmuH3HHywd2zQzw80jwbn4MScl3swDQYJKoZI\nhvcNAQELBQADggEBACgb5jccIMqpK8iOdWAEDFEBE7kBz+qCJQoerrCgx65tiwwx\nKZO64J3HBmb/AXFFvi4q127x1LVkCvied3dNkWESZAAAaJl3H/jh+J5Y8fErDp0y\njPh5EZhNmL44FR236zgtzjV9IcSiNixozBx6MORRYs7iN4m68cu+NOhJQQKL3iA+\nM7L16FGeiAnNjhlLHOoqZSFe6dLy+PmnramCOWmzKPZRF1PNeQHLd5E3Hdy4Y1pN\n9lfRb+nn6mG0FRSgfnXNYrRS3XnypK5VOrVV/TgHrXmSfupBwSxYDmoatZ2HXw6M\ni9vuXSArd6cS8BzjpJ8hCthJOqiBlzQpbrBEih4=\n-----END CERTIFICATE-----\n\r\n\u003c/cert\u003e\r\n\r\n\u003ckey\u003e\r\n-----BEGIN RSA PRIVATE KEY-----\nMIIEowIBAAKCAQEAvW4X6/Th6nHsBuBkY2BT5Mzrq6SSFlkW133N5NEPtJ15sS1f\nai6gAByLv3gBrWvjy5psyP4yZK1R85gfHP6Se1JK8EbXnnNq+UgcA1gg9HyphLvv\nxcZSJpeEqAk1K1E7GLpC5R7/NeAQW392kqrRk70wT21R+CuknJT5Yjml/VO3W1w8\nG+/PywSNypK8iegOYe4HBQdaF9dGDvSzJK6CzH+uyKE2bva5qZnp0D3WrO+nt6zD\nD8W0oz4vMmt0yeY7cDB2Wbqs1jUkKg+zwx9RKnE/ENAdOYogQ6c/qSjAO4IZkhS4\ncE0G101L66h4DsOjS2Jeu/hLl9AdzgXGuuLppQIDAQABAoIBAARfgMXC/ojSMB4a\n93unmj9QyGtZQd1xbrxIeO9KvyMEO25Zgkzi86oV4iyvVraTJDbWWKNYVEa21Hxx\nazJ1b5pfjXjGNzuGCSUBihnLOBjgXIlCov085xq23DGFHHPWfp7RdmtTyJW3iW53\nwo3VBLIgCz8T8LhTySfkdMINlIjL9jVOq4SRA0Y5fMXDXnyooTIehTZ+P+su+zXm\nmbnGrjH1Xc1j4boKRqlaPCmSrNoYO1EJCy27GAPoRAiMth+gJbIZEd9X2XX5BRCX\ni1hYxH0o5EurbjbLl2/VWnLWVw1i6UqGXvPB6H9I/gWNUwwMCgDc0yBunpqRomAk\nFAvK6UcCgYEA+qeDMlrthIEE49ldAKcPSpqKJ9cIybWx3BbR+cYEScs6sX98PIJk\nXUJ1uRgGLCup0m+VKzmVUq5v/eCo2LxOLXt4Is1v+/4795XaTlgxCUWW3S9Vh76P\nGPJiKQsNkiIlminiIBqMrMk0vnZObxvSvNDqFI2e6g+a+62DU40uAAMCgYEAwXhR\nL3wNWQBqVvEQUNbqsAsCCHa4zzegXqlruYWzoyYsnf0Lq2W2tMqiK+H5Ho3C2EEC\nVx2h9CjuDRWCbD4EMsOMf1vofX3KIN2xB+vdqR2J4p4iTlZ+OkyFRfaSNRLL7+cM\nAEWWa7HtWl6NvSz22gLoWAgFEo5TEs4J4wlVozcCgYAMaiuXXOWSwIkrd+KhW6To\nPwtEuePXicZLbl3sDyC7PvOjQvs2TAcIj3ghOM1ldqwsnhY3U9zPgZBOdMgoI/uD\nSTBEGQTI6Giz9Johc0DKgsXcIrILzSZtR+QQwFlluYc/QX/Ps0Dwde7E2Ds+SZSA\ngaB2cCVE1o0IlimBA+cZXQKBgD7StAIoVSk+cklzE+o8L48ks+9Npetb086JUzq2\nCMQEpF5VChIJAFAqsIhxY3ShcdDJI1poe+uN0ucawfQmGzTkvN2qWY9OZnFPq6m3\n1I2S0vBsixVHDswdhvVWANoNFX38V7BK6HJmH33F0F7KmAnpAct8JzGEV8N2dk1r\n/Yv3AoGBAOVpFJ0iqwUfEK5EP/SgkbWGRRYv6GaVjJ9e+pFWCSLizTJAtM/sJQtb\navLuFgE4PCf3Ejq5bVUsa0dQp8TpVA7Z3935izAH0Iq8JOqqCWVv7QmNlegRXVCE\nVa5bHwxHI0MqWY6wW5G1sFhAxcV9otF0XW0GQ1eUdtSO35uDOUGv\n-----END RSA PRIVATE KEY-----\n\r\n\u003c/key\u003e",
      "type": "string",
      "sensitive": true
    }
  },
  "resources": [
    {
      "mode": "managed",
      "type": "aws_acm_certificate",
      "name": "vpn_client_cert_import",
      "provider": "provider[\"registry.terraform.io/hashicorp/aws\"]",
      "instances": [
        {
          "schema_version": 0,
          "attributes": {
            "arn": "arn:aws:acm:us-east-1:026272668614:certificate/99daeb39-da48-4a99-9d8d-c68dd2a7f797",
            "certificate_authority_arn": "",
            "certificate_body": "-----BEGIN CERTIFICATE-----\nMIIDSTCCAjGgAwIBAgIQV8RUFE/rns+C9SYvbSieITANBgkqhkiG9w0BAQsFADAu\nMRQwEgYDVQQKEwtCYXphYXIgSW5jLjEWMBQGA1UEAxMNYmF6YWFyLnZwbi5jYTAe\nFw0yNTEwMzEwMTU2MDZaFw0yNjEwMzEwMTU2MDZaMDsxFDASBgNVBAoTC0JhemFh\nciBJbmMuMSMwIQYDVQQDExpjbGllbnQudnBuLmJhemFhci5pbnRlcm5hbDCCASIw\nDQYJKoZIhvcNAQEBBQADggEPADCCAQoCggEBAL1uF+v04epx7AbgZGNgU+TM66uk\nkhZZFtd9zeTRD7SdebEtX2ouoAAci794Aa1r48uabMj+MmStUfOYHxz+kntSSvBG\n155zavlIHANYIPR8qYS778XGUiaXhKgJNStROxi6QuUe/zXgEFt/dpKq0ZO9ME9t\nUfgrpJyU+WI5pf1Tt1tcPBvvz8sEjcqSvInoDmHuBwUHWhfXRg70sySugsx/rsih\nNm72uamZ6dA91qzvp7esww/FtKM+LzJrdMnmO3Awdlm6rNY1JCoPs8MfUSpxPxDQ\nHTmKIEOnP6kowDuCGZIUuHBNBtdNS+uoeA7Do0tiXrv4S5fQHc4Fxrri6aUCAwEA\nAaNWMFQwDgYDVR0PAQH/BAQDAgWgMBMGA1UdJQQMMAoGCCsGAQUFBwMCMAwGA1Ud\nEwEB/wQCMAAwHwYDVR0jBBgwFoAUmuH3HHywd2zQzw80jwbn4MScl3swDQYJKoZI\nhvcNAQELBQADggEBACgb5jccIMqpK8iOdWAEDFEBE7kBz+qCJQoerrCgx65tiwwx\nKZO64J3HBmb/AXFFvi4q127x1LVkCvied3dNkWESZAAAaJl3H/jh+J5Y8fErDp0y\njPh5EZhNmL44FR236zgtzjV9IcSiNixozBx6MORRYs7iN4m68cu+NOhJQQKL3iA+\nM7L16FGeiAnNjhlLHOoqZSFe6dLy+PmnramCOWmzKPZRF1PNeQHLd5E3Hdy4Y1pN\n9lfRb+nn6mG0FRSgfnXNYrRS3XnypK5VOrVV/TgHrXmSfupBwSxYDmoatZ2HXw6M\ni9vuXSArd6cS8BzjpJ8hCthJOqiBlzQpbrBEih4=\n-----END CERTIFICATE-----\n",
            "certificate_chain": "-----BEGIN CERTIFICATE-----\nMIIDKDCCAhCgAwIBAgIQPbqklwq3KbRbsr4yOo1m4TANBgkqhkiG9w0BAQsFADAu\nMRQwEgYDVQQKEwtCYXphYXIgSW5jLjEWMBQGA1UEAxMNYmF6YWFyLnZwbi5jYTAe\nFw0yNTEwMzEwMTU2MDZaFw0yNjEwMzEwMTU2MDZaMC4xFDASBgNVBAoTC0JhemFh\nciBJbmMuMRYwFAYDVQQDEw1iYXphYXIudnBuLmNhMIIBIjANBgkqhkiG9w0BAQEF\nAAOCAQ8AMIIBCgKCAQEAwOCdTGqGLjJhhwfgc/pZlvuEakrWf2OVmoSW1IfUe8+d\nb4FT/AM9KHXEcAhhx3iUOMnSiCNlsb50fqkaa5xG+YvqdEDxBi/YRMXsigOAKjHn\nZ2ReMo7yT2r7HLmpl9AHKjrFGCeSBcieBmHoVV3MqEhGeC/Cdg5ETGwChqxt1md7\nrqL4FYAGJWH0vwyoaQcIFOGMEOGY3vcFPGF1huHOUeqxrg7/Lu366jio2ylzBLt/\n2/qRcyuRDPvhAkN6k4CoC52dHMMh+jfbHif1tz1FftE3YayyTwS/lK5iPLlxSKU7\npnpRo7DzH2zBkCk/bV06PBgt/4w+9zrX6T6a9zwgwQIDAQABo0IwQDAOBgNVHQ8B\nAf8EBAMCAqQwDwYDVR0TAQH/BAUwAwEB/zAdBgNVHQ4EFgQUmuH3HHywd2zQzw80\njwbn4MScl3swDQYJKoZIhvcNAQELBQADggEBAG2dFIklv1fEQWIgQ4PUdKnjKcdK\nJSes0BeUBG0YCjZQs5ajbSPC2hc/qy48pMsylFWj9dcgDiKoLoDJ2OKJz4WDAEc4\nOSbyFeoWMKLLwf/+P/f3qfJSoe9S1NKOUxKgrlt/2OKd3m2TeqLyLb2f8lPiEL7m\nOUmNP0eYqjXsQzMiFajvUDQu86YjJb4ZJUa0G2z4B8d1CGtnzxY2iiWDrzC4jGMp\nm9aLxm14bEiulho9uBQyL8WV/9wIVifBMJ3nmaSeEIFqW5zTI31FZ9V/I+ZOUM9G\niMD9E62EK6t0A90efktdPbXD4kpXYK/p4JWUdIQ3IrvGb+jQVMRQw3yzPVg=\n-----END CERTIFICATE-----\n",
            "domain_name": "client.vpn.bazaar.internal",
            "domain_validation_options": [],
            "early_renewal_duration": "",
            "id": "arn:aws:acm:us-east-1:026272668614:certificate/99daeb39-da48-4a99-9d8d-c68dd2a7f797",
            "key_algorithm": "RSA_2048",
            "not_after": "2026-10-31T01:56:06Z",
            "not_before": "2025-10-31T01:56:06Z",
            "options": [
              {
                "certificate_transparency_logging_preference": "DISABLED",
                "export": "DISABLED"
              }
            ],
            "pending_renewal": false,
            "private_key": "-----BEGIN RSA PRIVATE KEY-----\nMIIEowIBAAKCAQEAvW4X6/Th6nHsBuBkY2BT5Mzrq6SSFlkW133N5NEPtJ15sS1f\nai6gAByLv3gBrWvjy5psyP4yZK1R85gfHP6Se1JK8EbXnnNq+UgcA1gg9HyphLvv\nxcZSJpeEqAk1K1E7GLpC5R7/NeAQW392kqrRk70wT21R+CuknJT5Yjml/VO3W1w8\nG+/PywSNypK8iegOYe4HBQdaF9dGDvSzJK6CzH+uyKE2bva5qZnp0D3WrO+nt6zD\nD8W0oz4vMmt0yeY7cDB2Wbqs1jUkKg+zwx9RKnE/ENAdOYogQ6c/qSjAO4IZkhS4\ncE0G101L66h4DsOjS2Jeu/hLl9AdzgXGuuLppQIDAQABAoIBAARfgMXC/ojSMB4a\n93unmj9QyGtZQd1xbrxIeO9KvyMEO25Zgkzi86oV4iyvVraTJDbWWKNYVEa21Hxx\nazJ1b5pfjXjGNzuGCSUBihnLOBjgXIlCov085xq23DGFHHPWfp7RdmtTyJW3iW53\nwo3VBLIgCz8T8LhTySfkdMINlIjL9jVOq4SRA0Y5fMXDXnyooTIehTZ+P+su+zXm\nmbnGrjH1Xc1j4boKRqlaPCmSrNoYO1EJCy27GAPoRAiMth+gJbIZEd9X2XX5BRCX\ni1hYxH0o5EurbjbLl2/VWnLWVw1i6UqGXvPB6H9I/gWNUwwMCgDc0yBunpqRomAk\nFAvK6UcCgYEA+qeDMlrthIEE49ldAKcPSpqKJ9cIybWx3BbR+cYEScs6sX98PIJk\nXUJ1uRgGLCup0m+VKzmVUq5v/eCo2LxOLXt4Is1v+/4795XaTlgxCUWW3S9Vh76P\nGPJiKQsNkiIlminiIBqMrMk0vnZObxvSvNDqFI2e6g+a+62DU40uAAMCgYEAwXhR\nL3wNWQBqVvEQUNbqsAsCCHa4zzegXqlruYWzoyYsnf0Lq2W2tMqiK+H5Ho3C2EEC\nVx2h9CjuDRWCbD4EMsOMf1vofX3KIN2xB+vdqR2J4p4iTlZ+OkyFRfaSNRLL7+cM\nAEWWa7HtWl6NvSz22gLoWAgFEo5TEs4J4wlVozcCgYAMaiuXXOWSwIkrd+KhW6To\nPwtEuePXicZLbl3sDyC7PvOjQvs2TAcIj3ghOM1ldqwsnhY3U9zPgZBOdMgoI/uD\nSTBEGQTI6Giz9Johc0DKgsXcIrILzSZtR+QQwFlluYc/QX/Ps0Dwde7E2Ds+SZSA\ngaB2cCVE1o0IlimBA+cZXQKBgD7StAIoVSk+cklzE+o8L48ks+9Npetb086JUzq2\nCMQEpF5VChIJAFAqsIhxY3ShcdDJI1poe+uN0ucawfQmGzTkvN2qWY9OZnFPq6m3\n1I2S0vBsixVHDswdhvVWANoNFX38V7BK6HJmH33F0F7KmAnpAct8JzGEV8N2dk1r\n/Yv3AoGBAOVpFJ0iqwUfEK5EP/SgkbWGRRYv6GaVjJ9e+pFWCSLizTJAtM/sJQtb\navLuFgE4PCf3Ejq5bVUsa0dQp8TpVA7Z3935izAH0Iq8JOqqCWVv7QmNlegRXVCE\nVa5bHwxHI0MqWY6wW5G1sFhAxcV9otF0XW0GQ1eUdtSO35uDOUGv\n-----END RSA PRIVATE KEY-----\n",
            "region": "us-east-1",
            "renewal_eligibility": "INELIGIBLE",
            "renewal_summary": [],
            "status": "ISSUED",
            "subject_alternative_names": [
              "client.vpn.bazaar.internal"
            ],
            "tags": {
              "Name": "bazaar-vpn-client-cert"
            },
            "tags_all": {
              "Name": "bazaar-vpn-client-cert"
            },
            "type": "IMPORTED",
            "validation_emails": [],
            "validation_method": "NONE",
            "validation_option": []
          },
          "sensitive_attributes": [
            [
              {
                "type": "get_attr",
                "value": "private_key"
              }
            ]
          ],
          "identity_schema_version": 0,
          "identity": {
            "arn": "arn:aws:acm:us-east-1:026272668614:certificate/99daeb39-da48-4a99-9d8d-c68dd2a7f797"
          },
          "private": "bnVsbA==",
          "dependencies": [
            "tls_cert_request.vpn_client_csr",
            "tls_locally_signed_cert.vpn_client_cert",
            "tls_private_key.vpn_ca_key",
            "tls_private_key.vpn_client_key",
            "tls_self_signed_cert.vpn_ca_cert"
          ]
        }
      ]
    },
    {
      "mode": "managed",
      "type": "aws_acm_certificate",
      "name": "vpn_server_cert_import",
      "provider": "provider[\"registry.terraform.io/hashicorp/aws\"]",
      "instances": [
        {
          "schema_version": 0,
          "attributes": {
            "arn": "arn:aws:acm:us-east-1:026272668614:certificate/aebc29ad-3096-40c7-8a4f-26e404ad9322",
            "certificate_authority_arn": "",
            "certificate_body": "-----BEGIN CERTIFICATE-----\nMIIDSjCCAjKgAwIBAgIRALMAGDMiOGltgwWAsVuYSeQwDQYJKoZIhvcNAQELBQAw\nLjEUMBIGA1UEChMLQmF6YWFyIEluYy4xFjAUBgNVBAMTDWJhemFhci52cG4uY2Ew\nHhcNMjUxMDMxMDE1NjA2WhcNMjYxMDMxMDE1NjA2WjA7MRQwEgYDVQQKEwtCYXph\nYXIgSW5jLjEjMCEGA1UEAxMac2VydmVyLnZwbi5iYXphYXIuaW50ZXJuYWwwggEi\nMA0GCSqGSIb3DQEBAQUAA4IBDwAwggEKAoIBAQC+LkHESoLNriJWiIHH4x+zN/ic\nvzMi/TGL2SRudf34Ebt4ECvHwbrCL+D1UqR90GmYRp2ir+9KBkB0TbmH5q4L05vy\n8RqTTdlvVMDzNbPMQXVZy42l+2GQSX7Dj8913SnDUNtU0ODQo4JwM1VgtLYvO8Q4\nL/RaQo+6REFXbCVQMZPD2xDt/iVHJz1GWdCSjcykymE/B7T6GXQ5nTN0uLmuMkZv\nlr9ti63HK+XEAak3NZwJYb2ZvYMlKP/M3S6UjKAT/F2U/srgAAPYvkjqv2VkPqmp\nkIPVZ6nRFAL8cnX4zobyhBo9NtbA5IZNbSr6WrVJnyIdItRUqUtEopJJqGjnAgMB\nAAGjVjBUMA4GA1UdDwEB/wQEAwIFoDATBgNVHSUEDDAKBggrBgEFBQcDATAMBgNV\nHRMBAf8EAjAAMB8GA1UdIwQYMBaAFJrh9xx8sHds0M8PNI8G5+DEnJd7MA0GCSqG\nSIb3DQEBCwUAA4IBAQCH5IGq6j2OCR4C+nLNc8VETROzHbfSs4PujtV1FWG9snqS\nE8MOoH7peFquMnbeIXjoRGCHeWYh/UqX8IpMYqxoebkriJsMVeMyJKxlV07CfxqP\nHXUIHVgS/UlM02n8zKGZHyw32CXkCjE5STNGKH0qYhz0HKkjv/GfAwK/h15iXFp3\n+9zI2gNHdov2hKmeDnFmyE2Djg1G3gyJl/GgHh3qoe7OCJ4ijAynSbJl7cC9F4HB\nXyrXjEmjnMkHky9nVvzcRQgyv0usUwLfM6+QbjBWS/85jVsy5L1+W8DzgUBCyqI1\nbZ4UWUCDiJQNjb9cuIKpQNCnvJGhAj8y1q3mhY15\n-----END CERTIFICATE-----\n",
            "certificate_chain": "-----BEGIN CERTIFICATE-----\nMIIDKDCCAhCgAwIBAgIQPbqklwq3KbRbsr4yOo1m4TANBgkqhkiG9w0BAQsFADAu\nMRQwEgYDVQQKEwtCYXphYXIgSW5jLjEWMBQGA1UEAxMNYmF6YWFyLnZwbi5jYTAe\nFw0yNTEwMzEwMTU2MDZaFw0yNjEwMzEwMTU2MDZaMC4xFDASBgNVBAoTC0JhemFh\nciBJbmMuMRYwFAYDVQQDEw1iYXphYXIudnBuLmNhMIIBIjANBgkqhkiG9w0BAQEF\nAAOCAQ8AMIIBCgKCAQEAwOCdTGqGLjJhhwfgc/pZlvuEakrWf2OVmoSW1IfUe8+d\nb4FT/AM9KHXEcAhhx3iUOMnSiCNlsb50fqkaa5xG+YvqdEDxBi/YRMXsigOAKjHn\nZ2ReMo7yT2r7HLmpl9AHKjrFGCeSBcieBmHoVV3MqEhGeC/Cdg5ETGwChqxt1md7\nrqL4FYAGJWH0vwyoaQcIFOGMEOGY3vcFPGF1huHOUeqxrg7/Lu366jio2ylzBLt/\n2/qRcyuRDPvhAkN6k4CoC52dHMMh+jfbHif1tz1FftE3YayyTwS/lK5iPLlxSKU7\npnpRo7DzH2zBkCk/bV06PBgt/4w+9zrX6T6a9zwgwQIDAQABo0IwQDAOBgNVHQ8B\nAf8EBAMCAqQwDwYDVR0TAQH/BAUwAwEB/zAdBgNVHQ4EFgQUmuH3HHywd2zQzw80\njwbn4MScl3swDQYJKoZIhvcNAQELBQADggEBAG2dFIklv1fEQWIgQ4PUdKnjKcdK\nJSes0BeUBG0YCjZQs5ajbSPC2hc/qy48pMsylFWj9dcgDiKoLoDJ2OKJz4WDAEc4\nOSbyFeoWMKLLwf/+P/f3qfJSoe9S1NKOUxKgrlt/2OKd3m2TeqLyLb2f8lPiEL7m\nOUmNP0eYqjXsQzMiFajvUDQu86YjJb4ZJUa0G2z4B8d1CGtnzxY2iiWDrzC4jGMp\nm9aLxm14bEiulho9uBQyL8WV/9wIVifBMJ3nmaSeEIFqW5zTI31FZ9V/I+ZOUM9G\niMD9E62EK6t0A90efktdPbXD4kpXYK/p4JWUdIQ3IrvGb+jQVMRQw3yzPVg=\n-----END CERTIFICATE-----\n",
            "domain_name": "server.vpn.bazaar.internal",
            "domain_validation_options": [],
            "early_renewal_duration": "",
            "id": "arn:aws:acm:us-east-1:026272668614:certificate/aebc29ad-3096-40c7-8a4f-26e404ad9322",
            "key_algorithm": "RSA_2048",
            "not_after": "2026-10-31T01:56:06Z",
            "not_before": "2025-10-31T01:56:06Z",
            "options": [
              {
                "certificate_transparency_logging_preference": "DISABLED",
                "export": "DISABLED"
              }
            ],
            "pending_renewal": false,
            "private_key": "-----BEGIN RSA PRIVATE KEY-----\nMIIEpQIBAAKCAQEAvi5BxEqCza4iVoiBx+Mfszf4nL8zIv0xi9kkbnX9+BG7eBAr\nx8G6wi/g9VKkfdBpmEadoq/vSgZAdE25h+auC9Ob8vEak03Zb1TA8zWzzEF1WcuN\npfthkEl+w4/Pdd0pw1DbVNDg0KOCcDNVYLS2LzvEOC/0WkKPukRBV2wlUDGTw9sQ\n7f4lRyc9RlnQko3MpMphPwe0+hl0OZ0zdLi5rjJGb5a/bYutxyvlxAGpNzWcCWG9\nmb2DJSj/zN0ulIygE/xdlP7K4AAD2L5I6r9lZD6pqZCD1Wep0RQC/HJ1+M6G8oQa\nPTbWwOSGTW0q+lq1SZ8iHSLUVKlLRKKSSaho5wIDAQABAoIBAAs760ZsY/N0MyYR\noTnABZOntw4qgzUXAZHyJtZ5lNUbCXJrR7ktWfPCy6yVXNvrvD9/aF9l7VVd+8Yc\nmamL+FsAsIHpn4X1DGbCegIqRjxgeRo8gNnXRbYCvJpSIlFv84zmKvA3+H4kMn45\nog3FqJj74R7nW+CBdXQ6a1h9+tEUsNdNZyV/Okn4mqCfNFVf4PQxmKrOeZEBlc7o\nAU8KFCiyTBfX4lM+6TCrzFwQvnGanPg+kd4sQkXIkBRn0Pu8MJJULPvx12GzN3mn\nwxasSr0f0eoFle3zVI9XCXBI8LrPwfQIdwoimWo7N/KlvXAm996xBqk+0TZLA328\nRaOK4FUCgYEA88k9ii2b7zgWWSr9zej6d3zdVDDKmYe61ZdbKaj4gp7/oo6XtKZL\nY5pbJLuf0qvmnOxhKPwNGKXzKb/rBAKBR8bX3MqlQsSeRtAZsiKIKFca6C9xCQVe\nxIp8H7LdWBiwRaJ66pagT1g7FJvMm6ssJY7QuYC7jlZmXSMEStvfIbUCgYEAx7V7\nikavGvdn7akde6hWjzfGAVS8D5WvWp2P4EqO3TaekVqWMTJPNl77DBi97vZCevXA\nvXXP+BfgeyI9RKk6/v6lW8wZtcq0xsvKL6/PMUQsgH2Z7nlgil89QuSzFAMsXMvA\nvr6OhH9ILaaXXnfKW1OCL7kk2Ck+IxHjkbxMcasCgYEAp/cFYYjfIUkBjNokGJTm\nzSDI1dLwJCvyPGuWMfPrlQO7meKo/5x74Npe5cYn7dzmfUQYBUb0NwFPsno6kH6x\nWCTWYZd1mbUiYCPNMIC+Ux0AuuzE8rQygTPxJV31R1drS+8QxUSWm1RtEFvv82lS\nd2YYxVa+4ukAijcwI+utpukCgYEAgbwFq0hLzIrYOu3Xt1MeGB+1Q3wWR1GH/qfI\npX4J3O70h5x/YSo7hyigkbUo/amAenxXXzy/g32PWK5fetEtACXQqhemxBAQ6+vL\nRrtBL9IHztjJPMAg1QMVuvTy2JdPJGFAryj/UFeXPgCw6K+NB1LyiaoOo1X3hbTD\nTxMx3c0CgYEAnwt1Mk9F/wSQbSHWJxqiOm3i8u5IFF11WnzQv2wXu8nb1vatvi0T\nYU7s4RFWpaqmvUBbnxZIjKb/WZVy34oNBXTMnNeAAHXqFUeC6hrZ+EuRy3jtS1u1\nf1VGCacPpnIsNvAyUOgXVlDKJuSi2KBI1x+AmjWwRH0MScRoJFel5zk=\n-----END RSA PRIVATE KEY-----\n",
            "region": "us-east-1",
            "renewal_eligibility": "INELIGIBLE",
            "renewal_summary": [],
            "status": "ISSUED",
            "subject_alternative_names": [
              "server.vpn.bazaar.internal"
            ],
            "tags": {
              "Name": "bazaar-vpn-server-cert"
            },
            "tags_all": {
              "Name": "bazaar-vpn-server-cert"
            },
            "type": "IMPORTED",
            "validation_emails": [],
            "validation_method": "NONE",
            "validation_option": []
          },
          "sensitive_attributes": [
            [
              {
                "type": "get_attr",
                "value": "private_key"
              }
            ]
          ],
          "identity_schema_version": 0,
          "identity": {
            "arn": "arn:aws:acm:us-east-1:026272668614:certificate/aebc29ad-3096-40c7-8a4f-26e404ad9322"
          },
          "private": "bnVsbA==",
          "dependencies": [
            "tls_cert_request.vpn_server_csr",
            "tls_locally_signed_cert.vpn_server_cert",
            "tls_private_key.vpn_ca_key",
            "tls_private_key.vpn_server_key",
            "tls_self_signed_cert.vpn_ca_cert"
          ]
        }
      ]
    },
    {
      "mode": "managed",
      "type": "aws_db_subnet_group",
      "name": "rds_subnet_group",
      "provider": "provider[\"registry.terraform.io/hashicorp/aws\"]",
      "instances": [
        {
          "schema_version": 0,
          "attributes": {
            "arn": "arn:aws:rds:us-east-1:026272668614:subgrp:bazaar-rds-subnet-group",
            "description": "Managed by Terraform",
            "id": "bazaar-rds-subnet-group",
            "name": "bazaar-rds-subnet-group",
            "name_prefix": "",
            "region": "us-east-1",
            "subnet_ids": [
              "subnet-01d94147199d3f3ef",
              "subnet-0639c725354835c0c"
            ],
            "supported_network_types": [
              "IPV4"
            ],
            "tags": {
              "Name": "Bazaar RDS Subnet Group"
            },
            "tags_all": {
              "Name": "Bazaar RDS Subnet Group"
            },
            "vpc_id": "vpc-0b3515a8127cd811d"
          },
          "sensitive_attributes": [],
          "identity_schema_version": 0,
          "private": "bnVsbA==",
          "dependencies": [
            "aws_subnet.private_a",
            "aws_subnet.private_b",
            "aws_vpc.bazaar_vpc"
          ]
        }
      ]
    },
    {
      "mode": "managed",
      "type": "aws_ec2_client_vpn_authorization_rule",
      "name": "vpn_auth_all",
      "provider": "provider[\"registry.terraform.io/hashicorp/aws\"]",
      "instances": [
        {
          "schema_version": 0,
          "attributes": {
            "access_group_id": "",
            "authorize_all_groups": true,
            "client_vpn_endpoint_id": "cvpn-endpoint-09cba26520bbbc401",
            "description": "",
            "id": "cvpn-endpoint-09cba26520bbbc401,10.0.0.0/16",
            "region": "us-east-1",
            "target_network_cidr": "10.0.0.0/16",
            "timeouts": null
          },
          "sensitive_attributes": [],
          "identity_schema_version": 0,
          "private": "eyJlMmJmYjczMC1lY2FhLTExZTYtOGY4OC0zNDM2M2JjN2M0YzAiOnsiY3JlYXRlIjo2MDAwMDAwMDAwMDAsImRlbGV0ZSI6NjAwMDAwMDAwMDAwfX0=",
          "dependencies": [
            "aws_acm_certificate.vpn_client_cert_import",
            "aws_acm_certificate.vpn_server_cert_import",
            "aws_ec2_client_vpn_endpoint.bazaar_vpn",
            "aws_vpc.bazaar_vpc",
            "tls_cert_request.vpn_client_csr",
            "tls_cert_request.vpn_server_csr",
            "tls_locally_signed_cert.vpn_client_cert",
            "tls_locally_signed_cert.vpn_server_cert",
            "tls_private_key.vpn_ca_key",
            "tls_private_key.vpn_client_key",
            "tls_private_key.vpn_server_key",
            "tls_self_signed_cert.vpn_ca_cert"
          ]
        }
      ]
    },
    {
      "mode": "managed",
      "type": "aws_ec2_client_vpn_endpoint",
      "name": "bazaar_vpn",
      "provider": "provider[\"registry.terraform.io/hashicorp/aws\"]",
      "instances": [
        {
          "schema_version": 0,
          "attributes": {
            "arn": "arn:aws:ec2:us-east-1:026272668614:client-vpn-endpoint/cvpn-endpoint-09cba26520bbbc401",
            "authentication_options": [
              {
                "active_directory_id": "",
                "root_certificate_chain_arn": "arn:aws:acm:us-east-1:026272668614:certificate/99daeb39-da48-4a99-9d8d-c68dd2a7f797",
                "saml_provider_arn": "",
                "self_service_saml_provider_arn": "",
                "type": "certificate-authentication"
              }
            ],
            "client_cidr_block": "192.168.0.0/22",
            "client_connect_options": [
              {
                "enabled": false,
                "lambda_function_arn": ""
              }
            ],
            "client_login_banner_options": [
              {
                "banner_text": "",
                "enabled": false
              }
            ],
            "client_route_enforcement_options": [
              {
                "enforced": false
              }
            ],
            "connection_log_options": [
              {
                "cloudwatch_log_group": "",
                "cloudwatch_log_stream": "",
                "enabled": false
              }
            ],
            "description": "Bazaar Client VPN",
            "disconnect_on_session_timeout": true,
            "dns_name": "*.cvpn-endpoint-09cba26520bbbc401.prod.clientvpn.us-east-1.amazonaws.com",
            "dns_servers": [
              "10.0.0.2"
            ],
            "endpoint_ip_address_type": "ipv4",
            "id": "cvpn-endpoint-09cba26520bbbc401",
            "region": "us-east-1",
            "security_group_ids": [],
            "self_service_portal": "disabled",
            "self_service_portal_url": "",
            "server_certificate_arn": "arn:aws:acm:us-east-1:026272668614:certificate/aebc29ad-3096-40c7-8a4f-26e404ad9322",
            "session_timeout_hours": 24,
            "split_tunnel": false,
            "tags": null,
            "tags_all": {},
            "traffic_ip_address_type": "ipv4",
            "transport_protocol": "udp",
            "vpc_id": "",
            "vpn_port": 443
          },
          "sensitive_attributes": [],
          "identity_schema_version": 0,
          "private": "bnVsbA==",
          "dependencies": [
            "aws_acm_certificate.vpn_client_cert_import",
            "aws_acm_certificate.vpn_server_cert_import",
            "tls_cert_request.vpn_client_csr",
            "tls_cert_request.vpn_server_csr",
            "tls_locally_signed_cert.vpn_client_cert",
            "tls_locally_signed_cert.vpn_server_cert",
            "tls_private_key.vpn_ca_key",
            "tls_private_key.vpn_client_key",
            "tls_private_key.vpn_server_key",
            "tls_self_signed_cert.vpn_ca_cert"
          ]
        }
      ]
    },
    {
      "mode": "managed",
      "type": "aws_ec2_client_vpn_network_association",
      "name": "vpn_assoc_a",
      "provider": "provider[\"registry.terraform.io/hashicorp/aws\"]",
      "instances": []
    },
    {
      "mode": "managed",
      "type": "aws_ec2_client_vpn_network_association",
      "name": "vpn_assoc_b",
      "provider": "provider[\"registry.terraform.io/hashicorp/aws\"]",
      "instances": []
    },
    {
      "mode": "managed",
      "type": "aws_ec2_client_vpn_route",
      "name": "vpn_internet_route",
      "provider": "provider[\"registry.terraform.io/hashicorp/aws\"]",
      "instances": []
    },
    {
      "mode": "managed",
      "type": "aws_eip",
      "name": "nat_eip_a",
      "provider": "provider[\"registry.terraform.io/hashicorp/aws\"]",
      "instances": [
        {
          "schema_version": 0,
          "attributes": {
            "address": null,
            "allocation_id": "eipalloc-06ae1b907f3fae7f7",
            "arn": "arn:aws:ec2:us-east-1:026272668614:elastic-ip/eipalloc-06ae1b907f3fae7f7",
            "associate_with_private_ip": null,
            "association_id": "eipassoc-05b386542b628d01f",
            "carrier_ip": "",
            "customer_owned_ip": "",
            "customer_owned_ipv4_pool": "",
            "domain": "vpc",
            "id": "eipalloc-06ae1b907f3fae7f7",
            "instance": "",
            "ipam_pool_id": null,
            "network_border_group": "us-east-1",
            "network_interface": "eni-0d61eb977724fd36e",
            "private_dns": "ip-10-0-1-81.ec2.internal",
            "private_ip": "10.0.1.81",
            "ptr_record": "",
            "public_dns": "ec2-54-84-202-197.compute-1.amazonaws.com",
            "public_ip": "54.84.202.197",
            "public_ipv4_pool": "amazon",
            "region": "us-east-1",
            "tags": {},
            "tags_all": {},
            "timeouts": null
          },
          "sensitive_attributes": [],
          "identity_schema_version": 0,
          "private": "eyJlMmJmYjczMC1lY2FhLTExZTYtOGY4OC0zNDM2M2JjN2M0YzAiOnsiZGVsZXRlIjoxODAwMDAwMDAwMDAsInJlYWQiOjkwMDAwMDAwMDAwMCwidXBkYXRlIjozMDAwMDAwMDAwMDB9fQ=="
        }
      ]
    },
    {
      "mode": "managed",
      "type": "aws_eip",
      "name": "nat_eip_b",
      "provider": "provider[\"registry.terraform.io/hashicorp/aws\"]",
      "instances": [
        {
          "schema_version": 0,
          "attributes": {
            "address": null,
            "allocation_id": "eipalloc-044a9537907f11025",
            "arn": "arn:aws:ec2:us-east-1:026272668614:elastic-ip/eipalloc-044a9537907f11025",
            "associate_with_private_ip": null,
            "association_id": "eipassoc-0ba2d4d6a852e2f8b",
            "carrier_ip": "",
            "customer_owned_ip": "",
            "customer_owned_ipv4_pool": "",
            "domain": "vpc",
            "id": "eipalloc-044a9537907f11025",
            "instance": "",
            "ipam_pool_id": null,
            "network_border_group": "us-east-1",
            "network_interface": "eni-0bb175513f6f85240",
            "private_dns": "ip-10-0-2-165.ec2.internal",
            "private_ip": "10.0.2.165",
            "ptr_record": "",
            "public_dns": "ec2-98-90-51-199.compute-1.amazonaws.com",
            "public_ip": "98.90.51.199",
            "public_ipv4_pool": "amazon",
            "region": "us-east-1",
            "tags": {},
            "tags_all": {},
            "timeouts": null
          },
          "sensitive_attributes": [],
          "identity_schema_version": 0,
          "private": "eyJlMmJmYjczMC1lY2FhLTExZTYtOGY4OC0zNDM2M2JjN2M0YzAiOnsiZGVsZXRlIjoxODAwMDAwMDAwMDAsInJlYWQiOjkwMDAwMDAwMDAwMCwidXBkYXRlIjozMDAwMDAwMDAwMDB9fQ=="
        }
      ]
    },
    {
      "mode": "managed",
      "type": "aws_eks_cluster",
      "name": "bazaar_cluster",
      "provider": "provider[\"registry.terraform.io/hashicorp/aws\"]",
      "instances": [
        {
          "schema_version": 1,
          "attributes": {
            "access_config": [
              {
                "authentication_mode": "CONFIG_MAP",
                "bootstrap_cluster_creator_admin_permissions": true
              }
            ],
            "arn": "arn:aws:eks:us-east-1:026272668614:cluster/bazaar-cluster",
            "bootstrap_self_managed_addons": true,
            "certificate_authority": [
              {
                "data": "LS0tLS1CRUdJTiBDRVJUSUZJQ0FURS0tLS0tCk1JSURCVENDQWUyZ0F3SUJBZ0lJTUorNlVqVnFNU013RFFZSktvWklodmNOQVFFTEJRQXdGVEVUTUJFR0ExVUUKQXhNS2EzVmlaWEp1WlhSbGN6QWVGdzB5TlRFd016QXlNalEwTURsYUZ3MHpOVEV3TWpneU1qUTVNRGxhTUJVeApFekFSQmdOVkJBTVRDbXQxWW1WeWJtVjBaWE13Z2dFaU1BMEdDU3FHU0liM0RRRUJBUVVBQTRJQkR3QXdnZ0VLCkFvSUJBUUMvQnRjdm5QZmxhblo0bExOOU9sMk5Hc3I2TCtpeHNJZ2swS2J0d0pLQmlpQnF2QUpoOG5tYlhnanYKeTZmdHkyWDJXV1JVVzJyYUZJWkF3ejNZbUJTNE9XVERRMS9GWWE3WnlHYXdQTFEzZ29ucjVFVElzR3J2ckdzTApuUFNUQ2FhZHJ5aWFUbE1GWXZVZUJuRTk1MzEwSjVjYnJ2V01TZHAzcSt0L3RuM3hpMXpHQ1R3VTFaYzRQdVltClYyU0wwOVRsaXJZOFc1bit0OHpQUVd5UWhXcEZqc093bllkd3o3YTQ5dHpGYXgwb2k3Y3VMcktUYnhiNzlMYXQKSi9VUHpqMFBqMUsvcFFlMjRSNkFVMzU0Ynh3OS9CcWI0UVk1M1N1bHpGUlJ5c1ByOTB0SVgwRVpRR0NMZnhZeApzQ2psak9OWUVQVkNXbExtRWNkdG5KZFJXSHIzQWdNQkFBR2pXVEJYTUE0R0ExVWREd0VCL3dRRUF3SUNwREFQCkJnTlZIUk1CQWY4RUJUQURBUUgvTUIwR0ExVWREZ1FXQkJTdXhpNnZGb0hCZHB4bkZXcStac0dDV1hIQWVqQVYKQmdOVkhSRUVEakFNZ2dwcmRXSmxjbTVsZEdWek1BMEdDU3FHU0liM0RRRUJDd1VBQTRJQkFRQWF3enRNb3V2YwpZRzJDT1FBcXM3SVRIQ1FkUEpLeHJKdisxTVBFSGlFZHJ4L2Q1bElRUG9uMFVYRDQ1WmtlNUtsOHh4TTMya1NICmFTYlU0NStoWU5kUlVyMzAwdEhKTWVGN2wvQ2tvQjNsSFk2UHI0TkVZeGxDdTBCSTdXSWdKUzd0UW9VNDZMTmwKNWwrU2ZNanVkc1gvOXh4NkFxbkk4L29DUXZzc3g0Rk5FRXdhZjJUVmFHZjVYZnAzdGF5MWVoZURqTk1pZ1NMVApCN05SUlF0RmdSV0Z6eXdFeGZKUkRrVE5YakVoU2xqVy9EM1NveFBocm1LMU1CcDl6cjJBTEo3Nkd0bWc5VzYxCllWUTFMMldTVW5KZEdmU1pST0Q2QkgrVXpjRUpMNFphNThUSW1SRGdYM1FkM2dHMW44Z2JiOHAyS3BPRWkxVlcKM0pRQzY0V09oMVR2Ci0tLS0tRU5EIENFUlRJRklDQVRFLS0tLS0K"
              }
            ],
            "cluster_id": null,
            "compute_config": [],
            "created_at": "2025-10-30T22:42:54Z",
            "deletion_protection": false,
            "enabled_cluster_log_types": [],
            "encryption_config": [
              {
                "provider": [
                  {
                    "key_arn": "arn:aws:kms:us-east-1:026272668614:key/c4cc49d7-7671-4deb-9d11-08bddd3dd27d"
                  }
                ],
                "resources": [
                  "secrets"
                ]
              }
            ],
            "endpoint": "https://D650E768A94C0A6AE3C5DA7C3CDA356C.gr7.us-east-1.eks.amazonaws.com",
            "force_update_version": null,
            "id": "bazaar-cluster",
            "identity": [
              {
                "oidc": [
                  {
                    "issuer": "https://oidc.eks.us-east-1.amazonaws.com/id/D650E768A94C0A6AE3C5DA7C3CDA356C"
                  }
                ]
              }
            ],
            "kubernetes_network_config": [
              {
                "elastic_load_balancing": [
                  {
                    "enabled": false
                  }
                ],
                "ip_family": "ipv4",
                "service_ipv4_cidr": "172.20.0.0/16",
                "service_ipv6_cidr": ""
              }
            ],
            "name": "bazaar-cluster",
            "outpost_config": [],
            "platform_version": "eks.20",
            "region": "us-east-1",
            "remote_network_config": [],
            "role_arn": "arn:aws:iam::026272668614:role/bazaar-eks-cluster-role",
            "status": "ACTIVE",
            "storage_config": [],
            "tags": {},
            "tags_all": {},
            "timeouts": null,
            "upgrade_policy": [
              {
                "support_type": "EXTENDED"
              }
            ],
            "version": "1.29",
            "vpc_config": [
              {
                "cluster_security_group_id": "sg-07d140f469b2561f9",
                "endpoint_private_access": true,
                "endpoint_public_access": false,
                "public_access_cidrs": [],
                "security_group_ids": [
                  "sg-011c50a754582f8fc",
                  "sg-0da021eca43ea7f74"
                ],
                "subnet_ids": [
                  "subnet-01d94147199d3f3ef",
                  "subnet-03fbbf0cec00c932a",
                  "subnet-0639c725354835c0c",
                  "subnet-0969f7e480b2ebeb8"
                ],
                "vpc_id": "vpc-0b3515a8127cd811d"
              }
            ],
            "zonal_shift_config": []
          },
          "sensitive_attributes": [],
          "identity_schema_version": 0,
          "private": "eyJlMmJmYjczMC1lY2FhLTExZTYtOGY4OC0zNDM2M2JjN2M0YzAiOnsiY3JlYXRlIjoxODAwMDAwMDAwMDAwLCJkZWxldGUiOjkwMDAwMDAwMDAwMCwidXBkYXRlIjozNjAwMDAwMDAwMDAwfSwic2NoZW1hX3ZlcnNpb24iOiIxIn0=",
          "dependencies": [
            "aws_iam_role.eks_cluster_role",
            "aws_iam_role_policy_attachment.eks_cluster_policy",
            "aws_kms_key.eks_secrets_key",
            "aws_security_group.eks_cluster_sg",
            "aws_security_group.eks_node_sg",
            "aws_subnet.cde_private_a",
            "aws_subnet.cde_private_b",
            "aws_subnet.private_a",
            "aws_subnet.private_b",
            "aws_vpc.bazaar_vpc"
          ]
        }
      ]
    },
    {
      "mode": "managed",
      "type": "aws_elasticache_subnet_group",
      "name": "redis_subnet_group",
      "provider": "provider[\"registry.terraform.io/hashicorp/aws\"]",
      "instances": [
        {
          "schema_version": 0,
          "attributes": {
            "arn": "arn:aws:elasticache:us-east-1:026272668614:subnetgroup:bazaar-redis-subnet-group",
            "description": "Managed by Terraform",
            "id": "bazaar-redis-subnet-group",
            "name": "bazaar-redis-subnet-group",
            "region": "us-east-1",
            "subnet_ids": [
              "subnet-01d94147199d3f3ef",
              "subnet-0639c725354835c0c"
            ],
            "tags": null,
            "tags_all": {},
            "vpc_id": "vpc-0b3515a8127cd811d"
          },
          "sensitive_attributes": [],
          "identity_schema_version": 0,
          "private": "bnVsbA==",
          "dependencies": [
            "aws_subnet.private_a",
            "aws_subnet.private_b",
            "aws_vpc.bazaar_vpc"
          ]
        }
      ]
    },
    {
      "mode": "managed",
      "type": "aws_iam_role",
      "name": "eks_cluster_role",
      "provider": "provider[\"registry.terraform.io/hashicorp/aws\"]",
      "instances": [
        {
          "schema_version": 0,
          "attributes": {
            "arn": "arn:aws:iam::026272668614:role/bazaar-eks-cluster-role",
            "assume_role_policy": "{\"Statement\":[{\"Action\":\"sts:AssumeRole\",\"Effect\":\"Allow\",\"Principal\":{\"Service\":\"eks.amazonaws.com\"}}],\"Version\":\"2012-10-17\"}",
            "create_date": "2025-10-30T22:42:36Z",
            "description": "",
            "force_detach_policies": false,
            "id": "bazaar-eks-cluster-role",
            "inline_policy": [],
            "managed_policy_arns": [
              "arn:aws:iam::aws:policy/AmazonEKSClusterPolicy"
            ],
            "max_session_duration": 3600,
            "name": "bazaar-eks-cluster-role",
            "name_prefix": "",
            "path": "/",
            "permissions_boundary": "",
            "tags": {},
            "tags_all": {},
            "unique_id": "AROAQMHPZDPDG5IJTKYFI"
          },
          "sensitive_attributes": [],
          "identity_schema_version": 0,
          "identity": {
            "account_id": "026272668614",
            "name": "bazaar-eks-cluster-role"
          },
          "private": "bnVsbA=="
        }
      ]
    },
    {
      "mode": "managed",
      "type": "aws_iam_role",
      "name": "eks_node_role",
      "provider": "provider[\"registry.terraform.io/hashicorp/aws\"]",
      "instances": [
        {
          "schema_version": 0,
          "attributes": {
            "arn": "arn:aws:iam::026272668614:role/bazaar-eks-node-role",
            "assume_role_policy": "{\"Statement\":[{\"Action\":\"sts:AssumeRole\",\"Effect\":\"Allow\",\"Principal\":{\"Service\":\"ec2.amazonaws.com\"}}],\"Version\":\"2012-10-17\"}",
            "create_date": "2025-10-30T22:42:36Z",
            "description": "",
            "force_detach_policies": false,
            "id": "bazaar-eks-node-role",
            "inline_policy": [],
            "managed_policy_arns": [
              "arn:aws:iam::aws:policy/AmazonEC2ContainerRegistryReadOnly",
              "arn:aws:iam::aws:policy/AmazonEKSWorkerNodePolicy",
              "arn:aws:iam::aws:policy/AmazonEKS_CNI_Policy"
            ],
            "max_session_duration": 3600,
            "name": "bazaar-eks-node-role",
            "name_prefix": "",
            "path": "/",
            "permissions_boundary": "",
            "tags": {},
            "tags_all": {},
            "unique_id": "AROAQMHPZDPDN2GENKVEY"
          },
          "sensitive_attributes": [],
          "identity_schema_version": 0,
          "identity": {
            "account_id": "026272668614",
            "name": "bazaar-eks-node-role"
          },
          "private": "bnVsbA=="
        }
      ]
    },
    {
      "mode": "managed",
      "type": "aws_iam_role_policy_attachment",
      "name": "eks_cluster_policy",
      "provider": "provider[\"registry.terraform.io/hashicorp/aws\"]",
      "instances": [
        {
          "schema_version": 0,
          "attributes": {
            "id": "bazaar-eks-cluster-role-20251030224236041400000004",
            "policy_arn": "arn:aws:iam::aws:policy/AmazonEKSClusterPolicy",
            "role": "bazaar-eks-cluster-role"
          },
          "sensitive_attributes": [],
          "identity_schema_version": 0,
          "identity": {
            "account_id": "026272668614",
            "policy_arn": "arn:aws:iam::aws:policy/AmazonEKSClusterPolicy",
            "role": "bazaar-eks-cluster-role"
          },
          "private": "bnVsbA==",
          "dependencies": [
            "aws_iam_role.eks_cluster_role"
          ]
        }
      ]
    },
    {
      "mode": "managed",
      "type": "aws_iam_role_policy_attachment",
      "name": "eks_node_policy_1",
      "provider": "provider[\"registry.terraform.io/hashicorp/aws\"]",
      "instances": [
        {
          "schema_version": 0,
          "attributes": {
            "id": "bazaar-eks-node-role-20251030224235913400000002",
            "policy_arn": "arn:aws:iam::aws:policy/AmazonEKSWorkerNodePolicy",
            "role": "bazaar-eks-node-role"
          },
          "sensitive_attributes": [],
          "identity_schema_version": 0,
          "identity": {
            "account_id": "026272668614",
            "policy_arn": "arn:aws:iam::aws:policy/AmazonEKSWorkerNodePolicy",
            "role": "bazaar-eks-node-role"
          },
          "private": "bnVsbA==",
          "dependencies": [
            "aws_iam_role.eks_node_role"
          ]
        }
      ]
    },
    {
      "mode": "managed",
      "type": "aws_iam_role_policy_attachment",
      "name": "eks_node_policy_2",
      "provider": "provider[\"registry.terraform.io/hashicorp/aws\"]",
      "instances": [
        {
          "schema_version": 0,
          "attributes": {
            "id": "bazaar-eks-node-role-20251030224236029800000003",
            "policy_arn": "arn:aws:iam::aws:policy/AmazonEC2ContainerRegistryReadOnly",
            "role": "bazaar-eks-node-role"
          },
          "sensitive_attributes": [],
          "identity_schema_version": 0,
          "identity": {
            "account_id": "026272668614",
            "policy_arn": "arn:aws:iam::aws:policy/AmazonEC2ContainerRegistryReadOnly",
            "role": "bazaar-eks-node-role"
          },
          "private": "bnVsbA==",
          "dependencies": [
            "aws_iam_role.eks_node_role"
          ]
        }
      ]
    },
    {
      "mode": "managed",
      "type": "aws_iam_role_policy_attachment",
      "name": "eks_node_policy_3",
      "provider": "provider[\"registry.terraform.io/hashicorp/aws\"]",
      "instances": [
        {
          "schema_version": 0,
          "attributes": {
            "id": "bazaar-eks-node-role-20251030224235904400000001",
            "policy_arn": "arn:aws:iam::aws:policy/AmazonEKS_CNI_Policy",
            "role": "bazaar-eks-node-role"
          },
          "sensitive_attributes": [],
          "identity_schema_version": 0,
          "identity": {
            "account_id": "026272668614",
            "policy_arn": "arn:aws:iam::aws:policy/AmazonEKS_CNI_Policy",
            "role": "bazaar-eks-node-role"
          },
          "private": "bnVsbA==",
          "dependencies": [
            "aws_iam_role.eks_node_role"
          ]
        }
      ]
    },
    {
      "mode": "managed",
      "type": "aws_internet_gateway",
      "name": "bazaar_igw",
      "provider": "provider[\"registry.terraform.io/hashicorp/aws\"]",
      "instances": [
        {
          "schema_version": 0,
          "attributes": {
            "arn": "arn:aws:ec2:us-east-1:026272668614:internet-gateway/igw-00535f1dcfdd32c97",
            "id": "igw-00535f1dcfdd32c97",
            "owner_id": "026272668614",
            "region": "us-east-1",
            "tags": {
              "Name": "bazaar-igw"
            },
            "tags_all": {
              "Name": "bazaar-igw"
            },
            "timeouts": null,
            "vpc_id": "vpc-0b3515a8127cd811d"
          },
          "sensitive_attributes": [],
          "identity_schema_version": 0,
          "private": "eyJlMmJmYjczMC1lY2FhLTExZTYtOGY4OC0zNDM2M2JjN2M0YzAiOnsiY3JlYXRlIjoxMjAwMDAwMDAwMDAwLCJkZWxldGUiOjEyMDAwMDAwMDAwMDAsInVwZGF0ZSI6MTIwMDAwMDAwMDAwMH19",
          "dependencies": [
            "aws_vpc.bazaar_vpc"
          ]
        }
      ]
    },
    {
      "mode": "managed",
      "type": "aws_kms_key",
      "name": "eks_secrets_key",
      "provider": "provider[\"registry.terraform.io/hashicorp/aws\"]",
      "instances": [
        {
          "schema_version": 0,
          "attributes": {
            "arn": "arn:aws:kms:us-east-1:026272668614:key/c4cc49d7-7671-4deb-9d11-08bddd3dd27d",
            "bypass_policy_lockout_safety_check": false,
            "custom_key_store_id": "",
            "customer_master_key_spec": "SYMMETRIC_DEFAULT",
            "deletion_window_in_days": 7,
            "description": "KMS key for encrypting EKS secrets",
            "enable_key_rotation": true,
            "id": "c4cc49d7-7671-4deb-9d11-08bddd3dd27d",
            "is_enabled": true,
            "key_id": "c4cc49d7-7671-4deb-9d11-08bddd3dd27d",
            "key_usage": "ENCRYPT_DECRYPT",
            "multi_region": false,
            "policy": "{\"Id\":\"key-default-1\",\"Statement\":[{\"Action\":\"kms:*\",\"Effect\":\"Allow\",\"Principal\":{\"AWS\":\"arn:aws:iam::026272668614:root\"},\"Resource\":\"*\",\"Sid\":\"Enable IAM User Permissions\"}],\"Version\":\"2012-10-17\"}",
            "region": "us-east-1",
            "rotation_period_in_days": 365,
            "tags": {},
            "tags_all": {},
            "timeouts": null,
            "xks_key_id": ""
          },
          "sensitive_attributes": [],
          "identity_schema_version": 0,
          "identity": {
            "account_id": "026272668614",
            "id": "c4cc49d7-7671-4deb-9d11-08bddd3dd27d",
            "region": "us-east-1"
          },
          "private": "eyJlMmJmYjczMC1lY2FhLTExZTYtOGY4OC0zNDM2M2JjN2M0YzAiOnsiY3JlYXRlIjoxMjAwMDAwMDAwMDB9fQ=="
        }
      ]
    },
    {
      "mode": "managed",
      "type": "aws_nat_gateway",
      "name": "bazaar_nat_gw_a",
      "provider": "provider[\"registry.terraform.io/hashicorp/aws\"]",
      "instances": [
        {
          "schema_version": 0,
          "attributes": {
            "allocation_id": "eipalloc-06ae1b907f3fae7f7",
            "association_id": "eipassoc-05b386542b628d01f",
            "connectivity_type": "public",
            "id": "nat-00d038be6c8772211",
            "network_interface_id": "eni-0d61eb977724fd36e",
            "private_ip": "10.0.1.81",
            "public_ip": "54.84.202.197",
            "region": "us-east-1",
            "secondary_allocation_ids": [],
            "secondary_private_ip_address_count": 0,
            "secondary_private_ip_addresses": [],
            "subnet_id": "subnet-07d5df6a0eb23bd00",
            "tags": {
              "Name": "bazaar-nat-gw-a"
            },
            "tags_all": {
              "Name": "bazaar-nat-gw-a"
            },
            "timeouts": null
          },
          "sensitive_attributes": [],
          "identity_schema_version": 0,
          "private": "eyJlMmJmYjczMC1lY2FhLTExZTYtOGY4OC0zNDM2M2JjN2M0YzAiOnsiY3JlYXRlIjo2MDAwMDAwMDAwMDAsImRlbGV0ZSI6MTgwMDAwMDAwMDAwMCwidXBkYXRlIjo2MDAwMDAwMDAwMDB9fQ==",
          "dependencies": [
            "aws_eip.nat_eip_a",
            "aws_internet_gateway.bazaar_igw",
            "aws_subnet.public_a",
            "aws_vpc.bazaar_vpc"
          ]
        }
      ]
    },
    {
      "mode": "managed",
      "type": "aws_nat_gateway",
      "name": "bazaar_nat_gw_b",
      "provider": "provider[\"registry.terraform.io/hashicorp/aws\"]",
      "instances": [
        {
          "schema_version": 0,
          "attributes": {
            "allocation_id": "eipalloc-044a9537907f11025",
            "association_id": "eipassoc-0ba2d4d6a852e2f8b",
            "connectivity_type": "public",
            "id": "nat-0dbd8f401760f340e",
            "network_interface_id": "eni-0bb175513f6f85240",
            "private_ip": "10.0.2.165",
            "public_ip": "98.90.51.199",
            "region": "us-east-1",
            "secondary_allocation_ids": [],
            "secondary_private_ip_address_count": 0,
            "secondary_private_ip_addresses": [],
            "subnet_id": "subnet-0182b005ffe9716f2",
            "tags": {
              "Name": "bazaar-nat-gw-b"
            },
            "tags_all": {
              "Name": "bazaar-nat-gw-b"
            },
            "timeouts": null
          },
          "sensitive_attributes": [],
          "identity_schema_version": 0,
          "private": "eyJlMmJmYjczMC1lY2FhLTExZTYtOGY4OC0zNDM2M2JjN2M0YzAiOnsiY3JlYXRlIjo2MDAwMDAwMDAwMDAsImRlbGV0ZSI6MTgwMDAwMDAwMDAwMCwidXBkYXRlIjo2MDAwMDAwMDAwMDB9fQ==",
          "dependencies": [
            "aws_eip.nat_eip_b",
            "aws_internet_gateway.bazaar_igw",
            "aws_subnet.public_b",
            "aws_vpc.bazaar_vpc"
          ]
        }
      ]
    },
    {
      "mode": "managed",
      "type": "aws_route_table",
      "name": "private_rt_a",
      "provider": "provider[\"registry.terraform.io/hashicorp/aws\"]",
      "instances": [
        {
          "schema_version": 0,
          "attributes": {
            "arn": "arn:aws:ec2:us-east-1:026272668614:route-table/rtb-04b08cec614c25c49",
            "id": "rtb-04b08cec614c25c49",
            "owner_id": "026272668614",
            "propagating_vgws": [],
            "region": "us-east-1",
            "route": [
              {
                "carrier_gateway_id": "",
                "cidr_block": "0.0.0.0/0",
                "core_network_arn": "",
                "destination_prefix_list_id": "",
                "egress_only_gateway_id": "",
                "gateway_id": "",
                "ipv6_cidr_block": "",
                "local_gateway_id": "",
                "nat_gateway_id": "nat-00d038be6c8772211",
                "network_interface_id": "",
                "transit_gateway_id": "",
                "vpc_endpoint_id": "",
                "vpc_peering_connection_id": ""
              }
            ],
            "tags": {
              "Name": "bazaar-private-rt-a"
            },
            "tags_all": {
              "Name": "bazaar-private-rt-a"
            },
            "timeouts": null,
            "vpc_id": "vpc-0b3515a8127cd811d"
          },
          "sensitive_attributes": [],
          "identity_schema_version": 0,
          "identity": {
            "account_id": "026272668614",
            "id": "rtb-04b08cec614c25c49",
            "region": "us-east-1"
          },
          "private": "eyJlMmJmYjczMC1lY2FhLTExZTYtOGY4OC0zNDM2M2JjN2M0YzAiOnsiY3JlYXRlIjozMDAwMDAwMDAwMDAsImRlbGV0ZSI6MzAwMDAwMDAwMDAwLCJ1cGRhdGUiOjEyMDAwMDAwMDAwMH19",
          "dependencies": [
            "aws_eip.nat_eip_a",
            "aws_internet_gateway.bazaar_igw",
            "aws_nat_gateway.bazaar_nat_gw_a",
            "aws_subnet.public_a",
            "aws_vpc.bazaar_vpc"
          ]
        }
      ]
    },
    {
      "mode": "managed",
      "type": "aws_route_table",
      "name": "private_rt_b",
      "provider": "provider[\"registry.terraform.io/hashicorp/aws\"]",
      "instances": [
        {
          "schema_version": 0,
          "attributes": {
            "arn": "arn:aws:ec2:us-east-1:026272668614:route-table/rtb-0d33563735c1fc659",
            "id": "rtb-0d33563735c1fc659",
            "owner_id": "026272668614",
            "propagating_vgws": [],
            "region": "us-east-1",
            "route": [
              {
                "carrier_gateway_id": "",
                "cidr_block": "0.0.0.0/0",
                "core_network_arn": "",
                "destination_prefix_list_id": "",
                "egress_only_gateway_id": "",
                "gateway_id": "",
                "ipv6_cidr_block": "",
                "local_gateway_id": "",
                "nat_gateway_id": "nat-0dbd8f401760f340e",
                "network_interface_id": "",
                "transit_gateway_id": "",
                "vpc_endpoint_id": "",
                "vpc_peering_connection_id": ""
              }
            ],
            "tags": {
              "Name": "bazaar-private-rt-b"
            },
            "tags_all": {
              "Name": "bazaar-private-rt-b"
            },
            "timeouts": null,
            "vpc_id": "vpc-0b3515a8127cd811d"
          },
          "sensitive_attributes": [],
          "identity_schema_version": 0,
          "identity": {
            "account_id": "026272668614",
            "id": "rtb-0d33563735c1fc659",
            "region": "us-east-1"
          },
          "private": "eyJlMmJmYjczMC1lY2FhLTExZTYtOGY4OC0zNDM2M2JjN2M0YzAiOnsiY3JlYXRlIjozMDAwMDAwMDAwMDAsImRlbGV0ZSI6MzAwMDAwMDAwMDAwLCJ1cGRhdGUiOjEyMDAwMDAwMDAwMH19",
          "dependencies": [
            "aws_eip.nat_eip_b",
            "aws_internet_gateway.bazaar_igw",
            "aws_nat_gateway.bazaar_nat_gw_b",
            "aws_subnet.public_b",
            "aws_vpc.bazaar_vpc"
          ]
        }
      ]
    },
    {
      "mode": "managed",
      "type": "aws_route_table",
      "name": "public_rt",
      "provider": "provider[\"registry.terraform.io/hashicorp/aws\"]",
      "instances": [
        {
          "schema_version": 0,
          "attributes": {
            "arn": "arn:aws:ec2:us-east-1:026272668614:route-table/rtb-0004309d83c0d53cb",
            "id": "rtb-0004309d83c0d53cb",
            "owner_id": "026272668614",
            "propagating_vgws": [],
            "region": "us-east-1",
            "route": [
              {
                "carrier_gateway_id": "",
                "cidr_block": "0.0.0.0/0",
                "core_network_arn": "",
                "destination_prefix_list_id": "",
                "egress_only_gateway_id": "",
                "gateway_id": "igw-00535f1dcfdd32c97",
                "ipv6_cidr_block": "",
                "local_gateway_id": "",
                "nat_gateway_id": "",
                "network_interface_id": "",
                "transit_gateway_id": "",
                "vpc_endpoint_id": "",
                "vpc_peering_connection_id": ""
              }
            ],
            "tags": {
              "Name": "bazaar-public-rt"
            },
            "tags_all": {
              "Name": "bazaar-public-rt"
            },
            "timeouts": null,
            "vpc_id": "vpc-0b3515a8127cd811d"
          },
          "sensitive_attributes": [],
          "identity_schema_version": 0,
          "identity": {
            "account_id": "026272668614",
            "id": "rtb-0004309d83c0d53cb",
            "region": "us-east-1"
          },
          "private": "eyJlMmJmYjczMC1lY2FhLTExZTYtOGY4OC0zNDM2M2JjN2M0YzAiOnsiY3JlYXRlIjozMDAwMDAwMDAwMDAsImRlbGV0ZSI6MzAwMDAwMDAwMDAwLCJ1cGRhdGUiOjEyMDAwMDAwMDAwMH19",
          "dependencies": [
            "aws_internet_gateway.bazaar_igw",
            "aws_vpc.bazaar_vpc"
          ]
        }
      ]
    },
    {
      "mode": "managed",
      "type": "aws_route_table_association",
      "name": "cde_private_a",
      "provider": "provider[\"registry.terraform.io/hashicorp/aws\"]",
      "instances": [
        {
          "schema_version": 0,
          "attributes": {
            "gateway_id": "",
            "id": "rtbassoc-0548e394c36e450bf",
            "region": "us-east-1",
            "route_table_id": "rtb-04b08cec614c25c49",
            "subnet_id": "subnet-0969f7e480b2ebeb8",
            "timeouts": null
          },
          "sensitive_attributes": [],
          "identity_schema_version": 0,
          "private": "eyJlMmJmYjczMC1lY2FhLTExZTYtOGY4OC0zNDM2M2JjN2M0YzAiOnsiY3JlYXRlIjozMDAwMDAwMDAwMDAsImRlbGV0ZSI6MzAwMDAwMDAwMDAwLCJ1cGRhdGUiOjEyMDAwMDAwMDAwMH19",
          "dependencies": [
            "aws_eip.nat_eip_a",
            "aws_internet_gateway.bazaar_igw",
            "aws_nat_gateway.bazaar_nat_gw_a",
            "aws_route_table.private_rt_a",
            "aws_subnet.cde_private_a",
            "aws_subnet.public_a",
            "aws_vpc.bazaar_vpc"
          ]
        }
      ]
    },
    {
      "mode": "managed",
      "type": "aws_route_table_association",
      "name": "cde_private_b",
      "provider": "provider[\"registry.terraform.io/hashicorp/aws\"]",
      "instances": [
        {
          "schema_version": 0,
          "attributes": {
            "gateway_id": "",
            "id": "rtbassoc-04a7eef8ae164927b",
            "region": "us-east-1",
            "route_table_id": "rtb-0d33563735c1fc659",
            "subnet_id": "subnet-03fbbf0cec00c932a",
            "timeouts": null
          },
          "sensitive_attributes": [],
          "identity_schema_version": 0,
          "private": "eyJlMmJmYjczMC1lY2FhLTExZTYtOGY4OC0zNDM2M2JjN2M0YzAiOnsiY3JlYXRlIjozMDAwMDAwMDAwMDAsImRlbGV0ZSI6MzAwMDAwMDAwMDAwLCJ1cGRhdGUiOjEyMDAwMDAwMDAwMH19",
          "dependencies": [
            "aws_eip.nat_eip_b",
            "aws_internet_gateway.bazaar_igw",
            "aws_nat_gateway.bazaar_nat_gw_b",
            "aws_route_table.private_rt_b",
            "aws_subnet.cde_private_b",
            "aws_subnet.public_b",
            "aws_vpc.bazaar_vpc"
          ]
        }
      ]
    },
    {
      "mode": "managed",
      "type": "aws_route_table_association",
      "name": "private_a",
      "provider": "provider[\"registry.terraform.io/hashicorp/aws\"]",
      "instances": [
        {
          "schema_version": 0,
          "attributes": {
            "gateway_id": "",
            "id": "rtbassoc-0754691126ccfa534",
            "region": "us-east-1",
            "route_table_id": "rtb-04b08cec614c25c49",
            "subnet_id": "subnet-01d94147199d3f3ef",
            "timeouts": null
          },
          "sensitive_attributes": [],
          "identity_schema_version": 0,
          "private": "eyJlMmJmYjczMC1lY2FhLTExZTYtOGY4OC0zNDM2M2JjN2M0YzAiOnsiY3JlYXRlIjozMDAwMDAwMDAwMDAsImRlbGV0ZSI6MzAwMDAwMDAwMDAwLCJ1cGRhdGUiOjEyMDAwMDAwMDAwMH19",
          "dependencies": [
            "aws_eip.nat_eip_a",
            "aws_internet_gateway.bazaar_igw",
            "aws_nat_gateway.bazaar_nat_gw_a",
            "aws_route_table.private_rt_a",
            "aws_subnet.private_a",
            "aws_subnet.public_a",
            "aws_vpc.bazaar_vpc"
          ]
        }
      ]
    },
    {
      "mode": "managed",
      "type": "aws_route_table_association",
      "name": "private_b",
      "provider": "provider[\"registry.terraform.io/hashicorp/aws\"]",
      "instances": [
        {
          "schema_version": 0,
          "attributes": {
            "gateway_id": "",
            "id": "rtbassoc-0227a75ad65744a65",
            "region": "us-east-1",
            "route_table_id": "rtb-0d33563735c1fc659",
            "subnet_id": "subnet-0639c725354835c0c",
            "timeouts": null
          },
          "sensitive_attributes": [],
          "identity_schema_version": 0,
          "private": "eyJlMmJmYjczMC1lY2FhLTExZTYtOGY4OC0zNDM2M2JjN2M0YzAiOnsiY3JlYXRlIjozMDAwMDAwMDAwMDAsImRlbGV0ZSI6MzAwMDAwMDAwMDAwLCJ1cGRhdGUiOjEyMDAwMDAwMDAwMH19",
          "dependencies": [
            "aws_eip.nat_eip_b",
            "aws_internet_gateway.bazaar_igw",
            "aws_nat_gateway.bazaar_nat_gw_b",
            "aws_route_table.private_rt_b",
            "aws_subnet.private_b",
            "aws_subnet.public_b",
            "aws_vpc.bazaar_vpc"
          ]
        }
      ]
    },
    {
      "mode": "managed",
      "type": "aws_route_table_association",
      "name": "public_a",
      "provider": "provider[\"registry.terraform.io/hashicorp/aws\"]",
      "instances": [
        {
          "schema_version": 0,
          "attributes": {
            "gateway_id": "",
            "id": "rtbassoc-0778c802001484bee",
            "region": "us-east-1",
            "route_table_id": "rtb-0004309d83c0d53cb",
            "subnet_id": "subnet-07d5df6a0eb23bd00",
            "timeouts": null
          },
          "sensitive_attributes": [],
          "identity_schema_version": 0,
          "private": "eyJlMmJmYjczMC1lY2FhLTExZTYtOGY4OC0zNDM2M2JjN2M0YzAiOnsiY3JlYXRlIjozMDAwMDAwMDAwMDAsImRlbGV0ZSI6MzAwMDAwMDAwMDAwLCJ1cGRhdGUiOjEyMDAwMDAwMDAwMH19",
          "dependencies": [
            "aws_internet_gateway.bazaar_igw",
            "aws_route_table.public_rt",
            "aws_subnet.public_a",
            "aws_vpc.bazaar_vpc"
          ]
        }
      ]
    },
    {
      "mode": "managed",
      "type": "aws_route_table_association",
      "name": "public_b",
      "provider": "provider[\"registry.terraform.io/hashicorp/aws\"]",
      "instances": [
        {
          "schema_version": 0,
          "attributes": {
            "gateway_id": "",
            "id": "rtbassoc-05bc1cc30fdc5e1d6",
            "region": "us-east-1",
            "route_table_id": "rtb-0004309d83c0d53cb",
            "subnet_id": "subnet-0182b005ffe9716f2",
            "timeouts": null
          },
          "sensitive_attributes": [],
          "identity_schema_version": 0,
          "private": "eyJlMmJmYjczMC1lY2FhLTExZTYtOGY4OC0zNDM2M2JjN2M0YzAiOnsiY3JlYXRlIjozMDAwMDAwMDAwMDAsImRlbGV0ZSI6MzAwMDAwMDAwMDAwLCJ1cGRhdGUiOjEyMDAwMDAwMDAwMH19",
          "dependencies": [
            "aws_internet_gateway.bazaar_igw",
            "aws_route_table.public_rt",
            "aws_subnet.public_b",
            "aws_vpc.bazaar_vpc"
          ]
        }
      ]
    },
    {
      "mode": "managed",
      "type": "aws_security_group",
      "name": "eks_cluster_sg",
      "provider": "provider[\"registry.terraform.io/hashicorp/aws\"]",
      "instances": [
        {
          "schema_version": 1,
          "attributes": {
            "arn": "arn:aws:ec2:us-east-1:026272668614:security-group/sg-0da021eca43ea7f74",
            "description": "Managed by Terraform",
            "egress": [
              {
                "cidr_blocks": [
                  "0.0.0.0/0"
                ],
                "description": "",
                "from_port": 0,
                "ipv6_cidr_blocks": [],
                "prefix_list_ids": [],
                "protocol": "-1",
                "security_groups": [],
                "self": false,
                "to_port": 0
              }
            ],
            "id": "sg-0da021eca43ea7f74",
            "ingress": [
              {
                "cidr_blocks": [],
                "description": "Allow cluster to cluster",
                "from_port": 0,
                "ipv6_cidr_blocks": [],
                "prefix_list_ids": [],
                "protocol": "-1",
                "security_groups": [],
                "self": true,
                "to_port": 0
              }
            ],
            "name": "bazaar-eks-cluster-sg",
            "name_prefix": "",
            "owner_id": "026272668614",
            "region": "us-east-1",
            "revoke_rules_on_delete": false,
            "tags": {
              "Name": "bazaar-eks-cluster-sg"
            },
            "tags_all": {
              "Name": "bazaar-eks-cluster-sg"
            },
            "timeouts": null,
            "vpc_id": "vpc-0b3515a8127cd811d"
          },
          "sensitive_attributes": [],
          "identity_schema_version": 0,
          "identity": {
            "account_id": "026272668614",
            "id": "sg-0da021eca43ea7f74",
            "region": "us-east-1"
          },
          "private": "eyJlMmJmYjczMC1lY2FhLTExZTYtOGY4OC0zNDM2M2JjN2M0YzAiOnsiY3JlYXRlIjo2MDAwMDAwMDAwMDAsImRlbGV0ZSI6OTAwMDAwMDAwMDAwfSwic2NoZW1hX3ZlcnNpb24iOiIxIn0=",
          "dependencies": [
            "aws_vpc.bazaar_vpc"
          ]
        }
      ]
    },
    {
      "mode": "managed",
      "type": "aws_security_group",
      "name": "eks_node_sg",
      "provider": "provider[\"registry.terraform.io/hashicorp/aws\"]",
      "instances": [
        {
          "schema_version": 1,
          "attributes": {
            "arn": "arn:aws:ec2:us-east-1:026272668614:security-group/sg-011c50a754582f8fc",
            "description": "Managed by Terraform",
            "egress": [
              {
                "cidr_blocks": [
                  "0.0.0.0/0"
                ],
                "description": "",
                "from_port": 0,
                "ipv6_cidr_blocks": [],
                "prefix_list_ids": [],
                "protocol": "-1",
                "security_groups": [],
                "self": false,
                "to_port": 0
              }
            ],
            "id": "sg-011c50a754582f8fc",
            "ingress": [
              {
                "cidr_blocks": [],
                "description": "Allow cluster control plane to nodes",
                "from_port": 0,
                "ipv6_cidr_blocks": [],
                "prefix_list_ids": [],
                "protocol": "-1",
                "security_groups": [
                  "sg-0da021eca43ea7f74"
                ],
                "self": false,
                "to_port": 0
              },
              {
                "cidr_blocks": [],
                "description": "Allow node to node",
                "from_port": 0,
                "ipv6_cidr_blocks": [],
                "prefix_list_ids": [],
                "protocol": "-1",
                "security_groups": [],
                "self": true,
                "to_port": 0
              }
            ],
            "name": "bazaar-eks-node-sg",
            "name_prefix": "",
            "owner_id": "026272668614",
            "region": "us-east-1",
            "revoke_rules_on_delete": false,
            "tags": {
              "Name": "bazaar-eks-node-sg"
            },
            "tags_all": {
              "Name": "bazaar-eks-node-sg"
            },
            "timeouts": null,
            "vpc_id": "vpc-0b3515a8127cd811d"
          },
          "sensitive_attributes": [],
          "identity_schema_version": 0,
          "identity": {
            "account_id": "026272668614",
            "id": "sg-011c50a754582f8fc",
            "region": "us-east-1"
          },
          "private": "eyJlMmJmYjczMC1lY2FhLTExZTYtOGY4OC0zNDM2M2JjN2M0YzAiOnsiY3JlYXRlIjo2MDAwMDAwMDAwMDAsImRlbGV0ZSI6OTAwMDAwMDAwMDAwfSwic2NoZW1hX3ZlcnNpb24iOiIxIn0=",
          "dependencies": [
            "aws_security_group.eks_cluster_sg",
            "aws_vpc.bazaar_vpc"
          ]
        }
      ]
    },
    {
      "mode": "managed",
      "type": "aws_security_group",
      "name": "msk_sg",
      "provider": "provider[\"registry.terraform.io/hashicorp/aws\"]",
      "instances": [
        {
          "schema_version": 1,
          "attributes": {
            "arn": "arn:aws:ec2:us-east-1:026272668614:security-group/sg-0d35de76751ef5073",
            "description": "Allow internal traffic to MSK/Kafka",
            "egress": [
              {
                "cidr_blocks": [
                  "0.0.0.0/0"
                ],
                "description": "",
                "from_port": 0,
                "ipv6_cidr_blocks": [],
                "prefix_list_ids": [],
                "protocol": "-1",
                "security_groups": [],
                "self": false,
                "to_port": 0
              }
            ],
            "id": "sg-0d35de76751ef5073",
            "ingress": [
              {
                "cidr_blocks": [],
                "description": "",
                "from_port": 2181,
                "ipv6_cidr_blocks": [],
                "prefix_list_ids": [],
                "protocol": "tcp",
                "security_groups": [
                  "sg-011c50a754582f8fc"
                ],
                "self": false,
                "to_port": 2181
              },
              {
                "cidr_blocks": [],
                "description": "",
                "from_port": 9092,
                "ipv6_cidr_blocks": [],
                "prefix_list_ids": [],
                "protocol": "tcp",
                "security_groups": [
                  "sg-011c50a754582f8fc"
                ],
                "self": false,
                "to_port": 9092
              },
              {
                "cidr_blocks": [],
                "description": "",
                "from_port": 9094,
                "ipv6_cidr_blocks": [],
                "prefix_list_ids": [],
                "protocol": "tcp",
                "security_groups": [
                  "sg-011c50a754582f8fc"
                ],
                "self": false,
                "to_port": 9094
              },
              {
                "cidr_blocks": [],
                "description": "",
                "from_port": 9098,
                "ipv6_cidr_blocks": [],
                "prefix_list_ids": [],
                "protocol": "tcp",
                "security_groups": [
                  "sg-011c50a754582f8fc"
                ],
                "self": false,
                "to_port": 9098
              }
            ],
            "name": "bazaar-msk-sg",
            "name_prefix": "",
            "owner_id": "026272668614",
            "region": "us-east-1",
            "revoke_rules_on_delete": false,
            "tags": null,
            "tags_all": {},
            "timeouts": null,
            "vpc_id": "vpc-0b3515a8127cd811d"
          },
          "sensitive_attributes": [],
          "identity_schema_version": 0,
          "identity": {
            "account_id": "026272668614",
            "id": "sg-0d35de76751ef5073",
            "region": "us-east-1"
          },
          "private": "eyJlMmJmYjczMC1lY2FhLTExZTYtOGY4OC0zNDM2M2JjN2M0YzAiOnsiY3JlYXRlIjo2MDAwMDAwMDAwMDAsImRlbGV0ZSI6OTAwMDAwMDAwMDAwfSwic2NoZW1hX3ZlcnNpb24iOiIxIn0=",
          "dependencies": [
            "aws_security_group.eks_cluster_sg",
            "aws_security_group.eks_node_sg",
            "aws_vpc.bazaar_vpc"
          ]
        }
      ]
    },
    {
      "mode": "managed",
      "type": "aws_security_group",
      "name": "rds_sg",
      "provider": "provider[\"registry.terraform.io/hashicorp/aws\"]",
      "instances": [
        {
          "schema_version": 1,
          "attributes": {
            "arn": "arn:aws:ec2:us-east-1:026272668614:security-group/sg-0899c9c0dbc267605",
            "description": "Allow internal traffic to RDS",
            "egress": [
              {
                "cidr_blocks": [
                  "0.0.0.0/0"
                ],
                "description": "",
                "from_port": 0,
                "ipv6_cidr_blocks": [],
                "prefix_list_ids": [],
                "protocol": "-1",
                "security_groups": [],
                "self": false,
                "to_port": 0
              }
            ],
            "id": "sg-0899c9c0dbc267605",
            "ingress": [
              {
                "cidr_blocks": [],
                "description": "",
                "from_port": 5432,
                "ipv6_cidr_blocks": [],
                "prefix_list_ids": [],
                "protocol": "tcp",
                "security_groups": [
                  "sg-011c50a754582f8fc"
                ],
                "self": false,
                "to_port": 5432
              }
            ],
            "name": "bazaar-rds-sg",
            "name_prefix": "",
            "owner_id": "026272668614",
            "region": "us-east-1",
            "revoke_rules_on_delete": false,
            "tags": null,
            "tags_all": {},
            "timeouts": null,
            "vpc_id": "vpc-0b3515a8127cd811d"
          },
          "sensitive_attributes": [],
          "identity_schema_version": 0,
          "identity": {
            "account_id": "026272668614",
            "id": "sg-0899c9c0dbc267605",
            "region": "us-east-1"
          },
          "private": "eyJlMmJmYjczMC1lY2FhLTExZTYtOGY4OC0zNDM2M2JjN2M0YzAiOnsiY3JlYXRlIjo2MDAwMDAwMDAwMDAsImRlbGV0ZSI6OTAwMDAwMDAwMDAwfSwic2NoZW1hX3ZlcnNpb24iOiIxIn0=",
          "dependencies": [
            "aws_security_group.eks_cluster_sg",
            "aws_security_group.eks_node_sg",
            "aws_vpc.bazaar_vpc"
          ]
        }
      ]
    },
    {
      "mode": "managed",
      "type": "aws_security_group",
      "name": "redis_sg",
      "provider": "provider[\"registry.terraform.io/hashicorp/aws\"]",
      "instances": [
        {
          "schema_version": 1,
          "attributes": {
            "arn": "arn:aws:ec2:us-east-1:026272668614:security-group/sg-0aaf40690663d956b",
            "description": "Allow internal traffic to Redis",
            "egress": [
              {
                "cidr_blocks": [
                  "0.0.0.0/0"
                ],
                "description": "",
                "from_port": 0,
                "ipv6_cidr_blocks": [],
                "prefix_list_ids": [],
                "protocol": "-1",
                "security_groups": [],
                "self": false,
                "to_port": 0
              }
            ],
            "id": "sg-0aaf40690663d956b",
            "ingress": [
              {
                "cidr_blocks": [],
                "description": "",
                "from_port": 6379,
                "ipv6_cidr_blocks": [],
                "prefix_list_ids": [],
                "protocol": "tcp",
                "security_groups": [
                  "sg-011c50a754582f8fc"
                ],
                "self": false,
                "to_port": 6379
              }
            ],
            "name": "bazaar-redis-sg",
            "name_prefix": "",
            "owner_id": "026272668614",
            "region": "us-east-1",
            "revoke_rules_on_delete": false,
            "tags": null,
            "tags_all": {},
            "timeouts": null,
            "vpc_id": "vpc-0b3515a8127cd811d"
          },
          "sensitive_attributes": [],
          "identity_schema_version": 0,
          "identity": {
            "account_id": "026272668614",
            "id": "sg-0aaf40690663d956b",
            "region": "us-east-1"
          },
          "private": "eyJlMmJmYjczMC1lY2FhLTExZTYtOGY4OC0zNDM2M2JjN2M0YzAiOnsiY3JlYXRlIjo2MDAwMDAwMDAwMDAsImRlbGV0ZSI6OTAwMDAwMDAwMDAwfSwic2NoZW1hX3ZlcnNpb24iOiIxIn0=",
          "dependencies": [
            "aws_security_group.eks_cluster_sg",
            "aws_security_group.eks_node_sg",
            "aws_vpc.bazaar_vpc"
          ]
        }
      ]
    },
    {
      "mode": "managed",
      "type": "aws_subnet",
      "name": "cde_private_a",
      "provider": "provider[\"registry.terraform.io/hashicorp/aws\"]",
      "instances": [
        {
          "schema_version": 1,
          "attributes": {
            "arn": "arn:aws:ec2:us-east-1:026272668614:subnet/subnet-0969f7e480b2ebeb8",
            "assign_ipv6_address_on_creation": false,
            "availability_zone": "us-east-1a",
            "availability_zone_id": "use1-az1",
            "cidr_block": "10.0.20.0/24",
            "customer_owned_ipv4_pool": "",
            "enable_dns64": false,
            "enable_lni_at_device_index": 0,
            "enable_resource_name_dns_a_record_on_launch": false,
            "enable_resource_name_dns_aaaa_record_on_launch": false,
            "id": "subnet-0969f7e480b2ebeb8",
            "ipv6_cidr_block": "",
            "ipv6_cidr_block_association_id": "",
            "ipv6_native": false,
            "map_customer_owned_ip_on_launch": false,
            "map_public_ip_on_launch": false,
            "outpost_arn": "",
            "owner_id": "026272668614",
            "private_dns_hostname_type_on_launch": "ip-name",
            "region": "us-east-1",
            "tags": {
              "Name": "bazaar-cde-private-a"
            },
            "tags_all": {
              "Name": "bazaar-cde-private-a"
            },
            "timeouts": null,
            "vpc_id": "vpc-0b3515a8127cd811d"
          },
          "sensitive_attributes": [],
          "identity_schema_version": 0,
          "identity": {
            "account_id": "026272668614",
            "id": "subnet-0969f7e480b2ebeb8",
            "region": "us-east-1"
          },
          "private": "eyJlMmJmYjczMC1lY2FhLTExZTYtOGY4OC0zNDM2M2JjN2M0YzAiOnsiY3JlYXRlIjo2MDAwMDAwMDAwMDAsImRlbGV0ZSI6MTIwMDAwMDAwMDAwMH0sInNjaGVtYV92ZXJzaW9uIjoiMSJ9",
          "dependencies": [
            "aws_vpc.bazaar_vpc"
          ]
        }
      ]
    },
    {
      "mode": "managed",
      "type": "aws_subnet",
      "name": "cde_private_b",
      "provider": "provider[\"registry.terraform.io/hashicorp/aws\"]",
      "instances": [
        {
          "schema_version": 1,
          "attributes": {
            "arn": "arn:aws:ec2:us-east-1:026272668614:subnet/subnet-03fbbf0cec00c932a",
            "assign_ipv6_address_on_creation": false,
            "availability_zone": "us-east-1b",
            "availability_zone_id": "use1-az2",
            "cidr_block": "10.0.21.0/24",
            "customer_owned_ipv4_pool": "",
            "enable_dns64": false,
            "enable_lni_at_device_index": 0,
            "enable_resource_name_dns_a_record_on_launch": false,
            "enable_resource_name_dns_aaaa_record_on_launch": false,
            "id": "subnet-03fbbf0cec00c932a",
            "ipv6_cidr_block": "",
            "ipv6_cidr_block_association_id": "",
            "ipv6_native": false,
            "map_customer_owned_ip_on_launch": false,
            "map_public_ip_on_launch": false,
            "outpost_arn": "",
            "owner_id": "026272668614",
            "private_dns_hostname_type_on_launch": "ip-name",
            "region": "us-east-1",
            "tags": {
              "Name": "bazaar-cde-private-b"
            },
            "tags_all": {
              "Name": "bazaar-cde-private-b"
            },
            "timeouts": null,
            "vpc_id": "vpc-0b3515a8127cd811d"
          },
          "sensitive_attributes": [],
          "identity_schema_version": 0,
          "identity": {
            "account_id": "026272668614",
            "id": "subnet-03fbbf0cec00c932a",
            "region": "us-east-1"
          },
          "private": "eyJlMmJmYjczMC1lY2FhLTExZTYtOGY4OC0zNDM2M2JjN2M0YzAiOnsiY3JlYXRlIjo2MDAwMDAwMDAwMDAsImRlbGV0ZSI6MTIwMDAwMDAwMDAwMH0sInNjaGVtYV92ZXJzaW9uIjoiMSJ9",
          "dependencies": [
            "aws_vpc.bazaar_vpc"
          ]
        }
      ]
    },
    {
      "mode": "managed",
      "type": "aws_subnet",
      "name": "private_a",
      "provider": "provider[\"registry.terraform.io/hashicorp/aws\"]",
      "instances": [
        {
          "schema_version": 1,
          "attributes": {
            "arn": "arn:aws:ec2:us-east-1:026272668614:subnet/subnet-01d94147199d3f3ef",
            "assign_ipv6_address_on_creation": false,
            "availability_zone": "us-east-1a",
            "availability_zone_id": "use1-az1",
            "cidr_block": "10.0.10.0/24",
            "customer_owned_ipv4_pool": "",
            "enable_dns64": false,
            "enable_lni_at_device_index": 0,
            "enable_resource_name_dns_a_record_on_launch": false,
            "enable_resource_name_dns_aaaa_record_on_launch": false,
            "id": "subnet-01d94147199d3f3ef",
            "ipv6_cidr_block": "",
            "ipv6_cidr_block_association_id": "",
            "ipv6_native": false,
            "map_customer_owned_ip_on_launch": false,
            "map_public_ip_on_launch": false,
            "outpost_arn": "",
            "owner_id": "026272668614",
            "private_dns_hostname_type_on_launch": "ip-name",
            "region": "us-east-1",
            "tags": {
              "Name": "bazaar-private-a"
            },
            "tags_all": {
              "Name": "bazaar-private-a"
            },
            "timeouts": null,
            "vpc_id": "vpc-0b3515a8127cd811d"
          },
          "sensitive_attributes": [],
          "identity_schema_version": 0,
          "identity": {
            "account_id": "026272668614",
            "id": "subnet-01d94147199d3f3ef",
            "region": "us-east-1"
          },
          "private": "eyJlMmJmYjczMC1lY2FhLTExZTYtOGY4OC0zNDM2M2JjN2M0YzAiOnsiY3JlYXRlIjo2MDAwMDAwMDAwMDAsImRlbGV0ZSI6MTIwMDAwMDAwMDAwMH0sInNjaGVtYV92ZXJzaW9uIjoiMSJ9",
          "dependencies": [
            "aws_vpc.bazaar_vpc"
          ]
        }
      ]
    },
    {
      "mode": "managed",
      "type": "aws_subnet",
      "name": "private_b",
      "provider": "provider[\"registry.terraform.io/hashicorp/aws\"]",
      "instances": [
        {
          "schema_version": 1,
          "attributes": {
            "arn": "arn:aws:ec2:us-east-1:026272668614:subnet/subnet-0639c725354835c0c",
            "assign_ipv6_address_on_creation": false,
            "availability_zone": "us-east-1b",
            "availability_zone_id": "use1-az2",
            "cidr_block": "10.0.11.0/24",
            "customer_owned_ipv4_pool": "",
            "enable_dns64": false,
            "enable_lni_at_device_index": 0,
            "enable_resource_name_dns_a_record_on_launch": false,
            "enable_resource_name_dns_aaaa_record_on_launch": false,
            "id": "subnet-0639c725354835c0c",
            "ipv6_cidr_block": "",
            "ipv6_cidr_block_association_id": "",
            "ipv6_native": false,
            "map_customer_owned_ip_on_launch": false,
            "map_public_ip_on_launch": false,
            "outpost_arn": "",
            "owner_id": "026272668614",
            "private_dns_hostname_type_on_launch": "ip-name",
            "region": "us-east-1",
            "tags": {
              "Name": "bazaar-private-b"
            },
            "tags_all": {
              "Name": "bazaar-private-b"
            },
            "timeouts": null,
            "vpc_id": "vpc-0b3515a8127cd811d"
          },
          "sensitive_attributes": [],
          "identity_schema_version": 0,
          "identity": {
            "account_id": "026272668614",
            "id": "subnet-0639c725354835c0c",
            "region": "us-east-1"
          },
          "private": "eyJlMmJmYjczMC1lY2FhLTExZTYtOGY4OC0zNDM2M2JjN2M0YzAiOnsiY3JlYXRlIjo2MDAwMDAwMDAwMDAsImRlbGV0ZSI6MTIwMDAwMDAwMDAwMH0sInNjaGVtYV92ZXJzaW9uIjoiMSJ9",
          "dependencies": [
            "aws_vpc.bazaar_vpc"
          ]
        }
      ]
    },
    {
      "mode": "managed",
      "type": "aws_subnet",
      "name": "public_a",
      "provider": "provider[\"registry.terraform.io/hashicorp/aws\"]",
      "instances": [
        {
          "schema_version": 1,
          "attributes": {
            "arn": "arn:aws:ec2:us-east-1:026272668614:subnet/subnet-07d5df6a0eb23bd00",
            "assign_ipv6_address_on_creation": false,
            "availability_zone": "us-east-1a",
            "availability_zone_id": "use1-az1",
            "cidr_block": "10.0.1.0/24",
            "customer_owned_ipv4_pool": "",
            "enable_dns64": false,
            "enable_lni_at_device_index": 0,
            "enable_resource_name_dns_a_record_on_launch": false,
            "enable_resource_name_dns_aaaa_record_on_launch": false,
            "id": "subnet-07d5df6a0eb23bd00",
            "ipv6_cidr_block": "",
            "ipv6_cidr_block_association_id": "",
            "ipv6_native": false,
            "map_customer_owned_ip_on_launch": false,
            "map_public_ip_on_launch": true,
            "outpost_arn": "",
            "owner_id": "026272668614",
            "private_dns_hostname_type_on_launch": "ip-name",
            "region": "us-east-1",
            "tags": {
              "Name": "bazaar-public-a"
            },
            "tags_all": {
              "Name": "bazaar-public-a"
            },
            "timeouts": null,
            "vpc_id": "vpc-0b3515a8127cd811d"
          },
          "sensitive_attributes": [],
          "identity_schema_version": 0,
          "identity": {
            "account_id": "026272668614",
            "id": "subnet-07d5df6a0eb23bd00",
            "region": "us-east-1"
          },
          "private": "eyJlMmJmYjczMC1lY2FhLTExZTYtOGY4OC0zNDM2M2JjN2M0YzAiOnsiY3JlYXRlIjo2MDAwMDAwMDAwMDAsImRlbGV0ZSI6MTIwMDAwMDAwMDAwMH0sInNjaGVtYV92ZXJzaW9uIjoiMSJ9",
          "dependencies": [
            "aws_vpc.bazaar_vpc"
          ]
        }
      ]
    },
    {
      "mode": "managed",
      "type": "aws_subnet",
      "name": "public_b",
      "provider": "provider[\"registry.terraform.io/hashicorp/aws\"]",
      "instances": [
        {
          "schema_version": 1,
          "attributes": {
            "arn": "arn:aws:ec2:us-east-1:026272668614:subnet/subnet-0182b005ffe9716f2",
            "assign_ipv6_address_on_creation": false,
            "availability_zone": "us-east-1b",
            "availability_zone_id": "use1-az2",
            "cidr_block": "10.0.2.0/24",
            "customer_owned_ipv4_pool": "",
            "enable_dns64": false,
            "enable_lni_at_device_index": 0,
            "enable_resource_name_dns_a_record_on_launch": false,
            "enable_resource_name_dns_aaaa_record_on_launch": false,
            "id": "subnet-0182b005ffe9716f2",
            "ipv6_cidr_block": "",
            "ipv6_cidr_block_association_id": "",
            "ipv6_native": false,
            "map_customer_owned_ip_on_launch": false,
            "map_public_ip_on_launch": true,
            "outpost_arn": "",
            "owner_id": "026272668614",
            "private_dns_hostname_type_on_launch": "ip-name",
            "region": "us-east-1",
            "tags": {
              "Name": "bazaar-public-b"
            },
            "tags_all": {
              "Name": "bazaar-public-b"
            },
            "timeouts": null,
            "vpc_id": "vpc-0b3515a8127cd811d"
          },
          "sensitive_attributes": [],
          "identity_schema_version": 0,
          "identity": {
            "account_id": "026272668614",
            "id": "subnet-0182b005ffe9716f2",
            "region": "us-east-1"
          },
          "private": "eyJlMmJmYjczMC1lY2FhLTExZTYtOGY4OC0zNDM2M2JjN2M0YzAiOnsiY3JlYXRlIjo2MDAwMDAwMDAwMDAsImRlbGV0ZSI6MTIwMDAwMDAwMDAwMH0sInNjaGVtYV92ZXJzaW9uIjoiMSJ9",
          "dependencies": [
            "aws_vpc.bazaar_vpc"
          ]
        }
      ]
    },
    {
      "mode": "managed",
      "type": "aws_vpc",
      "name": "bazaar_vpc",
      "provider": "provider[\"registry.terraform.io/hashicorp/aws\"]",
      "instances": [
        {
          "schema_version": 1,
          "attributes": {
            "arn": "arn:aws:ec2:us-east-1:026272668614:vpc/vpc-0b3515a8127cd811d",
            "assign_generated_ipv6_cidr_block": false,
            "cidr_block": "10.0.0.0/16",
            "default_network_acl_id": "acl-04277f56f41a7523c",
            "default_route_table_id": "rtb-02bbf6cd5b91800d8",
            "default_security_group_id": "sg-05d8117918c4cf63b",
            "dhcp_options_id": "dopt-08309c03f5d9a9a30",
            "enable_dns_hostnames": true,
            "enable_dns_support": true,
            "enable_network_address_usage_metrics": false,
            "id": "vpc-0b3515a8127cd811d",
            "instance_tenancy": "default",
            "ipv4_ipam_pool_id": null,
            "ipv4_netmask_length": null,
            "ipv6_association_id": "",
            "ipv6_cidr_block": "",
            "ipv6_cidr_block_network_border_group": "",
            "ipv6_ipam_pool_id": "",
            "ipv6_netmask_length": 0,
            "main_route_table_id": "rtb-02bbf6cd5b91800d8",
            "owner_id": "026272668614",
            "region": "us-east-1",
            "tags": {
              "Name": "bazaar-vpc"
            },
            "tags_all": {
              "Name": "bazaar-vpc"
            }
          },
          "sensitive_attributes": [],
          "identity_schema_version": 0,
          "identity": {
            "account_id": "026272668614",
            "id": "vpc-0b3515a8127cd811d",
            "region": "us-east-1"
          },
          "private": "eyJzY2hlbWFfdmVyc2lvbiI6IjEifQ=="
        }
      ]
    },
    {
      "mode": "managed",
      "type": "random_password",
      "name": "db_password",
      "provider": "provider[\"registry.terraform.io/hashicorp/random\"]",
      "instances": [
        {
          "schema_version": 3,
          "attributes": {
            "bcrypt_hash": "$2a$10$jxo9aI/eXgX0q6I3hGosKOA0mSRBviERuVNtAJ3/xO4Jn79oqm05q",
            "id": "none",
            "keepers": null,
            "length": 16,
            "lower": true,
            "min_lower": 0,
            "min_numeric": 0,
            "min_special": 0,
            "min_upper": 0,
            "number": true,
            "numeric": true,
            "override_special": null,
            "result": "HlpsGjvnUh$@\u003eHXd",
            "special": true,
            "upper": true
          },
          "sensitive_attributes": [
            [
              {
                "type": "get_attr",
                "value": "bcrypt_hash"
              }
            ],
            [
              {
                "type": "get_attr",
                "value": "result"
              }
            ]
          ],
          "identity_schema_version": 0
        }
      ]
    },
    {
      "mode": "managed",
      "type": "tls_cert_request",
      "name": "vpn_client_csr",
      "provider": "provider[\"registry.terraform.io/hashicorp/tls\"]",
      "instances": [
        {
          "schema_version": 0,
          "attributes": {
            "cert_request_pem": "-----BEGIN CERTIFICATE REQUEST-----\nMIICgDCCAWgCAQAwOzEUMBIGA1UEChMLQmF6YWFyIEluYy4xIzAhBgNVBAMTGmNs\naWVudC52cG4uYmF6YWFyLmludGVybmFsMIIBIjANBgkqhkiG9w0BAQEFAAOCAQ8A\nMIIBCgKCAQEAvW4X6/Th6nHsBuBkY2BT5Mzrq6SSFlkW133N5NEPtJ15sS1fai6g\nAByLv3gBrWvjy5psyP4yZK1R85gfHP6Se1JK8EbXnnNq+UgcA1gg9HyphLvvxcZS\nJpeEqAk1K1E7GLpC5R7/NeAQW392kqrRk70wT21R+CuknJT5Yjml/VO3W1w8G+/P\nywSNypK8iegOYe4HBQdaF9dGDvSzJK6CzH+uyKE2bva5qZnp0D3WrO+nt6zDD8W0\noz4vMmt0yeY7cDB2Wbqs1jUkKg+zwx9RKnE/ENAdOYogQ6c/qSjAO4IZkhS4cE0G\n101L66h4DsOjS2Jeu/hLl9AdzgXGuuLppQIDAQABoAAwDQYJKoZIhvcNAQELBQAD\nggEBADoUfvDB1qyDHoATx4MBXHyqG7HlbMx4ANQRlsXLt+hEI3g/U7lpEVSOBb2S\nMkGWC3c5bsmnirFxVsnfA+tG+dutSDuXZlkB9AWNqBswcWtCu8Ckt0Xo1njd2Qkc\no/b6ld7/GuVAHn6otKc7q0I8FL8SjDoPYUBLA/fVcCoRBpnoXGf/wHsHIbqs124p\ng/M6UWjwG3Z+aA6Zy1VwJZMGvYoZ4Je6xc84Dw32ZgvLzIFeOiuooDxRWKGW6sn8\npujVlo5T2oMjiBYgJRYTxUl0mAbqLVXfySKBQ02tVF+k2glQT7gv1Wy5iMSaADpL\nvQG2mlPUgd91X8MyjnJZKdT5AxM=\n-----END CERTIFICATE REQUEST-----\n",
            "dns_names": null,
            "id": "c000eb7809487f4dc3f9ecdc51cebf9aee0b969e",
            "ip_addresses": null,
            "key_algorithm": "RSA",
            "private_key_pem": "-----BEGIN RSA PRIVATE KEY-----\nMIIEowIBAAKCAQEAvW4X6/Th6nHsBuBkY2BT5Mzrq6SSFlkW133N5NEPtJ15sS1f\nai6gAByLv3gBrWvjy5psyP4yZK1R85gfHP6Se1JK8EbXnnNq+UgcA1gg9HyphLvv\nxcZSJpeEqAk1K1E7GLpC5R7/NeAQW392kqrRk70wT21R+CuknJT5Yjml/VO3W1w8\nG+/PywSNypK8iegOYe4HBQdaF9dGDvSzJK6CzH+uyKE2bva5qZnp0D3WrO+nt6zD\nD8W0oz4vMmt0yeY7cDB2Wbqs1jUkKg+zwx9RKnE/ENAdOYogQ6c/qSjAO4IZkhS4\ncE0G101L66h4DsOjS2Jeu/hLl9AdzgXGuuLppQIDAQABAoIBAARfgMXC/ojSMB4a\n93unmj9QyGtZQd1xbrxIeO9KvyMEO25Zgkzi86oV4iyvVraTJDbWWKNYVEa21Hxx\nazJ1b5pfjXjGNzuGCSUBihnLOBjgXIlCov085xq23DGFHHPWfp7RdmtTyJW3iW53\nwo3VBLIgCz8T8LhTySfkdMINlIjL9jVOq4SRA0Y5fMXDXnyooTIehTZ+P+su+zXm\nmbnGrjH1Xc1j4boKRqlaPCmSrNoYO1EJCy27GAPoRAiMth+gJbIZEd9X2XX5BRCX\ni1hYxH0o5EurbjbLl2/VWnLWVw1i6UqGXvPB6H9I/gWNUwwMCgDc0yBunpqRomAk\nFAvK6UcCgYEA+qeDMlrthIEE49ldAKcPSpqKJ9cIybWx3BbR+cYEScs6sX98PIJk\nXUJ1uRgGLCup0m+VKzmVUq5v/eCo2LxOLXt4Is1v+/4795XaTlgxCUWW3S9Vh76P\nGPJiKQsNkiIlminiIBqMrMk0vnZObxvSvNDqFI2e6g+a+62DU40uAAMCgYEAwXhR\nL3wNWQBqVvEQUNbqsAsCCHa4zzegXqlruYWzoyYsnf0Lq2W2tMqiK+H5Ho3C2EEC\nVx2h9CjuDRWCbD4EMsOMf1vofX3KIN2xB+vdqR2J4p4iTlZ+OkyFRfaSNRLL7+cM\nAEWWa7HtWl6NvSz22gLoWAgFEo5TEs4J4wlVozcCgYAMaiuXXOWSwIkrd+KhW6To\nPwtEuePXicZLbl3sDyC7PvOjQvs2TAcIj3ghOM1ldqwsnhY3U9zPgZBOdMgoI/uD\nSTBEGQTI6Giz9Johc0DKgsXcIrILzSZtR+QQwFlluYc/QX/Ps0Dwde7E2Ds+SZSA\ngaB2cCVE1o0IlimBA+cZXQKBgD7StAIoVSk+cklzE+o8L48ks+9Npetb086JUzq2\nCMQEpF5VChIJAFAqsIhxY3ShcdDJI1poe+uN0ucawfQmGzTkvN2qWY9OZnFPq6m3\n1I2S0vBsixVHDswdhvVWANoNFX38V7BK6HJmH33F0F7KmAnpAct8JzGEV8N2dk1r\n/Yv3AoGBAOVpFJ0iqwUfEK5EP/SgkbWGRRYv6GaVjJ9e+pFWCSLizTJAtM/sJQtb\navLuFgE4PCf3Ejq5bVUsa0dQp8TpVA7Z3935izAH0Iq8JOqqCWVv7QmNlegRXVCE\nVa5bHwxHI0MqWY6wW5G1sFhAxcV9otF0XW0GQ1eUdtSO35uDOUGv\n-----END RSA PRIVATE KEY-----\n",
            "subject": [
              {
                "common_name": "client.vpn.bazaar.internal",
                "country": null,
                "email_address": null,
                "locality": null,
                "organization": "Bazaar Inc.",
                "organizational_unit": null,
                "postal_code": null,
                "province": null,
                "serial_number": null,
                "street_address": null
              }
            ],
            "uris": null
          },
          "sensitive_attributes": [
            [
              {
                "type": "get_attr",
                "value": "private_key_pem"
              }
            ]
          ],
          "identity_schema_version": 0,
          "dependencies": [
            "tls_private_key.vpn_client_key"
          ]
        }
      ]
    },
    {
      "mode": "managed",
      "type": "tls_cert_request",
      "name": "vpn_server_csr",
      "provider": "provider[\"registry.terraform.io/hashicorp/tls\"]",
      "instances": [
        {
          "schema_version": 0,
          "attributes": {
            "cert_request_pem": "-----BEGIN CERTIFICATE REQUEST-----\nMIICgDCCAWgCAQAwOzEUMBIGA1UEChMLQmF6YWFyIEluYy4xIzAhBgNVBAMTGnNl\ncnZlci52cG4uYmF6YWFyLmludGVybmFsMIIBIjANBgkqhkiG9w0BAQEFAAOCAQ8A\nMIIBCgKCAQEAvi5BxEqCza4iVoiBx+Mfszf4nL8zIv0xi9kkbnX9+BG7eBArx8G6\nwi/g9VKkfdBpmEadoq/vSgZAdE25h+auC9Ob8vEak03Zb1TA8zWzzEF1WcuNpfth\nkEl+w4/Pdd0pw1DbVNDg0KOCcDNVYLS2LzvEOC/0WkKPukRBV2wlUDGTw9sQ7f4l\nRyc9RlnQko3MpMphPwe0+hl0OZ0zdLi5rjJGb5a/bYutxyvlxAGpNzWcCWG9mb2D\nJSj/zN0ulIygE/xdlP7K4AAD2L5I6r9lZD6pqZCD1Wep0RQC/HJ1+M6G8oQaPTbW\nwOSGTW0q+lq1SZ8iHSLUVKlLRKKSSaho5wIDAQABoAAwDQYJKoZIhvcNAQELBQAD\nggEBAA7kmZ7q4Vkqb6QKdaHKvxs2U4IxXORqiY19l64xfx5xsZoPLO2Ncl4XQ8+u\n7QoiGIlCPGyb52xJ8JxuU/H7ymCPEJFAtCsFIaRqut2Rf8qVN96BVkapqNx053Qt\nKitc7RFe4U7XUJdOP/bVG4/209BWz97UBEw84S051/yo5u7so9ywtxoeW7fL2HDS\nou7mpqKOP61ttJP7xhTnk1LH2/htYQDHyY7JLEhrtwVdFRwTLTbgeZ8ncpvOBVMn\nR/CR2J81A5V5uk88P8HyUbmTujOFAocvBkZeIQesgOM7EEnKbMq1CAxsDmqo57Ws\ng9OsbB5vGwMIlASal306IiEbXjE=\n-----END CERTIFICATE REQUEST-----\n",
            "dns_names": null,
            "id": "b32454d3fc93a75c7a1fa3184d1c9e99f5cbe73e",
            "ip_addresses": null,
            "key_algorithm": "RSA",
            "private_key_pem": "-----BEGIN RSA PRIVATE KEY-----\nMIIEpQIBAAKCAQEAvi5BxEqCza4iVoiBx+Mfszf4nL8zIv0xi9kkbnX9+BG7eBAr\nx8G6wi/g9VKkfdBpmEadoq/vSgZAdE25h+auC9Ob8vEak03Zb1TA8zWzzEF1WcuN\npfthkEl+w4/Pdd0pw1DbVNDg0KOCcDNVYLS2LzvEOC/0WkKPukRBV2wlUDGTw9sQ\n7f4lRyc9RlnQko3MpMphPwe0+hl0OZ0zdLi5rjJGb5a/bYutxyvlxAGpNzWcCWG9\nmb2DJSj/zN0ulIygE/xdlP7K4AAD2L5I6r9lZD6pqZCD1Wep0RQC/HJ1+M6G8oQa\nPTbWwOSGTW0q+lq1SZ8iHSLUVKlLRKKSSaho5wIDAQABAoIBAAs760ZsY/N0MyYR\noTnABZOntw4qgzUXAZHyJtZ5lNUbCXJrR7ktWfPCy6yVXNvrvD9/aF9l7VVd+8Yc\nmamL+FsAsIHpn4X1DGbCegIqRjxgeRo8gNnXRbYCvJpSIlFv84zmKvA3+H4kMn45\nog3FqJj74R7nW+CBdXQ6a1h9+tEUsNdNZyV/Okn4mqCfNFVf4PQxmKrOeZEBlc7o\nAU8KFCiyTBfX4lM+6TCrzFwQvnGanPg+kd4sQkXIkBRn0Pu8MJJULPvx12GzN3mn\nwxasSr0f0eoFle3zVI9XCXBI8LrPwfQIdwoimWo7N/KlvXAm996xBqk+0TZLA328\nRaOK4FUCgYEA88k9ii2b7zgWWSr9zej6d3zdVDDKmYe61ZdbKaj4gp7/oo6XtKZL\nY5pbJLuf0qvmnOxhKPwNGKXzKb/rBAKBR8bX3MqlQsSeRtAZsiKIKFca6C9xCQVe\nxIp8H7LdWBiwRaJ66pagT1g7FJvMm6ssJY7QuYC7jlZmXSMEStvfIbUCgYEAx7V7\nikavGvdn7akde6hWjzfGAVS8D5WvWp2P4EqO3TaekVqWMTJPNl77DBi97vZCevXA\nvXXP+BfgeyI9RKk6/v6lW8wZtcq0xsvKL6/PMUQsgH2Z7nlgil89QuSzFAMsXMvA\nvr6OhH9ILaaXXnfKW1OCL7kk2Ck+IxHjkbxMcasCgYEAp/cFYYjfIUkBjNokGJTm\nzSDI1dLwJCvyPGuWMfPrlQO7meKo/5x74Npe5cYn7dzmfUQYBUb0NwFPsno6kH6x\nWCTWYZd1mbUiYCPNMIC+Ux0AuuzE8rQygTPxJV31R1drS+8QxUSWm1RtEFvv82lS\nd2YYxVa+4ukAijcwI+utpukCgYEAgbwFq0hLzIrYOu3Xt1MeGB+1Q3wWR1GH/qfI\npX4J3O70h5x/YSo7hyigkbUo/amAenxXXzy/g32PWK5fetEtACXQqhemxBAQ6+vL\nRrtBL9IHztjJPMAg1QMVuvTy2JdPJGFAryj/UFeXPgCw6K+NB1LyiaoOo1X3hbTD\nTxMx3c0CgYEAnwt1Mk9F/wSQbSHWJxqiOm3i8u5IFF11WnzQv2wXu8nb1vatvi0T\nYU7s4RFWpaqmvUBbnxZIjKb/WZVy34oNBXTMnNeAAHXqFUeC6hrZ+EuRy3jtS1u1\nf1VGCacPpnIsNvAyUOgXVlDKJuSi2KBI1x+AmjWwRH0MScRoJFel5zk=\n-----END RSA PRIVATE KEY-----\n",
            "subject": [
              {
                "common_name": "server.vpn.bazaar.internal",
                "country": null,
                "email_address": null,
                "locality": null,
                "organization": "Bazaar Inc.",
                "organizational_unit": null,
                "postal_code": null,
                "province": null,
                "serial_number": null,
                "street_address": null
              }
            ],
            "uris": null
          },
          "sensitive_attributes": [
            [
              {
                "type": "get_attr",
                "value": "private_key_pem"
              }
            ]
          ],
          "identity_schema_version": 0,
          "dependencies": [
            "tls_private_key.vpn_server_key"
          ]
        }
      ]
    },
    {
      "mode": "managed",
      "type": "tls_locally_signed_cert",
      "name": "vpn_client_cert",
      "provider": "provider[\"registry.terraform.io/hashicorp/tls\"]",
      "instances": [
        {
          "schema_version": 0,
          "attributes": {
            "allowed_uses": [
              "key_encipherment",
              "digital_signature",
              "client_auth"
            ],
            "ca_cert_pem": "-----BEGIN CERTIFICATE-----\nMIIDKDCCAhCgAwIBAgIQPbqklwq3KbRbsr4yOo1m4TANBgkqhkiG9w0BAQsFADAu\nMRQwEgYDVQQKEwtCYXphYXIgSW5jLjEWMBQGA1UEAxMNYmF6YWFyLnZwbi5jYTAe\nFw0yNTEwMzEwMTU2MDZaFw0yNjEwMzEwMTU2MDZaMC4xFDASBgNVBAoTC0JhemFh\nciBJbmMuMRYwFAYDVQQDEw1iYXphYXIudnBuLmNhMIIBIjANBgkqhkiG9w0BAQEF\nAAOCAQ8AMIIBCgKCAQEAwOCdTGqGLjJhhwfgc/pZlvuEakrWf2OVmoSW1IfUe8+d\nb4FT/AM9KHXEcAhhx3iUOMnSiCNlsb50fqkaa5xG+YvqdEDxBi/YRMXsigOAKjHn\nZ2ReMo7yT2r7HLmpl9AHKjrFGCeSBcieBmHoVV3MqEhGeC/Cdg5ETGwChqxt1md7\nrqL4FYAGJWH0vwyoaQcIFOGMEOGY3vcFPGF1huHOUeqxrg7/Lu366jio2ylzBLt/\n2/qRcyuRDPvhAkN6k4CoC52dHMMh+jfbHif1tz1FftE3YayyTwS/lK5iPLlxSKU7\npnpRo7DzH2zBkCk/bV06PBgt/4w+9zrX6T6a9zwgwQIDAQABo0IwQDAOBgNVHQ8B\nAf8EBAMCAqQwDwYDVR0TAQH/BAUwAwEB/zAdBgNVHQ4EFgQUmuH3HHywd2zQzw80\njwbn4MScl3swDQYJKoZIhvcNAQELBQADggEBAG2dFIklv1fEQWIgQ4PUdKnjKcdK\nJSes0BeUBG0YCjZQs5ajbSPC2hc/qy48pMsylFWj9dcgDiKoLoDJ2OKJz4WDAEc4\nOSbyFeoWMKLLwf/+P/f3qfJSoe9S1NKOUxKgrlt/2OKd3m2TeqLyLb2f8lPiEL7m\nOUmNP0eYqjXsQzMiFajvUDQu86YjJb4ZJUa0G2z4B8d1CGtnzxY2iiWDrzC4jGMp\nm9aLxm14bEiulho9uBQyL8WV/9wIVifBMJ3nmaSeEIFqW5zTI31FZ9V/I+ZOUM9G\niMD9E62EK6t0A90efktdPbXD4kpXYK/p4JWUdIQ3IrvGb+jQVMRQw3yzPVg=\n-----END CERTIFICATE-----\n",
            "ca_key_algorithm": "RSA",
            "ca_private_key_pem": "-----BEGIN RSA PRIVATE KEY-----\nMIIEowIBAAKCAQEAwOCdTGqGLjJhhwfgc/pZlvuEakrWf2OVmoSW1IfUe8+db4FT\n/AM9KHXEcAhhx3iUOMnSiCNlsb50fqkaa5xG+YvqdEDxBi/YRMXsigOAKjHnZ2Re\nMo7yT2r7HLmpl9AHKjrFGCeSBcieBmHoVV3MqEhGeC/Cdg5ETGwChqxt1md7rqL4\nFYAGJWH0vwyoaQcIFOGMEOGY3vcFPGF1huHOUeqxrg7/Lu366jio2ylzBLt/2/qR\ncyuRDPvhAkN6k4CoC52dHMMh+jfbHif1tz1FftE3YayyTwS/lK5iPLlxSKU7pnpR\no7DzH2zBkCk/bV06PBgt/4w+9zrX6T6a9zwgwQIDAQABAoIBAAmdIIYKsLu8f+M5\nw6iwP7cwe/wK1Sh2G6K/LV/0UcVmlrG0Q+4FsM6TmSoe5tXJFzVB7QwjXIoopLib\n//DBckG1xUbMZl8hMyHRbj3+WOzxfhfnlzDksmP+QHxA7li+ch77HTAcJ9GBO4w0\npN6dbWotaRLMSaB2C1Y2U4VoMpTbTykhNEQwXm23siLv1/HymVdCNE5q88nYrB+L\neXcWCq+jPKFGX/OJHk9BGT9gV+2HAMEPmkfxOuqn6MHIeupG9XsfGtVA6NZEqRwr\nh01y0i058uDf7BOw6imYtCNruwCqR+KlRDHJ9GASpjR9cSo7HB/Od3DhffQyPUq1\nPz8rnVkCgYEA7fGrCtqd2w/CPCUT3PvisdpXJ5da/s2oK+IJn+J/+tuA81jsmCrz\nEBSl9sT3VMwnCtS9rBIGIb7nbDeQEgfyLtO1kp4iqoHUyjL5alcHFICOckbXjdz0\nIA7nMoYD2iQl/dt4F4rNilZ1w0nIZ62Ukpb2bnnMf+1Q/XVP6qGET3kCgYEAz4N5\n7aZa5TPYQXYcL+u0D7VUmOnEp0TUFmAB4h4WbxaJEeHQov5zIHzE8H1NQjZGAgmN\nGUuEBE/O0Cx+59gaVz1JmnVmR+gF20JqHceM3ePAsJsRkXJymFTWdahRxlQX6KRK\n6pQSWVCeVj4FQdip75+FeNiedmLlOIJASxvnIYkCgYAu9n7i0olLfk3A3zSPbiut\nHMIM72OnXOHvX1q08th9o6tM3GU+F2QH7XtgPDnww6aFDb4t4xTQvkQg6MqHtIfJ\nVEHHIW0IKD3edrchlPGxyznSNkc/GbgZR7e8EhVajb3t385RHzU4M55koABs7iaf\n1CnpXiLNsQJGNExErAJYSQKBgEcL9qTc/eXXWEUhUQk/I8j1Bl/MOZ4jPJHkkQB/\n2KJ0Dr3mmG4VvAj1bt//poHy3wk3h+2PI0XupRo1AcYTAQG5ZAfUBg68a7TkCjzj\n42Dc504P6XXovz9UXJCv7j9+7yihh1zFEXsu1OcmGNqweY4nCaWUVLyno18ziRuu\nE/YxAoGBAKlE9dyLg/RNl2JbBI4MUQ7MsrWVMS0FFxt2eiRPpmj0vstu0ckgSqqY\n55UZw1AelgNj2w0JIS4Ov46YKy5QegLabTqbCP20taTCcP9nMWNELWNBdWmN9Fph\n+ORP46wmuaxqMF2Pn4N07rlmMk3SbxYamDJc5Qy8JfmWL6rsycFe\n-----END RSA PRIVATE KEY-----\n",
            "cert_pem": "-----BEGIN CERTIFICATE-----\nMIIDSTCCAjGgAwIBAgIQV8RUFE/rns+C9SYvbSieITANBgkqhkiG9w0BAQsFADAu\nMRQwEgYDVQQKEwtCYXphYXIgSW5jLjEWMBQGA1UEAxMNYmF6YWFyLnZwbi5jYTAe\nFw0yNTEwMzEwMTU2MDZaFw0yNjEwMzEwMTU2MDZaMDsxFDASBgNVBAoTC0JhemFh\nciBJbmMuMSMwIQYDVQQDExpjbGllbnQudnBuLmJhemFhci5pbnRlcm5hbDCCASIw\nDQYJKoZIhvcNAQEBBQADggEPADCCAQoCggEBAL1uF+v04epx7AbgZGNgU+TM66uk\nkhZZFtd9zeTRD7SdebEtX2ouoAAci794Aa1r48uabMj+MmStUfOYHxz+kntSSvBG\n155zavlIHANYIPR8qYS778XGUiaXhKgJNStROxi6QuUe/zXgEFt/dpKq0ZO9ME9t\nUfgrpJyU+WI5pf1Tt1tcPBvvz8sEjcqSvInoDmHuBwUHWhfXRg70sySugsx/rsih\nNm72uamZ6dA91qzvp7esww/FtKM+LzJrdMnmO3Awdlm6rNY1JCoPs8MfUSpxPxDQ\nHTmKIEOnP6kowDuCGZIUuHBNBtdNS+uoeA7Do0tiXrv4S5fQHc4Fxrri6aUCAwEA\nAaNWMFQwDgYDVR0PAQH/BAQDAgWgMBMGA1UdJQQMMAoGCCsGAQUFBwMCMAwGA1Ud\nEwEB/wQCMAAwHwYDVR0jBBgwFoAUmuH3HHywd2zQzw80jwbn4MScl3swDQYJKoZI\nhvcNAQELBQADggEBACgb5jccIMqpK8iOdWAEDFEBE7kBz+qCJQoerrCgx65tiwwx\nKZO64J3HBmb/AXFFvi4q127x1LVkCvied3dNkWESZAAAaJl3H/jh+J5Y8fErDp0y\njPh5EZhNmL44FR236zgtzjV9IcSiNixozBx6MORRYs7iN4m68cu+NOhJQQKL3iA+\nM7L16FGeiAnNjhlLHOoqZSFe6dLy+PmnramCOWmzKPZRF1PNeQHLd5E3Hdy4Y1pN\n9lfRb+nn6mG0FRSgfnXNYrRS3XnypK5VOrVV/TgHrXmSfupBwSxYDmoatZ2HXw6M\ni9vuXSArd6cS8BzjpJ8hCthJOqiBlzQpbrBEih4=\n-----END CERTIFICATE-----\n",
            "cert_request_pem": "-----BEGIN CERTIFICATE REQUEST-----\nMIICgDCCAWgCAQAwOzEUMBIGA1UEChMLQmF6YWFyIEluYy4xIzAhBgNVBAMTGmNs\naWVudC52cG4uYmF6YWFyLmludGVybmFsMIIBIjANBgkqhkiG9w0BAQEFAAOCAQ8A\nMIIBCgKCAQEAvW4X6/Th6nHsBuBkY2BT5Mzrq6SSFlkW133N5NEPtJ15sS1fai6g\nAByLv3gBrWvjy5psyP4yZK1R85gfHP6Se1JK8EbXnnNq+UgcA1gg9HyphLvvxcZS\nJpeEqAk1K1E7GLpC5R7/NeAQW392kqrRk70wT21R+CuknJT5Yjml/VO3W1w8G+/P\nywSNypK8iegOYe4HBQdaF9dGDvSzJK6CzH+uyKE2bva5qZnp0D3WrO+nt6zDD8W0\noz4vMmt0yeY7cDB2Wbqs1jUkKg+zwx9RKnE/ENAdOYogQ6c/qSjAO4IZkhS4cE0G\n101L66h4DsOjS2Jeu/hLl9AdzgXGuuLppQIDAQABoAAwDQYJKoZIhvcNAQELBQAD\nggEBADoUfvDB1qyDHoATx4MBXHyqG7HlbMx4ANQRlsXLt+hEI3g/U7lpEVSOBb2S\nMkGWC3c5bsmnirFxVsnfA+tG+dutSDuXZlkB9AWNqBswcWtCu8Ckt0Xo1njd2Qkc\no/b6ld7/GuVAHn6otKc7q0I8FL8SjDoPYUBLA/fVcCoRBpnoXGf/wHsHIbqs124p\ng/M6UWjwG3Z+aA6Zy1VwJZMGvYoZ4Je6xc84Dw32ZgvLzIFeOiuooDxRWKGW6sn8\npujVlo5T2oMjiBYgJRYTxUl0mAbqLVXfySKBQ02tVF+k2glQT7gv1Wy5iMSaADpL\nvQG2mlPUgd91X8MyjnJZKdT5AxM=\n-----END CERTIFICATE REQUEST-----\n",
            "early_renewal_hours": 0,
            "id": "116662231149264627488738060491400191521",
            "is_ca_certificate": false,
            "ready_for_renewal": false,
            "set_subject_key_id": false,
            "validity_end_time": "2026-10-30T20:56:06.0849985-05:00",
            "validity_period_hours": 8760,
            "validity_start_time": "2025-10-30T20:56:06.0849985-05:00"
          },
          "sensitive_attributes": [
            [
              {
                "type": "get_attr",
                "value": "ca_private_key_pem"
              }
            ]
          ],
          "identity_schema_version": 0,
          "dependencies": [
            "tls_cert_request.vpn_client_csr",
            "tls_private_key.vpn_ca_key",
            "tls_private_key.vpn_client_key",
            "tls_self_signed_cert.vpn_ca_cert"
          ]
        }
      ]
    },
    {
      "mode": "managed",
      "type": "tls_locally_signed_cert",
      "name": "vpn_server_cert",
      "provider": "provider[\"registry.terraform.io/hashicorp/tls\"]",
      "instances": [
        {
          "schema_version": 0,
          "attributes": {
            "allowed_uses": [
              "key_encipherment",
              "digital_signature",
              "server_auth"
            ],
            "ca_cert_pem": "-----BEGIN CERTIFICATE-----\nMIIDKDCCAhCgAwIBAgIQPbqklwq3KbRbsr4yOo1m4TANBgkqhkiG9w0BAQsFADAu\nMRQwEgYDVQQKEwtCYXphYXIgSW5jLjEWMBQGA1UEAxMNYmF6YWFyLnZwbi5jYTAe\nFw0yNTEwMzEwMTU2MDZaFw0yNjEwMzEwMTU2MDZaMC4xFDASBgNVBAoTC0JhemFh\nciBJbmMuMRYwFAYDVQQDEw1iYXphYXIudnBuLmNhMIIBIjANBgkqhkiG9w0BAQEF\nAAOCAQ8AMIIBCgKCAQEAwOCdTGqGLjJhhwfgc/pZlvuEakrWf2OVmoSW1IfUe8+d\nb4FT/AM9KHXEcAhhx3iUOMnSiCNlsb50fqkaa5xG+YvqdEDxBi/YRMXsigOAKjHn\nZ2ReMo7yT2r7HLmpl9AHKjrFGCeSBcieBmHoVV3MqEhGeC/Cdg5ETGwChqxt1md7\nrqL4FYAGJWH0vwyoaQcIFOGMEOGY3vcFPGF1huHOUeqxrg7/Lu366jio2ylzBLt/\n2/qRcyuRDPvhAkN6k4CoC52dHMMh+jfbHif1tz1FftE3YayyTwS/lK5iPLlxSKU7\npnpRo7DzH2zBkCk/bV06PBgt/4w+9zrX6T6a9zwgwQIDAQABo0IwQDAOBgNVHQ8B\nAf8EBAMCAqQwDwYDVR0TAQH/BAUwAwEB/zAdBgNVHQ4EFgQUmuH3HHywd2zQzw80\njwbn4MScl3swDQYJKoZIhvcNAQELBQADggEBAG2dFIklv1fEQWIgQ4PUdKnjKcdK\nJSes0BeUBG0YCjZQs5ajbSPC2hc/qy48pMsylFWj9dcgDiKoLoDJ2OKJz4WDAEc4\nOSbyFeoWMKLLwf/+P/f3qfJSoe9S1NKOUxKgrlt/2OKd3m2TeqLyLb2f8lPiEL7m\nOUmNP0eYqjXsQzMiFajvUDQu86YjJb4ZJUa0G2z4B8d1CGtnzxY2iiWDrzC4jGMp\nm9aLxm14bEiulho9uBQyL8WV/9wIVifBMJ3nmaSeEIFqW5zTI31FZ9V/I+ZOUM9G\niMD9E62EK6t0A90efktdPbXD4kpXYK/p4JWUdIQ3IrvGb+jQVMRQw3yzPVg=\n-----END CERTIFICATE-----\n",
            "ca_key_algorithm": "RSA",
            "ca_private_key_pem": "-----BEGIN RSA PRIVATE KEY-----\nMIIEowIBAAKCAQEAwOCdTGqGLjJhhwfgc/pZlvuEakrWf2OVmoSW1IfUe8+db4FT\n/AM9KHXEcAhhx3iUOMnSiCNlsb50fqkaa5xG+YvqdEDxBi/YRMXsigOAKjHnZ2Re\nMo7yT2r7HLmpl9AHKjrFGCeSBcieBmHoVV3MqEhGeC/Cdg5ETGwChqxt1md7rqL4\nFYAGJWH0vwyoaQcIFOGMEOGY3vcFPGF1huHOUeqxrg7/Lu366jio2ylzBLt/2/qR\ncyuRDPvhAkN6k4CoC52dHMMh+jfbHif1tz1FftE3YayyTwS/lK5iPLlxSKU7pnpR\no7DzH2zBkCk/bV06PBgt/4w+9zrX6T6a9zwgwQIDAQABAoIBAAmdIIYKsLu8f+M5\nw6iwP7cwe/wK1Sh2G6K/LV/0UcVmlrG0Q+4FsM6TmSoe5tXJFzVB7QwjXIoopLib\n//DBckG1xUbMZl8hMyHRbj3+WOzxfhfnlzDksmP+QHxA7li+ch77HTAcJ9GBO4w0\npN6dbWotaRLMSaB2C1Y2U4VoMpTbTykhNEQwXm23siLv1/HymVdCNE5q88nYrB+L\neXcWCq+jPKFGX/OJHk9BGT9gV+2HAMEPmkfxOuqn6MHIeupG9XsfGtVA6NZEqRwr\nh01y0i058uDf7BOw6imYtCNruwCqR+KlRDHJ9GASpjR9cSo7HB/Od3DhffQyPUq1\nPz8rnVkCgYEA7fGrCtqd2w/CPCUT3PvisdpXJ5da/s2oK+IJn+J/+tuA81jsmCrz\nEBSl9sT3VMwnCtS9rBIGIb7nbDeQEgfyLtO1kp4iqoHUyjL5alcHFICOckbXjdz0\nIA7nMoYD2iQl/dt4F4rNilZ1w0nIZ62Ukpb2bnnMf+1Q/XVP6qGET3kCgYEAz4N5\n7aZa5TPYQXYcL+u0D7VUmOnEp0TUFmAB4h4WbxaJEeHQov5zIHzE8H1NQjZGAgmN\nGUuEBE/O0Cx+59gaVz1JmnVmR+gF20JqHceM3ePAsJsRkXJymFTWdahRxlQX6KRK\n6pQSWVCeVj4FQdip75+FeNiedmLlOIJASxvnIYkCgYAu9n7i0olLfk3A3zSPbiut\nHMIM72OnXOHvX1q08th9o6tM3GU+F2QH7XtgPDnww6aFDb4t4xTQvkQg6MqHtIfJ\nVEHHIW0IKD3edrchlPGxyznSNkc/GbgZR7e8EhVajb3t385RHzU4M55koABs7iaf\n1CnpXiLNsQJGNExErAJYSQKBgEcL9qTc/eXXWEUhUQk/I8j1Bl/MOZ4jPJHkkQB/\n2KJ0Dr3mmG4VvAj1bt//poHy3wk3h+2PI0XupRo1AcYTAQG5ZAfUBg68a7TkCjzj\n42Dc504P6XXovz9UXJCv7j9+7yihh1zFEXsu1OcmGNqweY4nCaWUVLyno18ziRuu\nE/YxAoGBAKlE9dyLg/RNl2JbBI4MUQ7MsrWVMS0FFxt2eiRPpmj0vstu0ckgSqqY\n55UZw1AelgNj2w0JIS4Ov46YKy5QegLabTqbCP20taTCcP9nMWNELWNBdWmN9Fph\n+ORP46wmuaxqMF2Pn4N07rlmMk3SbxYamDJc5Qy8JfmWL6rsycFe\n-----END RSA PRIVATE KEY-----\n",
            "cert_pem": "-----BEGIN CERTIFICATE-----\nMIIDSjCCAjKgAwIBAgIRALMAGDMiOGltgwWAsVuYSeQwDQYJKoZIhvcNAQELBQAw\nLjEUMBIGA1UEChMLQmF6YWFyIEluYy4xFjAUBgNVBAMTDWJhemFhci52cG4uY2Ew\nHhcNMjUxMDMxMDE1NjA2WhcNMjYxMDMxMDE1NjA2WjA7MRQwEgYDVQQKEwtCYXph\nYXIgSW5jLjEjMCEGA1UEAxMac2VydmVyLnZwbi5iYXphYXIuaW50ZXJuYWwwggEi\nMA0GCSqGSIb3DQEBAQUAA4IBDwAwggEKAoIBAQC+LkHESoLNriJWiIHH4x+zN/ic\nvzMi/TGL2SRudf34Ebt4ECvHwbrCL+D1UqR90GmYRp2ir+9KBkB0TbmH5q4L05vy\n8RqTTdlvVMDzNbPMQXVZy42l+2GQSX7Dj8913SnDUNtU0ODQo4JwM1VgtLYvO8Q4\nL/RaQo+6REFXbCVQMZPD2xDt/iVHJz1GWdCSjcykymE/B7T6GXQ5nTN0uLmuMkZv\nlr9ti63HK+XEAak3NZwJYb2ZvYMlKP/M3S6UjKAT/F2U/srgAAPYvkjqv2VkPqmp\nkIPVZ6nRFAL8cnX4zobyhBo9NtbA5IZNbSr6WrVJnyIdItRUqUtEopJJqGjnAgMB\nAAGjVjBUMA4GA1UdDwEB/wQEAwIFoDATBgNVHSUEDDAKBggrBgEFBQcDATAMBgNV\nHRMBAf8EAjAAMB8GA1UdIwQYMBaAFJrh9xx8sHds0M8PNI8G5+DEnJd7MA0GCSqG\nSIb3DQEBCwUAA4IBAQCH5IGq6j2OCR4C+nLNc8VETROzHbfSs4PujtV1FWG9snqS\nE8MOoH7peFquMnbeIXjoRGCHeWYh/UqX8IpMYqxoebkriJsMVeMyJKxlV07CfxqP\nHXUIHVgS/UlM02n8zKGZHyw32CXkCjE5STNGKH0qYhz0HKkjv/GfAwK/h15iXFp3\n+9zI2gNHdov2hKmeDnFmyE2Djg1G3gyJl/GgHh3qoe7OCJ4ijAynSbJl7cC9F4HB\nXyrXjEmjnMkHky9nVvzcRQgyv0usUwLfM6+QbjBWS/85jVsy5L1+W8DzgUBCyqI1\nbZ4UWUCDiJQNjb9cuIKpQNCnvJGhAj8y1q3mhY15\n-----END CERTIFICATE-----\n",
            "cert_request_pem": "-----BEGIN CERTIFICATE REQUEST-----\nMIICgDCCAWgCAQAwOzEUMBIGA1UEChMLQmF6YWFyIEluYy4xIzAhBgNVBAMTGnNl\ncnZlci52cG4uYmF6YWFyLmludGVybmFsMIIBIjANBgkqhkiG9w0BAQEFAAOCAQ8A\nMIIBCgKCAQEAvi5BxEqCza4iVoiBx+Mfszf4nL8zIv0xi9kkbnX9+BG7eBArx8G6\nwi/g9VKkfdBpmEadoq/vSgZAdE25h+auC9Ob8vEak03Zb1TA8zWzzEF1WcuNpfth\nkEl+w4/Pdd0pw1DbVNDg0KOCcDNVYLS2LzvEOC/0WkKPukRBV2wlUDGTw9sQ7f4l\nRyc9RlnQko3MpMphPwe0+hl0OZ0zdLi5rjJGb5a/bYutxyvlxAGpNzWcCWG9mb2D\nJSj/zN0ulIygE/xdlP7K4AAD2L5I6r9lZD6pqZCD1Wep0RQC/HJ1+M6G8oQaPTbW\nwOSGTW0q+lq1SZ8iHSLUVKlLRKKSSaho5wIDAQABoAAwDQYJKoZIhvcNAQELBQAD\nggEBAA7kmZ7q4Vkqb6QKdaHKvxs2U4IxXORqiY19l64xfx5xsZoPLO2Ncl4XQ8+u\n7QoiGIlCPGyb52xJ8JxuU/H7ymCPEJFAtCsFIaRqut2Rf8qVN96BVkapqNx053Qt\nKitc7RFe4U7XUJdOP/bVG4/209BWz97UBEw84S051/yo5u7so9ywtxoeW7fL2HDS\nou7mpqKOP61ttJP7xhTnk1LH2/htYQDHyY7JLEhrtwVdFRwTLTbgeZ8ncpvOBVMn\nR/CR2J81A5V5uk88P8HyUbmTujOFAocvBkZeIQesgOM7EEnKbMq1CAxsDmqo57Ws\ng9OsbB5vGwMIlASal306IiEbXjE=\n-----END CERTIFICATE REQUEST-----\n",
            "early_renewal_hours": 0,
            "id": "237932302074557405165793906405555063268",
            "is_ca_certificate": false,
            "ready_for_renewal": false,
            "set_subject_key_id": false,
            "validity_end_time": "2026-10-30T20:56:06.1312265-05:00",
            "validity_period_hours": 8760,
            "validity_start_time": "2025-10-30T20:56:06.1312265-05:00"
          },
          "sensitive_attributes": [
            [
              {
                "type": "get_attr",
                "value": "ca_private_key_pem"
              }
            ]
          ],
          "identity_schema_version": 0,
          "dependencies": [
            "tls_cert_request.vpn_server_csr",
            "tls_private_key.vpn_ca_key",
            "tls_private_key.vpn_server_key",
            "tls_self_signed_cert.vpn_ca_cert"
          ]
        }
      ]
    },
    {
      "mode": "managed",
      "type": "tls_private_key",
      "name": "vpn_ca_key",
      "provider": "provider[\"registry.terraform.io/hashicorp/tls\"]",
      "instances": [
        {
          "schema_version": 1,
          "attributes": {
            "algorithm": "RSA",
            "ecdsa_curve": "P224",
            "id": "61560a22b77ddcf535e65430752bf1dfa834417d",
            "private_key_openssh": "-----BEGIN OPENSSH PRIVATE KEY-----\nb3BlbnNzaC1rZXktdjEAAAAABG5vbmUAAAAEbm9uZQAAAAAAAAABAAABFwAAAAdz\nc2gtcnNhAAAAAwEAAQAAAQEAwOCdTGqGLjJhhwfgc/pZlvuEakrWf2OVmoSW1IfU\ne8+db4FT/AM9KHXEcAhhx3iUOMnSiCNlsb50fqkaa5xG+YvqdEDxBi/YRMXsigOA\nKjHnZ2ReMo7yT2r7HLmpl9AHKjrFGCeSBcieBmHoVV3MqEhGeC/Cdg5ETGwChqxt\n1md7rqL4FYAGJWH0vwyoaQcIFOGMEOGY3vcFPGF1huHOUeqxrg7/Lu366jio2ylz\nBLt/2/qRcyuRDPvhAkN6k4CoC52dHMMh+jfbHif1tz1FftE3YayyTwS/lK5iPLlx\nSKU7pnpRo7DzH2zBkCk/bV06PBgt/4w+9zrX6T6a9zwgwQAAA7hvcAy7b3AMuwAA\nAAdzc2gtcnNhAAABAQDA4J1MaoYuMmGHB+Bz+lmW+4RqStZ/Y5WahJbUh9R7z51v\ngVP8Az0odcRwCGHHeJQ4ydKII2WxvnR+qRprnEb5i+p0QPEGL9hExeyKA4AqMedn\nZF4yjvJPavscuamX0AcqOsUYJ5IFyJ4GYehVXcyoSEZ4L8J2DkRMbAKGrG3WZ3uu\novgVgAYlYfS/DKhpBwgU4YwQ4Zje9wU8YXWG4c5R6rGuDv8u7frqOKjbKXMEu3/b\n+pFzK5EM++ECQ3qTgKgLnZ0cwyH6N9seJ/W3PUV+0TdhrLJPBL+UrmI8uXFIpTum\nelGjsPMfbMGQKT9tXTo8GC3/jD73OtfpPpr3PCDBAAAAAwEAAQAAAQAJnSCGCrC7\nvH/jOcOosD+3MHv8CtUodhuivy1f9FHFZpaxtEPuBbDOk5kqHubVyRc1Qe0MI1yK\nKKS4m//wwXJBtcVGzGZfITMh0W49/ljs8X4X55cw5LJj/kB8QO5YvnIe+x0wHCfR\ngTuMNKTenW1qLWkSzEmgdgtWNlOFaDKU208pITREMF5tt7Ii79fx8plXQjROavPJ\n2Kwfi3l3FgqvozyhRl/ziR5PQRk/YFfthwDBD5pH8Trqp+jByHrqRvV7HxrVQOjW\nRKkcK4dNctItOfLg3+wTsOopmLQja7sAqkfipUQxyfRgEqY0fXEqOxwfzndw4X30\nMj1KtT8/K51ZAAAAgQCpRPXci4P0TZdiWwSODFEOzLK1lTEtBRcbdnokT6Zo9L7L\nbtHJIEqqmOeVGcNQHpYDY9sNCSEuDr+OmCsuUHoC2m06mwj9tLWkwnD/ZzFjRC1j\nQXVpjfRaYfjkT+OsJrmsajBdj5+DdO65ZjJN0m8WGpgyXOUMvCX5li+q7MnBXgAA\nAIEA7fGrCtqd2w/CPCUT3PvisdpXJ5da/s2oK+IJn+J/+tuA81jsmCrzEBSl9sT3\nVMwnCtS9rBIGIb7nbDeQEgfyLtO1kp4iqoHUyjL5alcHFICOckbXjdz0IA7nMoYD\n2iQl/dt4F4rNilZ1w0nIZ62Ukpb2bnnMf+1Q/XVP6qGET3kAAACBAM+Dee2mWuUz\n2EF2HC/rtA+1VJjpxKdE1BZgAeIeFm8WiRHh0KL+cyB8xPB9TUI2RgIJjRlLhARP\nztAsfufYGlc9SZp1ZkfoBdtCah3HjN3jwLCbEZFycphU1nWoUcZUF+ikSuqUEllQ\nnlY+BUHYqe+fhXjYnnZi5TiCQEsb5yGJAAAAAAEC\n-----END OPENSSH PRIVATE KEY-----\n",
            "private_key_pem": "-----BEGIN RSA PRIVATE KEY-----\nMIIEowIBAAKCAQEAwOCdTGqGLjJhhwfgc/pZlvuEakrWf2OVmoSW1IfUe8+db4FT\n/AM9KHXEcAhhx3iUOMnSiCNlsb50fqkaa5xG+YvqdEDxBi/YRMXsigOAKjHnZ2Re\nMo7yT2r7HLmpl9AHKjrFGCeSBcieBmHoVV3MqEhGeC/Cdg5ETGwChqxt1md7rqL4\nFYAGJWH0vwyoaQcIFOGMEOGY3vcFPGF1huHOUeqxrg7/Lu366jio2ylzBLt/2/qR\ncyuRDPvhAkN6k4CoC52dHMMh+jfbHif1tz1FftE3YayyTwS/lK5iPLlxSKU7pnpR\no7DzH2zBkCk/bV06PBgt/4w+9zrX6T6a9zwgwQIDAQABAoIBAAmdIIYKsLu8f+M5\nw6iwP7cwe/wK1Sh2G6K/LV/0UcVmlrG0Q+4FsM6TmSoe5tXJFzVB7QwjXIoopLib\n//DBckG1xUbMZl8hMyHRbj3+WOzxfhfnlzDksmP+QHxA7li+ch77HTAcJ9GBO4w0\npN6dbWotaRLMSaB2C1Y2U4VoMpTbTykhNEQwXm23siLv1/HymVdCNE5q88nYrB+L\neXcWCq+jPKFGX/OJHk9BGT9gV+2HAMEPmkfxOuqn6MHIeupG9XsfGtVA6NZEqRwr\nh01y0i058uDf7BOw6imYtCNruwCqR+KlRDHJ9GASpjR9cSo7HB/Od3DhffQyPUq1\nPz8rnVkCgYEA7fGrCtqd2w/CPCUT3PvisdpXJ5da/s2oK+IJn+J/+tuA81jsmCrz\nEBSl9sT3VMwnCtS9rBIGIb7nbDeQEgfyLtO1kp4iqoHUyjL5alcHFICOckbXjdz0\nIA7nMoYD2iQl/dt4F4rNilZ1w0nIZ62Ukpb2bnnMf+1Q/XVP6qGET3kCgYEAz4N5\n7aZa5TPYQXYcL+u0D7VUmOnEp0TUFmAB4h4WbxaJEeHQov5zIHzE8H1NQjZGAgmN\nGUuEBE/O0Cx+59gaVz1JmnVmR+gF20JqHceM3ePAsJsRkXJymFTWdahRxlQX6KRK\n6pQSWVCeVj4FQdip75+FeNiedmLlOIJASxvnIYkCgYAu9n7i0olLfk3A3zSPbiut\nHMIM72OnXOHvX1q08th9o6tM3GU+F2QH7XtgPDnww6aFDb4t4xTQvkQg6MqHtIfJ\nVEHHIW0IKD3edrchlPGxyznSNkc/GbgZR7e8EhVajb3t385RHzU4M55koABs7iaf\n1CnpXiLNsQJGNExErAJYSQKBgEcL9qTc/eXXWEUhUQk/I8j1Bl/MOZ4jPJHkkQB/\n2KJ0Dr3mmG4VvAj1bt//poHy3wk3h+2PI0XupRo1AcYTAQG5ZAfUBg68a7TkCjzj\n42Dc504P6XXovz9UXJCv7j9+7yihh1zFEXsu1OcmGNqweY4nCaWUVLyno18ziRuu\nE/YxAoGBAKlE9dyLg/RNl2JbBI4MUQ7MsrWVMS0FFxt2eiRPpmj0vstu0ckgSqqY\n55UZw1AelgNj2w0JIS4Ov46YKy5QegLabTqbCP20taTCcP9nMWNELWNBdWmN9Fph\n+ORP46wmuaxqMF2Pn4N07rlmMk3SbxYamDJc5Qy8JfmWL6rsycFe\n-----END RSA PRIVATE KEY-----\n",
            "private_key_pem_pkcs8": "-----BEGIN PRIVATE KEY-----\nMIIEvQIBADANBgkqhkiG9w0BAQEFAASCBKcwggSjAgEAAoIBAQDA4J1MaoYuMmGH\nB+Bz+lmW+4RqStZ/Y5WahJbUh9R7z51vgVP8Az0odcRwCGHHeJQ4ydKII2WxvnR+\nqRprnEb5i+p0QPEGL9hExeyKA4AqMednZF4yjvJPavscuamX0AcqOsUYJ5IFyJ4G\nYehVXcyoSEZ4L8J2DkRMbAKGrG3WZ3uuovgVgAYlYfS/DKhpBwgU4YwQ4Zje9wU8\nYXWG4c5R6rGuDv8u7frqOKjbKXMEu3/b+pFzK5EM++ECQ3qTgKgLnZ0cwyH6N9se\nJ/W3PUV+0TdhrLJPBL+UrmI8uXFIpTumelGjsPMfbMGQKT9tXTo8GC3/jD73Otfp\nPpr3PCDBAgMBAAECggEACZ0ghgqwu7x/4znDqLA/tzB7/ArVKHYbor8tX/RRxWaW\nsbRD7gWwzpOZKh7m1ckXNUHtDCNciiikuJv/8MFyQbXFRsxmXyEzIdFuPf5Y7PF+\nF+eXMOSyY/5AfEDuWL5yHvsdMBwn0YE7jDSk3p1tai1pEsxJoHYLVjZThWgylNtP\nKSE0RDBebbeyIu/X8fKZV0I0TmrzydisH4t5dxYKr6M8oUZf84keT0EZP2BX7YcA\nwQ+aR/E66qfowch66kb1ex8a1UDo1kSpHCuHTXLSLTny4N/sE7DqKZi0I2u7AKpH\n4qVEMcn0YBKmNH1xKjscH853cOF99DI9SrU/PyudWQKBgQDt8asK2p3bD8I8JRPc\n++Kx2lcnl1r+zagr4gmf4n/624DzWOyYKvMQFKX2xPdUzCcK1L2sEgYhvudsN5AS\nB/Iu07WSniKqgdTKMvlqVwcUgI5yRteN3PQgDucyhgPaJCX923gXis2KVnXDSchn\nrZSSlvZuecx/7VD9dU/qoYRPeQKBgQDPg3ntplrlM9hBdhwv67QPtVSY6cSnRNQW\nYAHiHhZvFokR4dCi/nMgfMTwfU1CNkYCCY0ZS4QET87QLH7n2BpXPUmadWZH6AXb\nQmodx4zd48CwmxGRcnKYVNZ1qFHGVBfopErqlBJZUJ5WPgVB2Knvn4V42J52YuU4\ngkBLG+chiQKBgC72fuLSiUt+TcDfNI9uK60cwgzvY6dc4e9fWrTy2H2jq0zcZT4X\nZAfte2A8OfDDpoUNvi3jFNC+RCDoyoe0h8lUQcchbQgoPd52tyGU8bHLOdI2Rz8Z\nuBlHt7wSFVqNve3fzlEfNTgznmSgAGzuJp/UKeleIs2xAkY0TESsAlhJAoGARwv2\npNz95ddYRSFRCT8jyPUGX8w5niM8keSRAH/YonQOveaYbhW8CPVu3/+mgfLfCTeH\n7Y8jRe6lGjUBxhMBAblkB9QGDrxrtOQKPOPjYNznTg/pdei/P1RckK/uP37vKKGH\nXMURey7U5yYY2rB5jicJpZRUvKejXzOJG64T9jECgYEAqUT13IuD9E2XYlsEjgxR\nDsyytZUxLQUXG3Z6JE+maPS+y27RySBKqpjnlRnDUB6WA2PbDQkhLg6/jpgrLlB6\nAtptOpsI/bS1pMJw/2cxY0QtY0F1aY30WmH45E/jrCa5rGowXY+fg3TuuWYyTdJv\nFhqYMlzlDLwl+ZYvquzJwV4=\n-----END PRIVATE KEY-----\n",
            "public_key_fingerprint_md5": "e6:c6:9c:69:69:05:f9:d4:ca:7c:c8:eb:02:52:21:60",
            "public_key_fingerprint_sha256": "SHA256:2wK8ooVCKdOX75Y7aykui7JrDQwzEUK6LNA7UV4HY2A",
            "public_key_openssh": "ssh-rsa AAAAB3NzaC1yc2EAAAADAQABAAABAQDA4J1MaoYuMmGHB+Bz+lmW+4RqStZ/Y5WahJbUh9R7z51vgVP8Az0odcRwCGHHeJQ4ydKII2WxvnR+qRprnEb5i+p0QPEGL9hExeyKA4AqMednZF4yjvJPavscuamX0AcqOsUYJ5IFyJ4GYehVXcyoSEZ4L8J2DkRMbAKGrG3WZ3uuovgVgAYlYfS/DKhpBwgU4YwQ4Zje9wU8YXWG4c5R6rGuDv8u7frqOKjbKXMEu3/b+pFzK5EM++ECQ3qTgKgLnZ0cwyH6N9seJ/W3PUV+0TdhrLJPBL+UrmI8uXFIpTumelGjsPMfbMGQKT9tXTo8GC3/jD73OtfpPpr3PCDB\n",
            "public_key_pem": "-----BEGIN PUBLIC KEY-----\nMIIBIjANBgkqhkiG9w0BAQEFAAOCAQ8AMIIBCgKCAQEAwOCdTGqGLjJhhwfgc/pZ\nlvuEakrWf2OVmoSW1IfUe8+db4FT/AM9KHXEcAhhx3iUOMnSiCNlsb50fqkaa5xG\n+YvqdEDxBi/YRMXsigOAKjHnZ2ReMo7yT2r7HLmpl9AHKjrFGCeSBcieBmHoVV3M\nqEhGeC/Cdg5ETGwChqxt1md7rqL4FYAGJWH0vwyoaQcIFOGMEOGY3vcFPGF1huHO\nUeqxrg7/Lu366jio2ylzBLt/2/qRcyuRDPvhAkN6k4CoC52dHMMh+jfbHif1tz1F\nftE3YayyTwS/lK5iPLlxSKU7pnpRo7DzH2zBkCk/bV06PBgt/4w+9zrX6T6a9zwg\nwQIDAQAB\n-----END PUBLIC KEY-----\n",
            "rsa_bits": 2048
          },
          "sensitive_attributes": [
            [
              {
                "type": "get_attr",
                "value": "private_key_openssh"
              }
            ],
            [
              {
                "type": "get_attr",
                "value": "private_key_pem"
              }
            ],
            [
              {
                "type": "get_attr",
                "value": "private_key_pem_pkcs8"
              }
            ]
          ],
          "identity_schema_version": 0
        }
      ]
    },
    {
      "mode": "managed",
      "type": "tls_private_key",
      "name": "vpn_client_key",
      "provider": "provider[\"registry.terraform.io/hashicorp/tls\"]",
      "instances": [
        {
          "schema_version": 1,
          "attributes": {
            "algorithm": "RSA",
            "ecdsa_curve": "P224",
            "id": "a6ae3cca8a12093199a6ea709d4cb11f53d7c470",
            "private_key_openssh": "-----BEGIN OPENSSH PRIVATE KEY-----\nb3BlbnNzaC1rZXktdjEAAAAABG5vbmUAAAAEbm9uZQAAAAAAAAABAAABFwAAAAdz\nc2gtcnNhAAAAAwEAAQAAAQEAvW4X6/Th6nHsBuBkY2BT5Mzrq6SSFlkW133N5NEP\ntJ15sS1fai6gAByLv3gBrWvjy5psyP4yZK1R85gfHP6Se1JK8EbXnnNq+UgcA1gg\n9HyphLvvxcZSJpeEqAk1K1E7GLpC5R7/NeAQW392kqrRk70wT21R+CuknJT5Yjml\n/VO3W1w8G+/PywSNypK8iegOYe4HBQdaF9dGDvSzJK6CzH+uyKE2bva5qZnp0D3W\nrO+nt6zDD8W0oz4vMmt0yeY7cDB2Wbqs1jUkKg+zwx9RKnE/ENAdOYogQ6c/qSjA\nO4IZkhS4cE0G101L66h4DsOjS2Jeu/hLl9AdzgXGuuLppQAAA7hAISVVQCElVQAA\nAAdzc2gtcnNhAAABAQC9bhfr9OHqcewG4GRjYFPkzOurpJIWWRbXfc3k0Q+0nXmx\nLV9qLqAAHIu/eAGta+PLmmzI/jJkrVHzmB8c/pJ7UkrwRteec2r5SBwDWCD0fKmE\nu+/FxlIml4SoCTUrUTsYukLlHv814BBbf3aSqtGTvTBPbVH4K6SclPliOaX9U7db\nXDwb78/LBI3KkryJ6A5h7gcFB1oX10YO9LMkroLMf67IoTZu9rmpmenQPdas76e3\nrMMPxbSjPi8ya3TJ5jtwMHZZuqzWNSQqD7PDH1EqcT8Q0B05iiBDpz+pKMA7ghmS\nFLhwTQbXTUvrqHgOw6NLYl67+EuX0B3OBca64umlAAAAAwEAAQAAAQAEX4DFwv6I\n0jAeGvd7p5o/UMhrWUHdcW68SHjvSr8jBDtuWYJM4vOqFeIsr1a2kyQ21lijWFRG\nttR8cWsydW+aX414xjc7hgklAYoZyzgY4FyJQqL9POcattwxhRxz1n6e0XZrU8iV\nt4lud8KN1QSyIAs/E/C4U8kn5HTCDZSIy/Y1TquEkQNGOXzFw158qKEyHoU2fj/r\nLvs15pm5xq4x9V3NY+G6CkapWjwpkqzaGDtRCQstuxgD6EQIjLYfoCWyGRHfV9l1\n+QUQl4tYWMR9KORLq242y5dv1Vpy1lcNYulKhl7zweh/SP4FjVMMDAoA3NMgbp6a\nkaJgJBQLyulHAAAAgQDlaRSdIqsFHxCuRD/0oJG1hkUWL+hmlYyfXvqRVgki4s0y\nQLTP7CULW2ry7hYBODwn9xI6uW1VLGtHUKfE6VQO2d/d+YswB9CKvCTqqgllb+0J\njZXoEV1QhFWuWx8MRyNDKlmOsFuRtbBYQMXFfaLRdF1tBkNXlHbUjt+bgzlBrwAA\nAIEA+qeDMlrthIEE49ldAKcPSpqKJ9cIybWx3BbR+cYEScs6sX98PIJkXUJ1uRgG\nLCup0m+VKzmVUq5v/eCo2LxOLXt4Is1v+/4795XaTlgxCUWW3S9Vh76PGPJiKQsN\nkiIlminiIBqMrMk0vnZObxvSvNDqFI2e6g+a+62DU40uAAMAAACBAMF4US98DVkA\nalbxEFDW6rALAgh2uM83oF6pa7mFs6MmLJ39C6tltrTKoivh+R6NwthBAlcdofQo\n7g0Vgmw+BDLDjH9b6H19yiDdsQfr3akdieKeIk5WfjpMhUX2kjUSy+/nDABFlmux\n7Vpejb0s9toC6FgIBRKOUxLOCeMJVaM3AAAAAAEC\n-----END OPENSSH PRIVATE KEY-----\n",
            "private_key_pem": "-----BEGIN RSA PRIVATE KEY-----\nMIIEowIBAAKCAQEAvW4X6/Th6nHsBuBkY2BT5Mzrq6SSFlkW133N5NEPtJ15sS1f\nai6gAByLv3gBrWvjy5psyP4yZK1R85gfHP6Se1JK8EbXnnNq+UgcA1gg9HyphLvv\nxcZSJpeEqAk1K1E7GLpC5R7/NeAQW392kqrRk70wT21R+CuknJT5Yjml/VO3W1w8\nG+/PywSNypK8iegOYe4HBQdaF9dGDvSzJK6CzH+uyKE2bva5qZnp0D3WrO+nt6zD\nD8W0oz4vMmt0yeY7cDB2Wbqs1jUkKg+zwx9RKnE/ENAdOYogQ6c/qSjAO4IZkhS4\ncE0G101L66h4DsOjS2Jeu/hLl9AdzgXGuuLppQIDAQABAoIBAARfgMXC/ojSMB4a\n93unmj9QyGtZQd1xbrxIeO9KvyMEO25Zgkzi86oV4iyvVraTJDbWWKNYVEa21Hxx\nazJ1b5pfjXjGNzuGCSUBihnLOBjgXIlCov085xq23DGFHHPWfp7RdmtTyJW3iW53\nwo3VBLIgCz8T8LhTySfkdMINlIjL9jVOq4SRA0Y5fMXDXnyooTIehTZ+P+su+zXm\nmbnGrjH1Xc1j4boKRqlaPCmSrNoYO1EJCy27GAPoRAiMth+gJbIZEd9X2XX5BRCX\ni1hYxH0o5EurbjbLl2/VWnLWVw1i6UqGXvPB6H9I/gWNUwwMCgDc0yBunpqRomAk\nFAvK6UcCgYEA+qeDMlrthIEE49ldAKcPSpqKJ9cIybWx3BbR+cYEScs6sX98PIJk\nXUJ1uRgGLCup0m+VKzmVUq5v/eCo2LxOLXt4Is1v+/4795XaTlgxCUWW3S9Vh76P\nGPJiKQsNkiIlminiIBqMrMk0vnZObxvSvNDqFI2e6g+a+62DU40uAAMCgYEAwXhR\nL3wNWQBqVvEQUNbqsAsCCHa4zzegXqlruYWzoyYsnf0Lq2W2tMqiK+H5Ho3C2EEC\nVx2h9CjuDRWCbD4EMsOMf1vofX3KIN2xB+vdqR2J4p4iTlZ+OkyFRfaSNRLL7+cM\nAEWWa7HtWl6NvSz22gLoWAgFEo5TEs4J4wlVozcCgYAMaiuXXOWSwIkrd+KhW6To\nPwtEuePXicZLbl3sDyC7PvOjQvs2TAcIj3ghOM1ldqwsnhY3U9zPgZBOdMgoI/uD\nSTBEGQTI6Giz9Johc0DKgsXcIrILzSZtR+QQwFlluYc/QX/Ps0Dwde7E2Ds+SZSA\ngaB2cCVE1o0IlimBA+cZXQKBgD7StAIoVSk+cklzE+o8L48ks+9Npetb086JUzq2\nCMQEpF5VChIJAFAqsIhxY3ShcdDJI1poe+uN0ucawfQmGzTkvN2qWY9OZnFPq6m3\n1I2S0vBsixVHDswdhvVWANoNFX38V7BK6HJmH33F0F7KmAnpAct8JzGEV8N2dk1r\n/Yv3AoGBAOVpFJ0iqwUfEK5EP/SgkbWGRRYv6GaVjJ9e+pFWCSLizTJAtM/sJQtb\navLuFgE4PCf3Ejq5bVUsa0dQp8TpVA7Z3935izAH0Iq8JOqqCWVv7QmNlegRXVCE\nVa5bHwxHI0MqWY6wW5G1sFhAxcV9otF0XW0GQ1eUdtSO35uDOUGv\n-----END RSA PRIVATE KEY-----\n",
            "private_key_pem_pkcs8": "-----BEGIN PRIVATE KEY-----\nMIIEvQIBADANBgkqhkiG9w0BAQEFAASCBKcwggSjAgEAAoIBAQC9bhfr9OHqcewG\n4GRjYFPkzOurpJIWWRbXfc3k0Q+0nXmxLV9qLqAAHIu/eAGta+PLmmzI/jJkrVHz\nmB8c/pJ7UkrwRteec2r5SBwDWCD0fKmEu+/FxlIml4SoCTUrUTsYukLlHv814BBb\nf3aSqtGTvTBPbVH4K6SclPliOaX9U7dbXDwb78/LBI3KkryJ6A5h7gcFB1oX10YO\n9LMkroLMf67IoTZu9rmpmenQPdas76e3rMMPxbSjPi8ya3TJ5jtwMHZZuqzWNSQq\nD7PDH1EqcT8Q0B05iiBDpz+pKMA7ghmSFLhwTQbXTUvrqHgOw6NLYl67+EuX0B3O\nBca64umlAgMBAAECggEABF+AxcL+iNIwHhr3e6eaP1DIa1lB3XFuvEh470q/IwQ7\nblmCTOLzqhXiLK9WtpMkNtZYo1hURrbUfHFrMnVvml+NeMY3O4YJJQGKGcs4GOBc\niUKi/TznGrbcMYUcc9Z+ntF2a1PIlbeJbnfCjdUEsiALPxPwuFPJJ+R0wg2UiMv2\nNU6rhJEDRjl8xcNefKihMh6FNn4/6y77NeaZucauMfVdzWPhugpGqVo8KZKs2hg7\nUQkLLbsYA+hECIy2H6AlshkR31fZdfkFEJeLWFjEfSjkS6tuNsuXb9VactZXDWLp\nSoZe88Hof0j+BY1TDAwKANzTIG6empGiYCQUC8rpRwKBgQD6p4MyWu2EgQTj2V0A\npw9Kmoon1wjJtbHcFtH5xgRJyzqxf3w8gmRdQnW5GAYsK6nSb5UrOZVSrm/94KjY\nvE4te3gizW/7/jv3ldpOWDEJRZbdL1WHvo8Y8mIpCw2SIiWaKeIgGoysyTS+dk5v\nG9K80OoUjZ7qD5r7rYNTjS4AAwKBgQDBeFEvfA1ZAGpW8RBQ1uqwCwIIdrjPN6Be\nqWu5hbOjJiyd/QurZba0yqIr4fkejcLYQQJXHaH0KO4NFYJsPgQyw4x/W+h9fcog\n3bEH692pHYniniJOVn46TIVF9pI1Esvv5wwARZZrse1aXo29LPbaAuhYCAUSjlMS\nzgnjCVWjNwKBgAxqK5dc5ZLAiSt34qFbpOg/C0S549eJxktuXewPILs+86NC+zZM\nBwiPeCE4zWV2rCyeFjdT3M+BkE50yCgj+4NJMEQZBMjoaLP0miFzQMqCxdwisgvN\nJm1H5BDAWWW5hz9Bf8+zQPB17sTYOz5JlICBoHZwJUTWjQiWKYED5xldAoGAPtK0\nAihVKT5ySXMT6jwvjySz702l61vTzolTOrYIxASkXlUKEgkAUCqwiHFjdKFx0Mkj\nWmh7643S5xrB9CYbNOS83apZj05mcU+rqbfUjZLS8GyLFUcOzB2G9VYA2g0VffxX\nsErocmYffcXQXsqYCekBy3wnMYRXw3Z2TWv9i/cCgYEA5WkUnSKrBR8QrkQ/9KCR\ntYZFFi/oZpWMn176kVYJIuLNMkC0z+wlC1tq8u4WATg8J/cSOrltVSxrR1CnxOlU\nDtnf3fmLMAfQirwk6qoJZW/tCY2V6BFdUIRVrlsfDEcjQypZjrBbkbWwWEDFxX2i\n0XRdbQZDV5R21I7fm4M5Qa8=\n-----END PRIVATE KEY-----\n",
            "public_key_fingerprint_md5": "db:59:e6:74:39:b6:62:a2:84:3c:47:09:be:10:d4:69",
            "public_key_fingerprint_sha256": "SHA256:DFmvIwj+LaWXvdyb+lmWCinJ+/is4DkkD2pbM7lMZKA",
            "public_key_openssh": "ssh-rsa AAAAB3NzaC1yc2EAAAADAQABAAABAQC9bhfr9OHqcewG4GRjYFPkzOurpJIWWRbXfc3k0Q+0nXmxLV9qLqAAHIu/eAGta+PLmmzI/jJkrVHzmB8c/pJ7UkrwRteec2r5SBwDWCD0fKmEu+/FxlIml4SoCTUrUTsYukLlHv814BBbf3aSqtGTvTBPbVH4K6SclPliOaX9U7dbXDwb78/LBI3KkryJ6A5h7gcFB1oX10YO9LMkroLMf67IoTZu9rmpmenQPdas76e3rMMPxbSjPi8ya3TJ5jtwMHZZuqzWNSQqD7PDH1EqcT8Q0B05iiBDpz+pKMA7ghmSFLhwTQbXTUvrqHgOw6NLYl67+EuX0B3OBca64uml\n",
            "public_key_pem": "-----BEGIN PUBLIC KEY-----\nMIIBIjANBgkqhkiG9w0BAQEFAAOCAQ8AMIIBCgKCAQEAvW4X6/Th6nHsBuBkY2BT\n5Mzrq6SSFlkW133N5NEPtJ15sS1fai6gAByLv3gBrWvjy5psyP4yZK1R85gfHP6S\ne1JK8EbXnnNq+UgcA1gg9HyphLvvxcZSJpeEqAk1K1E7GLpC5R7/NeAQW392kqrR\nk70wT21R+CuknJT5Yjml/VO3W1w8G+/PywSNypK8iegOYe4HBQdaF9dGDvSzJK6C\nzH+uyKE2bva5qZnp0D3WrO+nt6zDD8W0oz4vMmt0yeY7cDB2Wbqs1jUkKg+zwx9R\nKnE/ENAdOYogQ6c/qSjAO4IZkhS4cE0G101L66h4DsOjS2Jeu/hLl9AdzgXGuuLp\npQIDAQAB\n-----END PUBLIC KEY-----\n",
            "rsa_bits": 2048
          },
          "sensitive_attributes": [
            [
              {
                "type": "get_attr",
                "value": "private_key_openssh"
              }
            ],
            [
              {
                "type": "get_attr",
                "value": "private_key_pem"
              }
            ],
            [
              {
                "type": "get_attr",
                "value": "private_key_pem_pkcs8"
              }
            ]
          ],
          "identity_schema_version": 0
        }
      ]
    },
    {
      "mode": "managed",
      "type": "tls_private_key",
      "name": "vpn_server_key",
      "provider": "provider[\"registry.terraform.io/hashicorp/tls\"]",
      "instances": [
        {
          "schema_version": 1,
          "attributes": {
            "algorithm": "RSA",
            "ecdsa_curve": "P224",
            "id": "22f2d82d2151c52955f1289f0f55bffad2ab900f",
            "private_key_openssh": "-----BEGIN OPENSSH PRIVATE KEY-----\nb3BlbnNzaC1rZXktdjEAAAAABG5vbmUAAAAEbm9uZQAAAAAAAAABAAABFwAAAAdz\nc2gtcnNhAAAAAwEAAQAAAQEAvi5BxEqCza4iVoiBx+Mfszf4nL8zIv0xi9kkbnX9\n+BG7eBArx8G6wi/g9VKkfdBpmEadoq/vSgZAdE25h+auC9Ob8vEak03Zb1TA8zWz\nzEF1WcuNpfthkEl+w4/Pdd0pw1DbVNDg0KOCcDNVYLS2LzvEOC/0WkKPukRBV2wl\nUDGTw9sQ7f4lRyc9RlnQko3MpMphPwe0+hl0OZ0zdLi5rjJGb5a/bYutxyvlxAGp\nNzWcCWG9mb2DJSj/zN0ulIygE/xdlP7K4AAD2L5I6r9lZD6pqZCD1Wep0RQC/HJ1\n+M6G8oQaPTbWwOSGTW0q+lq1SZ8iHSLUVKlLRKKSSaho5wAAA7iU1UTNlNVEzQAA\nAAdzc2gtcnNhAAABAQC+LkHESoLNriJWiIHH4x+zN/icvzMi/TGL2SRudf34Ebt4\nECvHwbrCL+D1UqR90GmYRp2ir+9KBkB0TbmH5q4L05vy8RqTTdlvVMDzNbPMQXVZ\ny42l+2GQSX7Dj8913SnDUNtU0ODQo4JwM1VgtLYvO8Q4L/RaQo+6REFXbCVQMZPD\n2xDt/iVHJz1GWdCSjcykymE/B7T6GXQ5nTN0uLmuMkZvlr9ti63HK+XEAak3NZwJ\nYb2ZvYMlKP/M3S6UjKAT/F2U/srgAAPYvkjqv2VkPqmpkIPVZ6nRFAL8cnX4zoby\nhBo9NtbA5IZNbSr6WrVJnyIdItRUqUtEopJJqGjnAAAAAwEAAQAAAQALO+tGbGPz\ndDMmEaE5wAWTp7cOKoM1FwGR8ibWeZTVGwlya0e5LVnzwsuslVzb67w/f2hfZe1V\nXfvGHJmpi/hbALCB6Z+F9QxmwnoCKkY8YHkaPIDZ10W2AryaUiJRb/OM5irwN/h+\nJDJ+OaINxaiY++Ee51vggXV0OmtYffrRFLDXTWclfzpJ+JqgnzRVX+D0MZiqznmR\nAZXO6AFPChQoskwX1+JTPukwq8xcEL5xmpz4PpHeLEJFyJAUZ9D7vDCSVCz78ddh\nszd5p8MWrEq9H9HqBZXt81SPVwlwSPC6z8H0CHcKIplqOzfypb1wJvfesQapPtE2\nSwN9vEWjiuBVAAAAgQCfC3UyT0X/BJBtIdYnGqI6beLy7kgUXXVafNC/bBe7ydvW\n9q2+LRNhTuzhEValqqa9QFufFkiMpv9ZlXLfig0FdMyc14AAdeoVR4LqGtn4S5HL\neO1LW7V/VUYJpw+mciw28DJQ6BdWUMom5KLYoEjXH4CaNbBEfQxJxGgkV6XnOQAA\nAIEA88k9ii2b7zgWWSr9zej6d3zdVDDKmYe61ZdbKaj4gp7/oo6XtKZLY5pbJLuf\n0qvmnOxhKPwNGKXzKb/rBAKBR8bX3MqlQsSeRtAZsiKIKFca6C9xCQVexIp8H7Ld\nWBiwRaJ66pagT1g7FJvMm6ssJY7QuYC7jlZmXSMEStvfIbUAAACBAMe1e4pGrxr3\nZ+2pHXuoVo83xgFUvA+Vr1qdj+BKjt02npFaljEyTzZe+wwYve72Qnr1wL11z/gX\n4HsiPUSpOv7+pVvMGbXKtMbLyi+vzzFELIB9me55YIpfPULksxQDLFzLwL6+joR/\nSC2ml153yltTgi+5JNgpPiMR45G8THGrAAAAAAEC\n-----END OPENSSH PRIVATE KEY-----\n",
            "private_key_pem": "-----BEGIN RSA PRIVATE KEY-----\nMIIEpQIBAAKCAQEAvi5BxEqCza4iVoiBx+Mfszf4nL8zIv0xi9kkbnX9+BG7eBAr\nx8G6wi/g9VKkfdBpmEadoq/vSgZAdE25h+auC9Ob8vEak03Zb1TA8zWzzEF1WcuN\npfthkEl+w4/Pdd0pw1DbVNDg0KOCcDNVYLS2LzvEOC/0WkKPukRBV2wlUDGTw9sQ\n7f4lRyc9RlnQko3MpMphPwe0+hl0OZ0zdLi5rjJGb5a/bYutxyvlxAGpNzWcCWG9\nmb2DJSj/zN0ulIygE/xdlP7K4AAD2L5I6r9lZD6pqZCD1Wep0RQC/HJ1+M6G8oQa\nPTbWwOSGTW0q+lq1SZ8iHSLUVKlLRKKSSaho5wIDAQABAoIBAAs760ZsY/N0MyYR\noTnABZOntw4qgzUXAZHyJtZ5lNUbCXJrR7ktWfPCy6yVXNvrvD9/aF9l7VVd+8Yc\nmamL+FsAsIHpn4X1DGbCegIqRjxgeRo8gNnXRbYCvJpSIlFv84zmKvA3+H4kMn45\nog3FqJj74R7nW+CBdXQ6a1h9+tEUsNdNZyV/Okn4mqCfNFVf4PQxmKrOeZEBlc7o\nAU8KFCiyTBfX4lM+6TCrzFwQvnGanPg+kd4sQkXIkBRn0Pu8MJJULPvx12GzN3mn\nwxasSr0f0eoFle3zVI9XCXBI8LrPwfQIdwoimWo7N/KlvXAm996xBqk+0TZLA328\nRaOK4FUCgYEA88k9ii2b7zgWWSr9zej6d3zdVDDKmYe61ZdbKaj4gp7/oo6XtKZL\nY5pbJLuf0qvmnOxhKPwNGKXzKb/rBAKBR8bX3MqlQsSeRtAZsiKIKFca6C9xCQVe\nxIp8H7LdWBiwRaJ66pagT1g7FJvMm6ssJY7QuYC7jlZmXSMEStvfIbUCgYEAx7V7\nikavGvdn7akde6hWjzfGAVS8D5WvWp2P4EqO3TaekVqWMTJPNl77DBi97vZCevXA\nvXXP+BfgeyI9RKk6/v6lW8wZtcq0xsvKL6/PMUQsgH2Z7nlgil89QuSzFAMsXMvA\nvr6OhH9ILaaXXnfKW1OCL7kk2Ck+IxHjkbxMcasCgYEAp/cFYYjfIUkBjNokGJTm\nzSDI1dLwJCvyPGuWMfPrlQO7meKo/5x74Npe5cYn7dzmfUQYBUb0NwFPsno6kH6x\nWCTWYZd1mbUiYCPNMIC+Ux0AuuzE8rQygTPxJV31R1drS+8QxUSWm1RtEFvv82lS\nd2YYxVa+4ukAijcwI+utpukCgYEAgbwFq0hLzIrYOu3Xt1MeGB+1Q3wWR1GH/qfI\npX4J3O70h5x/YSo7hyigkbUo/amAenxXXzy/g32PWK5fetEtACXQqhemxBAQ6+vL\nRrtBL9IHztjJPMAg1QMVuvTy2JdPJGFAryj/UFeXPgCw6K+NB1LyiaoOo1X3hbTD\nTxMx3c0CgYEAnwt1Mk9F/wSQbSHWJxqiOm3i8u5IFF11WnzQv2wXu8nb1vatvi0T\nYU7s4RFWpaqmvUBbnxZIjKb/WZVy34oNBXTMnNeAAHXqFUeC6hrZ+EuRy3jtS1u1\nf1VGCacPpnIsNvAyUOgXVlDKJuSi2KBI1x+AmjWwRH0MScRoJFel5zk=\n-----END RSA PRIVATE KEY-----\n",
            "private_key_pem_pkcs8": "-----BEGIN PRIVATE KEY-----\nMIIEvwIBADANBgkqhkiG9w0BAQEFAASCBKkwggSlAgEAAoIBAQC+LkHESoLNriJW\niIHH4x+zN/icvzMi/TGL2SRudf34Ebt4ECvHwbrCL+D1UqR90GmYRp2ir+9KBkB0\nTbmH5q4L05vy8RqTTdlvVMDzNbPMQXVZy42l+2GQSX7Dj8913SnDUNtU0ODQo4Jw\nM1VgtLYvO8Q4L/RaQo+6REFXbCVQMZPD2xDt/iVHJz1GWdCSjcykymE/B7T6GXQ5\nnTN0uLmuMkZvlr9ti63HK+XEAak3NZwJYb2ZvYMlKP/M3S6UjKAT/F2U/srgAAPY\nvkjqv2VkPqmpkIPVZ6nRFAL8cnX4zobyhBo9NtbA5IZNbSr6WrVJnyIdItRUqUtE\nopJJqGjnAgMBAAECggEACzvrRmxj83QzJhGhOcAFk6e3DiqDNRcBkfIm1nmU1RsJ\ncmtHuS1Z88LLrJVc2+u8P39oX2XtVV37xhyZqYv4WwCwgemfhfUMZsJ6AipGPGB5\nGjyA2ddFtgK8mlIiUW/zjOYq8Df4fiQyfjmiDcWomPvhHudb4IF1dDprWH360RSw\n101nJX86SfiaoJ80VV/g9DGYqs55kQGVzugBTwoUKLJMF9fiUz7pMKvMXBC+cZqc\n+D6R3ixCRciQFGfQ+7wwklQs+/HXYbM3eafDFqxKvR/R6gWV7fNUj1cJcEjwus/B\n9Ah3CiKZajs38qW9cCb33rEGqT7RNksDfbxFo4rgVQKBgQDzyT2KLZvvOBZZKv3N\n6Pp3fN1UMMqZh7rVl1spqPiCnv+ijpe0pktjmlsku5/Sq+ac7GEo/A0YpfMpv+sE\nAoFHxtfcyqVCxJ5G0BmyIogoVxroL3EJBV7Einwfst1YGLBFonrqlqBPWDsUm8yb\nqywljtC5gLuOVmZdIwRK298htQKBgQDHtXuKRq8a92ftqR17qFaPN8YBVLwPla9a\nnY/gSo7dNp6RWpYxMk82XvsMGL3u9kJ69cC9dc/4F+B7Ij1EqTr+/qVbzBm1yrTG\ny8ovr88xRCyAfZnueWCKXz1C5LMUAyxcy8C+vo6Ef0gtppded8pbU4IvuSTYKT4j\nEeORvExxqwKBgQCn9wVhiN8hSQGM2iQYlObNIMjV0vAkK/I8a5Yx8+uVA7uZ4qj/\nnHvg2l7lxift3OZ9RBgFRvQ3AU+yejqQfrFYJNZhl3WZtSJgI80wgL5THQC67MTy\ntDKBM/ElXfVHV2tL7xDFRJabVG0QW+/zaVJ3ZhjFVr7i6QCKNzAj662m6QKBgQCB\nvAWrSEvMitg67de3Ux4YH7VDfBZHUYf+p8ilfgnc7vSHnH9hKjuHKKCRtSj9qYB6\nfFdfPL+DfY9Yrl960S0AJdCqF6bEEBDr68tGu0Ev0gfO2Mk8wCDVAxW69PLYl08k\nYUCvKP9QV5c+ALDor40HUvKJqg6jVfeFtMNPEzHdzQKBgQCfC3UyT0X/BJBtIdYn\nGqI6beLy7kgUXXVafNC/bBe7ydvW9q2+LRNhTuzhEValqqa9QFufFkiMpv9ZlXLf\nig0FdMyc14AAdeoVR4LqGtn4S5HLeO1LW7V/VUYJpw+mciw28DJQ6BdWUMom5KLY\noEjXH4CaNbBEfQxJxGgkV6XnOQ==\n-----END PRIVATE KEY-----\n",
            "public_key_fingerprint_md5": "9c:7f:0b:22:0c:0e:73:74:87:82:86:15:82:dd:a8:cd",
            "public_key_fingerprint_sha256": "SHA256:GrF63STjFxg40n/qxM022m0iKoXmXqaqGKYoCfJUXPo",
            "public_key_openssh": "ssh-rsa AAAAB3NzaC1yc2EAAAADAQABAAABAQC+LkHESoLNriJWiIHH4x+zN/icvzMi/TGL2SRudf34Ebt4ECvHwbrCL+D1UqR90GmYRp2ir+9KBkB0TbmH5q4L05vy8RqTTdlvVMDzNbPMQXVZy42l+2GQSX7Dj8913SnDUNtU0ODQo4JwM1VgtLYvO8Q4L/RaQo+6REFXbCVQMZPD2xDt/iVHJz1GWdCSjcykymE/B7T6GXQ5nTN0uLmuMkZvlr9ti63HK+XEAak3NZwJYb2ZvYMlKP/M3S6UjKAT/F2U/srgAAPYvkjqv2VkPqmpkIPVZ6nRFAL8cnX4zobyhBo9NtbA5IZNbSr6WrVJnyIdItRUqUtEopJJqGjn\n",
            "public_key_pem": "-----BEGIN PUBLIC KEY-----\nMIIBIjANBgkqhkiG9w0BAQEFAAOCAQ8AMIIBCgKCAQEAvi5BxEqCza4iVoiBx+Mf\nszf4nL8zIv0xi9kkbnX9+BG7eBArx8G6wi/g9VKkfdBpmEadoq/vSgZAdE25h+au\nC9Ob8vEak03Zb1TA8zWzzEF1WcuNpfthkEl+w4/Pdd0pw1DbVNDg0KOCcDNVYLS2\nLzvEOC/0WkKPukRBV2wlUDGTw9sQ7f4lRyc9RlnQko3MpMphPwe0+hl0OZ0zdLi5\nrjJGb5a/bYutxyvlxAGpNzWcCWG9mb2DJSj/zN0ulIygE/xdlP7K4AAD2L5I6r9l\nZD6pqZCD1Wep0RQC/HJ1+M6G8oQaPTbWwOSGTW0q+lq1SZ8iHSLUVKlLRKKSSaho\n5wIDAQAB\n-----END PUBLIC KEY-----\n",
            "rsa_bits": 2048
          },
          "sensitive_attributes": [
            [
              {
                "type": "get_attr",
                "value": "private_key_openssh"
              }
            ],
            [
              {
                "type": "get_attr",
                "value": "private_key_pem"
              }
            ],
            [
              {
                "type": "get_attr",
                "value": "private_key_pem_pkcs8"
              }
            ]
          ],
          "identity_schema_version": 0
        }
      ]
    },
    {
      "mode": "managed",
      "type": "tls_self_signed_cert",
      "name": "vpn_ca_cert",
      "provider": "provider[\"registry.terraform.io/hashicorp/tls\"]",
      "instances": [
        {
          "schema_version": 0,
          "attributes": {
            "allowed_uses": [
              "key_encipherment",
              "digital_signature",
              "cert_signing"
            ],
            "cert_pem": "-----BEGIN CERTIFICATE-----\nMIIDKDCCAhCgAwIBAgIQPbqklwq3KbRbsr4yOo1m4TANBgkqhkiG9w0BAQsFADAu\nMRQwEgYDVQQKEwtCYXphYXIgSW5jLjEWMBQGA1UEAxMNYmF6YWFyLnZwbi5jYTAe\nFw0yNTEwMzEwMTU2MDZaFw0yNjEwMzEwMTU2MDZaMC4xFDASBgNVBAoTC0JhemFh\nciBJbmMuMRYwFAYDVQQDEw1iYXphYXIudnBuLmNhMIIBIjANBgkqhkiG9w0BAQEF\nAAOCAQ8AMIIBCgKCAQEAwOCdTGqGLjJhhwfgc/pZlvuEakrWf2OVmoSW1IfUe8+d\nb4FT/AM9KHXEcAhhx3iUOMnSiCNlsb50fqkaa5xG+YvqdEDxBi/YRMXsigOAKjHn\nZ2ReMo7yT2r7HLmpl9AHKjrFGCeSBcieBmHoVV3MqEhGeC/Cdg5ETGwChqxt1md7\nrqL4FYAGJWH0vwyoaQcIFOGMEOGY3vcFPGF1huHOUeqxrg7/Lu366jio2ylzBLt/\n2/qRcyuRDPvhAkN6k4CoC52dHMMh+jfbHif1tz1FftE3YayyTwS/lK5iPLlxSKU7\npnpRo7DzH2zBkCk/bV06PBgt/4w+9zrX6T6a9zwgwQIDAQABo0IwQDAOBgNVHQ8B\nAf8EBAMCAqQwDwYDVR0TAQH/BAUwAwEB/zAdBgNVHQ4EFgQUmuH3HHywd2zQzw80\njwbn4MScl3swDQYJKoZIhvcNAQELBQADggEBAG2dFIklv1fEQWIgQ4PUdKnjKcdK\nJSes0BeUBG0YCjZQs5ajbSPC2hc/qy48pMsylFWj9dcgDiKoLoDJ2OKJz4WDAEc4\nOSbyFeoWMKLLwf/+P/f3qfJSoe9S1NKOUxKgrlt/2OKd3m2TeqLyLb2f8lPiEL7m\nOUmNP0eYqjXsQzMiFajvUDQu86YjJb4ZJUa0G2z4B8d1CGtnzxY2iiWDrzC4jGMp\nm9aLxm14bEiulho9uBQyL8WV/9wIVifBMJ3nmaSeEIFqW5zTI31FZ9V/I+ZOUM9G\niMD9E62EK6t0A90efktdPbXD4kpXYK/p4JWUdIQ3IrvGb+jQVMRQw3yzPVg=\n-----END CERTIFICATE-----\n",
            "dns_names": null,
            "early_renewal_hours": 0,
            "id": "82052013240511165181153618444321384161",
            "ip_addresses": null,
            "is_ca_certificate": true,
            "key_algorithm": "RSA",
            "private_key_pem": "-----BEGIN RSA PRIVATE KEY-----\nMIIEowIBAAKCAQEAwOCdTGqGLjJhhwfgc/pZlvuEakrWf2OVmoSW1IfUe8+db4FT\n/AM9KHXEcAhhx3iUOMnSiCNlsb50fqkaa5xG+YvqdEDxBi/YRMXsigOAKjHnZ2Re\nMo7yT2r7HLmpl9AHKjrFGCeSBcieBmHoVV3MqEhGeC/Cdg5ETGwChqxt1md7rqL4\nFYAGJWH0vwyoaQcIFOGMEOGY3vcFPGF1huHOUeqxrg7/Lu366jio2ylzBLt/2/qR\ncyuRDPvhAkN6k4CoC52dHMMh+jfbHif1tz1FftE3YayyTwS/lK5iPLlxSKU7pnpR\no7DzH2zBkCk/bV06PBgt/4w+9zrX6T6a9zwgwQIDAQABAoIBAAmdIIYKsLu8f+M5\nw6iwP7cwe/wK1Sh2G6K/LV/0UcVmlrG0Q+4FsM6TmSoe5tXJFzVB7QwjXIoopLib\n//DBckG1xUbMZl8hMyHRbj3+WOzxfhfnlzDksmP+QHxA7li+ch77HTAcJ9GBO4w0\npN6dbWotaRLMSaB2C1Y2U4VoMpTbTykhNEQwXm23siLv1/HymVdCNE5q88nYrB+L\neXcWCq+jPKFGX/OJHk9BGT9gV+2HAMEPmkfxOuqn6MHIeupG9XsfGtVA6NZEqRwr\nh01y0i058uDf7BOw6imYtCNruwCqR+KlRDHJ9GASpjR9cSo7HB/Od3DhffQyPUq1\nPz8rnVkCgYEA7fGrCtqd2w/CPCUT3PvisdpXJ5da/s2oK+IJn+J/+tuA81jsmCrz\nEBSl9sT3VMwnCtS9rBIGIb7nbDeQEgfyLtO1kp4iqoHUyjL5alcHFICOckbXjdz0\nIA7nMoYD2iQl/dt4F4rNilZ1w0nIZ62Ukpb2bnnMf+1Q/XVP6qGET3kCgYEAz4N5\n7aZa5TPYQXYcL+u0D7VUmOnEp0TUFmAB4h4WbxaJEeHQov5zIHzE8H1NQjZGAgmN\nGUuEBE/O0Cx+59gaVz1JmnVmR+gF20JqHceM3ePAsJsRkXJymFTWdahRxlQX6KRK\n6pQSWVCeVj4FQdip75+FeNiedmLlOIJASxvnIYkCgYAu9n7i0olLfk3A3zSPbiut\nHMIM72OnXOHvX1q08th9o6tM3GU+F2QH7XtgPDnww6aFDb4t4xTQvkQg6MqHtIfJ\nVEHHIW0IKD3edrchlPGxyznSNkc/GbgZR7e8EhVajb3t385RHzU4M55koABs7iaf\n1CnpXiLNsQJGNExErAJYSQKBgEcL9qTc/eXXWEUhUQk/I8j1Bl/MOZ4jPJHkkQB/\n2KJ0Dr3mmG4VvAj1bt//poHy3wk3h+2PI0XupRo1AcYTAQG5ZAfUBg68a7TkCjzj\n42Dc504P6XXovz9UXJCv7j9+7yihh1zFEXsu1OcmGNqweY4nCaWUVLyno18ziRuu\nE/YxAoGBAKlE9dyLg/RNl2JbBI4MUQ7MsrWVMS0FFxt2eiRPpmj0vstu0ckgSqqY\n55UZw1AelgNj2w0JIS4Ov46YKy5QegLabTqbCP20taTCcP9nMWNELWNBdWmN9Fph\n+ORP46wmuaxqMF2Pn4N07rlmMk3SbxYamDJc5Qy8JfmWL6rsycFe\n-----END RSA PRIVATE KEY-----\n",
            "ready_for_renewal": false,
            "set_authority_key_id": false,
            "set_subject_key_id": false,
            "subject": [
              {
                "common_name": "bazaar.vpn.ca",
                "country": null,
                "email_address": null,
                "locality": null,
                "organization": "Bazaar Inc.",
                "organizational_unit": null,
                "postal_code": null,
                "province": null,
                "serial_number": null,
                "street_address": null
              }
            ],
            "uris": null,
            "validity_end_time": "2026-10-30T20:56:06.0702616-05:00",
            "validity_period_hours": 8760,
            "validity_start_time": "2025-10-30T20:56:06.0702616-05:00"
          },
          "sensitive_attributes": [
            [
              {
                "type": "get_attr",
                "value": "private_key_pem"
              }
            ]
          ],
          "identity_schema_version": 0,
          "dependencies": [
            "tls_private_key.vpn_ca_key"
          ]
        }
      ]
    }
  ],
  "check_results": null
}
